{
  "version": 4,
  "terraform_version": "1.7.3",
  "serial": 89,
  "lineage": "0faadee8-e6bc-594a-b872-61a3ea6c9ea2",
  "outputs": {},
  "resources": [
    {
      "mode": "managed",
      "type": "azurerm_app_service_certificate",
      "name": "res-695",
      "provider": "provider[\"registry.terraform.io/hashicorp/azurerm\"]",
      "instances": [
        {
          "schema_version": 0,
          "attributes": {
            "app_service_plan_id": null,
            "expiration_date": "2025-04-01T23:59:59Z",
            "friendly_name": "",
            "host_names": [
              "*.matchmakersoftware.com",
              "matchmakersoftware.com"
            ],
            "hosting_environment_profile_id": null,
            "id": "/subscriptions/2bd29ed6-34a6-42d7-8235-293e8ee67447/resourceGroups/azmmclientapps/providers/Microsoft.Web/certificates/AZMMKV01-MMWildcardKV2024",
            "issue_date": "2024-03-01T00:00:00Z",
            "issuer": "RapidSSL TLS RSA CA G1",
            "key_vault_id": null,
            "key_vault_secret_id": null,
            "location": "northeurope",
            "name": "AZMMKV01-MMWildcardKV2024",
            "password": null,
            "pfx_blob": null,
            "resource_group_name": "azmmclientapps",
            "subject_name": "*.matchmakersoftware.com,matchmakersoftware.com",
            "tags": {},
            "thumbprint": "151F4496652008C418E6F2CC1EF1407317A20C49",
            "timeouts": null
          },
          "sensitive_attributes": [],
          "private": "eyJlMmJmYjczMC1lY2FhLTExZTYtOGY4OC0zNDM2M2JjN2M0YzAiOnsiY3JlYXRlIjoxODAwMDAwMDAwMDAwLCJkZWxldGUiOjE4MDAwMDAwMDAwMDAsInJlYWQiOjMwMDAwMDAwMDAwMCwidXBkYXRlIjoxODAwMDAwMDAwMDAwfSwic2NoZW1hX3ZlcnNpb24iOiIwIn0="
        }
      ]
    },
    {
      "mode": "managed",
      "type": "azurerm_app_service_custom_hostname_binding",
      "name": "res-1049",
      "provider": "provider[\"registry.terraform.io/hashicorp/azurerm\"]",
      "instances": [
        {
          "schema_version": 0,
          "attributes": {
            "app_service_name": "lta-matchmakersoftware",
            "hostname": "lta-matchmakersoftware.azurewebsites.net",
            "id": "/subscriptions/2bd29ed6-34a6-42d7-8235-293e8ee67447/resourceGroups/azmmclientapps/providers/Microsoft.Web/sites/lta-matchmakersoftware/hostNameBindings/lta-matchmakersoftware.azurewebsites.net",
            "resource_group_name": "azmmclientapps",
            "ssl_state": "",
            "thumbprint": "",
            "timeouts": null,
            "virtual_ip": ""
          },
          "sensitive_attributes": [],
          "private": "eyJlMmJmYjczMC1lY2FhLTExZTYtOGY4OC0zNDM2M2JjN2M0YzAiOnsiY3JlYXRlIjoxODAwMDAwMDAwMDAwLCJkZWxldGUiOjE4MDAwMDAwMDAwMDAsInJlYWQiOjMwMDAwMDAwMDAwMH0sInNjaGVtYV92ZXJzaW9uIjoiMCJ9"
        }
      ]
    },
    {
      "mode": "managed",
      "type": "azurerm_app_service_custom_hostname_binding",
      "name": "res-1050",
      "provider": "provider[\"registry.terraform.io/hashicorp/azurerm\"]",
      "instances": [
        {
          "schema_version": 0,
          "attributes": {
            "app_service_name": "lta-matchmakersoftware",
            "hostname": "lta.matchmakersoftware.com",
            "id": "/subscriptions/2bd29ed6-34a6-42d7-8235-293e8ee67447/resourceGroups/azmmclientapps/providers/Microsoft.Web/sites/lta-matchmakersoftware/hostNameBindings/lta.matchmakersoftware.com",
            "resource_group_name": "azmmclientapps",
            "ssl_state": "SniEnabled",
            "thumbprint": "151F4496652008C418E6F2CC1EF1407317A20C49",
            "timeouts": null,
            "virtual_ip": ""
          },
          "sensitive_attributes": [],
          "private": "eyJlMmJmYjczMC1lY2FhLTExZTYtOGY4OC0zNDM2M2JjN2M0YzAiOnsiY3JlYXRlIjoxODAwMDAwMDAwMDAwLCJkZWxldGUiOjE4MDAwMDAwMDAwMDAsInJlYWQiOjMwMDAwMDAwMDAwMH0sInNjaGVtYV92ZXJzaW9uIjoiMCJ9"
        }
      ]
    },
    {
      "mode": "managed",
      "type": "azurerm_app_service_custom_hostname_binding",
      "name": "res-701",
      "provider": "provider[\"registry.terraform.io/hashicorp/azurerm\"]",
      "instances": [
        {
          "schema_version": 0,
          "attributes": {
            "app_service_name": "applehealth-matchmakersoftware",
            "hostname": "applehealth-matchmakersoftware.azurewebsites.net",
            "id": "/subscriptions/2bd29ed6-34a6-42d7-8235-293e8ee67447/resourceGroups/azmmclientapps/providers/Microsoft.Web/sites/applehealth-matchmakersoftware/hostNameBindings/applehealth-matchmakersoftware.azurewebsites.net",
            "resource_group_name": "azmmclientapps",
            "ssl_state": "",
            "thumbprint": "",
            "timeouts": null,
            "virtual_ip": ""
          },
          "sensitive_attributes": [],
          "private": "eyJlMmJmYjczMC1lY2FhLTExZTYtOGY4OC0zNDM2M2JjN2M0YzAiOnsiY3JlYXRlIjoxODAwMDAwMDAwMDAwLCJkZWxldGUiOjE4MDAwMDAwMDAwMDAsInJlYWQiOjMwMDAwMDAwMDAwMH0sInNjaGVtYV92ZXJzaW9uIjoiMCJ9"
        }
      ]
    },
    {
      "mode": "managed",
      "type": "azurerm_app_service_custom_hostname_binding",
      "name": "res-702",
      "provider": "provider[\"registry.terraform.io/hashicorp/azurerm\"]",
      "instances": [
        {
          "schema_version": 0,
          "attributes": {
            "app_service_name": "applehealth-matchmakersoftware",
            "hostname": "applehealth.matchmakersoftware.com",
            "id": "/subscriptions/2bd29ed6-34a6-42d7-8235-293e8ee67447/resourceGroups/azmmclientapps/providers/Microsoft.Web/sites/applehealth-matchmakersoftware/hostNameBindings/applehealth.matchmakersoftware.com",
            "resource_group_name": "azmmclientapps",
            "ssl_state": "SniEnabled",
            "thumbprint": "151F4496652008C418E6F2CC1EF1407317A20C49",
            "timeouts": null,
            "virtual_ip": ""
          },
          "sensitive_attributes": [],
          "private": "eyJlMmJmYjczMC1lY2FhLTExZTYtOGY4OC0zNDM2M2JjN2M0YzAiOnsiY3JlYXRlIjoxODAwMDAwMDAwMDAwLCJkZWxldGUiOjE4MDAwMDAwMDAwMDAsInJlYWQiOjMwMDAwMDAwMDAwMH0sInNjaGVtYV92ZXJzaW9uIjoiMCJ9"
        }
      ]
    },
    {
      "mode": "managed",
      "type": "azurerm_app_service_custom_hostname_binding",
      "name": "res-875",
      "provider": "provider[\"registry.terraform.io/hashicorp/azurerm\"]",
      "instances": [
        {
          "schema_version": 0,
          "attributes": {
            "app_service_name": "dt-matchmakersoftware",
            "hostname": "dt-matchmakersoftware.azurewebsites.net",
            "id": "/subscriptions/2bd29ed6-34a6-42d7-8235-293e8ee67447/resourceGroups/azmmclientapps/providers/Microsoft.Web/sites/dt-matchmakersoftware/hostNameBindings/dt-matchmakersoftware.azurewebsites.net",
            "resource_group_name": "azmmclientapps",
            "ssl_state": "",
            "thumbprint": "",
            "timeouts": null,
            "virtual_ip": ""
          },
          "sensitive_attributes": [],
          "private": "eyJlMmJmYjczMC1lY2FhLTExZTYtOGY4OC0zNDM2M2JjN2M0YzAiOnsiY3JlYXRlIjoxODAwMDAwMDAwMDAwLCJkZWxldGUiOjE4MDAwMDAwMDAwMDAsInJlYWQiOjMwMDAwMDAwMDAwMH0sInNjaGVtYV92ZXJzaW9uIjoiMCJ9"
        }
      ]
    },
    {
      "mode": "managed",
      "type": "azurerm_app_service_custom_hostname_binding",
      "name": "res-876",
      "provider": "provider[\"registry.terraform.io/hashicorp/azurerm\"]",
      "instances": [
        {
          "schema_version": 0,
          "attributes": {
            "app_service_name": "dt-matchmakersoftware",
            "hostname": "dt.matchmakersoftware.com",
            "id": "/subscriptions/2bd29ed6-34a6-42d7-8235-293e8ee67447/resourceGroups/azmmclientapps/providers/Microsoft.Web/sites/dt-matchmakersoftware/hostNameBindings/dt.matchmakersoftware.com",
            "resource_group_name": "azmmclientapps",
            "ssl_state": "SniEnabled",
            "thumbprint": "151F4496652008C418E6F2CC1EF1407317A20C49",
            "timeouts": null,
            "virtual_ip": ""
          },
          "sensitive_attributes": [],
          "private": "eyJlMmJmYjczMC1lY2FhLTExZTYtOGY4OC0zNDM2M2JjN2M0YzAiOnsiY3JlYXRlIjoxODAwMDAwMDAwMDAwLCJkZWxldGUiOjE4MDAwMDAwMDAwMDAsInJlYWQiOjMwMDAwMDAwMDAwMH0sInNjaGVtYV92ZXJzaW9uIjoiMCJ9"
        }
      ]
    },
    {
      "mode": "managed",
      "type": "azurerm_application_gateway",
      "name": "res-5",
      "provider": "provider[\"registry.terraform.io/hashicorp/azurerm\"]",
      "instances": [
        {
          "schema_version": 0,
          "attributes": {
            "authentication_certificate": [],
            "autoscale_configuration": [],
            "backend_address_pool": [
              {
                "fqdns": [
                  "applehealth-matchmakersoftware.azurewebsites.net"
                ],
                "id": "/subscriptions/2bd29ed6-34a6-42d7-8235-293e8ee67447/resourceGroups/AZMMCoreRG01/providers/Microsoft.Network/applicationGateways/AZMMAGW01/backendAddressPools/applehealth-backendpool",
                "ip_addresses": [],
                "name": "applehealth-backendpool"
              },
              {
                "fqdns": [
                  "dt-matchmakersoftware.azurewebsites.net"
                ],
                "id": "/subscriptions/2bd29ed6-34a6-42d7-8235-293e8ee67447/resourceGroups/AZMMCoreRG01/providers/Microsoft.Network/applicationGateways/AZMMAGW01/backendAddressPools/dt-backendpool",
                "ip_addresses": [],
                "name": "dt-backendpool"
              },
              {
                "fqdns": [
                  "lta-matchmakersoftware.azurewebsites.net"
                ],
                "id": "/subscriptions/2bd29ed6-34a6-42d7-8235-293e8ee67447/resourceGroups/AZMMCoreRG01/providers/Microsoft.Network/applicationGateways/AZMMAGW01/backendAddressPools/lta-backendpool",
                "ip_addresses": [],
                "name": "lta-backendpool"
              }
            ],
            "backend_http_settings": [
              {
                "affinity_cookie_name": "ApplicationGatewayAffinity",
                "authentication_certificate": [],
                "connection_draining": [],
                "cookie_based_affinity": "Enabled",
                "host_name": "",
                "id": "/subscriptions/2bd29ed6-34a6-42d7-8235-293e8ee67447/resourceGroups/AZMMCoreRG01/providers/Microsoft.Network/applicationGateways/AZMMAGW01/backendHttpSettingsCollection/applehealth-backendsetting",
                "name": "applehealth-backendsetting",
                "path": "",
                "pick_host_name_from_backend_address": false,
                "port": 443,
                "probe_id": "/subscriptions/2bd29ed6-34a6-42d7-8235-293e8ee67447/resourceGroups/AZMMCoreRG01/providers/Microsoft.Network/applicationGateways/AZMMAGW01/probes/applehealth-healthprobe",
                "probe_name": "applehealth-healthprobe",
                "protocol": "Https",
                "request_timeout": 20,
                "trusted_root_certificate_names": []
              },
              {
                "affinity_cookie_name": "ApplicationGatewayAffinity",
                "authentication_certificate": [],
                "connection_draining": [],
                "cookie_based_affinity": "Enabled",
                "host_name": "",
                "id": "/subscriptions/2bd29ed6-34a6-42d7-8235-293e8ee67447/resourceGroups/AZMMCoreRG01/providers/Microsoft.Network/applicationGateways/AZMMAGW01/backendHttpSettingsCollection/dt-backendsetting",
                "name": "dt-backendsetting",
                "path": "",
                "pick_host_name_from_backend_address": false,
                "port": 443,
                "probe_id": "/subscriptions/2bd29ed6-34a6-42d7-8235-293e8ee67447/resourceGroups/AZMMCoreRG01/providers/Microsoft.Network/applicationGateways/AZMMAGW01/probes/dt-healthprobe",
                "probe_name": "dt-healthprobe",
                "protocol": "Https",
                "request_timeout": 20,
                "trusted_root_certificate_names": []
              },
              {
                "affinity_cookie_name": "ApplicationGatewayAffinity",
                "authentication_certificate": [],
                "connection_draining": [],
                "cookie_based_affinity": "Enabled",
                "host_name": "",
                "id": "/subscriptions/2bd29ed6-34a6-42d7-8235-293e8ee67447/resourceGroups/AZMMCoreRG01/providers/Microsoft.Network/applicationGateways/AZMMAGW01/backendHttpSettingsCollection/lta-backendsetting",
                "name": "lta-backendsetting",
                "path": "",
                "pick_host_name_from_backend_address": false,
                "port": 443,
                "probe_id": "/subscriptions/2bd29ed6-34a6-42d7-8235-293e8ee67447/resourceGroups/AZMMCoreRG01/providers/Microsoft.Network/applicationGateways/AZMMAGW01/probes/lta-healthprobe",
                "probe_name": "lta-healthprobe",
                "protocol": "Https",
                "request_timeout": 20,
                "trusted_root_certificate_names": []
              }
            ],
            "custom_error_configuration": [],
            "enable_http2": true,
            "fips_enabled": false,
            "firewall_policy_id": "",
            "force_firewall_policy_association": false,
            "frontend_ip_configuration": [
              {
                "id": "/subscriptions/2bd29ed6-34a6-42d7-8235-293e8ee67447/resourceGroups/AZMMCoreRG01/providers/Microsoft.Network/applicationGateways/AZMMAGW01/frontendIPConfigurations/appGwPublicFrontendIpIPv4",
                "name": "appGwPublicFrontendIpIPv4",
                "private_ip_address": "",
                "private_ip_address_allocation": "Dynamic",
                "private_link_configuration_id": "",
                "private_link_configuration_name": "",
                "public_ip_address_id": "/subscriptions/2bd29ed6-34a6-42d7-8235-293e8ee67447/resourceGroups/AZMMCoreRG01/providers/Microsoft.Network/publicIPAddresses/AZMMAGW01PIP",
                "subnet_id": ""
              }
            ],
            "frontend_port": [
              {
                "id": "/subscriptions/2bd29ed6-34a6-42d7-8235-293e8ee67447/resourceGroups/AZMMCoreRG01/providers/Microsoft.Network/applicationGateways/AZMMAGW01/frontendPorts/port_443",
                "name": "port_443",
                "port": 443
              },
              {
                "id": "/subscriptions/2bd29ed6-34a6-42d7-8235-293e8ee67447/resourceGroups/AZMMCoreRG01/providers/Microsoft.Network/applicationGateways/AZMMAGW01/frontendPorts/port_80",
                "name": "port_80",
                "port": 80
              }
            ],
            "gateway_ip_configuration": [
              {
                "id": "/subscriptions/2bd29ed6-34a6-42d7-8235-293e8ee67447/resourceGroups/AZMMCoreRG01/providers/Microsoft.Network/applicationGateways/AZMMAGW01/gatewayIPConfigurations/appGatewayIpConfig",
                "name": "appGatewayIpConfig",
                "subnet_id": "/subscriptions/2bd29ed6-34a6-42d7-8235-293e8ee67447/resourceGroups/AZMMCoreRG01/providers/Microsoft.Network/virtualNetworks/AZMMVNET01/subnets/AGWSNET01"
              }
            ],
            "global": [],
            "http_listener": [
              {
                "custom_error_configuration": [],
                "firewall_policy_id": "",
                "frontend_ip_configuration_id": "/subscriptions/2bd29ed6-34a6-42d7-8235-293e8ee67447/resourceGroups/AZMMCoreRG01/providers/Microsoft.Network/applicationGateways/AZMMAGW01/frontendIPConfigurations/appGwPublicFrontendIpIPv4",
                "frontend_ip_configuration_name": "appGwPublicFrontendIpIPv4",
                "frontend_port_id": "/subscriptions/2bd29ed6-34a6-42d7-8235-293e8ee67447/resourceGroups/AZMMCoreRG01/providers/Microsoft.Network/applicationGateways/AZMMAGW01/frontendPorts/port_443",
                "frontend_port_name": "port_443",
                "host_name": "applehealth.matchmakersoftware.com",
                "host_names": [],
                "id": "/subscriptions/2bd29ed6-34a6-42d7-8235-293e8ee67447/resourceGroups/AZMMCoreRG01/providers/Microsoft.Network/applicationGateways/AZMMAGW01/httpListeners/applehealth-listenerhttps",
                "name": "applehealth-listenerhttps",
                "protocol": "Https",
                "require_sni": true,
                "ssl_certificate_id": "/subscriptions/2bd29ed6-34a6-42d7-8235-293e8ee67447/resourceGroups/AZMMCoreRG01/providers/Microsoft.Network/applicationGateways/AZMMAGW01/sslCertificates/MMWildcard2024",
                "ssl_certificate_name": "MMWildcard2024",
                "ssl_profile_id": "",
                "ssl_profile_name": ""
              },
              {
                "custom_error_configuration": [],
                "firewall_policy_id": "",
                "frontend_ip_configuration_id": "/subscriptions/2bd29ed6-34a6-42d7-8235-293e8ee67447/resourceGroups/AZMMCoreRG01/providers/Microsoft.Network/applicationGateways/AZMMAGW01/frontendIPConfigurations/appGwPublicFrontendIpIPv4",
                "frontend_ip_configuration_name": "appGwPublicFrontendIpIPv4",
                "frontend_port_id": "/subscriptions/2bd29ed6-34a6-42d7-8235-293e8ee67447/resourceGroups/AZMMCoreRG01/providers/Microsoft.Network/applicationGateways/AZMMAGW01/frontendPorts/port_443",
                "frontend_port_name": "port_443",
                "host_name": "dt.matchmakersoftware.com",
                "host_names": [],
                "id": "/subscriptions/2bd29ed6-34a6-42d7-8235-293e8ee67447/resourceGroups/AZMMCoreRG01/providers/Microsoft.Network/applicationGateways/AZMMAGW01/httpListeners/dt-listenerhttps",
                "name": "dt-listenerhttps",
                "protocol": "Https",
                "require_sni": true,
                "ssl_certificate_id": "/subscriptions/2bd29ed6-34a6-42d7-8235-293e8ee67447/resourceGroups/AZMMCoreRG01/providers/Microsoft.Network/applicationGateways/AZMMAGW01/sslCertificates/MMWildcard2024",
                "ssl_certificate_name": "MMWildcard2024",
                "ssl_profile_id": "",
                "ssl_profile_name": ""
              },
              {
                "custom_error_configuration": [],
                "firewall_policy_id": "",
                "frontend_ip_configuration_id": "/subscriptions/2bd29ed6-34a6-42d7-8235-293e8ee67447/resourceGroups/AZMMCoreRG01/providers/Microsoft.Network/applicationGateways/AZMMAGW01/frontendIPConfigurations/appGwPublicFrontendIpIPv4",
                "frontend_ip_configuration_name": "appGwPublicFrontendIpIPv4",
                "frontend_port_id": "/subscriptions/2bd29ed6-34a6-42d7-8235-293e8ee67447/resourceGroups/AZMMCoreRG01/providers/Microsoft.Network/applicationGateways/AZMMAGW01/frontendPorts/port_443",
                "frontend_port_name": "port_443",
                "host_name": "lta.matchmakersoftware.com",
                "host_names": [],
                "id": "/subscriptions/2bd29ed6-34a6-42d7-8235-293e8ee67447/resourceGroups/AZMMCoreRG01/providers/Microsoft.Network/applicationGateways/AZMMAGW01/httpListeners/lta-listenerhttps",
                "name": "lta-listenerhttps",
                "protocol": "Https",
                "require_sni": true,
                "ssl_certificate_id": "/subscriptions/2bd29ed6-34a6-42d7-8235-293e8ee67447/resourceGroups/AZMMCoreRG01/providers/Microsoft.Network/applicationGateways/AZMMAGW01/sslCertificates/MMWildcard2024",
                "ssl_certificate_name": "MMWildcard2024",
                "ssl_profile_id": "",
                "ssl_profile_name": ""
              }
            ],
            "id": "/subscriptions/2bd29ed6-34a6-42d7-8235-293e8ee67447/resourceGroups/AZMMCoreRG01/providers/Microsoft.Network/applicationGateways/AZMMAGW01",
            "identity": [
              {
                "identity_ids": [
                  "/subscriptions/2bd29ed6-34a6-42d7-8235-293e8ee67447/resourceGroups/AZMMCoreRG01/providers/Microsoft.ManagedIdentity/userAssignedIdentities/AppGWManagedID"
                ],
                "type": "UserAssigned"
              }
            ],
            "location": "northeurope",
            "name": "AZMMAGW01",
            "private_endpoint_connection": [],
            "private_link_configuration": [],
            "probe": [
              {
                "host": "applehealth-matchmakersoftware.azurewebsites.net",
                "id": "/subscriptions/2bd29ed6-34a6-42d7-8235-293e8ee67447/resourceGroups/AZMMCoreRG01/providers/Microsoft.Network/applicationGateways/AZMMAGW01/probes/applehealth-healthprobe",
                "interval": 30,
                "match": [
                  {
                    "body": "",
                    "status_code": []
                  }
                ],
                "minimum_servers": 0,
                "name": "applehealth-healthprobe",
                "path": "/",
                "pick_host_name_from_backend_http_settings": false,
                "port": 0,
                "protocol": "Https",
                "timeout": 30,
                "unhealthy_threshold": 3
              },
              {
                "host": "dt-matchmakersoftware.azurewebsites.net",
                "id": "/subscriptions/2bd29ed6-34a6-42d7-8235-293e8ee67447/resourceGroups/AZMMCoreRG01/providers/Microsoft.Network/applicationGateways/AZMMAGW01/probes/dt-healthprobe",
                "interval": 30,
                "match": [
                  {
                    "body": "",
                    "status_code": [
                      "200-399"
                    ]
                  }
                ],
                "minimum_servers": 0,
                "name": "dt-healthprobe",
                "path": "/",
                "pick_host_name_from_backend_http_settings": false,
                "port": 0,
                "protocol": "Https",
                "timeout": 30,
                "unhealthy_threshold": 3
              },
              {
                "host": "lta-matchmakersoftware.azurewebsites.net",
                "id": "/subscriptions/2bd29ed6-34a6-42d7-8235-293e8ee67447/resourceGroups/AZMMCoreRG01/providers/Microsoft.Network/applicationGateways/AZMMAGW01/probes/lta-healthprobe",
                "interval": 30,
                "match": [
                  {
                    "body": "",
                    "status_code": [
                      "200-399"
                    ]
                  }
                ],
                "minimum_servers": 0,
                "name": "lta-healthprobe",
                "path": "/",
                "pick_host_name_from_backend_http_settings": false,
                "port": 0,
                "protocol": "Https",
                "timeout": 30,
                "unhealthy_threshold": 3
              }
            ],
            "redirect_configuration": [],
            "request_routing_rule": [
              {
                "backend_address_pool_id": "/subscriptions/2bd29ed6-34a6-42d7-8235-293e8ee67447/resourceGroups/AZMMCoreRG01/providers/Microsoft.Network/applicationGateways/AZMMAGW01/backendAddressPools/applehealth-backendpool",
                "backend_address_pool_name": "applehealth-backendpool",
                "backend_http_settings_id": "/subscriptions/2bd29ed6-34a6-42d7-8235-293e8ee67447/resourceGroups/AZMMCoreRG01/providers/Microsoft.Network/applicationGateways/AZMMAGW01/backendHttpSettingsCollection/applehealth-backendsetting",
                "backend_http_settings_name": "applehealth-backendsetting",
                "http_listener_id": "/subscriptions/2bd29ed6-34a6-42d7-8235-293e8ee67447/resourceGroups/AZMMCoreRG01/providers/Microsoft.Network/applicationGateways/AZMMAGW01/httpListeners/applehealth-listenerhttps",
                "http_listener_name": "applehealth-listenerhttps",
                "id": "/subscriptions/2bd29ed6-34a6-42d7-8235-293e8ee67447/resourceGroups/AZMMCoreRG01/providers/Microsoft.Network/applicationGateways/AZMMAGW01/requestRoutingRules/applehealth-routingrule",
                "name": "applehealth-routingrule",
                "priority": 3,
                "redirect_configuration_id": "",
                "redirect_configuration_name": "",
                "rewrite_rule_set_id": "",
                "rewrite_rule_set_name": "",
                "rule_type": "Basic",
                "url_path_map_id": "",
                "url_path_map_name": ""
              },
              {
                "backend_address_pool_id": "/subscriptions/2bd29ed6-34a6-42d7-8235-293e8ee67447/resourceGroups/AZMMCoreRG01/providers/Microsoft.Network/applicationGateways/AZMMAGW01/backendAddressPools/dt-backendpool",
                "backend_address_pool_name": "dt-backendpool",
                "backend_http_settings_id": "/subscriptions/2bd29ed6-34a6-42d7-8235-293e8ee67447/resourceGroups/AZMMCoreRG01/providers/Microsoft.Network/applicationGateways/AZMMAGW01/backendHttpSettingsCollection/dt-backendsetting",
                "backend_http_settings_name": "dt-backendsetting",
                "http_listener_id": "/subscriptions/2bd29ed6-34a6-42d7-8235-293e8ee67447/resourceGroups/AZMMCoreRG01/providers/Microsoft.Network/applicationGateways/AZMMAGW01/httpListeners/dt-listenerhttps",
                "http_listener_name": "dt-listenerhttps",
                "id": "/subscriptions/2bd29ed6-34a6-42d7-8235-293e8ee67447/resourceGroups/AZMMCoreRG01/providers/Microsoft.Network/applicationGateways/AZMMAGW01/requestRoutingRules/dt-routingrule",
                "name": "dt-routingrule",
                "priority": 2,
                "redirect_configuration_id": "",
                "redirect_configuration_name": "",
                "rewrite_rule_set_id": "",
                "rewrite_rule_set_name": "",
                "rule_type": "Basic",
                "url_path_map_id": "",
                "url_path_map_name": ""
              },
              {
                "backend_address_pool_id": "/subscriptions/2bd29ed6-34a6-42d7-8235-293e8ee67447/resourceGroups/AZMMCoreRG01/providers/Microsoft.Network/applicationGateways/AZMMAGW01/backendAddressPools/lta-backendpool",
                "backend_address_pool_name": "lta-backendpool",
                "backend_http_settings_id": "/subscriptions/2bd29ed6-34a6-42d7-8235-293e8ee67447/resourceGroups/AZMMCoreRG01/providers/Microsoft.Network/applicationGateways/AZMMAGW01/backendHttpSettingsCollection/lta-backendsetting",
                "backend_http_settings_name": "lta-backendsetting",
                "http_listener_id": "/subscriptions/2bd29ed6-34a6-42d7-8235-293e8ee67447/resourceGroups/AZMMCoreRG01/providers/Microsoft.Network/applicationGateways/AZMMAGW01/httpListeners/lta-listenerhttps",
                "http_listener_name": "lta-listenerhttps",
                "id": "/subscriptions/2bd29ed6-34a6-42d7-8235-293e8ee67447/resourceGroups/AZMMCoreRG01/providers/Microsoft.Network/applicationGateways/AZMMAGW01/requestRoutingRules/lta-routingrule",
                "name": "lta-routingrule",
                "priority": 1,
                "redirect_configuration_id": "",
                "redirect_configuration_name": "",
                "rewrite_rule_set_id": "",
                "rewrite_rule_set_name": "",
                "rule_type": "Basic",
                "url_path_map_id": "",
                "url_path_map_name": ""
              }
            ],
            "resource_group_name": "AZMMCoreRG01",
            "rewrite_rule_set": [],
            "sku": [
              {
                "capacity": 1,
                "name": "Standard_v2",
                "tier": "Standard_v2"
              }
            ],
            "ssl_certificate": [
              {
                "data": "",
                "id": "/subscriptions/2bd29ed6-34a6-42d7-8235-293e8ee67447/resourceGroups/AZMMCoreRG01/providers/Microsoft.Network/applicationGateways/AZMMAGW01/sslCertificates/MMWildcard2024",
                "key_vault_secret_id": "https://azmmkv01.vault.azure.net/secrets/MMWildcardKV2024",
                "name": "MMWildcard2024",
                "password": "",
                "public_cert_data": ""
              },
              {
                "data": "",
                "id": "/subscriptions/2bd29ed6-34a6-42d7-8235-293e8ee67447/resourceGroups/AZMMCoreRG01/providers/Microsoft.Network/applicationGateways/AZMMAGW01/sslCertificates/matchmakerwildcard",
                "key_vault_secret_id": "",
                "name": "matchmakerwildcard",
                "password": "",
                "public_cert_data": "MIILLAYJKoZIhvcNAQcCoIILHTCCCxkCAQExADALBgkqhkiG9w0BBwGgggsBMIIGRjCCBS6gAwIBAgIQB+n6Zrk65hzK1jXWaW99yDANBgkqhkiG9w0BAQsFADBgMQswCQYDVQQGEwJVUzEVMBMGA1UEChMMRGlnaUNlcnQgSW5jMRkwFwYDVQQLExB3d3cuZGlnaWNlcnQuY29tMR8wHQYDVQQDExZSYXBpZFNTTCBUTFMgUlNBIENBIEcxMB4XDTI0MDMwMTAwMDAwMFoXDTI1MDQwMTIzNTk1OVowIzEhMB8GA1UEAwwYKi5tYXRjaG1ha2Vyc29mdHdhcmUuY29tMIIBIjANBgkqhkiG9w0BAQEFAAOCAQ8AMIIBCgKCAQEAushPX3mymqbcvJ+yOhQA2E7oGQr5/WWscRSqzpvMpri8C208aKY30waZZjK8iAr8v2Cw/d/M+f3Lj9i3ysHV7wm91KpHaAAPctcx7B+H5VL3yvOrEHzuHgkOb0X+z4GSa04gokbmcHcVUFHQ+9r6Cc1GgvXcvAA1iYqAwwPJeoc29GE2bnzALcvFLwKBJio4yrc5xk4e4muGGyU5r+EF83OBxv6LV/fdhIMkXxS0DKHnm39VPMCTt13vC77DUvzpkqUF9exEEeVWJ3ytG0jZsKxFi74+F1gi+ED+eGD2IvbaseLhF3VhBtpmK5Qc0R0Ql9cri06biMKSUXCurSwx3QIDAQABo4IDNzCCAzMwHwYDVR0jBBgwFoAUDNtsgkkPSmcKuBTuesRIUojrVjgwHQYDVR0OBBYEFBj0gAtpAMbHvYhFYhEtRY5K60DhMDsGA1UdEQQ0MDKCGCoubWF0Y2htYWtlcnNvZnR3YXJlLmNvbYIWbWF0Y2htYWtlcnNvZnR3YXJlLmNvbTA+BgNVHSAENzA1MDMGBmeBDAECATApMCcGCCsGAQUFBwIBFhtodHRwOi8vd3d3LmRpZ2ljZXJ0LmNvbS9DUFMwDgYDVR0PAQH/BAQDAgWgMB0GA1UdJQQWMBQGCCsGAQUFBwMBBggrBgEFBQcDAjA/BgNVHR8EODA2MDSgMqAwhi5odHRwOi8vY2RwLnJhcGlkc3NsLmNvbS9SYXBpZFNTTFRMU1JTQUNBRzEuY3JsMHYGCCsGAQUFBwEBBGowaDAmBggrBgEFBQcwAYYaaHR0cDovL3N0YXR1cy5yYXBpZHNzbC5jb20wPgYIKwYBBQUHMAKGMmh0dHA6Ly9jYWNlcnRzLnJhcGlkc3NsLmNvbS9SYXBpZFNTTFRMU1JTQUNBRzEuY3J0MAwGA1UdEwEB/wQCMAAwggF8BgorBgEEAdZ5AgQCBIIBbASCAWgBZgB2AE51oydcmhDDOFts1N8/Uusd8OCOG41pwLH6ZLFimjnfAAABjflfDwcAAAQDAEcwRQIhAJuqEgy13l+mIZWmmaVkPnK8MXjeqkrXTNlYN/Qh5reyAiA9UMgUMNNawXJiyWd+DNc0AZqBPNlUJtKjaJam7S0gBwB1AH1ZHhLheCp7HGFnfF79+NCHXBSgTpWeuQMv2Q6MLnm4AAABjflfDrcAAAQDAEYwRAIgQ0FzvY+frbECbm6nxe7fyAWJspFopz1qWHTfPx+yr4UCIEZAW5fytz/PUaOQV7DFtxk58DtgDXNWOGTa0754UJVzAHUA5tIxY0B3jMEQQQbXcbnOwdJA9paEhvu6hzId/R43jlAAAAGN+V8O1AAABAMARjBEAiBvm3rT0V3f0H5s68dEvkEIB0SST6uO6uzr17IcZEO9wgIgEbwsmtVQ6VQZnxXq4UmbhKR3LrPUS2z6iLjwEKbkoagwDQYJKoZIhvcNAQELBQADggEBAJ8lPpt3/sPRYmHiNfnmT2Pnnt+sdPUymzHdFzAvmX65Z1TdHh/MnI7O/dbjr4zdueSZHDZvZXcG5PAcnBkL5HEaF3BP/EQxXA38xXm5ao1KUjaILzBH8J7+vJ++G29fPCTlFWZy+19JsYsQhXurXJYBJ2DIYF/ACBYCy/mx61YSF2amDuwuCnkV7IqYYOTMvbVx8MSvUEixWAx06Uv3vsTUZUybSiPuyb2mIlStfJ1cKMhM7bvv2JwQ9MZccOuP3HmmbbHsif9wf8I3pc7X0v4hhipgZkzPBLcFXcAOD0JO4nnhMTEQjG9V6r8Y9ClBWG+zAmfJWmxQLTe4XIKihCIwggSzMIIDm6ADAgECAhALJZQiztmBKhWgTplSig76MA0GCSqGSIb3DQEBCwUAMGExCzAJBgNVBAYTAlVTMRUwEwYDVQQKEwxEaWdpQ2VydCBJbmMxGTAXBgNVBAsTEHd3dy5kaWdpY2VydC5jb20xIDAeBgNVBAMTF0RpZ2lDZXJ0IEdsb2JhbCBSb290IEcyMB4XDTE3MTEwMjEyMjQzM1oXDTI3MTEwMjEyMjQzM1owYDELMAkGA1UEBhMCVVMxFTATBgNVBAoTDERpZ2lDZXJ0IEluYzEZMBcGA1UECxMQd3d3LmRpZ2ljZXJ0LmNvbTEfMB0GA1UEAxMWUmFwaWRTU0wgVExTIFJTQSBDQSBHMTCCASIwDQYJKoZIhvcNAQEBBQADggEPADCCAQoCggEBAL+5WSVEEjUW4l1QSQUK4Mv8jdolCJpnpqJtEeNqn9qn3PLVpg2umF7thxo3Ayg+xm9cNH6E0k6j2BuA5hVM+ryBdzzgjvlgo4eJUDg2sklBnqnawlDKrHrQeQQiPMg37UtAt9dOWm7OdOg5rWHJMPTLKK0XI5jBREz78IjwU0UykGHDbaGl4BCQ44uaypPlBklh6KTuqW+fyB8P5d0OeTeSS667R4b6+7KtIavm5fktGEVaW/XMVANyH8QqZ3XrebrP/JzH+otr3PK8gtztxClv6TtMutr1YTXtg9Kf0A2Mb4QKj08Nbc32XCEpAI2/DWAaiC7IJC7scTsGdbx5JIUCAwEAAaOCAWYwggFiMB0GA1UdDgQWBBQM22yCSQ9KZwq4FO56xEhSiOtWODAfBgNVHSMEGDAWgBROIlQgGJXm427mD/r6uRLtBhePOTAOBgNVHQ8BAf8EBAMCAYYwHQYDVR0lBBYwFAYIKwYBBQUHAwEGCCsGAQUFBwMCMBIGA1UdEwEB/wQIMAYBAf8CAQAwNAYIKwYBBQUHAQEEKDAmMCQGCCsGAQUFBzABhhhodHRwOi8vb2NzcC5kaWdpY2VydC5jb20wQgYDVR0fBDswOTA3oDWgM4YxaHR0cDovL2NybDMuZGlnaWNlcnQuY29tL0RpZ2lDZXJ0R2xvYmFsUm9vdEcyLmNybDBjBgNVHSAEXDBaMDcGCWCGSAGG/WwBATAqMCgGCCsGAQUFBwIBFhxodHRwczovL3d3dy5kaWdpY2VydC5jb20vQ1BTMAsGCWCGSAGG/WwBAjAIBgZngQwBAgEwCAYGZ4EMAQICMA0GCSqGSIb3DQEBCwUAA4IBAQAZRKU5vgrda2ZKVuYTnRRgEdczRIpc+oczOTpdBSkKF4X/ipTxo6FqOzJFAUNXWKH+48iDtgdG0WIJOrgb7NvjdfVPvucmBI4j2mr9OoLC26Rnu71UsvckCrdZ3Laagou+8Ly1WZHOQB7TFAKREoiNsEbzQxLINf9Hi5iCPpmI1P9mDoYjpGh+CqCkN2ywtzRchFASi3EhlwrM/ekYn0UJsweYwsvK4F364Ja9VwXaiBgBrC58KFL89PrUP2urM9FLkja6pre2YhPjgmEmBaEGcUxvsAZCS82r0o1L113cZZzXsf91drV6ejHNaMTSEF0WPE+FRvRbfCLyjfj+bwXHMQA="
              }
            ],
            "ssl_policy": [],
            "ssl_profile": [],
            "tags": {},
            "timeouts": null,
            "trusted_client_certificate": [],
            "trusted_root_certificate": [],
            "url_path_map": [],
            "waf_configuration": [],
            "zones": []
          },
          "sensitive_attributes": [],
          "private": "eyJlMmJmYjczMC1lY2FhLTExZTYtOGY4OC0zNDM2M2JjN2M0YzAiOnsiY3JlYXRlIjo1NDAwMDAwMDAwMDAwLCJkZWxldGUiOjU0MDAwMDAwMDAwMDAsInJlYWQiOjMwMDAwMDAwMDAwMCwidXBkYXRlIjo1NDAwMDAwMDAwMDAwfSwic2NoZW1hX3ZlcnNpb24iOiIwIn0="
        }
      ]
    },
    {
      "mode": "managed",
      "type": "azurerm_application_insights",
      "name": "res-1",
      "provider": "provider[\"registry.terraform.io/hashicorp/azurerm\"]",
      "instances": [
        {
          "schema_version": 1,
          "attributes": {
            "app_id": "3f84bc8e-e93f-46a6-9cea-45a87cb63dc2",
            "application_type": "web",
            "connection_string": "InstrumentationKey=e62501d5-31c1-45f2-a54e-8ea998494ed0;IngestionEndpoint=https://northeurope-2.in.applicationinsights.azure.com/;LiveEndpoint=https://northeurope.livediagnostics.monitor.azure.com/;ApplicationId=3f84bc8e-e93f-46a6-9cea-45a87cb63dc2",
            "daily_data_cap_in_gb": 100,
            "daily_data_cap_notifications_disabled": false,
            "disable_ip_masking": false,
            "force_customer_storage_for_profiler": false,
            "id": "/subscriptions/2bd29ed6-34a6-42d7-8235-293e8ee67447/resourceGroups/AZMMClientApps/providers/Microsoft.Insights/components/lta-matchmakersoftware",
            "instrumentation_key": "e62501d5-31c1-45f2-a54e-8ea998494ed0",
            "internet_ingestion_enabled": true,
            "internet_query_enabled": true,
            "local_authentication_disabled": false,
            "location": "northeurope",
            "name": "lta-matchmakersoftware",
            "resource_group_name": "AZMMClientApps",
            "retention_in_days": 90,
            "sampling_percentage": 0,
            "tags": {},
            "timeouts": null,
            "workspace_id": "/subscriptions/2bd29ed6-34a6-42d7-8235-293e8ee67447/resourceGroups/DefaultResourceGroup-NEU/providers/Microsoft.OperationalInsights/workspaces/DefaultWorkspace-2bd29ed6-34a6-42d7-8235-293e8ee67447-NEU"
          },
          "sensitive_attributes": [],
          "private": "eyJlMmJmYjczMC1lY2FhLTExZTYtOGY4OC0zNDM2M2JjN2M0YzAiOnsiY3JlYXRlIjozNjAwMDAwMDAwMDAwLCJkZWxldGUiOjE4MDAwMDAwMDAwMDAsInJlYWQiOjMwMDAwMDAwMDAwMCwidXBkYXRlIjoxODAwMDAwMDAwMDAwfSwic2NoZW1hX3ZlcnNpb24iOiIxIn0="
        }
      ]
    },
    {
      "mode": "managed",
      "type": "azurerm_application_insights",
      "name": "res-126",
      "provider": "provider[\"registry.terraform.io/hashicorp/azurerm\"]",
      "instances": [
        {
          "schema_version": 1,
          "attributes": {
            "app_id": "839a80fb-29c1-4ee9-ad4f-c532dddf52bb",
            "application_type": "web",
            "connection_string": "InstrumentationKey=d76e358e-900b-4785-9add-c4480fb80e58;IngestionEndpoint=https://northeurope-2.in.applicationinsights.azure.com/;LiveEndpoint=https://northeurope.livediagnostics.monitor.azure.com/;ApplicationId=839a80fb-29c1-4ee9-ad4f-c532dddf52bb",
            "daily_data_cap_in_gb": 100,
            "daily_data_cap_notifications_disabled": false,
            "disable_ip_masking": false,
            "force_customer_storage_for_profiler": false,
            "id": "/subscriptions/2bd29ed6-34a6-42d7-8235-293e8ee67447/resourceGroups/AZMMCoreRG01/providers/Microsoft.Insights/components/AZMMApp01",
            "instrumentation_key": "d76e358e-900b-4785-9add-c4480fb80e58",
            "internet_ingestion_enabled": true,
            "internet_query_enabled": true,
            "local_authentication_disabled": false,
            "location": "northeurope",
            "name": "AZMMApp01",
            "resource_group_name": "AZMMCoreRG01",
            "retention_in_days": 90,
            "sampling_percentage": 0,
            "tags": {},
            "timeouts": null,
            "workspace_id": "/subscriptions/2bd29ed6-34a6-42d7-8235-293e8ee67447/resourceGroups/DefaultResourceGroup-NEU/providers/Microsoft.OperationalInsights/workspaces/DefaultWorkspace-2bd29ed6-34a6-42d7-8235-293e8ee67447-NEU"
          },
          "sensitive_attributes": [],
          "private": "eyJlMmJmYjczMC1lY2FhLTExZTYtOGY4OC0zNDM2M2JjN2M0YzAiOnsiY3JlYXRlIjozNjAwMDAwMDAwMDAwLCJkZWxldGUiOjE4MDAwMDAwMDAwMDAsInJlYWQiOjMwMDAwMDAwMDAwMCwidXBkYXRlIjoxODAwMDAwMDAwMDAwfSwic2NoZW1hX3ZlcnNpb24iOiIxIn0="
        }
      ]
    },
    {
      "mode": "managed",
      "type": "azurerm_key_vault",
      "name": "res-2",
      "provider": "provider[\"registry.terraform.io/hashicorp/azurerm\"]",
      "instances": [
        {
          "schema_version": 2,
          "attributes": {
            "access_policy": [
              {
                "application_id": "",
                "certificate_permissions": [
                  "Get"
                ],
                "key_permissions": [],
                "object_id": "f98878f4-1ae8-48b7-a20e-e9ffc2ae9a38",
                "secret_permissions": [
                  "Get"
                ],
                "storage_permissions": [],
                "tenant_id": "3a243d17-3d9f-43e2-96a9-222d4b6fada1"
              },
              {
                "application_id": "",
                "certificate_permissions": [
                  "Get",
                  "List",
                  "Update",
                  "Create",
                  "Import",
                  "Delete",
                  "Recover",
                  "Backup",
                  "Restore",
                  "ManageContacts",
                  "ManageIssuers",
                  "GetIssuers",
                  "ListIssuers",
                  "SetIssuers",
                  "DeleteIssuers"
                ],
                "key_permissions": [
                  "Get",
                  "List",
                  "Update",
                  "Create",
                  "Import",
                  "Delete",
                  "Recover",
                  "Backup",
                  "Restore",
                  "GetRotationPolicy",
                  "SetRotationPolicy",
                  "Rotate"
                ],
                "object_id": "d8687fce-a2e5-4077-8ce4-daf10ef796bb",
                "secret_permissions": [
                  "Get",
                  "List",
                  "Set",
                  "Delete",
                  "Recover",
                  "Backup",
                  "Restore"
                ],
                "storage_permissions": [],
                "tenant_id": "3a243d17-3d9f-43e2-96a9-222d4b6fada1"
              },
              {
                "application_id": "",
                "certificate_permissions": [
                  "Get",
                  "List"
                ],
                "key_permissions": [],
                "object_id": "ad8f1dc0-8a3a-4733-96a3-bedca459b6b6",
                "secret_permissions": [
                  "Get",
                  "List"
                ],
                "storage_permissions": [],
                "tenant_id": "3a243d17-3d9f-43e2-96a9-222d4b6fada1"
              }
            ],
            "contact": [],
            "enable_rbac_authorization": false,
            "enabled_for_deployment": false,
            "enabled_for_disk_encryption": false,
            "enabled_for_template_deployment": false,
            "id": "/subscriptions/2bd29ed6-34a6-42d7-8235-293e8ee67447/resourceGroups/AZMMCoreRG01/providers/Microsoft.KeyVault/vaults/AZMMKV01",
            "location": "northeurope",
            "name": "AZMMKV01",
            "network_acls": [
              {
                "bypass": "AzureServices",
                "default_action": "Allow",
                "ip_rules": [],
                "virtual_network_subnet_ids": []
              }
            ],
            "public_network_access_enabled": true,
            "purge_protection_enabled": false,
            "resource_group_name": "AZMMCoreRG01",
            "sku_name": "standard",
            "soft_delete_retention_days": 90,
            "tags": {},
            "tenant_id": "3a243d17-3d9f-43e2-96a9-222d4b6fada1",
            "timeouts": null,
            "vault_uri": "https://azmmkv01.vault.azure.net/"
          },
          "sensitive_attributes": [],
          "private": "eyJlMmJmYjczMC1lY2FhLTExZTYtOGY4OC0zNDM2M2JjN2M0YzAiOnsiY3JlYXRlIjoxODAwMDAwMDAwMDAwLCJkZWxldGUiOjE4MDAwMDAwMDAwMDAsInJlYWQiOjMwMDAwMDAwMDAwMCwidXBkYXRlIjoxODAwMDAwMDAwMDAwfSwic2NoZW1hX3ZlcnNpb24iOiIyIn0="
        }
      ]
    },
    {
      "mode": "managed",
      "type": "azurerm_key_vault_certificate",
      "name": "res-3",
      "provider": "provider[\"registry.terraform.io/hashicorp/azurerm\"]",
      "instances": [
        {
          "schema_version": 0,
          "attributes": {
            "certificate": [],
            "certificate_attribute": [
              {
                "created": "2024-05-30T18:20:24Z",
                "enabled": true,
                "expires": "2025-04-01T23:59:59Z",
                "not_before": "2024-03-01T00:00:00Z",
                "recovery_level": "Recoverable+Purgeable",
                "updated": "2024-05-30T18:20:24Z"
              }
            ],
            "certificate_data": "308206463082052EA003020102021007E9FA66B93AE61CCAD635D6696F7DC8300D06092A864886F70D01010B05003060310B300906035504061302555331153013060355040A130C446967694365727420496E6331193017060355040B13107777772E64696769636572742E636F6D311F301D06035504031316526170696453534C20544C5320525341204341204731301E170D3234303330313030303030305A170D3235303430313233353935395A30233121301F06035504030C182A2E6D617463686D616B6572736F6674776172652E636F6D30820122300D06092A864886F70D01010105000382010F003082010A0282010100BAC84F5F79B29AA6DCBC9FB23A1400D84EE8190AF9FD65AC7114AACE9BCCA6B8BC0B6D3C68A637D306996632BC880AFCBF60B0FDDFCCF9FDCB8FD8B7CAC1D5EF09BDD4AA4768000F72D731EC1F87E552F7CAF3AB107CEE1E090E6F45FECF81926B4E20A246E67077155051D0FBDAFA09CD4682F5DCBC0035898A80C303C97A8736F461366E7CC02DCBC52F0281262A38CAB739C64E1EE26B861B2539AFE105F37381C6FE8B57F7DD8483245F14B40CA1E79B7F553CC093B75DEF0BBEC352FCE992A505F5EC4411E556277CAD1B48D9B0AC458BBE3E175822F840FE7860F622F6DAB1E2E117756106DA662B941CD11D1097D72B8B4E9B88C2925170AEAD2C31DD0203010001A382033730820333301F0603551D230418301680140CDB6C82490F4A670AB814EE7AC4485288EB5638301D0603551D0E0416041418F4800B6900C6C7BD884562112D458E4AEB40E1303B0603551D110434303282182A2E6D617463686D616B6572736F6674776172652E636F6D82166D617463686D616B6572736F6674776172652E636F6D303E0603551D20043730353033060667810C0102013029302706082B06010505070201161B687474703A2F2F7777772E64696769636572742E636F6D2F435053300E0603551D0F0101FF0404030205A0301D0603551D250416301406082B0601050507030106082B06010505070302303F0603551D1F043830363034A032A030862E687474703A2F2F6364702E726170696473736C2E636F6D2F526170696453534C544C53525341434147312E63726C307606082B06010505070101046A3068302606082B06010505073001861A687474703A2F2F7374617475732E726170696473736C2E636F6D303E06082B060105050730028632687474703A2F2F636163657274732E726170696473736C2E636F6D2F526170696453534C544C53525341434147312E637274300C0603551D130101FF040230003082017C060A2B06010401D6790204020482016C0482016801660076004E75A3275C9A10C3385B6CD4DF3F52EB1DF0E08E1B8D69C0B1FA64B1629A39DF0000018DF95F0F0700000403004730450221009BAA120CB5DE5FA62195A699A5643E72BC3178DEAA4AD74CD95837F421E6B7B202203D50C81430D35AC17262C9677E0CD734019A813CD95426D2A36896A6ED2D20070075007D591E12E1782A7B1C61677C5EFDF8D0875C14A04E959EB9032FD90E8C2E79B80000018DF95F0EB700000403004630440220434173BD8F9FADB1026E6EA7C5EEDFC80589B29168A73D6A5874DF3F1FB2AF85022046405B97F2B73FCF51A39057B0C5B71939F03B600D73563864DAD3BE78509573007500E6D2316340778CC1104106D771B9CEC1D240F6968486FBBA87321DFD1E378E500000018DF95F0ED4000004030046304402206F9B7AD3D15DDFD07E6CEBC744BE41080744924FAB8EEAECEBD7B21C6443BDC2022011BC2C9AD550E954199F15EAE1499B84A4772EB3D44B6CFA88B8F010A6E4A1A8300D06092A864886F70D01010B050003820101009F253E9B77FEC3D16261E235F9E64F63E79EDFAC74F5329B31DD17302F997EB96754DD1E1FCC9C8ECEFDD6E3AF8CDDB9E4991C366F657706E4F01C9C190BE4711A17704FFC44315C0DFCC579B96A8D4A5236882F3047F09EFEBC9FBE1B6F5F3C24E5156672FB5F49B18B10857BAB5C96012760C8605FC0081602CBF9B1EB56121766A60EEC2E0A7915EC8A9860E4CCBDB571F0C4AF5048B1580C74E94BF7BEC4D4654C9B4A23EEC9BDA62254AD7C9D5C28C84CEDBBEFD89C10F4C65C70EB8FDC79A66DB1EC89FF707FC237A5CED7D2FE21862A60664CCF04B7055DC00E0F424EE279E13131108C6F55EABF18F42941586FB30267C95A6C502D37B85C82A28422",
            "certificate_data_base64": "MIIGRjCCBS6gAwIBAgIQB+n6Zrk65hzK1jXWaW99yDANBgkqhkiG9w0BAQsFADBgMQswCQYDVQQGEwJVUzEVMBMGA1UEChMMRGlnaUNlcnQgSW5jMRkwFwYDVQQLExB3d3cuZGlnaWNlcnQuY29tMR8wHQYDVQQDExZSYXBpZFNTTCBUTFMgUlNBIENBIEcxMB4XDTI0MDMwMTAwMDAwMFoXDTI1MDQwMTIzNTk1OVowIzEhMB8GA1UEAwwYKi5tYXRjaG1ha2Vyc29mdHdhcmUuY29tMIIBIjANBgkqhkiG9w0BAQEFAAOCAQ8AMIIBCgKCAQEAushPX3mymqbcvJ+yOhQA2E7oGQr5/WWscRSqzpvMpri8C208aKY30waZZjK8iAr8v2Cw/d/M+f3Lj9i3ysHV7wm91KpHaAAPctcx7B+H5VL3yvOrEHzuHgkOb0X+z4GSa04gokbmcHcVUFHQ+9r6Cc1GgvXcvAA1iYqAwwPJeoc29GE2bnzALcvFLwKBJio4yrc5xk4e4muGGyU5r+EF83OBxv6LV/fdhIMkXxS0DKHnm39VPMCTt13vC77DUvzpkqUF9exEEeVWJ3ytG0jZsKxFi74+F1gi+ED+eGD2IvbaseLhF3VhBtpmK5Qc0R0Ql9cri06biMKSUXCurSwx3QIDAQABo4IDNzCCAzMwHwYDVR0jBBgwFoAUDNtsgkkPSmcKuBTuesRIUojrVjgwHQYDVR0OBBYEFBj0gAtpAMbHvYhFYhEtRY5K60DhMDsGA1UdEQQ0MDKCGCoubWF0Y2htYWtlcnNvZnR3YXJlLmNvbYIWbWF0Y2htYWtlcnNvZnR3YXJlLmNvbTA+BgNVHSAENzA1MDMGBmeBDAECATApMCcGCCsGAQUFBwIBFhtodHRwOi8vd3d3LmRpZ2ljZXJ0LmNvbS9DUFMwDgYDVR0PAQH/BAQDAgWgMB0GA1UdJQQWMBQGCCsGAQUFBwMBBggrBgEFBQcDAjA/BgNVHR8EODA2MDSgMqAwhi5odHRwOi8vY2RwLnJhcGlkc3NsLmNvbS9SYXBpZFNTTFRMU1JTQUNBRzEuY3JsMHYGCCsGAQUFBwEBBGowaDAmBggrBgEFBQcwAYYaaHR0cDovL3N0YXR1cy5yYXBpZHNzbC5jb20wPgYIKwYBBQUHMAKGMmh0dHA6Ly9jYWNlcnRzLnJhcGlkc3NsLmNvbS9SYXBpZFNTTFRMU1JTQUNBRzEuY3J0MAwGA1UdEwEB/wQCMAAwggF8BgorBgEEAdZ5AgQCBIIBbASCAWgBZgB2AE51oydcmhDDOFts1N8/Uusd8OCOG41pwLH6ZLFimjnfAAABjflfDwcAAAQDAEcwRQIhAJuqEgy13l+mIZWmmaVkPnK8MXjeqkrXTNlYN/Qh5reyAiA9UMgUMNNawXJiyWd+DNc0AZqBPNlUJtKjaJam7S0gBwB1AH1ZHhLheCp7HGFnfF79+NCHXBSgTpWeuQMv2Q6MLnm4AAABjflfDrcAAAQDAEYwRAIgQ0FzvY+frbECbm6nxe7fyAWJspFopz1qWHTfPx+yr4UCIEZAW5fytz/PUaOQV7DFtxk58DtgDXNWOGTa0754UJVzAHUA5tIxY0B3jMEQQQbXcbnOwdJA9paEhvu6hzId/R43jlAAAAGN+V8O1AAABAMARjBEAiBvm3rT0V3f0H5s68dEvkEIB0SST6uO6uzr17IcZEO9wgIgEbwsmtVQ6VQZnxXq4UmbhKR3LrPUS2z6iLjwEKbkoagwDQYJKoZIhvcNAQELBQADggEBAJ8lPpt3/sPRYmHiNfnmT2Pnnt+sdPUymzHdFzAvmX65Z1TdHh/MnI7O/dbjr4zdueSZHDZvZXcG5PAcnBkL5HEaF3BP/EQxXA38xXm5ao1KUjaILzBH8J7+vJ++G29fPCTlFWZy+19JsYsQhXurXJYBJ2DIYF/ACBYCy/mx61YSF2amDuwuCnkV7IqYYOTMvbVx8MSvUEixWAx06Uv3vsTUZUybSiPuyb2mIlStfJ1cKMhM7bvv2JwQ9MZccOuP3HmmbbHsif9wf8I3pc7X0v4hhipgZkzPBLcFXcAOD0JO4nnhMTEQjG9V6r8Y9ClBWG+zAmfJWmxQLTe4XIKihCI=",
            "certificate_policy": [
              {
                "issuer_parameters": [
                  {
                    "name": "Unknown"
                  }
                ],
                "key_properties": [
                  {
                    "curve": "",
                    "exportable": true,
                    "key_size": 2048,
                    "key_type": "RSA",
                    "reuse_key": false
                  }
                ],
                "lifetime_action": [
                  {
                    "action": [
                      {
                        "action_type": "EmailContacts"
                      }
                    ],
                    "trigger": [
                      {
                        "days_before_expiry": 0,
                        "lifetime_percentage": 80
                      }
                    ]
                  }
                ],
                "secret_properties": [
                  {
                    "content_type": "application/x-pkcs12"
                  }
                ],
                "x509_certificate_properties": [
                  {
                    "extended_key_usage": [
                      "1.3.6.1.5.5.7.3.1",
                      "1.3.6.1.5.5.7.3.2"
                    ],
                    "key_usage": [
                      "digitalSignature",
                      "keyEncipherment"
                    ],
                    "subject": "CN=*.matchmakersoftware.com",
                    "subject_alternative_names": [
                      {
                        "dns_names": [
                          "*.matchmakersoftware.com",
                          "matchmakersoftware.com"
                        ],
                        "emails": [],
                        "upns": []
                      }
                    ],
                    "validity_in_months": 14
                  }
                ]
              }
            ],
            "id": "https://azmmkv01.vault.azure.net/certificates/MMWildcardKV2024/e1fac60ef8e54c1bba8d835bd1fb0d52",
            "key_vault_id": "/subscriptions/2bd29ed6-34a6-42d7-8235-293e8ee67447/resourceGroups/AZMMCoreRG01/providers/Microsoft.KeyVault/vaults/AZMMKV01",
            "name": "MMWildcardKV2024",
            "resource_manager_id": "/subscriptions/2bd29ed6-34a6-42d7-8235-293e8ee67447/resourceGroups/AZMMCoreRG01/providers/Microsoft.KeyVault/vaults/AZMMKV01/certificates/MMWildcardKV2024/versions/e1fac60ef8e54c1bba8d835bd1fb0d52",
            "resource_manager_versionless_id": "/subscriptions/2bd29ed6-34a6-42d7-8235-293e8ee67447/resourceGroups/AZMMCoreRG01/providers/Microsoft.KeyVault/vaults/AZMMKV01/certificates/MMWildcardKV2024",
            "secret_id": "https://azmmkv01.vault.azure.net/secrets/MMWildcardKV2024/e1fac60ef8e54c1bba8d835bd1fb0d52",
            "tags": {},
            "thumbprint": "151F4496652008C418E6F2CC1EF1407317A20C49",
            "timeouts": null,
            "version": "e1fac60ef8e54c1bba8d835bd1fb0d52",
            "versionless_id": "https://azmmkv01.vault.azure.net/certificates/MMWildcardKV2024",
            "versionless_secret_id": "https://azmmkv01.vault.azure.net/secrets/MMWildcardKV2024"
          },
          "sensitive_attributes": [],
          "private": "eyJlMmJmYjczMC1lY2FhLTExZTYtOGY4OC0zNDM2M2JjN2M0YzAiOnsiY3JlYXRlIjozNjAwMDAwMDAwMDAwLCJkZWxldGUiOjE4MDAwMDAwMDAwMDAsInJlYWQiOjE4MDAwMDAwMDAwMDAsInVwZGF0ZSI6MTgwMDAwMDAwMDAwMH0sInNjaGVtYV92ZXJzaW9uIjoiMCJ9"
        }
      ]
    },
    {
      "mode": "managed",
      "type": "azurerm_log_analytics_saved_search",
      "name": "res-128",
      "provider": "provider[\"registry.terraform.io/hashicorp/azurerm\"]",
      "instances": [
        {
          "schema_version": 1,
          "attributes": {
            "category": "General Exploration",
            "display_name": "All Computers with their most recent data",
            "function_alias": "",
            "function_parameters": [],
            "id": "/subscriptions/2bd29ed6-34a6-42d7-8235-293e8ee67447/resourceGroups/DefaultResourceGroup-NEU/providers/Microsoft.OperationalInsights/workspaces/DefaultWorkspace-2bd29ed6-34a6-42d7-8235-293e8ee67447-NEU/savedSearches/LogManagement(DefaultWorkspace-2bd29ed6-34a6-42d7-8235-293e8ee67447-NEU)_General|AlphabeticallySortedComputers",
            "log_analytics_workspace_id": "/subscriptions/2bd29ed6-34a6-42d7-8235-293e8ee67447/resourceGroups/DefaultResourceGroup-NEU/providers/Microsoft.OperationalInsights/workspaces/DefaultWorkspace-2bd29ed6-34a6-42d7-8235-293e8ee67447-NEU",
            "name": "LogManagement(DefaultWorkspace-2bd29ed6-34a6-42d7-8235-293e8ee67447-NEU)_General|AlphabeticallySortedComputers",
            "query": "search not(ObjectName == \"Advisor Metrics\" or ObjectName == \"ManagedSpace\") | summarize AggregatedValue = max(TimeGenerated) by Computer | limit 500000 | sort by Computer asc\r\n// Oql: NOT(ObjectName=\"Advisor Metrics\" OR ObjectName=ManagedSpace) | measure max(TimeGenerated) by Computer | top 500000 | Sort Computer // Args: {OQ: True; WorkspaceId: 00000000-0000-0000-0000-000000000000} // Settings: {PTT: True; SortI: True; SortF: True} // Version: 0.1.122",
            "tags": {},
            "timeouts": null
          },
          "sensitive_attributes": [],
          "private": "eyJlMmJmYjczMC1lY2FhLTExZTYtOGY4OC0zNDM2M2JjN2M0YzAiOnsiY3JlYXRlIjoxODAwMDAwMDAwMDAwLCJkZWxldGUiOjE4MDAwMDAwMDAwMDAsInJlYWQiOjMwMDAwMDAwMDAwMH0sInNjaGVtYV92ZXJzaW9uIjoiMSJ9"
        }
      ]
    },
    {
      "mode": "managed",
      "type": "azurerm_log_analytics_saved_search",
      "name": "res-129",
      "provider": "provider[\"registry.terraform.io/hashicorp/azurerm\"]",
      "instances": [
        {
          "schema_version": 1,
          "attributes": {
            "category": "General Exploration",
            "display_name": "Stale Computers (data older than 24 hours)",
            "function_alias": "",
            "function_parameters": [],
            "id": "/subscriptions/2bd29ed6-34a6-42d7-8235-293e8ee67447/resourceGroups/DefaultResourceGroup-NEU/providers/Microsoft.OperationalInsights/workspaces/DefaultWorkspace-2bd29ed6-34a6-42d7-8235-293e8ee67447-NEU/savedSearches/LogManagement(DefaultWorkspace-2bd29ed6-34a6-42d7-8235-293e8ee67447-NEU)_General|StaleComputers",
            "log_analytics_workspace_id": "/subscriptions/2bd29ed6-34a6-42d7-8235-293e8ee67447/resourceGroups/DefaultResourceGroup-NEU/providers/Microsoft.OperationalInsights/workspaces/DefaultWorkspace-2bd29ed6-34a6-42d7-8235-293e8ee67447-NEU",
            "name": "LogManagement(DefaultWorkspace-2bd29ed6-34a6-42d7-8235-293e8ee67447-NEU)_General|StaleComputers",
            "query": "search not(ObjectName == \"Advisor Metrics\" or ObjectName == \"ManagedSpace\") | summarize lastdata = max(TimeGenerated) by Computer | limit 500000 | where lastdata \u003c ago(24h)\r\n// Oql: NOT(ObjectName=\"Advisor Metrics\" OR ObjectName=ManagedSpace) | measure max(TimeGenerated) as lastdata by Computer | top 500000 | where lastdata \u003c NOW-24HOURS // Args: {OQ: True; WorkspaceId: 00000000-0000-0000-0000-000000000000} // Settings: {PTT: True; SortI: True; SortF: True} // Version: 0.1.122",
            "tags": {},
            "timeouts": null
          },
          "sensitive_attributes": [],
          "private": "eyJlMmJmYjczMC1lY2FhLTExZTYtOGY4OC0zNDM2M2JjN2M0YzAiOnsiY3JlYXRlIjoxODAwMDAwMDAwMDAwLCJkZWxldGUiOjE4MDAwMDAwMDAwMDAsInJlYWQiOjMwMDAwMDAwMDAwMH0sInNjaGVtYV92ZXJzaW9uIjoiMSJ9"
        }
      ]
    },
    {
      "mode": "managed",
      "type": "azurerm_log_analytics_saved_search",
      "name": "res-130",
      "provider": "provider[\"registry.terraform.io/hashicorp/azurerm\"]",
      "instances": [
        {
          "schema_version": 1,
          "attributes": {
            "category": "General Exploration",
            "display_name": "Which Management Group is generating the most data points?",
            "function_alias": "",
            "function_parameters": [],
            "id": "/subscriptions/2bd29ed6-34a6-42d7-8235-293e8ee67447/resourceGroups/DefaultResourceGroup-NEU/providers/Microsoft.OperationalInsights/workspaces/DefaultWorkspace-2bd29ed6-34a6-42d7-8235-293e8ee67447-NEU/savedSearches/LogManagement(DefaultWorkspace-2bd29ed6-34a6-42d7-8235-293e8ee67447-NEU)_General|dataPointsPerManagementGroup",
            "log_analytics_workspace_id": "/subscriptions/2bd29ed6-34a6-42d7-8235-293e8ee67447/resourceGroups/DefaultResourceGroup-NEU/providers/Microsoft.OperationalInsights/workspaces/DefaultWorkspace-2bd29ed6-34a6-42d7-8235-293e8ee67447-NEU",
            "name": "LogManagement(DefaultWorkspace-2bd29ed6-34a6-42d7-8235-293e8ee67447-NEU)_General|dataPointsPerManagementGroup",
            "query": "search * | summarize AggregatedValue = count() by ManagementGroupName\r\n// Oql: * | Measure count() by ManagementGroupName // Args: {OQ: True; WorkspaceId: 00000000-0000-0000-0000-000000000000} // Settings: {PTT: True; SortI: True; SortF: True} // Version: 0.1.122",
            "tags": {},
            "timeouts": null
          },
          "sensitive_attributes": [],
          "private": "eyJlMmJmYjczMC1lY2FhLTExZTYtOGY4OC0zNDM2M2JjN2M0YzAiOnsiY3JlYXRlIjoxODAwMDAwMDAwMDAwLCJkZWxldGUiOjE4MDAwMDAwMDAwMDAsInJlYWQiOjMwMDAwMDAwMDAwMH0sInNjaGVtYV92ZXJzaW9uIjoiMSJ9"
        }
      ]
    },
    {
      "mode": "managed",
      "type": "azurerm_log_analytics_saved_search",
      "name": "res-131",
      "provider": "provider[\"registry.terraform.io/hashicorp/azurerm\"]",
      "instances": [
        {
          "schema_version": 1,
          "attributes": {
            "category": "General Exploration",
            "display_name": "Distribution of data Types",
            "function_alias": "",
            "function_parameters": [],
            "id": "/subscriptions/2bd29ed6-34a6-42d7-8235-293e8ee67447/resourceGroups/DefaultResourceGroup-NEU/providers/Microsoft.OperationalInsights/workspaces/DefaultWorkspace-2bd29ed6-34a6-42d7-8235-293e8ee67447-NEU/savedSearches/LogManagement(DefaultWorkspace-2bd29ed6-34a6-42d7-8235-293e8ee67447-NEU)_General|dataTypeDistribution",
            "log_analytics_workspace_id": "/subscriptions/2bd29ed6-34a6-42d7-8235-293e8ee67447/resourceGroups/DefaultResourceGroup-NEU/providers/Microsoft.OperationalInsights/workspaces/DefaultWorkspace-2bd29ed6-34a6-42d7-8235-293e8ee67447-NEU",
            "name": "LogManagement(DefaultWorkspace-2bd29ed6-34a6-42d7-8235-293e8ee67447-NEU)_General|dataTypeDistribution",
            "query": "search * | extend Type = $table | summarize AggregatedValue = count() by Type\r\n// Oql: * | Measure count() by Type // Args: {OQ: True; WorkspaceId: 00000000-0000-0000-0000-000000000000} // Settings: {PTT: True; SortI: True; SortF: True} // Version: 0.1.122",
            "tags": {},
            "timeouts": null
          },
          "sensitive_attributes": [],
          "private": "eyJlMmJmYjczMC1lY2FhLTExZTYtOGY4OC0zNDM2M2JjN2M0YzAiOnsiY3JlYXRlIjoxODAwMDAwMDAwMDAwLCJkZWxldGUiOjE4MDAwMDAwMDAwMDAsInJlYWQiOjMwMDAwMDAwMDAwMH0sInNjaGVtYV92ZXJzaW9uIjoiMSJ9"
        }
      ]
    },
    {
      "mode": "managed",
      "type": "azurerm_log_analytics_saved_search",
      "name": "res-132",
      "provider": "provider[\"registry.terraform.io/hashicorp/azurerm\"]",
      "instances": [
        {
          "schema_version": 1,
          "attributes": {
            "category": "Log Management",
            "display_name": "All Events",
            "function_alias": "",
            "function_parameters": [],
            "id": "/subscriptions/2bd29ed6-34a6-42d7-8235-293e8ee67447/resourceGroups/DefaultResourceGroup-NEU/providers/Microsoft.OperationalInsights/workspaces/DefaultWorkspace-2bd29ed6-34a6-42d7-8235-293e8ee67447-NEU/savedSearches/LogManagement(DefaultWorkspace-2bd29ed6-34a6-42d7-8235-293e8ee67447-NEU)_LogManagement|AllEvents",
            "log_analytics_workspace_id": "/subscriptions/2bd29ed6-34a6-42d7-8235-293e8ee67447/resourceGroups/DefaultResourceGroup-NEU/providers/Microsoft.OperationalInsights/workspaces/DefaultWorkspace-2bd29ed6-34a6-42d7-8235-293e8ee67447-NEU",
            "name": "LogManagement(DefaultWorkspace-2bd29ed6-34a6-42d7-8235-293e8ee67447-NEU)_LogManagement|AllEvents",
            "query": "Event | sort by TimeGenerated desc\r\n// Oql: Type=Event // Args: {OQ: True; WorkspaceId: 00000000-0000-0000-0000-000000000000} // Settings: {PTT: True; SortI: True; SortF: True} // Version: 0.1.122",
            "tags": {},
            "timeouts": null
          },
          "sensitive_attributes": [],
          "private": "eyJlMmJmYjczMC1lY2FhLTExZTYtOGY4OC0zNDM2M2JjN2M0YzAiOnsiY3JlYXRlIjoxODAwMDAwMDAwMDAwLCJkZWxldGUiOjE4MDAwMDAwMDAwMDAsInJlYWQiOjMwMDAwMDAwMDAwMH0sInNjaGVtYV92ZXJzaW9uIjoiMSJ9"
        }
      ]
    },
    {
      "mode": "managed",
      "type": "azurerm_log_analytics_saved_search",
      "name": "res-133",
      "provider": "provider[\"registry.terraform.io/hashicorp/azurerm\"]",
      "instances": [
        {
          "schema_version": 1,
          "attributes": {
            "category": "Log Management",
            "display_name": "All Syslogs",
            "function_alias": "",
            "function_parameters": [],
            "id": "/subscriptions/2bd29ed6-34a6-42d7-8235-293e8ee67447/resourceGroups/DefaultResourceGroup-NEU/providers/Microsoft.OperationalInsights/workspaces/DefaultWorkspace-2bd29ed6-34a6-42d7-8235-293e8ee67447-NEU/savedSearches/LogManagement(DefaultWorkspace-2bd29ed6-34a6-42d7-8235-293e8ee67447-NEU)_LogManagement|AllSyslog",
            "log_analytics_workspace_id": "/subscriptions/2bd29ed6-34a6-42d7-8235-293e8ee67447/resourceGroups/DefaultResourceGroup-NEU/providers/Microsoft.OperationalInsights/workspaces/DefaultWorkspace-2bd29ed6-34a6-42d7-8235-293e8ee67447-NEU",
            "name": "LogManagement(DefaultWorkspace-2bd29ed6-34a6-42d7-8235-293e8ee67447-NEU)_LogManagement|AllSyslog",
            "query": "Syslog | sort by TimeGenerated desc\r\n// Oql: Type=Syslog // Args: {OQ: True; WorkspaceId: 00000000-0000-0000-0000-000000000000} // Settings: {PTT: True; SortI: True; SortF: True} // Version: 0.1.122",
            "tags": {},
            "timeouts": null
          },
          "sensitive_attributes": [],
          "private": "eyJlMmJmYjczMC1lY2FhLTExZTYtOGY4OC0zNDM2M2JjN2M0YzAiOnsiY3JlYXRlIjoxODAwMDAwMDAwMDAwLCJkZWxldGUiOjE4MDAwMDAwMDAwMDAsInJlYWQiOjMwMDAwMDAwMDAwMH0sInNjaGVtYV92ZXJzaW9uIjoiMSJ9"
        }
      ]
    },
    {
      "mode": "managed",
      "type": "azurerm_log_analytics_saved_search",
      "name": "res-134",
      "provider": "provider[\"registry.terraform.io/hashicorp/azurerm\"]",
      "instances": [
        {
          "schema_version": 1,
          "attributes": {
            "category": "Log Management",
            "display_name": "All Syslog Records grouped by Facility",
            "function_alias": "",
            "function_parameters": [],
            "id": "/subscriptions/2bd29ed6-34a6-42d7-8235-293e8ee67447/resourceGroups/DefaultResourceGroup-NEU/providers/Microsoft.OperationalInsights/workspaces/DefaultWorkspace-2bd29ed6-34a6-42d7-8235-293e8ee67447-NEU/savedSearches/LogManagement(DefaultWorkspace-2bd29ed6-34a6-42d7-8235-293e8ee67447-NEU)_LogManagement|AllSyslogByFacility",
            "log_analytics_workspace_id": "/subscriptions/2bd29ed6-34a6-42d7-8235-293e8ee67447/resourceGroups/DefaultResourceGroup-NEU/providers/Microsoft.OperationalInsights/workspaces/DefaultWorkspace-2bd29ed6-34a6-42d7-8235-293e8ee67447-NEU",
            "name": "LogManagement(DefaultWorkspace-2bd29ed6-34a6-42d7-8235-293e8ee67447-NEU)_LogManagement|AllSyslogByFacility",
            "query": "Syslog | summarize AggregatedValue = count() by Facility\r\n// Oql: Type=Syslog | Measure count() by Facility // Args: {OQ: True; WorkspaceId: 00000000-0000-0000-0000-000000000000} // Settings: {PTT: True; SortI: True; SortF: True} // Version: 0.1.122",
            "tags": {},
            "timeouts": null
          },
          "sensitive_attributes": [],
          "private": "eyJlMmJmYjczMC1lY2FhLTExZTYtOGY4OC0zNDM2M2JjN2M0YzAiOnsiY3JlYXRlIjoxODAwMDAwMDAwMDAwLCJkZWxldGUiOjE4MDAwMDAwMDAwMDAsInJlYWQiOjMwMDAwMDAwMDAwMH0sInNjaGVtYV92ZXJzaW9uIjoiMSJ9"
        }
      ]
    },
    {
      "mode": "managed",
      "type": "azurerm_log_analytics_saved_search",
      "name": "res-135",
      "provider": "provider[\"registry.terraform.io/hashicorp/azurerm\"]",
      "instances": [
        {
          "schema_version": 1,
          "attributes": {
            "category": "Log Management",
            "display_name": "All Syslog Records grouped by ProcessName",
            "function_alias": "",
            "function_parameters": [],
            "id": "/subscriptions/2bd29ed6-34a6-42d7-8235-293e8ee67447/resourceGroups/DefaultResourceGroup-NEU/providers/Microsoft.OperationalInsights/workspaces/DefaultWorkspace-2bd29ed6-34a6-42d7-8235-293e8ee67447-NEU/savedSearches/LogManagement(DefaultWorkspace-2bd29ed6-34a6-42d7-8235-293e8ee67447-NEU)_LogManagement|AllSyslogByProcessName",
            "log_analytics_workspace_id": "/subscriptions/2bd29ed6-34a6-42d7-8235-293e8ee67447/resourceGroups/DefaultResourceGroup-NEU/providers/Microsoft.OperationalInsights/workspaces/DefaultWorkspace-2bd29ed6-34a6-42d7-8235-293e8ee67447-NEU",
            "name": "LogManagement(DefaultWorkspace-2bd29ed6-34a6-42d7-8235-293e8ee67447-NEU)_LogManagement|AllSyslogByProcessName",
            "query": "Syslog | summarize AggregatedValue = count() by ProcessName\r\n// Oql: Type=Syslog | Measure count() by ProcessName // Args: {OQ: True; WorkspaceId: 00000000-0000-0000-0000-000000000000} // Settings: {PTT: True; SortI: True; SortF: True} // Version: 0.1.122",
            "tags": {},
            "timeouts": null
          },
          "sensitive_attributes": [],
          "private": "eyJlMmJmYjczMC1lY2FhLTExZTYtOGY4OC0zNDM2M2JjN2M0YzAiOnsiY3JlYXRlIjoxODAwMDAwMDAwMDAwLCJkZWxldGUiOjE4MDAwMDAwMDAwMDAsInJlYWQiOjMwMDAwMDAwMDAwMH0sInNjaGVtYV92ZXJzaW9uIjoiMSJ9"
        }
      ]
    },
    {
      "mode": "managed",
      "type": "azurerm_log_analytics_saved_search",
      "name": "res-136",
      "provider": "provider[\"registry.terraform.io/hashicorp/azurerm\"]",
      "instances": [
        {
          "schema_version": 1,
          "attributes": {
            "category": "Log Management",
            "display_name": "All Syslog Records with Errors",
            "function_alias": "",
            "function_parameters": [],
            "id": "/subscriptions/2bd29ed6-34a6-42d7-8235-293e8ee67447/resourceGroups/DefaultResourceGroup-NEU/providers/Microsoft.OperationalInsights/workspaces/DefaultWorkspace-2bd29ed6-34a6-42d7-8235-293e8ee67447-NEU/savedSearches/LogManagement(DefaultWorkspace-2bd29ed6-34a6-42d7-8235-293e8ee67447-NEU)_LogManagement|AllSyslogsWithErrors",
            "log_analytics_workspace_id": "/subscriptions/2bd29ed6-34a6-42d7-8235-293e8ee67447/resourceGroups/DefaultResourceGroup-NEU/providers/Microsoft.OperationalInsights/workspaces/DefaultWorkspace-2bd29ed6-34a6-42d7-8235-293e8ee67447-NEU",
            "name": "LogManagement(DefaultWorkspace-2bd29ed6-34a6-42d7-8235-293e8ee67447-NEU)_LogManagement|AllSyslogsWithErrors",
            "query": "Syslog | where SeverityLevel == \"error\" | sort by TimeGenerated desc\r\n// Oql: Type=Syslog SeverityLevel=error // Args: {OQ: True; WorkspaceId: 00000000-0000-0000-0000-000000000000} // Settings: {PTT: True; SortI: True; SortF: True} // Version: 0.1.122",
            "tags": {},
            "timeouts": null
          },
          "sensitive_attributes": [],
          "private": "eyJlMmJmYjczMC1lY2FhLTExZTYtOGY4OC0zNDM2M2JjN2M0YzAiOnsiY3JlYXRlIjoxODAwMDAwMDAwMDAwLCJkZWxldGUiOjE4MDAwMDAwMDAwMDAsInJlYWQiOjMwMDAwMDAwMDAwMH0sInNjaGVtYV92ZXJzaW9uIjoiMSJ9"
        }
      ]
    },
    {
      "mode": "managed",
      "type": "azurerm_log_analytics_saved_search",
      "name": "res-137",
      "provider": "provider[\"registry.terraform.io/hashicorp/azurerm\"]",
      "instances": [
        {
          "schema_version": 1,
          "attributes": {
            "category": "Log Management",
            "display_name": "Average HTTP Request time by Client IP Address",
            "function_alias": "",
            "function_parameters": [],
            "id": "/subscriptions/2bd29ed6-34a6-42d7-8235-293e8ee67447/resourceGroups/DefaultResourceGroup-NEU/providers/Microsoft.OperationalInsights/workspaces/DefaultWorkspace-2bd29ed6-34a6-42d7-8235-293e8ee67447-NEU/savedSearches/LogManagement(DefaultWorkspace-2bd29ed6-34a6-42d7-8235-293e8ee67447-NEU)_LogManagement|AverageHTTPRequestTimeByClientIPAddress",
            "log_analytics_workspace_id": "/subscriptions/2bd29ed6-34a6-42d7-8235-293e8ee67447/resourceGroups/DefaultResourceGroup-NEU/providers/Microsoft.OperationalInsights/workspaces/DefaultWorkspace-2bd29ed6-34a6-42d7-8235-293e8ee67447-NEU",
            "name": "LogManagement(DefaultWorkspace-2bd29ed6-34a6-42d7-8235-293e8ee67447-NEU)_LogManagement|AverageHTTPRequestTimeByClientIPAddress",
            "query": "search * | extend Type = $table | where Type == W3CIISLog | summarize AggregatedValue = avg(TimeTaken) by cIP\r\n// Oql: Type=W3CIISLog | Measure Avg(TimeTaken) by cIP // Args: {OQ: True; WorkspaceId: 00000000-0000-0000-0000-000000000000} // Settings: {PEF: True; SortI: True; SortF: True} // Version: 0.1.122",
            "tags": {},
            "timeouts": null
          },
          "sensitive_attributes": [],
          "private": "eyJlMmJmYjczMC1lY2FhLTExZTYtOGY4OC0zNDM2M2JjN2M0YzAiOnsiY3JlYXRlIjoxODAwMDAwMDAwMDAwLCJkZWxldGUiOjE4MDAwMDAwMDAwMDAsInJlYWQiOjMwMDAwMDAwMDAwMH0sInNjaGVtYV92ZXJzaW9uIjoiMSJ9"
        }
      ]
    },
    {
      "mode": "managed",
      "type": "azurerm_log_analytics_saved_search",
      "name": "res-138",
      "provider": "provider[\"registry.terraform.io/hashicorp/azurerm\"]",
      "instances": [
        {
          "schema_version": 1,
          "attributes": {
            "category": "Log Management",
            "display_name": "Average HTTP Request time by HTTP Method",
            "function_alias": "",
            "function_parameters": [],
            "id": "/subscriptions/2bd29ed6-34a6-42d7-8235-293e8ee67447/resourceGroups/DefaultResourceGroup-NEU/providers/Microsoft.OperationalInsights/workspaces/DefaultWorkspace-2bd29ed6-34a6-42d7-8235-293e8ee67447-NEU/savedSearches/LogManagement(DefaultWorkspace-2bd29ed6-34a6-42d7-8235-293e8ee67447-NEU)_LogManagement|AverageHTTPRequestTimeHTTPMethod",
            "log_analytics_workspace_id": "/subscriptions/2bd29ed6-34a6-42d7-8235-293e8ee67447/resourceGroups/DefaultResourceGroup-NEU/providers/Microsoft.OperationalInsights/workspaces/DefaultWorkspace-2bd29ed6-34a6-42d7-8235-293e8ee67447-NEU",
            "name": "LogManagement(DefaultWorkspace-2bd29ed6-34a6-42d7-8235-293e8ee67447-NEU)_LogManagement|AverageHTTPRequestTimeHTTPMethod",
            "query": "search * | extend Type = $table | where Type == W3CIISLog | summarize AggregatedValue = avg(TimeTaken) by csMethod\r\n// Oql: Type=W3CIISLog | Measure Avg(TimeTaken) by csMethod // Args: {OQ: True; WorkspaceId: 00000000-0000-0000-0000-000000000000} // Settings: {PEF: True; SortI: True; SortF: True} // Version: 0.1.122",
            "tags": {},
            "timeouts": null
          },
          "sensitive_attributes": [],
          "private": "eyJlMmJmYjczMC1lY2FhLTExZTYtOGY4OC0zNDM2M2JjN2M0YzAiOnsiY3JlYXRlIjoxODAwMDAwMDAwMDAwLCJkZWxldGUiOjE4MDAwMDAwMDAwMDAsInJlYWQiOjMwMDAwMDAwMDAwMH0sInNjaGVtYV92ZXJzaW9uIjoiMSJ9"
        }
      ]
    },
    {
      "mode": "managed",
      "type": "azurerm_log_analytics_saved_search",
      "name": "res-139",
      "provider": "provider[\"registry.terraform.io/hashicorp/azurerm\"]",
      "instances": [
        {
          "schema_version": 1,
          "attributes": {
            "category": "Log Management",
            "display_name": "Count of IIS Log Entries by Client IP Address",
            "function_alias": "",
            "function_parameters": [],
            "id": "/subscriptions/2bd29ed6-34a6-42d7-8235-293e8ee67447/resourceGroups/DefaultResourceGroup-NEU/providers/Microsoft.OperationalInsights/workspaces/DefaultWorkspace-2bd29ed6-34a6-42d7-8235-293e8ee67447-NEU/savedSearches/LogManagement(DefaultWorkspace-2bd29ed6-34a6-42d7-8235-293e8ee67447-NEU)_LogManagement|CountIISLogEntriesClientIPAddress",
            "log_analytics_workspace_id": "/subscriptions/2bd29ed6-34a6-42d7-8235-293e8ee67447/resourceGroups/DefaultResourceGroup-NEU/providers/Microsoft.OperationalInsights/workspaces/DefaultWorkspace-2bd29ed6-34a6-42d7-8235-293e8ee67447-NEU",
            "name": "LogManagement(DefaultWorkspace-2bd29ed6-34a6-42d7-8235-293e8ee67447-NEU)_LogManagement|CountIISLogEntriesClientIPAddress",
            "query": "search * | extend Type = $table | where Type == W3CIISLog | summarize AggregatedValue = count() by cIP\r\n// Oql: Type=W3CIISLog | Measure count() by cIP // Args: {OQ: True; WorkspaceId: 00000000-0000-0000-0000-000000000000} // Settings: {PEF: True; SortI: True; SortF: True} // Version: 0.1.122",
            "tags": {},
            "timeouts": null
          },
          "sensitive_attributes": [],
          "private": "eyJlMmJmYjczMC1lY2FhLTExZTYtOGY4OC0zNDM2M2JjN2M0YzAiOnsiY3JlYXRlIjoxODAwMDAwMDAwMDAwLCJkZWxldGUiOjE4MDAwMDAwMDAwMDAsInJlYWQiOjMwMDAwMDAwMDAwMH0sInNjaGVtYV92ZXJzaW9uIjoiMSJ9"
        }
      ]
    },
    {
      "mode": "managed",
      "type": "azurerm_log_analytics_saved_search",
      "name": "res-140",
      "provider": "provider[\"registry.terraform.io/hashicorp/azurerm\"]",
      "instances": [
        {
          "schema_version": 1,
          "attributes": {
            "category": "Log Management",
            "display_name": "Count of IIS Log Entries by HTTP Request Method",
            "function_alias": "",
            "function_parameters": [],
            "id": "/subscriptions/2bd29ed6-34a6-42d7-8235-293e8ee67447/resourceGroups/DefaultResourceGroup-NEU/providers/Microsoft.OperationalInsights/workspaces/DefaultWorkspace-2bd29ed6-34a6-42d7-8235-293e8ee67447-NEU/savedSearches/LogManagement(DefaultWorkspace-2bd29ed6-34a6-42d7-8235-293e8ee67447-NEU)_LogManagement|CountIISLogEntriesHTTPRequestMethod",
            "log_analytics_workspace_id": "/subscriptions/2bd29ed6-34a6-42d7-8235-293e8ee67447/resourceGroups/DefaultResourceGroup-NEU/providers/Microsoft.OperationalInsights/workspaces/DefaultWorkspace-2bd29ed6-34a6-42d7-8235-293e8ee67447-NEU",
            "name": "LogManagement(DefaultWorkspace-2bd29ed6-34a6-42d7-8235-293e8ee67447-NEU)_LogManagement|CountIISLogEntriesHTTPRequestMethod",
            "query": "search * | extend Type = $table | where Type == W3CIISLog | summarize AggregatedValue = count() by csMethod\r\n// Oql: Type=W3CIISLog | Measure count() by csMethod // Args: {OQ: True; WorkspaceId: 00000000-0000-0000-0000-000000000000} // Settings: {PEF: True; SortI: True; SortF: True} // Version: 0.1.122",
            "tags": {},
            "timeouts": null
          },
          "sensitive_attributes": [],
          "private": "eyJlMmJmYjczMC1lY2FhLTExZTYtOGY4OC0zNDM2M2JjN2M0YzAiOnsiY3JlYXRlIjoxODAwMDAwMDAwMDAwLCJkZWxldGUiOjE4MDAwMDAwMDAwMDAsInJlYWQiOjMwMDAwMDAwMDAwMH0sInNjaGVtYV92ZXJzaW9uIjoiMSJ9"
        }
      ]
    },
    {
      "mode": "managed",
      "type": "azurerm_log_analytics_saved_search",
      "name": "res-141",
      "provider": "provider[\"registry.terraform.io/hashicorp/azurerm\"]",
      "instances": [
        {
          "schema_version": 1,
          "attributes": {
            "category": "Log Management",
            "display_name": "Count of IIS Log Entries by HTTP User Agent",
            "function_alias": "",
            "function_parameters": [],
            "id": "/subscriptions/2bd29ed6-34a6-42d7-8235-293e8ee67447/resourceGroups/DefaultResourceGroup-NEU/providers/Microsoft.OperationalInsights/workspaces/DefaultWorkspace-2bd29ed6-34a6-42d7-8235-293e8ee67447-NEU/savedSearches/LogManagement(DefaultWorkspace-2bd29ed6-34a6-42d7-8235-293e8ee67447-NEU)_LogManagement|CountIISLogEntriesHTTPUserAgent",
            "log_analytics_workspace_id": "/subscriptions/2bd29ed6-34a6-42d7-8235-293e8ee67447/resourceGroups/DefaultResourceGroup-NEU/providers/Microsoft.OperationalInsights/workspaces/DefaultWorkspace-2bd29ed6-34a6-42d7-8235-293e8ee67447-NEU",
            "name": "LogManagement(DefaultWorkspace-2bd29ed6-34a6-42d7-8235-293e8ee67447-NEU)_LogManagement|CountIISLogEntriesHTTPUserAgent",
            "query": "search * | extend Type = $table | where Type == W3CIISLog | summarize AggregatedValue = count() by csUserAgent\r\n// Oql: Type=W3CIISLog | Measure count() by csUserAgent // Args: {OQ: True; WorkspaceId: 00000000-0000-0000-0000-000000000000} // Settings: {PEF: True; SortI: True; SortF: True} // Version: 0.1.122",
            "tags": {},
            "timeouts": null
          },
          "sensitive_attributes": [],
          "private": "eyJlMmJmYjczMC1lY2FhLTExZTYtOGY4OC0zNDM2M2JjN2M0YzAiOnsiY3JlYXRlIjoxODAwMDAwMDAwMDAwLCJkZWxldGUiOjE4MDAwMDAwMDAwMDAsInJlYWQiOjMwMDAwMDAwMDAwMH0sInNjaGVtYV92ZXJzaW9uIjoiMSJ9"
        }
      ]
    },
    {
      "mode": "managed",
      "type": "azurerm_log_analytics_saved_search",
      "name": "res-142",
      "provider": "provider[\"registry.terraform.io/hashicorp/azurerm\"]",
      "instances": [
        {
          "schema_version": 1,
          "attributes": {
            "category": "Log Management",
            "display_name": "Count of IIS Log Entries by Host requested by client",
            "function_alias": "",
            "function_parameters": [],
            "id": "/subscriptions/2bd29ed6-34a6-42d7-8235-293e8ee67447/resourceGroups/DefaultResourceGroup-NEU/providers/Microsoft.OperationalInsights/workspaces/DefaultWorkspace-2bd29ed6-34a6-42d7-8235-293e8ee67447-NEU/savedSearches/LogManagement(DefaultWorkspace-2bd29ed6-34a6-42d7-8235-293e8ee67447-NEU)_LogManagement|CountOfIISLogEntriesByHostRequestedByClient",
            "log_analytics_workspace_id": "/subscriptions/2bd29ed6-34a6-42d7-8235-293e8ee67447/resourceGroups/DefaultResourceGroup-NEU/providers/Microsoft.OperationalInsights/workspaces/DefaultWorkspace-2bd29ed6-34a6-42d7-8235-293e8ee67447-NEU",
            "name": "LogManagement(DefaultWorkspace-2bd29ed6-34a6-42d7-8235-293e8ee67447-NEU)_LogManagement|CountOfIISLogEntriesByHostRequestedByClient",
            "query": "search * | extend Type = $table | where Type == W3CIISLog | summarize AggregatedValue = count() by csHost\r\n// Oql: Type=W3CIISLog | Measure count() by csHost // Args: {OQ: True; WorkspaceId: 00000000-0000-0000-0000-000000000000} // Settings: {PEF: True; SortI: True; SortF: True} // Version: 0.1.122",
            "tags": {},
            "timeouts": null
          },
          "sensitive_attributes": [],
          "private": "eyJlMmJmYjczMC1lY2FhLTExZTYtOGY4OC0zNDM2M2JjN2M0YzAiOnsiY3JlYXRlIjoxODAwMDAwMDAwMDAwLCJkZWxldGUiOjE4MDAwMDAwMDAwMDAsInJlYWQiOjMwMDAwMDAwMDAwMH0sInNjaGVtYV92ZXJzaW9uIjoiMSJ9"
        }
      ]
    },
    {
      "mode": "managed",
      "type": "azurerm_log_analytics_saved_search",
      "name": "res-143",
      "provider": "provider[\"registry.terraform.io/hashicorp/azurerm\"]",
      "instances": [
        {
          "schema_version": 1,
          "attributes": {
            "category": "Log Management",
            "display_name": "Count of IIS Log Entries by URL for the host \"www.contoso.com\" (replace with your own)",
            "function_alias": "",
            "function_parameters": [],
            "id": "/subscriptions/2bd29ed6-34a6-42d7-8235-293e8ee67447/resourceGroups/DefaultResourceGroup-NEU/providers/Microsoft.OperationalInsights/workspaces/DefaultWorkspace-2bd29ed6-34a6-42d7-8235-293e8ee67447-NEU/savedSearches/LogManagement(DefaultWorkspace-2bd29ed6-34a6-42d7-8235-293e8ee67447-NEU)_LogManagement|CountOfIISLogEntriesByURLForHost",
            "log_analytics_workspace_id": "/subscriptions/2bd29ed6-34a6-42d7-8235-293e8ee67447/resourceGroups/DefaultResourceGroup-NEU/providers/Microsoft.OperationalInsights/workspaces/DefaultWorkspace-2bd29ed6-34a6-42d7-8235-293e8ee67447-NEU",
            "name": "LogManagement(DefaultWorkspace-2bd29ed6-34a6-42d7-8235-293e8ee67447-NEU)_LogManagement|CountOfIISLogEntriesByURLForHost",
            "query": "search csHost == \"www.contoso.com\" | extend Type = $table | where Type == W3CIISLog | summarize AggregatedValue = count() by csUriStem\r\n// Oql: Type=W3CIISLog csHost=\"www.contoso.com\" | Measure count() by csUriStem // Args: {OQ: True; WorkspaceId: 00000000-0000-0000-0000-000000000000} // Settings: {PEF: True; SortI: True; SortF: True} // Version: 0.1.122",
            "tags": {},
            "timeouts": null
          },
          "sensitive_attributes": [],
          "private": "eyJlMmJmYjczMC1lY2FhLTExZTYtOGY4OC0zNDM2M2JjN2M0YzAiOnsiY3JlYXRlIjoxODAwMDAwMDAwMDAwLCJkZWxldGUiOjE4MDAwMDAwMDAwMDAsInJlYWQiOjMwMDAwMDAwMDAwMH0sInNjaGVtYV92ZXJzaW9uIjoiMSJ9"
        }
      ]
    },
    {
      "mode": "managed",
      "type": "azurerm_log_analytics_saved_search",
      "name": "res-144",
      "provider": "provider[\"registry.terraform.io/hashicorp/azurerm\"]",
      "instances": [
        {
          "schema_version": 1,
          "attributes": {
            "category": "Log Management",
            "display_name": "Count of IIS Log Entries by URL requested by client (without query strings)",
            "function_alias": "",
            "function_parameters": [],
            "id": "/subscriptions/2bd29ed6-34a6-42d7-8235-293e8ee67447/resourceGroups/DefaultResourceGroup-NEU/providers/Microsoft.OperationalInsights/workspaces/DefaultWorkspace-2bd29ed6-34a6-42d7-8235-293e8ee67447-NEU/savedSearches/LogManagement(DefaultWorkspace-2bd29ed6-34a6-42d7-8235-293e8ee67447-NEU)_LogManagement|CountOfIISLogEntriesByURLRequestedByClient",
            "log_analytics_workspace_id": "/subscriptions/2bd29ed6-34a6-42d7-8235-293e8ee67447/resourceGroups/DefaultResourceGroup-NEU/providers/Microsoft.OperationalInsights/workspaces/DefaultWorkspace-2bd29ed6-34a6-42d7-8235-293e8ee67447-NEU",
            "name": "LogManagement(DefaultWorkspace-2bd29ed6-34a6-42d7-8235-293e8ee67447-NEU)_LogManagement|CountOfIISLogEntriesByURLRequestedByClient",
            "query": "search * | extend Type = $table | where Type == W3CIISLog | summarize AggregatedValue = count() by csUriStem\r\n// Oql: Type=W3CIISLog | Measure count() by csUriStem // Args: {OQ: True; WorkspaceId: 00000000-0000-0000-0000-000000000000} // Settings: {PEF: True; SortI: True; SortF: True} // Version: 0.1.122",
            "tags": {},
            "timeouts": null
          },
          "sensitive_attributes": [],
          "private": "eyJlMmJmYjczMC1lY2FhLTExZTYtOGY4OC0zNDM2M2JjN2M0YzAiOnsiY3JlYXRlIjoxODAwMDAwMDAwMDAwLCJkZWxldGUiOjE4MDAwMDAwMDAwMDAsInJlYWQiOjMwMDAwMDAwMDAwMH0sInNjaGVtYV92ZXJzaW9uIjoiMSJ9"
        }
      ]
    },
    {
      "mode": "managed",
      "type": "azurerm_log_analytics_saved_search",
      "name": "res-145",
      "provider": "provider[\"registry.terraform.io/hashicorp/azurerm\"]",
      "instances": [
        {
          "schema_version": 1,
          "attributes": {
            "category": "Log Management",
            "display_name": "Count of Events with level \"Warning\" grouped by Event ID",
            "function_alias": "",
            "function_parameters": [],
            "id": "/subscriptions/2bd29ed6-34a6-42d7-8235-293e8ee67447/resourceGroups/DefaultResourceGroup-NEU/providers/Microsoft.OperationalInsights/workspaces/DefaultWorkspace-2bd29ed6-34a6-42d7-8235-293e8ee67447-NEU/savedSearches/LogManagement(DefaultWorkspace-2bd29ed6-34a6-42d7-8235-293e8ee67447-NEU)_LogManagement|CountOfWarningEvents",
            "log_analytics_workspace_id": "/subscriptions/2bd29ed6-34a6-42d7-8235-293e8ee67447/resourceGroups/DefaultResourceGroup-NEU/providers/Microsoft.OperationalInsights/workspaces/DefaultWorkspace-2bd29ed6-34a6-42d7-8235-293e8ee67447-NEU",
            "name": "LogManagement(DefaultWorkspace-2bd29ed6-34a6-42d7-8235-293e8ee67447-NEU)_LogManagement|CountOfWarningEvents",
            "query": "Event | where EventLevelName == \"warning\" | summarize AggregatedValue = count() by EventID\r\n// Oql: Type=Event EventLevelName=warning | Measure count() by EventID // Args: {OQ: True; WorkspaceId: 00000000-0000-0000-0000-000000000000} // Settings: {PTT: True; SortI: True; SortF: True} // Version: 0.1.122",
            "tags": {},
            "timeouts": null
          },
          "sensitive_attributes": [],
          "private": "eyJlMmJmYjczMC1lY2FhLTExZTYtOGY4OC0zNDM2M2JjN2M0YzAiOnsiY3JlYXRlIjoxODAwMDAwMDAwMDAwLCJkZWxldGUiOjE4MDAwMDAwMDAwMDAsInJlYWQiOjMwMDAwMDAwMDAwMH0sInNjaGVtYV92ZXJzaW9uIjoiMSJ9"
        }
      ]
    },
    {
      "mode": "managed",
      "type": "azurerm_log_analytics_saved_search",
      "name": "res-146",
      "provider": "provider[\"registry.terraform.io/hashicorp/azurerm\"]",
      "instances": [
        {
          "schema_version": 1,
          "attributes": {
            "category": "Log Management",
            "display_name": "Shows breakdown of response codes",
            "function_alias": "",
            "function_parameters": [],
            "id": "/subscriptions/2bd29ed6-34a6-42d7-8235-293e8ee67447/resourceGroups/DefaultResourceGroup-NEU/providers/Microsoft.OperationalInsights/workspaces/DefaultWorkspace-2bd29ed6-34a6-42d7-8235-293e8ee67447-NEU/savedSearches/LogManagement(DefaultWorkspace-2bd29ed6-34a6-42d7-8235-293e8ee67447-NEU)_LogManagement|DisplayBreakdownRespondCodes",
            "log_analytics_workspace_id": "/subscriptions/2bd29ed6-34a6-42d7-8235-293e8ee67447/resourceGroups/DefaultResourceGroup-NEU/providers/Microsoft.OperationalInsights/workspaces/DefaultWorkspace-2bd29ed6-34a6-42d7-8235-293e8ee67447-NEU",
            "name": "LogManagement(DefaultWorkspace-2bd29ed6-34a6-42d7-8235-293e8ee67447-NEU)_LogManagement|DisplayBreakdownRespondCodes",
            "query": "search * | extend Type = $table | where Type == W3CIISLog | summarize AggregatedValue = count() by scStatus\r\n// Oql: Type=W3CIISLog | Measure count() by scStatus // Args: {OQ: True; WorkspaceId: 00000000-0000-0000-0000-000000000000} // Settings: {PEF: True; SortI: True; SortF: True} // Version: 0.1.122",
            "tags": {},
            "timeouts": null
          },
          "sensitive_attributes": [],
          "private": "eyJlMmJmYjczMC1lY2FhLTExZTYtOGY4OC0zNDM2M2JjN2M0YzAiOnsiY3JlYXRlIjoxODAwMDAwMDAwMDAwLCJkZWxldGUiOjE4MDAwMDAwMDAwMDAsInJlYWQiOjMwMDAwMDAwMDAwMH0sInNjaGVtYV92ZXJzaW9uIjoiMSJ9"
        }
      ]
    },
    {
      "mode": "managed",
      "type": "azurerm_log_analytics_saved_search",
      "name": "res-147",
      "provider": "provider[\"registry.terraform.io/hashicorp/azurerm\"]",
      "instances": [
        {
          "schema_version": 1,
          "attributes": {
            "category": "Log Management",
            "display_name": "Count of Events grouped by Event Log",
            "function_alias": "",
            "function_parameters": [],
            "id": "/subscriptions/2bd29ed6-34a6-42d7-8235-293e8ee67447/resourceGroups/DefaultResourceGroup-NEU/providers/Microsoft.OperationalInsights/workspaces/DefaultWorkspace-2bd29ed6-34a6-42d7-8235-293e8ee67447-NEU/savedSearches/LogManagement(DefaultWorkspace-2bd29ed6-34a6-42d7-8235-293e8ee67447-NEU)_LogManagement|EventsByEventLog",
            "log_analytics_workspace_id": "/subscriptions/2bd29ed6-34a6-42d7-8235-293e8ee67447/resourceGroups/DefaultResourceGroup-NEU/providers/Microsoft.OperationalInsights/workspaces/DefaultWorkspace-2bd29ed6-34a6-42d7-8235-293e8ee67447-NEU",
            "name": "LogManagement(DefaultWorkspace-2bd29ed6-34a6-42d7-8235-293e8ee67447-NEU)_LogManagement|EventsByEventLog",
            "query": "Event | summarize AggregatedValue = count() by EventLog\r\n// Oql: Type=Event | Measure count() by EventLog // Args: {OQ: True; WorkspaceId: 00000000-0000-0000-0000-000000000000} // Settings: {PTT: True; SortI: True; SortF: True} // Version: 0.1.122",
            "tags": {},
            "timeouts": null
          },
          "sensitive_attributes": [],
          "private": "eyJlMmJmYjczMC1lY2FhLTExZTYtOGY4OC0zNDM2M2JjN2M0YzAiOnsiY3JlYXRlIjoxODAwMDAwMDAwMDAwLCJkZWxldGUiOjE4MDAwMDAwMDAwMDAsInJlYWQiOjMwMDAwMDAwMDAwMH0sInNjaGVtYV92ZXJzaW9uIjoiMSJ9"
        }
      ]
    },
    {
      "mode": "managed",
      "type": "azurerm_log_analytics_saved_search",
      "name": "res-148",
      "provider": "provider[\"registry.terraform.io/hashicorp/azurerm\"]",
      "instances": [
        {
          "schema_version": 1,
          "attributes": {
            "category": "Log Management",
            "display_name": "Count of Events grouped by Event Source",
            "function_alias": "",
            "function_parameters": [],
            "id": "/subscriptions/2bd29ed6-34a6-42d7-8235-293e8ee67447/resourceGroups/DefaultResourceGroup-NEU/providers/Microsoft.OperationalInsights/workspaces/DefaultWorkspace-2bd29ed6-34a6-42d7-8235-293e8ee67447-NEU/savedSearches/LogManagement(DefaultWorkspace-2bd29ed6-34a6-42d7-8235-293e8ee67447-NEU)_LogManagement|EventsByEventSource",
            "log_analytics_workspace_id": "/subscriptions/2bd29ed6-34a6-42d7-8235-293e8ee67447/resourceGroups/DefaultResourceGroup-NEU/providers/Microsoft.OperationalInsights/workspaces/DefaultWorkspace-2bd29ed6-34a6-42d7-8235-293e8ee67447-NEU",
            "name": "LogManagement(DefaultWorkspace-2bd29ed6-34a6-42d7-8235-293e8ee67447-NEU)_LogManagement|EventsByEventSource",
            "query": "Event | summarize AggregatedValue = count() by Source\r\n// Oql: Type=Event | Measure count() by Source // Args: {OQ: True; WorkspaceId: 00000000-0000-0000-0000-000000000000} // Settings: {PTT: True; SortI: True; SortF: True} // Version: 0.1.122",
            "tags": {},
            "timeouts": null
          },
          "sensitive_attributes": [],
          "private": "eyJlMmJmYjczMC1lY2FhLTExZTYtOGY4OC0zNDM2M2JjN2M0YzAiOnsiY3JlYXRlIjoxODAwMDAwMDAwMDAwLCJkZWxldGUiOjE4MDAwMDAwMDAwMDAsInJlYWQiOjMwMDAwMDAwMDAwMH0sInNjaGVtYV92ZXJzaW9uIjoiMSJ9"
        }
      ]
    },
    {
      "mode": "managed",
      "type": "azurerm_log_analytics_saved_search",
      "name": "res-149",
      "provider": "provider[\"registry.terraform.io/hashicorp/azurerm\"]",
      "instances": [
        {
          "schema_version": 1,
          "attributes": {
            "category": "Log Management",
            "display_name": "Count of Events grouped by Event ID",
            "function_alias": "",
            "function_parameters": [],
            "id": "/subscriptions/2bd29ed6-34a6-42d7-8235-293e8ee67447/resourceGroups/DefaultResourceGroup-NEU/providers/Microsoft.OperationalInsights/workspaces/DefaultWorkspace-2bd29ed6-34a6-42d7-8235-293e8ee67447-NEU/savedSearches/LogManagement(DefaultWorkspace-2bd29ed6-34a6-42d7-8235-293e8ee67447-NEU)_LogManagement|EventsByEventsID",
            "log_analytics_workspace_id": "/subscriptions/2bd29ed6-34a6-42d7-8235-293e8ee67447/resourceGroups/DefaultResourceGroup-NEU/providers/Microsoft.OperationalInsights/workspaces/DefaultWorkspace-2bd29ed6-34a6-42d7-8235-293e8ee67447-NEU",
            "name": "LogManagement(DefaultWorkspace-2bd29ed6-34a6-42d7-8235-293e8ee67447-NEU)_LogManagement|EventsByEventsID",
            "query": "Event | summarize AggregatedValue = count() by EventID\r\n// Oql: Type=Event | Measure count() by EventID // Args: {OQ: True; WorkspaceId: 00000000-0000-0000-0000-000000000000} // Settings: {PTT: True; SortI: True; SortF: True} // Version: 0.1.122",
            "tags": {},
            "timeouts": null
          },
          "sensitive_attributes": [],
          "private": "eyJlMmJmYjczMC1lY2FhLTExZTYtOGY4OC0zNDM2M2JjN2M0YzAiOnsiY3JlYXRlIjoxODAwMDAwMDAwMDAwLCJkZWxldGUiOjE4MDAwMDAwMDAwMDAsInJlYWQiOjMwMDAwMDAwMDAwMH0sInNjaGVtYV92ZXJzaW9uIjoiMSJ9"
        }
      ]
    },
    {
      "mode": "managed",
      "type": "azurerm_log_analytics_saved_search",
      "name": "res-150",
      "provider": "provider[\"registry.terraform.io/hashicorp/azurerm\"]",
      "instances": [
        {
          "schema_version": 1,
          "attributes": {
            "category": "Log Management",
            "display_name": "Events in the Operations Manager Event Log whose Event ID is in the range between 2000 and 3000",
            "function_alias": "",
            "function_parameters": [],
            "id": "/subscriptions/2bd29ed6-34a6-42d7-8235-293e8ee67447/resourceGroups/DefaultResourceGroup-NEU/providers/Microsoft.OperationalInsights/workspaces/DefaultWorkspace-2bd29ed6-34a6-42d7-8235-293e8ee67447-NEU/savedSearches/LogManagement(DefaultWorkspace-2bd29ed6-34a6-42d7-8235-293e8ee67447-NEU)_LogManagement|EventsInOMBetween2000to3000",
            "log_analytics_workspace_id": "/subscriptions/2bd29ed6-34a6-42d7-8235-293e8ee67447/resourceGroups/DefaultResourceGroup-NEU/providers/Microsoft.OperationalInsights/workspaces/DefaultWorkspace-2bd29ed6-34a6-42d7-8235-293e8ee67447-NEU",
            "name": "LogManagement(DefaultWorkspace-2bd29ed6-34a6-42d7-8235-293e8ee67447-NEU)_LogManagement|EventsInOMBetween2000to3000",
            "query": "Event | where EventLog == \"Operations Manager\" and EventID \u003e= 2000 and EventID \u003c= 3000 | sort by TimeGenerated desc\r\n// Oql: Type=Event EventLog=\"Operations Manager\" EventID:[2000..3000] // Args: {OQ: True; WorkspaceId: 00000000-0000-0000-0000-000000000000} // Settings: {PTT: True; SortI: True; SortF: True} // Version: 0.1.122",
            "tags": {},
            "timeouts": null
          },
          "sensitive_attributes": [],
          "private": "eyJlMmJmYjczMC1lY2FhLTExZTYtOGY4OC0zNDM2M2JjN2M0YzAiOnsiY3JlYXRlIjoxODAwMDAwMDAwMDAwLCJkZWxldGUiOjE4MDAwMDAwMDAwMDAsInJlYWQiOjMwMDAwMDAwMDAwMH0sInNjaGVtYV92ZXJzaW9uIjoiMSJ9"
        }
      ]
    },
    {
      "mode": "managed",
      "type": "azurerm_log_analytics_saved_search",
      "name": "res-151",
      "provider": "provider[\"registry.terraform.io/hashicorp/azurerm\"]",
      "instances": [
        {
          "schema_version": 1,
          "attributes": {
            "category": "Log Management",
            "display_name": "Count of Events containing the word \"started\" grouped by EventID",
            "function_alias": "",
            "function_parameters": [],
            "id": "/subscriptions/2bd29ed6-34a6-42d7-8235-293e8ee67447/resourceGroups/DefaultResourceGroup-NEU/providers/Microsoft.OperationalInsights/workspaces/DefaultWorkspace-2bd29ed6-34a6-42d7-8235-293e8ee67447-NEU/savedSearches/LogManagement(DefaultWorkspace-2bd29ed6-34a6-42d7-8235-293e8ee67447-NEU)_LogManagement|EventsWithStartedinEventID",
            "log_analytics_workspace_id": "/subscriptions/2bd29ed6-34a6-42d7-8235-293e8ee67447/resourceGroups/DefaultResourceGroup-NEU/providers/Microsoft.OperationalInsights/workspaces/DefaultWorkspace-2bd29ed6-34a6-42d7-8235-293e8ee67447-NEU",
            "name": "LogManagement(DefaultWorkspace-2bd29ed6-34a6-42d7-8235-293e8ee67447-NEU)_LogManagement|EventsWithStartedinEventID",
            "query": "search in (Event) \"started\" | summarize AggregatedValue = count() by EventID\r\n// Oql: Type=Event \"started\" | Measure count() by EventID // Args: {OQ: True; WorkspaceId: 00000000-0000-0000-0000-000000000000} // Settings: {PTT: True; SortI: True; SortF: True} // Version: 0.1.122",
            "tags": {},
            "timeouts": null
          },
          "sensitive_attributes": [],
          "private": "eyJlMmJmYjczMC1lY2FhLTExZTYtOGY4OC0zNDM2M2JjN2M0YzAiOnsiY3JlYXRlIjoxODAwMDAwMDAwMDAwLCJkZWxldGUiOjE4MDAwMDAwMDAwMDAsInJlYWQiOjMwMDAwMDAwMDAwMH0sInNjaGVtYV92ZXJzaW9uIjoiMSJ9"
        }
      ]
    },
    {
      "mode": "managed",
      "type": "azurerm_log_analytics_saved_search",
      "name": "res-152",
      "provider": "provider[\"registry.terraform.io/hashicorp/azurerm\"]",
      "instances": [
        {
          "schema_version": 1,
          "attributes": {
            "category": "Log Management",
            "display_name": "Find the maximum time taken for each page",
            "function_alias": "",
            "function_parameters": [],
            "id": "/subscriptions/2bd29ed6-34a6-42d7-8235-293e8ee67447/resourceGroups/DefaultResourceGroup-NEU/providers/Microsoft.OperationalInsights/workspaces/DefaultWorkspace-2bd29ed6-34a6-42d7-8235-293e8ee67447-NEU/savedSearches/LogManagement(DefaultWorkspace-2bd29ed6-34a6-42d7-8235-293e8ee67447-NEU)_LogManagement|FindMaximumTimeTakenForEachPage",
            "log_analytics_workspace_id": "/subscriptions/2bd29ed6-34a6-42d7-8235-293e8ee67447/resourceGroups/DefaultResourceGroup-NEU/providers/Microsoft.OperationalInsights/workspaces/DefaultWorkspace-2bd29ed6-34a6-42d7-8235-293e8ee67447-NEU",
            "name": "LogManagement(DefaultWorkspace-2bd29ed6-34a6-42d7-8235-293e8ee67447-NEU)_LogManagement|FindMaximumTimeTakenForEachPage",
            "query": "search * | extend Type = $table | where Type == W3CIISLog | summarize AggregatedValue = max(TimeTaken) by csUriStem\r\n// Oql: Type=W3CIISLog | Measure Max(TimeTaken) by csUriStem // Args: {OQ: True; WorkspaceId: 00000000-0000-0000-0000-000000000000} // Settings: {PEF: True; SortI: True; SortF: True} // Version: 0.1.122",
            "tags": {},
            "timeouts": null
          },
          "sensitive_attributes": [],
          "private": "eyJlMmJmYjczMC1lY2FhLTExZTYtOGY4OC0zNDM2M2JjN2M0YzAiOnsiY3JlYXRlIjoxODAwMDAwMDAwMDAwLCJkZWxldGUiOjE4MDAwMDAwMDAwMDAsInJlYWQiOjMwMDAwMDAwMDAwMH0sInNjaGVtYV92ZXJzaW9uIjoiMSJ9"
        }
      ]
    },
    {
      "mode": "managed",
      "type": "azurerm_log_analytics_saved_search",
      "name": "res-153",
      "provider": "provider[\"registry.terraform.io/hashicorp/azurerm\"]",
      "instances": [
        {
          "schema_version": 1,
          "attributes": {
            "category": "Log Management",
            "display_name": "IIS Log Entries for a specific client IP Address (replace with your own)",
            "function_alias": "",
            "function_parameters": [],
            "id": "/subscriptions/2bd29ed6-34a6-42d7-8235-293e8ee67447/resourceGroups/DefaultResourceGroup-NEU/providers/Microsoft.OperationalInsights/workspaces/DefaultWorkspace-2bd29ed6-34a6-42d7-8235-293e8ee67447-NEU/savedSearches/LogManagement(DefaultWorkspace-2bd29ed6-34a6-42d7-8235-293e8ee67447-NEU)_LogManagement|IISLogEntriesForClientIP",
            "log_analytics_workspace_id": "/subscriptions/2bd29ed6-34a6-42d7-8235-293e8ee67447/resourceGroups/DefaultResourceGroup-NEU/providers/Microsoft.OperationalInsights/workspaces/DefaultWorkspace-2bd29ed6-34a6-42d7-8235-293e8ee67447-NEU",
            "name": "LogManagement(DefaultWorkspace-2bd29ed6-34a6-42d7-8235-293e8ee67447-NEU)_LogManagement|IISLogEntriesForClientIP",
            "query": "search cIP == \"192.168.0.1\" | extend Type = $table | where Type == W3CIISLog | sort by TimeGenerated desc | project csUriStem, scBytes, csBytes, TimeTaken, scStatus\r\n// Oql: Type=W3CIISLog cIP=\"192.168.0.1\" | Select csUriStem,scBytes,csBytes,TimeTaken,scStatus // Args: {OQ: True; WorkspaceId: 00000000-0000-0000-0000-000000000000} // Settings: {PEF: True; SortI: True; SortF: True} // Version: 0.1.122",
            "tags": {},
            "timeouts": null
          },
          "sensitive_attributes": [],
          "private": "eyJlMmJmYjczMC1lY2FhLTExZTYtOGY4OC0zNDM2M2JjN2M0YzAiOnsiY3JlYXRlIjoxODAwMDAwMDAwMDAwLCJkZWxldGUiOjE4MDAwMDAwMDAwMDAsInJlYWQiOjMwMDAwMDAwMDAwMH0sInNjaGVtYV92ZXJzaW9uIjoiMSJ9"
        }
      ]
    },
    {
      "mode": "managed",
      "type": "azurerm_log_analytics_saved_search",
      "name": "res-154",
      "provider": "provider[\"registry.terraform.io/hashicorp/azurerm\"]",
      "instances": [
        {
          "schema_version": 1,
          "attributes": {
            "category": "Log Management",
            "display_name": "All IIS Log Entries",
            "function_alias": "",
            "function_parameters": [],
            "id": "/subscriptions/2bd29ed6-34a6-42d7-8235-293e8ee67447/resourceGroups/DefaultResourceGroup-NEU/providers/Microsoft.OperationalInsights/workspaces/DefaultWorkspace-2bd29ed6-34a6-42d7-8235-293e8ee67447-NEU/savedSearches/LogManagement(DefaultWorkspace-2bd29ed6-34a6-42d7-8235-293e8ee67447-NEU)_LogManagement|ListAllIISLogEntries",
            "log_analytics_workspace_id": "/subscriptions/2bd29ed6-34a6-42d7-8235-293e8ee67447/resourceGroups/DefaultResourceGroup-NEU/providers/Microsoft.OperationalInsights/workspaces/DefaultWorkspace-2bd29ed6-34a6-42d7-8235-293e8ee67447-NEU",
            "name": "LogManagement(DefaultWorkspace-2bd29ed6-34a6-42d7-8235-293e8ee67447-NEU)_LogManagement|ListAllIISLogEntries",
            "query": "search * | extend Type = $table | where Type == W3CIISLog | sort by TimeGenerated desc\r\n// Oql: Type=W3CIISLog // Args: {OQ: True; WorkspaceId: 00000000-0000-0000-0000-000000000000} // Settings: {PEF: True; SortI: True; SortF: True} // Version: 0.1.122",
            "tags": {},
            "timeouts": null
          },
          "sensitive_attributes": [],
          "private": "eyJlMmJmYjczMC1lY2FhLTExZTYtOGY4OC0zNDM2M2JjN2M0YzAiOnsiY3JlYXRlIjoxODAwMDAwMDAwMDAwLCJkZWxldGUiOjE4MDAwMDAwMDAwMDAsInJlYWQiOjMwMDAwMDAwMDAwMH0sInNjaGVtYV92ZXJzaW9uIjoiMSJ9"
        }
      ]
    },
    {
      "mode": "managed",
      "type": "azurerm_log_analytics_saved_search",
      "name": "res-155",
      "provider": "provider[\"registry.terraform.io/hashicorp/azurerm\"]",
      "instances": [
        {
          "schema_version": 1,
          "attributes": {
            "category": "Log Management",
            "display_name": "How many connections to Operations Manager's SDK service by day",
            "function_alias": "",
            "function_parameters": [],
            "id": "/subscriptions/2bd29ed6-34a6-42d7-8235-293e8ee67447/resourceGroups/DefaultResourceGroup-NEU/providers/Microsoft.OperationalInsights/workspaces/DefaultWorkspace-2bd29ed6-34a6-42d7-8235-293e8ee67447-NEU/savedSearches/LogManagement(DefaultWorkspace-2bd29ed6-34a6-42d7-8235-293e8ee67447-NEU)_LogManagement|NoOfConnectionsToOMSDKService",
            "log_analytics_workspace_id": "/subscriptions/2bd29ed6-34a6-42d7-8235-293e8ee67447/resourceGroups/DefaultResourceGroup-NEU/providers/Microsoft.OperationalInsights/workspaces/DefaultWorkspace-2bd29ed6-34a6-42d7-8235-293e8ee67447-NEU",
            "name": "LogManagement(DefaultWorkspace-2bd29ed6-34a6-42d7-8235-293e8ee67447-NEU)_LogManagement|NoOfConnectionsToOMSDKService",
            "query": "Event | where EventID == 26328 and EventLog == \"Operations Manager\" | summarize AggregatedValue = count() by bin(TimeGenerated, 1d) | sort by TimeGenerated desc\r\n// Oql: Type=Event EventID=26328 EventLog=\"Operations Manager\" | Measure count() interval 1DAY // Args: {OQ: True; WorkspaceId: 00000000-0000-0000-0000-000000000000} // Settings: {PTT: True; SortI: True; SortF: True} // Version: 0.1.122",
            "tags": {},
            "timeouts": null
          },
          "sensitive_attributes": [],
          "private": "eyJlMmJmYjczMC1lY2FhLTExZTYtOGY4OC0zNDM2M2JjN2M0YzAiOnsiY3JlYXRlIjoxODAwMDAwMDAwMDAwLCJkZWxldGUiOjE4MDAwMDAwMDAwMDAsInJlYWQiOjMwMDAwMDAwMDAwMH0sInNjaGVtYV92ZXJzaW9uIjoiMSJ9"
        }
      ]
    },
    {
      "mode": "managed",
      "type": "azurerm_log_analytics_saved_search",
      "name": "res-156",
      "provider": "provider[\"registry.terraform.io/hashicorp/azurerm\"]",
      "instances": [
        {
          "schema_version": 1,
          "attributes": {
            "category": "Log Management",
            "display_name": "When did my servers initiate restart?",
            "function_alias": "",
            "function_parameters": [],
            "id": "/subscriptions/2bd29ed6-34a6-42d7-8235-293e8ee67447/resourceGroups/DefaultResourceGroup-NEU/providers/Microsoft.OperationalInsights/workspaces/DefaultWorkspace-2bd29ed6-34a6-42d7-8235-293e8ee67447-NEU/savedSearches/LogManagement(DefaultWorkspace-2bd29ed6-34a6-42d7-8235-293e8ee67447-NEU)_LogManagement|ServerRestartTime",
            "log_analytics_workspace_id": "/subscriptions/2bd29ed6-34a6-42d7-8235-293e8ee67447/resourceGroups/DefaultResourceGroup-NEU/providers/Microsoft.OperationalInsights/workspaces/DefaultWorkspace-2bd29ed6-34a6-42d7-8235-293e8ee67447-NEU",
            "name": "LogManagement(DefaultWorkspace-2bd29ed6-34a6-42d7-8235-293e8ee67447-NEU)_LogManagement|ServerRestartTime",
            "query": "search in (Event) \"shutdown\" and EventLog == \"System\" and Source == \"User32\" and EventID == 1074 | sort by TimeGenerated desc | project TimeGenerated, Computer\r\n// Oql: shutdown Type=Event EventLog=System Source=User32 EventID=1074 | Select TimeGenerated,Computer // Args: {OQ: True; WorkspaceId: 00000000-0000-0000-0000-000000000000} // Settings: {PTT: True; SortI: True; SortF: True} // Version: 0.1.122",
            "tags": {},
            "timeouts": null
          },
          "sensitive_attributes": [],
          "private": "eyJlMmJmYjczMC1lY2FhLTExZTYtOGY4OC0zNDM2M2JjN2M0YzAiOnsiY3JlYXRlIjoxODAwMDAwMDAwMDAwLCJkZWxldGUiOjE4MDAwMDAwMDAwMDAsInJlYWQiOjMwMDAwMDAwMDAwMH0sInNjaGVtYV92ZXJzaW9uIjoiMSJ9"
        }
      ]
    },
    {
      "mode": "managed",
      "type": "azurerm_log_analytics_saved_search",
      "name": "res-157",
      "provider": "provider[\"registry.terraform.io/hashicorp/azurerm\"]",
      "instances": [
        {
          "schema_version": 1,
          "attributes": {
            "category": "Log Management",
            "display_name": "Shows which pages people are getting a 404 for",
            "function_alias": "",
            "function_parameters": [],
            "id": "/subscriptions/2bd29ed6-34a6-42d7-8235-293e8ee67447/resourceGroups/DefaultResourceGroup-NEU/providers/Microsoft.OperationalInsights/workspaces/DefaultWorkspace-2bd29ed6-34a6-42d7-8235-293e8ee67447-NEU/savedSearches/LogManagement(DefaultWorkspace-2bd29ed6-34a6-42d7-8235-293e8ee67447-NEU)_LogManagement|Show404PagesList",
            "log_analytics_workspace_id": "/subscriptions/2bd29ed6-34a6-42d7-8235-293e8ee67447/resourceGroups/DefaultResourceGroup-NEU/providers/Microsoft.OperationalInsights/workspaces/DefaultWorkspace-2bd29ed6-34a6-42d7-8235-293e8ee67447-NEU",
            "name": "LogManagement(DefaultWorkspace-2bd29ed6-34a6-42d7-8235-293e8ee67447-NEU)_LogManagement|Show404PagesList",
            "query": "search scStatus == 404 | extend Type = $table | where Type == W3CIISLog | summarize AggregatedValue = count() by csUriStem\r\n// Oql: Type=W3CIISLog scStatus=404 | Measure count() by csUriStem // Args: {OQ: True; WorkspaceId: 00000000-0000-0000-0000-000000000000} // Settings: {PEF: True; SortI: True; SortF: True} // Version: 0.1.122",
            "tags": {},
            "timeouts": null
          },
          "sensitive_attributes": [],
          "private": "eyJlMmJmYjczMC1lY2FhLTExZTYtOGY4OC0zNDM2M2JjN2M0YzAiOnsiY3JlYXRlIjoxODAwMDAwMDAwMDAwLCJkZWxldGUiOjE4MDAwMDAwMDAwMDAsInJlYWQiOjMwMDAwMDAwMDAwMH0sInNjaGVtYV92ZXJzaW9uIjoiMSJ9"
        }
      ]
    },
    {
      "mode": "managed",
      "type": "azurerm_log_analytics_saved_search",
      "name": "res-158",
      "provider": "provider[\"registry.terraform.io/hashicorp/azurerm\"]",
      "instances": [
        {
          "schema_version": 1,
          "attributes": {
            "category": "Log Management",
            "display_name": "Shows servers that are throwing internal server error",
            "function_alias": "",
            "function_parameters": [],
            "id": "/subscriptions/2bd29ed6-34a6-42d7-8235-293e8ee67447/resourceGroups/DefaultResourceGroup-NEU/providers/Microsoft.OperationalInsights/workspaces/DefaultWorkspace-2bd29ed6-34a6-42d7-8235-293e8ee67447-NEU/savedSearches/LogManagement(DefaultWorkspace-2bd29ed6-34a6-42d7-8235-293e8ee67447-NEU)_LogManagement|ShowServersThrowingInternalServerError",
            "log_analytics_workspace_id": "/subscriptions/2bd29ed6-34a6-42d7-8235-293e8ee67447/resourceGroups/DefaultResourceGroup-NEU/providers/Microsoft.OperationalInsights/workspaces/DefaultWorkspace-2bd29ed6-34a6-42d7-8235-293e8ee67447-NEU",
            "name": "LogManagement(DefaultWorkspace-2bd29ed6-34a6-42d7-8235-293e8ee67447-NEU)_LogManagement|ShowServersThrowingInternalServerError",
            "query": "search scStatus == 500 | extend Type = $table | where Type == W3CIISLog | summarize AggregatedValue = count() by sComputerName\r\n// Oql: Type=W3CIISLog scStatus=500 | Measure count() by sComputerName // Args: {OQ: True; WorkspaceId: 00000000-0000-0000-0000-000000000000} // Settings: {PEF: True; SortI: True; SortF: True} // Version: 0.1.122",
            "tags": {},
            "timeouts": null
          },
          "sensitive_attributes": [],
          "private": "eyJlMmJmYjczMC1lY2FhLTExZTYtOGY4OC0zNDM2M2JjN2M0YzAiOnsiY3JlYXRlIjoxODAwMDAwMDAwMDAwLCJkZWxldGUiOjE4MDAwMDAwMDAwMDAsInJlYWQiOjMwMDAwMDAwMDAwMH0sInNjaGVtYV92ZXJzaW9uIjoiMSJ9"
        }
      ]
    },
    {
      "mode": "managed",
      "type": "azurerm_log_analytics_saved_search",
      "name": "res-159",
      "provider": "provider[\"registry.terraform.io/hashicorp/azurerm\"]",
      "instances": [
        {
          "schema_version": 1,
          "attributes": {
            "category": "Log Management",
            "display_name": "Total Bytes received by each Azure Role Instance",
            "function_alias": "",
            "function_parameters": [],
            "id": "/subscriptions/2bd29ed6-34a6-42d7-8235-293e8ee67447/resourceGroups/DefaultResourceGroup-NEU/providers/Microsoft.OperationalInsights/workspaces/DefaultWorkspace-2bd29ed6-34a6-42d7-8235-293e8ee67447-NEU/savedSearches/LogManagement(DefaultWorkspace-2bd29ed6-34a6-42d7-8235-293e8ee67447-NEU)_LogManagement|TotalBytesReceivedByEachAzureRoleInstance",
            "log_analytics_workspace_id": "/subscriptions/2bd29ed6-34a6-42d7-8235-293e8ee67447/resourceGroups/DefaultResourceGroup-NEU/providers/Microsoft.OperationalInsights/workspaces/DefaultWorkspace-2bd29ed6-34a6-42d7-8235-293e8ee67447-NEU",
            "name": "LogManagement(DefaultWorkspace-2bd29ed6-34a6-42d7-8235-293e8ee67447-NEU)_LogManagement|TotalBytesReceivedByEachAzureRoleInstance",
            "query": "search * | extend Type = $table | where Type == W3CIISLog | summarize AggregatedValue = sum(csBytes) by RoleInstance\r\n// Oql: Type=W3CIISLog | Measure Sum(csBytes) by RoleInstance // Args: {OQ: True; WorkspaceId: 00000000-0000-0000-0000-000000000000} // Settings: {PEF: True; SortI: True; SortF: True} // Version: 0.1.122",
            "tags": {},
            "timeouts": null
          },
          "sensitive_attributes": [],
          "private": "eyJlMmJmYjczMC1lY2FhLTExZTYtOGY4OC0zNDM2M2JjN2M0YzAiOnsiY3JlYXRlIjoxODAwMDAwMDAwMDAwLCJkZWxldGUiOjE4MDAwMDAwMDAwMDAsInJlYWQiOjMwMDAwMDAwMDAwMH0sInNjaGVtYV92ZXJzaW9uIjoiMSJ9"
        }
      ]
    },
    {
      "mode": "managed",
      "type": "azurerm_log_analytics_saved_search",
      "name": "res-160",
      "provider": "provider[\"registry.terraform.io/hashicorp/azurerm\"]",
      "instances": [
        {
          "schema_version": 1,
          "attributes": {
            "category": "Log Management",
            "display_name": "Total Bytes received by each IIS Computer",
            "function_alias": "",
            "function_parameters": [],
            "id": "/subscriptions/2bd29ed6-34a6-42d7-8235-293e8ee67447/resourceGroups/DefaultResourceGroup-NEU/providers/Microsoft.OperationalInsights/workspaces/DefaultWorkspace-2bd29ed6-34a6-42d7-8235-293e8ee67447-NEU/savedSearches/LogManagement(DefaultWorkspace-2bd29ed6-34a6-42d7-8235-293e8ee67447-NEU)_LogManagement|TotalBytesReceivedByEachIISComputer",
            "log_analytics_workspace_id": "/subscriptions/2bd29ed6-34a6-42d7-8235-293e8ee67447/resourceGroups/DefaultResourceGroup-NEU/providers/Microsoft.OperationalInsights/workspaces/DefaultWorkspace-2bd29ed6-34a6-42d7-8235-293e8ee67447-NEU",
            "name": "LogManagement(DefaultWorkspace-2bd29ed6-34a6-42d7-8235-293e8ee67447-NEU)_LogManagement|TotalBytesReceivedByEachIISComputer",
            "query": "search * | extend Type = $table | where Type == W3CIISLog | summarize AggregatedValue = sum(csBytes) by Computer | limit 500000\r\n// Oql: Type=W3CIISLog | Measure Sum(csBytes) by Computer | top 500000 // Args: {OQ: True; WorkspaceId: 00000000-0000-0000-0000-000000000000} // Settings: {PEF: True; SortI: True; SortF: True} // Version: 0.1.122",
            "tags": {},
            "timeouts": null
          },
          "sensitive_attributes": [],
          "private": "eyJlMmJmYjczMC1lY2FhLTExZTYtOGY4OC0zNDM2M2JjN2M0YzAiOnsiY3JlYXRlIjoxODAwMDAwMDAwMDAwLCJkZWxldGUiOjE4MDAwMDAwMDAwMDAsInJlYWQiOjMwMDAwMDAwMDAwMH0sInNjaGVtYV92ZXJzaW9uIjoiMSJ9"
        }
      ]
    },
    {
      "mode": "managed",
      "type": "azurerm_log_analytics_saved_search",
      "name": "res-161",
      "provider": "provider[\"registry.terraform.io/hashicorp/azurerm\"]",
      "instances": [
        {
          "schema_version": 1,
          "attributes": {
            "category": "Log Management",
            "display_name": "Total Bytes responded back to clients by Client IP Address",
            "function_alias": "",
            "function_parameters": [],
            "id": "/subscriptions/2bd29ed6-34a6-42d7-8235-293e8ee67447/resourceGroups/DefaultResourceGroup-NEU/providers/Microsoft.OperationalInsights/workspaces/DefaultWorkspace-2bd29ed6-34a6-42d7-8235-293e8ee67447-NEU/savedSearches/LogManagement(DefaultWorkspace-2bd29ed6-34a6-42d7-8235-293e8ee67447-NEU)_LogManagement|TotalBytesRespondedToClientsByClientIPAddress",
            "log_analytics_workspace_id": "/subscriptions/2bd29ed6-34a6-42d7-8235-293e8ee67447/resourceGroups/DefaultResourceGroup-NEU/providers/Microsoft.OperationalInsights/workspaces/DefaultWorkspace-2bd29ed6-34a6-42d7-8235-293e8ee67447-NEU",
            "name": "LogManagement(DefaultWorkspace-2bd29ed6-34a6-42d7-8235-293e8ee67447-NEU)_LogManagement|TotalBytesRespondedToClientsByClientIPAddress",
            "query": "search * | extend Type = $table | where Type == W3CIISLog | summarize AggregatedValue = sum(scBytes) by cIP\r\n// Oql: Type=W3CIISLog | Measure Sum(scBytes) by cIP // Args: {OQ: True; WorkspaceId: 00000000-0000-0000-0000-000000000000} // Settings: {PEF: True; SortI: True; SortF: True} // Version: 0.1.122",
            "tags": {},
            "timeouts": null
          },
          "sensitive_attributes": [],
          "private": "eyJlMmJmYjczMC1lY2FhLTExZTYtOGY4OC0zNDM2M2JjN2M0YzAiOnsiY3JlYXRlIjoxODAwMDAwMDAwMDAwLCJkZWxldGUiOjE4MDAwMDAwMDAwMDAsInJlYWQiOjMwMDAwMDAwMDAwMH0sInNjaGVtYV92ZXJzaW9uIjoiMSJ9"
        }
      ]
    },
    {
      "mode": "managed",
      "type": "azurerm_log_analytics_saved_search",
      "name": "res-162",
      "provider": "provider[\"registry.terraform.io/hashicorp/azurerm\"]",
      "instances": [
        {
          "schema_version": 1,
          "attributes": {
            "category": "Log Management",
            "display_name": "Total Bytes responded back to clients by each IIS ServerIP Address",
            "function_alias": "",
            "function_parameters": [],
            "id": "/subscriptions/2bd29ed6-34a6-42d7-8235-293e8ee67447/resourceGroups/DefaultResourceGroup-NEU/providers/Microsoft.OperationalInsights/workspaces/DefaultWorkspace-2bd29ed6-34a6-42d7-8235-293e8ee67447-NEU/savedSearches/LogManagement(DefaultWorkspace-2bd29ed6-34a6-42d7-8235-293e8ee67447-NEU)_LogManagement|TotalBytesRespondedToClientsByEachIISServerIPAddress",
            "log_analytics_workspace_id": "/subscriptions/2bd29ed6-34a6-42d7-8235-293e8ee67447/resourceGroups/DefaultResourceGroup-NEU/providers/Microsoft.OperationalInsights/workspaces/DefaultWorkspace-2bd29ed6-34a6-42d7-8235-293e8ee67447-NEU",
            "name": "LogManagement(DefaultWorkspace-2bd29ed6-34a6-42d7-8235-293e8ee67447-NEU)_LogManagement|TotalBytesRespondedToClientsByEachIISServerIPAddress",
            "query": "search * | extend Type = $table | where Type == W3CIISLog | summarize AggregatedValue = sum(scBytes) by sIP\r\n// Oql: Type=W3CIISLog | Measure Sum(scBytes) by sIP // Args: {OQ: True; WorkspaceId: 00000000-0000-0000-0000-000000000000} // Settings: {PEF: True; SortI: True; SortF: True} // Version: 0.1.122",
            "tags": {},
            "timeouts": null
          },
          "sensitive_attributes": [],
          "private": "eyJlMmJmYjczMC1lY2FhLTExZTYtOGY4OC0zNDM2M2JjN2M0YzAiOnsiY3JlYXRlIjoxODAwMDAwMDAwMDAwLCJkZWxldGUiOjE4MDAwMDAwMDAwMDAsInJlYWQiOjMwMDAwMDAwMDAwMH0sInNjaGVtYV92ZXJzaW9uIjoiMSJ9"
        }
      ]
    },
    {
      "mode": "managed",
      "type": "azurerm_log_analytics_saved_search",
      "name": "res-163",
      "provider": "provider[\"registry.terraform.io/hashicorp/azurerm\"]",
      "instances": [
        {
          "schema_version": 1,
          "attributes": {
            "category": "Log Management",
            "display_name": "Total Bytes sent by Client IP Address",
            "function_alias": "",
            "function_parameters": [],
            "id": "/subscriptions/2bd29ed6-34a6-42d7-8235-293e8ee67447/resourceGroups/DefaultResourceGroup-NEU/providers/Microsoft.OperationalInsights/workspaces/DefaultWorkspace-2bd29ed6-34a6-42d7-8235-293e8ee67447-NEU/savedSearches/LogManagement(DefaultWorkspace-2bd29ed6-34a6-42d7-8235-293e8ee67447-NEU)_LogManagement|TotalBytesSentByClientIPAddress",
            "log_analytics_workspace_id": "/subscriptions/2bd29ed6-34a6-42d7-8235-293e8ee67447/resourceGroups/DefaultResourceGroup-NEU/providers/Microsoft.OperationalInsights/workspaces/DefaultWorkspace-2bd29ed6-34a6-42d7-8235-293e8ee67447-NEU",
            "name": "LogManagement(DefaultWorkspace-2bd29ed6-34a6-42d7-8235-293e8ee67447-NEU)_LogManagement|TotalBytesSentByClientIPAddress",
            "query": "search * | extend Type = $table | where Type == W3CIISLog | summarize AggregatedValue = sum(csBytes) by cIP\r\n// Oql: Type=W3CIISLog | Measure Sum(csBytes) by cIP // Args: {OQ: True; WorkspaceId: 00000000-0000-0000-0000-000000000000} // Settings: {PEF: True; SortI: True; SortF: True} // Version: 0.1.122",
            "tags": {},
            "timeouts": null
          },
          "sensitive_attributes": [],
          "private": "eyJlMmJmYjczMC1lY2FhLTExZTYtOGY4OC0zNDM2M2JjN2M0YzAiOnsiY3JlYXRlIjoxODAwMDAwMDAwMDAwLCJkZWxldGUiOjE4MDAwMDAwMDAwMDAsInJlYWQiOjMwMDAwMDAwMDAwMH0sInNjaGVtYV92ZXJzaW9uIjoiMSJ9"
        }
      ]
    },
    {
      "mode": "managed",
      "type": "azurerm_log_analytics_saved_search",
      "name": "res-164",
      "provider": "provider[\"registry.terraform.io/hashicorp/azurerm\"]",
      "instances": [
        {
          "schema_version": 1,
          "attributes": {
            "category": "Log Management",
            "display_name": "All Events with level \"Warning\"",
            "function_alias": "",
            "function_parameters": [],
            "id": "/subscriptions/2bd29ed6-34a6-42d7-8235-293e8ee67447/resourceGroups/DefaultResourceGroup-NEU/providers/Microsoft.OperationalInsights/workspaces/DefaultWorkspace-2bd29ed6-34a6-42d7-8235-293e8ee67447-NEU/savedSearches/LogManagement(DefaultWorkspace-2bd29ed6-34a6-42d7-8235-293e8ee67447-NEU)_LogManagement|WarningEvents",
            "log_analytics_workspace_id": "/subscriptions/2bd29ed6-34a6-42d7-8235-293e8ee67447/resourceGroups/DefaultResourceGroup-NEU/providers/Microsoft.OperationalInsights/workspaces/DefaultWorkspace-2bd29ed6-34a6-42d7-8235-293e8ee67447-NEU",
            "name": "LogManagement(DefaultWorkspace-2bd29ed6-34a6-42d7-8235-293e8ee67447-NEU)_LogManagement|WarningEvents",
            "query": "Event | where EventLevelName == \"warning\" | sort by TimeGenerated desc\r\n// Oql: Type=Event EventLevelName=warning // Args: {OQ: True; WorkspaceId: 00000000-0000-0000-0000-000000000000} // Settings: {PTT: True; SortI: True; SortF: True} // Version: 0.1.122",
            "tags": {},
            "timeouts": null
          },
          "sensitive_attributes": [],
          "private": "eyJlMmJmYjczMC1lY2FhLTExZTYtOGY4OC0zNDM2M2JjN2M0YzAiOnsiY3JlYXRlIjoxODAwMDAwMDAwMDAwLCJkZWxldGUiOjE4MDAwMDAwMDAwMDAsInJlYWQiOjMwMDAwMDAwMDAwMH0sInNjaGVtYV92ZXJzaW9uIjoiMSJ9"
        }
      ]
    },
    {
      "mode": "managed",
      "type": "azurerm_log_analytics_saved_search",
      "name": "res-165",
      "provider": "provider[\"registry.terraform.io/hashicorp/azurerm\"]",
      "instances": [
        {
          "schema_version": 1,
          "attributes": {
            "category": "Log Management",
            "display_name": "Windows Firewall Policy settings have changed",
            "function_alias": "",
            "function_parameters": [],
            "id": "/subscriptions/2bd29ed6-34a6-42d7-8235-293e8ee67447/resourceGroups/DefaultResourceGroup-NEU/providers/Microsoft.OperationalInsights/workspaces/DefaultWorkspace-2bd29ed6-34a6-42d7-8235-293e8ee67447-NEU/savedSearches/LogManagement(DefaultWorkspace-2bd29ed6-34a6-42d7-8235-293e8ee67447-NEU)_LogManagement|WindowsFireawallPolicySettingsChanged",
            "log_analytics_workspace_id": "/subscriptions/2bd29ed6-34a6-42d7-8235-293e8ee67447/resourceGroups/DefaultResourceGroup-NEU/providers/Microsoft.OperationalInsights/workspaces/DefaultWorkspace-2bd29ed6-34a6-42d7-8235-293e8ee67447-NEU",
            "name": "LogManagement(DefaultWorkspace-2bd29ed6-34a6-42d7-8235-293e8ee67447-NEU)_LogManagement|WindowsFireawallPolicySettingsChanged",
            "query": "Event | where EventLog == \"Microsoft-Windows-Windows Firewall With Advanced Security/Firewall\" and EventID == 2008 | sort by TimeGenerated desc\r\n// Oql: Type=Event EventLog=\"Microsoft-Windows-Windows Firewall With Advanced Security/Firewall\" EventID=2008 // Args: {OQ: True; WorkspaceId: 00000000-0000-0000-0000-000000000000} // Settings: {PTT: True; SortI: True; SortF: True} // Version: 0.1.122",
            "tags": {},
            "timeouts": null
          },
          "sensitive_attributes": [],
          "private": "eyJlMmJmYjczMC1lY2FhLTExZTYtOGY4OC0zNDM2M2JjN2M0YzAiOnsiY3JlYXRlIjoxODAwMDAwMDAwMDAwLCJkZWxldGUiOjE4MDAwMDAwMDAwMDAsInJlYWQiOjMwMDAwMDAwMDAwMH0sInNjaGVtYV92ZXJzaW9uIjoiMSJ9"
        }
      ]
    },
    {
      "mode": "managed",
      "type": "azurerm_log_analytics_saved_search",
      "name": "res-166",
      "provider": "provider[\"registry.terraform.io/hashicorp/azurerm\"]",
      "instances": [
        {
          "schema_version": 1,
          "attributes": {
            "category": "Log Management",
            "display_name": "On which machines and how many times have Windows Firewall Policy settings changed",
            "function_alias": "",
            "function_parameters": [],
            "id": "/subscriptions/2bd29ed6-34a6-42d7-8235-293e8ee67447/resourceGroups/DefaultResourceGroup-NEU/providers/Microsoft.OperationalInsights/workspaces/DefaultWorkspace-2bd29ed6-34a6-42d7-8235-293e8ee67447-NEU/savedSearches/LogManagement(DefaultWorkspace-2bd29ed6-34a6-42d7-8235-293e8ee67447-NEU)_LogManagement|WindowsFireawallPolicySettingsChangedByMachines",
            "log_analytics_workspace_id": "/subscriptions/2bd29ed6-34a6-42d7-8235-293e8ee67447/resourceGroups/DefaultResourceGroup-NEU/providers/Microsoft.OperationalInsights/workspaces/DefaultWorkspace-2bd29ed6-34a6-42d7-8235-293e8ee67447-NEU",
            "name": "LogManagement(DefaultWorkspace-2bd29ed6-34a6-42d7-8235-293e8ee67447-NEU)_LogManagement|WindowsFireawallPolicySettingsChangedByMachines",
            "query": "Event | where EventLog == \"Microsoft-Windows-Windows Firewall With Advanced Security/Firewall\" and EventID == 2008 | summarize AggregatedValue = count() by Computer | limit 500000\r\n// Oql: Type=Event EventLog=\"Microsoft-Windows-Windows Firewall With Advanced Security/Firewall\" EventID=2008 | measure count() by Computer | top 500000 // Args: {OQ: True; WorkspaceId: 00000000-0000-0000-0000-000000000000} // Settings: {PTT: True; SortI: True; SortF: True} // Version: 0.1.122",
            "tags": {},
            "timeouts": null
          },
          "sensitive_attributes": [],
          "private": "eyJlMmJmYjczMC1lY2FhLTExZTYtOGY4OC0zNDM2M2JjN2M0YzAiOnsiY3JlYXRlIjoxODAwMDAwMDAwMDAwLCJkZWxldGUiOjE4MDAwMDAwMDAwMDAsInJlYWQiOjMwMDAwMDAwMDAwMH0sInNjaGVtYV92ZXJzaW9uIjoiMSJ9"
        }
      ]
    },
    {
      "mode": "managed",
      "type": "azurerm_log_analytics_workspace",
      "name": "res-127",
      "provider": "provider[\"registry.terraform.io/hashicorp/azurerm\"]",
      "instances": [
        {
          "schema_version": 3,
          "attributes": {
            "allow_resource_only_permissions": true,
            "cmk_for_query_forced": false,
            "daily_quota_gb": -1,
            "data_collection_rule_id": "",
            "id": "/subscriptions/2bd29ed6-34a6-42d7-8235-293e8ee67447/resourceGroups/DefaultResourceGroup-NEU/providers/Microsoft.OperationalInsights/workspaces/DefaultWorkspace-2bd29ed6-34a6-42d7-8235-293e8ee67447-NEU",
            "identity": [],
            "immediate_data_purge_on_30_days_enabled": false,
            "internet_ingestion_enabled": true,
            "internet_query_enabled": true,
            "local_authentication_disabled": false,
            "location": "northeurope",
            "name": "DefaultWorkspace-2bd29ed6-34a6-42d7-8235-293e8ee67447-NEU",
            "primary_shared_key": "j4SkLL8EhzZnoy8sGozTLwu4c+sGWSOVRQ0ZkGBwFMy0/G+lV4Vk5oNYpVHdU5x+6+szlc9h7uAyx5l2qhPhlg==",
            "reservation_capacity_in_gb_per_day": null,
            "resource_group_name": "DefaultResourceGroup-NEU",
            "retention_in_days": 30,
            "secondary_shared_key": "lnKhjRpl2eRVKGXQ0gAIUce2sC9fZXUZqYlraTNy34NmpLdHb7Bsy33bty4PkDlP5hp1c3yOtz1QqGVGbaQcWQ==",
            "sku": "PerGB2018",
            "tags": {},
            "timeouts": null,
            "workspace_id": "c6e410a6-fe7f-4536-8376-51a27a18daad"
          },
          "sensitive_attributes": [],
          "private": "eyJlMmJmYjczMC1lY2FhLTExZTYtOGY4OC0zNDM2M2JjN2M0YzAiOnsiY3JlYXRlIjoxODAwMDAwMDAwMDAwLCJkZWxldGUiOjE4MDAwMDAwMDAwMDAsInJlYWQiOjMwMDAwMDAwMDAwMCwidXBkYXRlIjoxODAwMDAwMDAwMDAwfSwic2NoZW1hX3ZlcnNpb24iOiIzIn0="
        }
      ]
    },
    {
      "mode": "managed",
      "type": "azurerm_monitor_action_group",
      "name": "res-125",
      "provider": "provider[\"registry.terraform.io/hashicorp/azurerm\"]",
      "instances": [
        {
          "schema_version": 1,
          "attributes": {
            "arm_role_receiver": [
              {
                "name": "Monitoring Contributor",
                "role_id": "749f88d5-cbae-40b8-bcfc-e573ddc772fa",
                "use_common_alert_schema": true
              },
              {
                "name": "Monitoring Reader",
                "role_id": "43d0d8ad-25c7-4714-9337-8ba259a9fe05",
                "use_common_alert_schema": true
              }
            ],
            "automation_runbook_receiver": [],
            "azure_app_push_receiver": [],
            "azure_function_receiver": [],
            "email_receiver": [],
            "enabled": true,
            "event_hub_receiver": [],
            "id": "/subscriptions/2bd29ed6-34a6-42d7-8235-293e8ee67447/resourceGroups/AZMMCoreRG01/providers/Microsoft.Insights/actionGroups/Application Insights Smart Detection",
            "itsm_receiver": [],
            "location": "global",
            "logic_app_receiver": [],
            "name": "Application Insights Smart Detection",
            "resource_group_name": "AZMMCoreRG01",
            "short_name": "SmartDetect",
            "sms_receiver": [],
            "tags": {},
            "timeouts": null,
            "voice_receiver": [],
            "webhook_receiver": []
          },
          "sensitive_attributes": [],
          "private": "eyJlMmJmYjczMC1lY2FhLTExZTYtOGY4OC0zNDM2M2JjN2M0YzAiOnsiY3JlYXRlIjoxODAwMDAwMDAwMDAwLCJkZWxldGUiOjE4MDAwMDAwMDAwMDAsInJlYWQiOjMwMDAwMDAwMDAwMCwidXBkYXRlIjoxODAwMDAwMDAwMDAwfSwic2NoZW1hX3ZlcnNpb24iOiIxIn0="
        }
      ]
    },
    {
      "mode": "managed",
      "type": "azurerm_monitor_smart_detector_alert_rule",
      "name": "res-0",
      "provider": "provider[\"registry.terraform.io/hashicorp/azurerm\"]",
      "instances": [
        {
          "schema_version": 1,
          "attributes": {
            "action_group": [
              {
                "email_subject": "",
                "ids": [
                  "/subscriptions/2bd29ed6-34a6-42d7-8235-293e8ee67447/resourceGroups/azmmcorerg01/providers/Microsoft.Insights/actionGroups/application insights smart detection"
                ],
                "webhook_payload": ""
              }
            ],
            "description": "Failure Anomalies notifies you of an unusual rise in the rate of failed HTTP requests or dependency calls.",
            "detector_type": "FailureAnomaliesDetector",
            "enabled": true,
            "frequency": "PT1M",
            "id": "/subscriptions/2bd29ed6-34a6-42d7-8235-293e8ee67447/resourceGroups/AZMMClientApps/providers/Microsoft.AlertsManagement/smartDetectorAlertRules/Failure Anomalies - lta-matchmakersoftware",
            "name": "Failure Anomalies - lta-matchmakersoftware",
            "resource_group_name": "AZMMClientApps",
            "scope_resource_ids": [
              "/subscriptions/2bd29ed6-34a6-42d7-8235-293e8ee67447/resourcegroups/azmmclientapps/providers/microsoft.insights/components/lta-matchmakersoftware"
            ],
            "severity": "Sev3",
            "tags": {},
            "throttling_duration": "",
            "timeouts": null
          },
          "sensitive_attributes": [],
          "private": "eyJlMmJmYjczMC1lY2FhLTExZTYtOGY4OC0zNDM2M2JjN2M0YzAiOnsiY3JlYXRlIjoxODAwMDAwMDAwMDAwLCJkZWxldGUiOjE4MDAwMDAwMDAwMDAsInJlYWQiOjMwMDAwMDAwMDAwMCwidXBkYXRlIjoxODAwMDAwMDAwMDAwfSwic2NoZW1hX3ZlcnNpb24iOiIxIn0="
        }
      ]
    },
    {
      "mode": "managed",
      "type": "azurerm_monitor_smart_detector_alert_rule",
      "name": "res-124",
      "provider": "provider[\"registry.terraform.io/hashicorp/azurerm\"]",
      "instances": [
        {
          "schema_version": 1,
          "attributes": {
            "action_group": [
              {
                "email_subject": "",
                "ids": [
                  "/subscriptions/2bd29ed6-34a6-42d7-8235-293e8ee67447/resourceGroups/azmmcorerg01/providers/Microsoft.Insights/actionGroups/application insights smart detection"
                ],
                "webhook_payload": ""
              }
            ],
            "description": "Failure Anomalies notifies you of an unusual rise in the rate of failed HTTP requests or dependency calls.",
            "detector_type": "FailureAnomaliesDetector",
            "enabled": true,
            "frequency": "PT1M",
            "id": "/subscriptions/2bd29ed6-34a6-42d7-8235-293e8ee67447/resourceGroups/AZMMCoreRG01/providers/Microsoft.AlertsManagement/smartDetectorAlertRules/Failure Anomalies - AZMMApp01",
            "name": "Failure Anomalies - AZMMApp01",
            "resource_group_name": "AZMMCoreRG01",
            "scope_resource_ids": [
              "/subscriptions/2bd29ed6-34a6-42d7-8235-293e8ee67447/resourcegroups/azmmcorerg01/providers/microsoft.insights/components/azmmapp01"
            ],
            "severity": "Sev3",
            "tags": {},
            "throttling_duration": "",
            "timeouts": null
          },
          "sensitive_attributes": [],
          "private": "eyJlMmJmYjczMC1lY2FhLTExZTYtOGY4OC0zNDM2M2JjN2M0YzAiOnsiY3JlYXRlIjoxODAwMDAwMDAwMDAwLCJkZWxldGUiOjE4MDAwMDAwMDAwMDAsInJlYWQiOjMwMDAwMDAwMDAwMCwidXBkYXRlIjoxODAwMDAwMDAwMDAwfSwic2NoZW1hX3ZlcnNpb24iOiIxIn0="
        }
      ]
    },
    {
      "mode": "managed",
      "type": "azurerm_mssql_database",
      "name": "res-24",
      "provider": "provider[\"registry.terraform.io/hashicorp/azurerm\"]",
      "instances": [
        {
          "schema_version": 1,
          "attributes": {
            "auto_pause_delay_in_minutes": 0,
            "collation": "SQL_Latin1_General_CP1_CI_AS",
            "create_mode": "Default",
            "creation_source_database_id": null,
            "elastic_pool_id": "",
            "enclave_type": "",
            "geo_backup_enabled": true,
            "id": "/subscriptions/2bd29ed6-34a6-42d7-8235-293e8ee67447/resourceGroups/AZMMCoreRG01/providers/Microsoft.Sql/servers/azmmsql01/databases/15886",
            "identity": [],
            "import": [],
            "ledger_enabled": false,
            "license_type": "",
            "long_term_retention_policy": [
              {
                "immutable_backups_enabled": false,
                "monthly_retention": "PT0S",
                "week_of_year": 1,
                "weekly_retention": "PT0S",
                "yearly_retention": "PT0S"
              }
            ],
            "maintenance_configuration_name": "SQL_Default",
            "max_size_gb": 500,
            "min_capacity": 0,
            "name": "15886",
            "read_replica_count": 0,
            "read_scale": false,
            "recover_database_id": null,
            "recovery_point_id": null,
            "restore_dropped_database_id": null,
            "restore_long_term_retention_backup_id": null,
            "restore_point_in_time": null,
            "sample_name": null,
            "secondary_type": "",
            "server_id": "/subscriptions/2bd29ed6-34a6-42d7-8235-293e8ee67447/resourceGroups/AZMMCoreRG01/providers/Microsoft.Sql/servers/azmmsql01",
            "short_term_retention_policy": [
              {
                "backup_interval_in_hours": 24,
                "retention_days": 7
              }
            ],
            "sku_name": "S4",
            "storage_account_type": "Geo",
            "tags": {},
            "threat_detection_policy": [
              {
                "disabled_alerts": [],
                "email_account_admins": "Disabled",
                "email_addresses": [],
                "retention_days": 0,
                "state": "Disabled",
                "storage_account_access_key": "",
                "storage_endpoint": ""
              }
            ],
            "timeouts": null,
            "transparent_data_encryption_enabled": true,
            "transparent_data_encryption_key_automatic_rotation_enabled": false,
            "transparent_data_encryption_key_vault_key_id": "",
            "zone_redundant": false
          },
          "sensitive_attributes": [],
          "private": "eyJlMmJmYjczMC1lY2FhLTExZTYtOGY4OC0zNDM2M2JjN2M0YzAiOnsiY3JlYXRlIjozNjAwMDAwMDAwMDAwLCJkZWxldGUiOjM2MDAwMDAwMDAwMDAsInJlYWQiOjMwMDAwMDAwMDAwMCwidXBkYXRlIjozNjAwMDAwMDAwMDAwfSwic2NoZW1hX3ZlcnNpb24iOiIxIn0="
        }
      ]
    },
    {
      "mode": "managed",
      "type": "azurerm_mssql_database",
      "name": "res-41",
      "provider": "provider[\"registry.terraform.io/hashicorp/azurerm\"]",
      "instances": [
        {
          "schema_version": 1,
          "attributes": {
            "auto_pause_delay_in_minutes": 0,
            "collation": "SQL_Latin1_General_CP1_CI_AS",
            "create_mode": "Default",
            "creation_source_database_id": null,
            "elastic_pool_id": "",
            "enclave_type": "",
            "geo_backup_enabled": true,
            "id": "/subscriptions/2bd29ed6-34a6-42d7-8235-293e8ee67447/resourceGroups/AZMMCoreRG01/providers/Microsoft.Sql/servers/azmmsql01/databases/17008",
            "identity": [],
            "import": [],
            "ledger_enabled": false,
            "license_type": "",
            "long_term_retention_policy": [
              {
                "immutable_backups_enabled": false,
                "monthly_retention": "PT0S",
                "week_of_year": 1,
                "weekly_retention": "PT0S",
                "yearly_retention": "PT0S"
              }
            ],
            "maintenance_configuration_name": "SQL_Default",
            "max_size_gb": 50,
            "min_capacity": 0,
            "name": "17008",
            "read_replica_count": 0,
            "read_scale": false,
            "recover_database_id": null,
            "recovery_point_id": null,
            "restore_dropped_database_id": null,
            "restore_long_term_retention_backup_id": null,
            "restore_point_in_time": null,
            "sample_name": null,
            "secondary_type": "",
            "server_id": "/subscriptions/2bd29ed6-34a6-42d7-8235-293e8ee67447/resourceGroups/AZMMCoreRG01/providers/Microsoft.Sql/servers/azmmsql01",
            "short_term_retention_policy": [
              {
                "backup_interval_in_hours": 24,
                "retention_days": 7
              }
            ],
            "sku_name": "S0",
            "storage_account_type": "Zone",
            "tags": {},
            "threat_detection_policy": [
              {
                "disabled_alerts": [],
                "email_account_admins": "Disabled",
                "email_addresses": [],
                "retention_days": 0,
                "state": "Disabled",
                "storage_account_access_key": "",
                "storage_endpoint": ""
              }
            ],
            "timeouts": null,
            "transparent_data_encryption_enabled": true,
            "transparent_data_encryption_key_automatic_rotation_enabled": false,
            "transparent_data_encryption_key_vault_key_id": "",
            "zone_redundant": false
          },
          "sensitive_attributes": [],
          "private": "eyJlMmJmYjczMC1lY2FhLTExZTYtOGY4OC0zNDM2M2JjN2M0YzAiOnsiY3JlYXRlIjozNjAwMDAwMDAwMDAwLCJkZWxldGUiOjM2MDAwMDAwMDAwMDAsInJlYWQiOjMwMDAwMDAwMDAwMCwidXBkYXRlIjozNjAwMDAwMDAwMDAwfSwic2NoZW1hX3ZlcnNpb24iOiIxIn0="
        }
      ]
    },
    {
      "mode": "managed",
      "type": "azurerm_mssql_database",
      "name": "res-58",
      "provider": "provider[\"registry.terraform.io/hashicorp/azurerm\"]",
      "instances": [
        {
          "schema_version": 1,
          "attributes": {
            "auto_pause_delay_in_minutes": 0,
            "collation": "SQL_Latin1_General_CP1_CI_AS",
            "create_mode": "Default",
            "creation_source_database_id": null,
            "elastic_pool_id": "",
            "enclave_type": "",
            "geo_backup_enabled": true,
            "id": "/subscriptions/2bd29ed6-34a6-42d7-8235-293e8ee67447/resourceGroups/AZMMCoreRG01/providers/Microsoft.Sql/servers/azmmsql01/databases/17009",
            "identity": [],
            "import": [],
            "ledger_enabled": false,
            "license_type": "",
            "long_term_retention_policy": [
              {
                "immutable_backups_enabled": false,
                "monthly_retention": "PT0S",
                "week_of_year": 1,
                "weekly_retention": "PT0S",
                "yearly_retention": "PT0S"
              }
            ],
            "maintenance_configuration_name": "SQL_Default",
            "max_size_gb": 50,
            "min_capacity": 0,
            "name": "17009",
            "read_replica_count": 0,
            "read_scale": false,
            "recover_database_id": null,
            "recovery_point_id": null,
            "restore_dropped_database_id": null,
            "restore_long_term_retention_backup_id": null,
            "restore_point_in_time": null,
            "sample_name": null,
            "secondary_type": "",
            "server_id": "/subscriptions/2bd29ed6-34a6-42d7-8235-293e8ee67447/resourceGroups/AZMMCoreRG01/providers/Microsoft.Sql/servers/azmmsql01",
            "short_term_retention_policy": [
              {
                "backup_interval_in_hours": 24,
                "retention_days": 7
              }
            ],
            "sku_name": "S0",
            "storage_account_type": "Zone",
            "tags": {},
            "threat_detection_policy": [
              {
                "disabled_alerts": [],
                "email_account_admins": "Disabled",
                "email_addresses": [],
                "retention_days": 0,
                "state": "Disabled",
                "storage_account_access_key": "",
                "storage_endpoint": ""
              }
            ],
            "timeouts": null,
            "transparent_data_encryption_enabled": true,
            "transparent_data_encryption_key_automatic_rotation_enabled": false,
            "transparent_data_encryption_key_vault_key_id": "",
            "zone_redundant": false
          },
          "sensitive_attributes": [],
          "private": "eyJlMmJmYjczMC1lY2FhLTExZTYtOGY4OC0zNDM2M2JjN2M0YzAiOnsiY3JlYXRlIjozNjAwMDAwMDAwMDAwLCJkZWxldGUiOjM2MDAwMDAwMDAwMDAsInJlYWQiOjMwMDAwMDAwMDAwMCwidXBkYXRlIjozNjAwMDAwMDAwMDAwfSwic2NoZW1hX3ZlcnNpb24iOiIxIn0="
        }
      ]
    },
    {
      "mode": "managed",
      "type": "azurerm_mssql_database",
      "name": "res-75",
      "provider": "provider[\"registry.terraform.io/hashicorp/azurerm\"]",
      "instances": [
        {
          "schema_version": 1,
          "attributes": {
            "auto_pause_delay_in_minutes": 0,
            "collation": "SQL_Latin1_General_CP1_CI_AS",
            "create_mode": "Default",
            "creation_source_database_id": null,
            "elastic_pool_id": "",
            "enclave_type": "",
            "geo_backup_enabled": true,
            "id": "/subscriptions/2bd29ed6-34a6-42d7-8235-293e8ee67447/resourceGroups/AZMMCoreRG01/providers/Microsoft.Sql/servers/azmmsql01/databases/2179",
            "identity": [],
            "import": [],
            "ledger_enabled": false,
            "license_type": "",
            "long_term_retention_policy": [
              {
                "immutable_backups_enabled": false,
                "monthly_retention": "PT0S",
                "week_of_year": 1,
                "weekly_retention": "PT0S",
                "yearly_retention": "PT0S"
              }
            ],
            "maintenance_configuration_name": "SQL_Default",
            "max_size_gb": 50,
            "min_capacity": 0,
            "name": "2179",
            "read_replica_count": 0,
            "read_scale": false,
            "recover_database_id": null,
            "recovery_point_id": null,
            "restore_dropped_database_id": null,
            "restore_long_term_retention_backup_id": null,
            "restore_point_in_time": null,
            "sample_name": null,
            "secondary_type": "",
            "server_id": "/subscriptions/2bd29ed6-34a6-42d7-8235-293e8ee67447/resourceGroups/AZMMCoreRG01/providers/Microsoft.Sql/servers/azmmsql01",
            "short_term_retention_policy": [
              {
                "backup_interval_in_hours": 24,
                "retention_days": 7
              }
            ],
            "sku_name": "S0",
            "storage_account_type": "Local",
            "tags": {},
            "threat_detection_policy": [
              {
                "disabled_alerts": [],
                "email_account_admins": "Disabled",
                "email_addresses": [],
                "retention_days": 0,
                "state": "Disabled",
                "storage_account_access_key": "",
                "storage_endpoint": ""
              }
            ],
            "timeouts": null,
            "transparent_data_encryption_enabled": true,
            "transparent_data_encryption_key_automatic_rotation_enabled": false,
            "transparent_data_encryption_key_vault_key_id": "",
            "zone_redundant": false
          },
          "sensitive_attributes": [],
          "private": "eyJlMmJmYjczMC1lY2FhLTExZTYtOGY4OC0zNDM2M2JjN2M0YzAiOnsiY3JlYXRlIjozNjAwMDAwMDAwMDAwLCJkZWxldGUiOjM2MDAwMDAwMDAwMDAsInJlYWQiOjMwMDAwMDAwMDAwMCwidXBkYXRlIjozNjAwMDAwMDAwMDAwfSwic2NoZW1hX3ZlcnNpb24iOiIxIn0="
        }
      ]
    },
    {
      "mode": "managed",
      "type": "azurerm_mssql_database",
      "name": "res-92",
      "provider": "provider[\"registry.terraform.io/hashicorp/azurerm\"]",
      "instances": [
        {
          "schema_version": 1,
          "attributes": {
            "auto_pause_delay_in_minutes": 0,
            "collation": "SQL_Latin1_General_CP1_CI_AS",
            "create_mode": "Default",
            "creation_source_database_id": null,
            "elastic_pool_id": "",
            "enclave_type": "",
            "geo_backup_enabled": true,
            "id": "/subscriptions/2bd29ed6-34a6-42d7-8235-293e8ee67447/resourceGroups/AZMMCoreRG01/providers/Microsoft.Sql/servers/azmmsql01/databases/kairos_installdb",
            "identity": [],
            "import": [],
            "ledger_enabled": false,
            "license_type": "",
            "long_term_retention_policy": [
              {
                "immutable_backups_enabled": false,
                "monthly_retention": "PT0S",
                "week_of_year": 1,
                "weekly_retention": "PT0S",
                "yearly_retention": "PT0S"
              }
            ],
            "maintenance_configuration_name": "SQL_Default",
            "max_size_gb": 2,
            "min_capacity": 0,
            "name": "kairos_installdb",
            "read_replica_count": 0,
            "read_scale": false,
            "recover_database_id": null,
            "recovery_point_id": null,
            "restore_dropped_database_id": null,
            "restore_long_term_retention_backup_id": null,
            "restore_point_in_time": null,
            "sample_name": null,
            "secondary_type": "",
            "server_id": "/subscriptions/2bd29ed6-34a6-42d7-8235-293e8ee67447/resourceGroups/AZMMCoreRG01/providers/Microsoft.Sql/servers/azmmsql01",
            "short_term_retention_policy": [
              {
                "backup_interval_in_hours": 24,
                "retention_days": 7
              }
            ],
            "sku_name": "Basic",
            "storage_account_type": "Geo",
            "tags": {},
            "threat_detection_policy": [
              {
                "disabled_alerts": [],
                "email_account_admins": "Disabled",
                "email_addresses": [],
                "retention_days": 0,
                "state": "Disabled",
                "storage_account_access_key": "",
                "storage_endpoint": ""
              }
            ],
            "timeouts": null,
            "transparent_data_encryption_enabled": true,
            "transparent_data_encryption_key_automatic_rotation_enabled": false,
            "transparent_data_encryption_key_vault_key_id": "",
            "zone_redundant": false
          },
          "sensitive_attributes": [],
          "private": "eyJlMmJmYjczMC1lY2FhLTExZTYtOGY4OC0zNDM2M2JjN2M0YzAiOnsiY3JlYXRlIjozNjAwMDAwMDAwMDAwLCJkZWxldGUiOjM2MDAwMDAwMDAwMDAsInJlYWQiOjMwMDAwMDAwMDAwMCwidXBkYXRlIjozNjAwMDAwMDAwMDAwfSwic2NoZW1hX3ZlcnNpb24iOiIxIn0="
        }
      ]
    },
    {
      "mode": "managed",
      "type": "azurerm_mssql_database_extended_auditing_policy",
      "name": "res-107",
      "provider": "provider[\"registry.terraform.io/hashicorp/azurerm\"]",
      "instances": [
        {
          "schema_version": 0,
          "attributes": {
            "database_id": "/subscriptions/2bd29ed6-34a6-42d7-8235-293e8ee67447/resourceGroups/AZMMCoreRG01/providers/Microsoft.Sql/servers/azmmsql01/databases/master",
            "enabled": false,
            "id": "/subscriptions/2bd29ed6-34a6-42d7-8235-293e8ee67447/resourceGroups/AZMMCoreRG01/providers/Microsoft.Sql/servers/azmmsql01/databases/master/extendedAuditingSettings/Default",
            "log_monitoring_enabled": false,
            "retention_in_days": 0,
            "storage_account_access_key": null,
            "storage_account_access_key_is_secondary": false,
            "storage_endpoint": "",
            "timeouts": null
          },
          "sensitive_attributes": [],
          "private": "eyJlMmJmYjczMC1lY2FhLTExZTYtOGY4OC0zNDM2M2JjN2M0YzAiOnsiY3JlYXRlIjoxODAwMDAwMDAwMDAwLCJkZWxldGUiOjE4MDAwMDAwMDAwMDAsInJlYWQiOjMwMDAwMDAwMDAwMCwidXBkYXRlIjoxODAwMDAwMDAwMDAwfSwic2NoZW1hX3ZlcnNpb24iOiIwIn0="
        }
      ]
    },
    {
      "mode": "managed",
      "type": "azurerm_mssql_database_extended_auditing_policy",
      "name": "res-35",
      "provider": "provider[\"registry.terraform.io/hashicorp/azurerm\"]",
      "instances": [
        {
          "schema_version": 0,
          "attributes": {
            "database_id": "/subscriptions/2bd29ed6-34a6-42d7-8235-293e8ee67447/resourceGroups/AZMMCoreRG01/providers/Microsoft.Sql/servers/azmmsql01/databases/15886",
            "enabled": false,
            "id": "/subscriptions/2bd29ed6-34a6-42d7-8235-293e8ee67447/resourceGroups/AZMMCoreRG01/providers/Microsoft.Sql/servers/azmmsql01/databases/15886/extendedAuditingSettings/Default",
            "log_monitoring_enabled": false,
            "retention_in_days": 0,
            "storage_account_access_key": null,
            "storage_account_access_key_is_secondary": false,
            "storage_endpoint": "",
            "timeouts": null
          },
          "sensitive_attributes": [],
          "private": "eyJlMmJmYjczMC1lY2FhLTExZTYtOGY4OC0zNDM2M2JjN2M0YzAiOnsiY3JlYXRlIjoxODAwMDAwMDAwMDAwLCJkZWxldGUiOjE4MDAwMDAwMDAwMDAsInJlYWQiOjMwMDAwMDAwMDAwMCwidXBkYXRlIjoxODAwMDAwMDAwMDAwfSwic2NoZW1hX3ZlcnNpb24iOiIwIn0="
        }
      ]
    },
    {
      "mode": "managed",
      "type": "azurerm_mssql_database_extended_auditing_policy",
      "name": "res-52",
      "provider": "provider[\"registry.terraform.io/hashicorp/azurerm\"]",
      "instances": [
        {
          "schema_version": 0,
          "attributes": {
            "database_id": "/subscriptions/2bd29ed6-34a6-42d7-8235-293e8ee67447/resourceGroups/AZMMCoreRG01/providers/Microsoft.Sql/servers/azmmsql01/databases/17008",
            "enabled": false,
            "id": "/subscriptions/2bd29ed6-34a6-42d7-8235-293e8ee67447/resourceGroups/AZMMCoreRG01/providers/Microsoft.Sql/servers/azmmsql01/databases/17008/extendedAuditingSettings/Default",
            "log_monitoring_enabled": false,
            "retention_in_days": 0,
            "storage_account_access_key": null,
            "storage_account_access_key_is_secondary": false,
            "storage_endpoint": "",
            "timeouts": null
          },
          "sensitive_attributes": [],
          "private": "eyJlMmJmYjczMC1lY2FhLTExZTYtOGY4OC0zNDM2M2JjN2M0YzAiOnsiY3JlYXRlIjoxODAwMDAwMDAwMDAwLCJkZWxldGUiOjE4MDAwMDAwMDAwMDAsInJlYWQiOjMwMDAwMDAwMDAwMCwidXBkYXRlIjoxODAwMDAwMDAwMDAwfSwic2NoZW1hX3ZlcnNpb24iOiIwIn0="
        }
      ]
    },
    {
      "mode": "managed",
      "type": "azurerm_mssql_database_extended_auditing_policy",
      "name": "res-69",
      "provider": "provider[\"registry.terraform.io/hashicorp/azurerm\"]",
      "instances": [
        {
          "schema_version": 0,
          "attributes": {
            "database_id": "/subscriptions/2bd29ed6-34a6-42d7-8235-293e8ee67447/resourceGroups/AZMMCoreRG01/providers/Microsoft.Sql/servers/azmmsql01/databases/17009",
            "enabled": false,
            "id": "/subscriptions/2bd29ed6-34a6-42d7-8235-293e8ee67447/resourceGroups/AZMMCoreRG01/providers/Microsoft.Sql/servers/azmmsql01/databases/17009/extendedAuditingSettings/Default",
            "log_monitoring_enabled": false,
            "retention_in_days": 0,
            "storage_account_access_key": null,
            "storage_account_access_key_is_secondary": false,
            "storage_endpoint": "",
            "timeouts": null
          },
          "sensitive_attributes": [],
          "private": "eyJlMmJmYjczMC1lY2FhLTExZTYtOGY4OC0zNDM2M2JjN2M0YzAiOnsiY3JlYXRlIjoxODAwMDAwMDAwMDAwLCJkZWxldGUiOjE4MDAwMDAwMDAwMDAsInJlYWQiOjMwMDAwMDAwMDAwMCwidXBkYXRlIjoxODAwMDAwMDAwMDAwfSwic2NoZW1hX3ZlcnNpb24iOiIwIn0="
        }
      ]
    },
    {
      "mode": "managed",
      "type": "azurerm_mssql_database_extended_auditing_policy",
      "name": "res-86",
      "provider": "provider[\"registry.terraform.io/hashicorp/azurerm\"]",
      "instances": [
        {
          "schema_version": 0,
          "attributes": {
            "database_id": "/subscriptions/2bd29ed6-34a6-42d7-8235-293e8ee67447/resourceGroups/AZMMCoreRG01/providers/Microsoft.Sql/servers/azmmsql01/databases/2179",
            "enabled": false,
            "id": "/subscriptions/2bd29ed6-34a6-42d7-8235-293e8ee67447/resourceGroups/AZMMCoreRG01/providers/Microsoft.Sql/servers/azmmsql01/databases/2179/extendedAuditingSettings/Default",
            "log_monitoring_enabled": false,
            "retention_in_days": 0,
            "storage_account_access_key": null,
            "storage_account_access_key_is_secondary": false,
            "storage_endpoint": "",
            "timeouts": null
          },
          "sensitive_attributes": [],
          "private": "eyJlMmJmYjczMC1lY2FhLTExZTYtOGY4OC0zNDM2M2JjN2M0YzAiOnsiY3JlYXRlIjoxODAwMDAwMDAwMDAwLCJkZWxldGUiOjE4MDAwMDAwMDAwMDAsInJlYWQiOjMwMDAwMDAwMDAwMCwidXBkYXRlIjoxODAwMDAwMDAwMDAwfSwic2NoZW1hX3ZlcnNpb24iOiIwIn0="
        }
      ]
    },
    {
      "mode": "managed",
      "type": "azurerm_mssql_database_extended_auditing_policy",
      "name": "res-98",
      "provider": "provider[\"registry.terraform.io/hashicorp/azurerm\"]",
      "instances": [
        {
          "schema_version": 0,
          "attributes": {
            "database_id": "/subscriptions/2bd29ed6-34a6-42d7-8235-293e8ee67447/resourceGroups/AZMMCoreRG01/providers/Microsoft.Sql/servers/azmmsql01/databases/kairos_installdb",
            "enabled": false,
            "id": "/subscriptions/2bd29ed6-34a6-42d7-8235-293e8ee67447/resourceGroups/AZMMCoreRG01/providers/Microsoft.Sql/servers/azmmsql01/databases/kairos_installdb/extendedAuditingSettings/Default",
            "log_monitoring_enabled": false,
            "retention_in_days": 0,
            "storage_account_access_key": null,
            "storage_account_access_key_is_secondary": false,
            "storage_endpoint": "",
            "timeouts": null
          },
          "sensitive_attributes": [],
          "private": "eyJlMmJmYjczMC1lY2FhLTExZTYtOGY4OC0zNDM2M2JjN2M0YzAiOnsiY3JlYXRlIjoxODAwMDAwMDAwMDAwLCJkZWxldGUiOjE4MDAwMDAwMDAwMDAsInJlYWQiOjMwMDAwMDAwMDAwMCwidXBkYXRlIjoxODAwMDAwMDAwMDAwfSwic2NoZW1hX3ZlcnNpb24iOiIwIn0="
        }
      ]
    },
    {
      "mode": "managed",
      "type": "azurerm_mssql_firewall_rule",
      "name": "res-116",
      "provider": "provider[\"registry.terraform.io/hashicorp/azurerm\"]",
      "instances": [
        {
          "schema_version": 0,
          "attributes": {
            "end_ip_address": "51.183.253.81",
            "id": "/subscriptions/2bd29ed6-34a6-42d7-8235-293e8ee67447/resourceGroups/AZMMCoreRG01/providers/Microsoft.Sql/servers/azmmsql01/firewallRules/ClientIPAddress_2024-2-19_13-31-2",
            "name": "ClientIPAddress_2024-2-19_13-31-2",
            "server_id": "/subscriptions/2bd29ed6-34a6-42d7-8235-293e8ee67447/resourceGroups/AZMMCoreRG01/providers/Microsoft.Sql/servers/azmmsql01",
            "start_ip_address": "51.183.253.81",
            "timeouts": null
          },
          "sensitive_attributes": [],
          "private": "eyJlMmJmYjczMC1lY2FhLTExZTYtOGY4OC0zNDM2M2JjN2M0YzAiOnsiY3JlYXRlIjoxODAwMDAwMDAwMDAwLCJkZWxldGUiOjE4MDAwMDAwMDAwMDAsInJlYWQiOjMwMDAwMDAwMDAwMCwidXBkYXRlIjoxODAwMDAwMDAwMDAwfSwic2NoZW1hX3ZlcnNpb24iOiIwIn0="
        }
      ]
    },
    {
      "mode": "managed",
      "type": "azurerm_mssql_firewall_rule",
      "name": "res-117",
      "provider": "provider[\"registry.terraform.io/hashicorp/azurerm\"]",
      "instances": [
        {
          "schema_version": 0,
          "attributes": {
            "end_ip_address": "217.37.57.251",
            "id": "/subscriptions/2bd29ed6-34a6-42d7-8235-293e8ee67447/resourceGroups/AZMMCoreRG01/providers/Microsoft.Sql/servers/azmmsql01/firewallRules/MatchMakerIP",
            "name": "MatchMakerIP",
            "server_id": "/subscriptions/2bd29ed6-34a6-42d7-8235-293e8ee67447/resourceGroups/AZMMCoreRG01/providers/Microsoft.Sql/servers/azmmsql01",
            "start_ip_address": "217.37.57.250",
            "timeouts": null
          },
          "sensitive_attributes": [],
          "private": "eyJlMmJmYjczMC1lY2FhLTExZTYtOGY4OC0zNDM2M2JjN2M0YzAiOnsiY3JlYXRlIjoxODAwMDAwMDAwMDAwLCJkZWxldGUiOjE4MDAwMDAwMDAwMDAsInJlYWQiOjMwMDAwMDAwMDAwMCwidXBkYXRlIjoxODAwMDAwMDAwMDAwfSwic2NoZW1hX3ZlcnNpb24iOiIwIn0="
        }
      ]
    },
    {
      "mode": "managed",
      "type": "azurerm_mssql_server",
      "name": "res-14",
      "provider": "provider[\"registry.terraform.io/hashicorp/azurerm\"]",
      "instances": [
        {
          "schema_version": 0,
          "attributes": {
            "administrator_login": "CloudSA6cb5ca8a",
            "administrator_login_password": null,
            "azuread_administrator": [],
            "connection_policy": "Default",
            "fully_qualified_domain_name": "azmmsql01.database.windows.net",
            "id": "/subscriptions/2bd29ed6-34a6-42d7-8235-293e8ee67447/resourceGroups/AZMMCoreRG01/providers/Microsoft.Sql/servers/azmmsql01",
            "identity": [],
            "location": "northeurope",
            "minimum_tls_version": "1.2",
            "name": "azmmsql01",
            "outbound_network_restriction_enabled": false,
            "primary_user_assigned_identity_id": "",
            "public_network_access_enabled": true,
            "resource_group_name": "AZMMCoreRG01",
            "restorable_dropped_database_ids": [
              "/subscriptions/2bd29ed6-34a6-42d7-8235-293e8ee67447/resourceGroups/AZMMCoreRG01/providers/Microsoft.Sql/servers/azmmsql01/restorableDroppedDatabases/15886,133615575964370000"
            ],
            "tags": {},
            "timeouts": null,
            "transparent_data_encryption_key_vault_key_id": "",
            "version": "12.0"
          },
          "sensitive_attributes": [],
          "private": "eyJlMmJmYjczMC1lY2FhLTExZTYtOGY4OC0zNDM2M2JjN2M0YzAiOnsiY3JlYXRlIjozNjAwMDAwMDAwMDAwLCJkZWxldGUiOjM2MDAwMDAwMDAwMDAsInJlYWQiOjMwMDAwMDAwMDAwMCwidXBkYXRlIjozNjAwMDAwMDAwMDAwfSwic2NoZW1hX3ZlcnNpb24iOiIwIn0="
        }
      ]
    },
    {
      "mode": "managed",
      "type": "azurerm_mssql_server_extended_auditing_policy",
      "name": "res-115",
      "provider": "provider[\"registry.terraform.io/hashicorp/azurerm\"]",
      "instances": [
        {
          "schema_version": 0,
          "attributes": {
            "audit_actions_and_groups": [],
            "enabled": false,
            "id": "/subscriptions/2bd29ed6-34a6-42d7-8235-293e8ee67447/resourceGroups/AZMMCoreRG01/providers/Microsoft.Sql/servers/azmmsql01/extendedAuditingSettings/Default",
            "log_monitoring_enabled": false,
            "predicate_expression": "",
            "retention_in_days": 0,
            "server_id": "/subscriptions/2bd29ed6-34a6-42d7-8235-293e8ee67447/resourceGroups/AZMMCoreRG01/providers/Microsoft.Sql/servers/azmmsql01",
            "storage_account_access_key": null,
            "storage_account_access_key_is_secondary": false,
            "storage_account_subscription_id": null,
            "storage_endpoint": "",
            "timeouts": null
          },
          "sensitive_attributes": [],
          "private": "eyJlMmJmYjczMC1lY2FhLTExZTYtOGY4OC0zNDM2M2JjN2M0YzAiOnsiY3JlYXRlIjoxODAwMDAwMDAwMDAwLCJkZWxldGUiOjE4MDAwMDAwMDAwMDAsInJlYWQiOjMwMDAwMDAwMDAwMCwidXBkYXRlIjoxODAwMDAwMDAwMDAwfSwic2NoZW1hX3ZlcnNpb24iOiIwIn0="
        }
      ]
    },
    {
      "mode": "managed",
      "type": "azurerm_mssql_server_microsoft_support_auditing_policy",
      "name": "res-113",
      "provider": "provider[\"registry.terraform.io/hashicorp/azurerm\"]",
      "instances": [
        {
          "schema_version": 0,
          "attributes": {
            "blob_storage_endpoint": "",
            "enabled": false,
            "id": "/subscriptions/2bd29ed6-34a6-42d7-8235-293e8ee67447/resourceGroups/AZMMCoreRG01/providers/Microsoft.Sql/servers/azmmsql01/devOpsAuditingSettings/Default",
            "log_monitoring_enabled": false,
            "server_id": "/subscriptions/2bd29ed6-34a6-42d7-8235-293e8ee67447/resourceGroups/AZMMCoreRG01/providers/Microsoft.Sql/servers/azmmsql01",
            "storage_account_access_key": null,
            "storage_account_subscription_id": null,
            "timeouts": null
          },
          "sensitive_attributes": [],
          "private": "eyJlMmJmYjczMC1lY2FhLTExZTYtOGY4OC0zNDM2M2JjN2M0YzAiOnsiY3JlYXRlIjoxODAwMDAwMDAwMDAwLCJkZWxldGUiOjE4MDAwMDAwMDAwMDAsInJlYWQiOjMwMDAwMDAwMDAwMCwidXBkYXRlIjoxODAwMDAwMDAwMDAwfSwic2NoZW1hX3ZlcnNpb24iOiIwIn0="
        }
      ]
    },
    {
      "mode": "managed",
      "type": "azurerm_mssql_server_security_alert_policy",
      "name": "res-120",
      "provider": "provider[\"registry.terraform.io/hashicorp/azurerm\"]",
      "instances": [
        {
          "schema_version": 0,
          "attributes": {
            "disabled_alerts": [],
            "email_account_admins": false,
            "email_addresses": [],
            "id": "/subscriptions/2bd29ed6-34a6-42d7-8235-293e8ee67447/resourceGroups/AZMMCoreRG01/providers/Microsoft.Sql/servers/azmmsql01/securityAlertPolicies/Default",
            "resource_group_name": "AZMMCoreRG01",
            "retention_days": 0,
            "server_name": "azmmsql01",
            "state": "Disabled",
            "storage_account_access_key": null,
            "storage_endpoint": "",
            "timeouts": null
          },
          "sensitive_attributes": [],
          "private": "eyJlMmJmYjczMC1lY2FhLTExZTYtOGY4OC0zNDM2M2JjN2M0YzAiOnsiY3JlYXRlIjoxODAwMDAwMDAwMDAwLCJkZWxldGUiOjE4MDAwMDAwMDAwMDAsInJlYWQiOjMwMDAwMDAwMDAwMCwidXBkYXRlIjoxODAwMDAwMDAwMDAwfSwic2NoZW1hX3ZlcnNpb24iOiIwIn0="
        }
      ]
    },
    {
      "mode": "managed",
      "type": "azurerm_mssql_server_transparent_data_encryption",
      "name": "res-114",
      "provider": "provider[\"registry.terraform.io/hashicorp/azurerm\"]",
      "instances": [
        {
          "schema_version": 1,
          "attributes": {
            "auto_rotation_enabled": false,
            "id": "/subscriptions/2bd29ed6-34a6-42d7-8235-293e8ee67447/resourceGroups/AZMMCoreRG01/providers/Microsoft.Sql/servers/azmmsql01/encryptionProtector/current",
            "key_vault_key_id": "",
            "server_id": "/subscriptions/2bd29ed6-34a6-42d7-8235-293e8ee67447/resourceGroups/AZMMCoreRG01/providers/Microsoft.Sql/servers/azmmsql01",
            "timeouts": null
          },
          "sensitive_attributes": [],
          "private": "eyJlMmJmYjczMC1lY2FhLTExZTYtOGY4OC0zNDM2M2JjN2M0YzAiOnsiY3JlYXRlIjoxODAwMDAwMDAwMDAwLCJkZWxldGUiOjE4MDAwMDAwMDAwMDAsInJlYWQiOjMwMDAwMDAwMDAwMCwidXBkYXRlIjoxODAwMDAwMDAwMDAwfSwic2NoZW1hX3ZlcnNpb24iOiIxIn0="
        }
      ]
    },
    {
      "mode": "managed",
      "type": "azurerm_mssql_server_vulnerability_assessment",
      "name": "res-122",
      "provider": "provider[\"registry.terraform.io/hashicorp/azurerm\"]",
      "instances": [
        {
          "schema_version": 0,
          "attributes": {
            "id": "/subscriptions/2bd29ed6-34a6-42d7-8235-293e8ee67447/resourceGroups/AZMMCoreRG01/providers/Microsoft.Sql/servers/azmmsql01/vulnerabilityAssessments/Default",
            "recurring_scans": [
              {
                "email_subscription_admins": true,
                "emails": [],
                "enabled": false
              }
            ],
            "server_security_alert_policy_id": "/subscriptions/2bd29ed6-34a6-42d7-8235-293e8ee67447/resourceGroups/AZMMCoreRG01/providers/Microsoft.Sql/servers/azmmsql01/securityAlertPolicies/Default",
            "storage_account_access_key": null,
            "storage_container_path": "",
            "storage_container_sas_key": null,
            "timeouts": null
          },
          "sensitive_attributes": [],
          "private": "eyJlMmJmYjczMC1lY2FhLTExZTYtOGY4OC0zNDM2M2JjN2M0YzAiOnsiY3JlYXRlIjoxODAwMDAwMDAwMDAwLCJkZWxldGUiOjE4MDAwMDAwMDAwMDAsInJlYWQiOjMwMDAwMDAwMDAwMCwidXBkYXRlIjoxODAwMDAwMDAwMDAwfSwic2NoZW1hX3ZlcnNpb24iOiIwIn0="
        }
      ]
    },
    {
      "mode": "managed",
      "type": "azurerm_network_watcher",
      "name": "res-694",
      "provider": "provider[\"registry.terraform.io/hashicorp/azurerm\"]",
      "instances": [
        {
          "schema_version": 0,
          "attributes": {
            "id": "/subscriptions/2bd29ed6-34a6-42d7-8235-293e8ee67447/resourceGroups/NetworkWatcherRG/providers/Microsoft.Network/networkWatchers/NetworkWatcher_northeurope",
            "location": "northeurope",
            "name": "NetworkWatcher_northeurope",
            "resource_group_name": "NetworkWatcherRG",
            "tags": {},
            "timeouts": null
          },
          "sensitive_attributes": [],
          "private": "eyJlMmJmYjczMC1lY2FhLTExZTYtOGY4OC0zNDM2M2JjN2M0YzAiOnsiY3JlYXRlIjoxODAwMDAwMDAwMDAwLCJkZWxldGUiOjE4MDAwMDAwMDAwMDAsInJlYWQiOjMwMDAwMDAwMDAwMCwidXBkYXRlIjoxODAwMDAwMDAwMDAwfSwic2NoZW1hX3ZlcnNpb24iOiIwIn0="
        }
      ]
    },
    {
      "mode": "managed",
      "type": "azurerm_private_dns_a_record",
      "name": "res-1218",
      "provider": "provider[\"registry.terraform.io/hashicorp/azurerm\"]",
      "instances": [
        {
          "schema_version": 0,
          "attributes": {
            "fqdn": "azmmsql01.privatelink.database.windows.net.",
            "id": "/subscriptions/2bd29ed6-34a6-42d7-8235-293e8ee67447/resourceGroups/azmmcorerg01/providers/Microsoft.Network/privateDnsZones/privatelink.database.windows.net/A/azmmsql01",
            "name": "azmmsql01",
            "records": [
              "10.191.2.4"
            ],
            "resource_group_name": "azmmcorerg01",
            "tags": {},
            "timeouts": null,
            "ttl": 3600,
            "zone_name": "privatelink.database.windows.net"
          },
          "sensitive_attributes": [],
          "private": "eyJlMmJmYjczMC1lY2FhLTExZTYtOGY4OC0zNDM2M2JjN2M0YzAiOnsiY3JlYXRlIjoxODAwMDAwMDAwMDAwLCJkZWxldGUiOjE4MDAwMDAwMDAwMDAsInJlYWQiOjMwMDAwMDAwMDAwMCwidXBkYXRlIjoxODAwMDAwMDAwMDAwfSwic2NoZW1hX3ZlcnNpb24iOiIwIn0="
        }
      ]
    },
    {
      "mode": "managed",
      "type": "azurerm_private_dns_zone",
      "name": "res-6",
      "provider": "provider[\"registry.terraform.io/hashicorp/azurerm\"]",
      "instances": [
        {
          "schema_version": 0,
          "attributes": {
            "id": "/subscriptions/2bd29ed6-34a6-42d7-8235-293e8ee67447/resourceGroups/AZMMCoreRG01/providers/Microsoft.Network/privateDnsZones/privatelink.database.windows.net",
            "max_number_of_record_sets": 25000,
            "max_number_of_virtual_network_links": 1000,
            "max_number_of_virtual_network_links_with_registration": 100,
            "name": "privatelink.database.windows.net",
            "number_of_record_sets": 2,
            "resource_group_name": "AZMMCoreRG01",
            "soa_record": [
              {
                "email": "azureprivatedns-host.microsoft.com",
                "expire_time": 2419200,
                "fqdn": "privatelink.database.windows.net.",
                "host_name": "azureprivatedns.net",
                "minimum_ttl": 10,
                "refresh_time": 3600,
                "retry_time": 300,
                "serial_number": 1,
                "tags": {},
                "ttl": 3600
              }
            ],
            "tags": {},
            "timeouts": null
          },
          "sensitive_attributes": [],
          "private": "eyJlMmJmYjczMC1lY2FhLTExZTYtOGY4OC0zNDM2M2JjN2M0YzAiOnsiY3JlYXRlIjoxODAwMDAwMDAwMDAwLCJkZWxldGUiOjE4MDAwMDAwMDAwMDAsInJlYWQiOjMwMDAwMDAwMDAwMCwidXBkYXRlIjoxODAwMDAwMDAwMDAwfSwic2NoZW1hX3ZlcnNpb24iOiIwIn0="
        }
      ]
    },
    {
      "mode": "managed",
      "type": "azurerm_private_dns_zone_virtual_network_link",
      "name": "res-7",
      "provider": "provider[\"registry.terraform.io/hashicorp/azurerm\"]",
      "instances": [
        {
          "schema_version": 0,
          "attributes": {
            "id": "/subscriptions/2bd29ed6-34a6-42d7-8235-293e8ee67447/resourceGroups/AZMMCoreRG01/providers/Microsoft.Network/privateDnsZones/privatelink.database.windows.net/virtualNetworkLinks/mp2zoxnjsbkyw",
            "name": "mp2zoxnjsbkyw",
            "private_dns_zone_name": "privatelink.database.windows.net",
            "registration_enabled": false,
            "resource_group_name": "AZMMCoreRG01",
            "tags": {},
            "timeouts": null,
            "virtual_network_id": "/subscriptions/2bd29ed6-34a6-42d7-8235-293e8ee67447/resourceGroups/AZMMCoreRG01/providers/Microsoft.Network/virtualNetworks/AZMMVNET01"
          },
          "sensitive_attributes": [],
          "private": "eyJlMmJmYjczMC1lY2FhLTExZTYtOGY4OC0zNDM2M2JjN2M0YzAiOnsiY3JlYXRlIjoxODAwMDAwMDAwMDAwLCJkZWxldGUiOjE4MDAwMDAwMDAwMDAsInJlYWQiOjMwMDAwMDAwMDAwMCwidXBkYXRlIjoxODAwMDAwMDAwMDAwfSwic2NoZW1hX3ZlcnNpb24iOiIwIn0="
        }
      ]
    },
    {
      "mode": "managed",
      "type": "azurerm_private_endpoint",
      "name": "res-8",
      "provider": "provider[\"registry.terraform.io/hashicorp/azurerm\"]",
      "instances": [
        {
          "schema_version": 0,
          "attributes": {
            "custom_dns_configs": [
              {
                "fqdn": "azmmsql01.database.windows.net",
                "ip_addresses": [
                  "10.191.2.4"
                ]
              }
            ],
            "custom_network_interface_name": "",
            "id": "/subscriptions/2bd29ed6-34a6-42d7-8235-293e8ee67447/resourceGroups/AZMMCoreRG01/providers/Microsoft.Network/privateEndpoints/AZMMSQL01PEP01",
            "ip_configuration": [],
            "location": "northeurope",
            "name": "AZMMSQL01PEP01",
            "network_interface": [
              {
                "id": "/subscriptions/2bd29ed6-34a6-42d7-8235-293e8ee67447/resourceGroups/AZMMCoreRG01/providers/Microsoft.Network/networkInterfaces/AZMMSQL01PEP01.nic.82686e7e-b50e-492a-bc38-ef5db5ff4bed",
                "name": "AZMMSQL01PEP01.nic.82686e7e-b50e-492a-bc38-ef5db5ff4bed"
              }
            ],
            "private_dns_zone_configs": [],
            "private_dns_zone_group": [],
            "private_service_connection": [
              {
                "is_manual_connection": false,
                "name": "AZMMSQL01PEP01",
                "private_connection_resource_alias": "",
                "private_connection_resource_id": "/subscriptions/2bd29ed6-34a6-42d7-8235-293e8ee67447/resourceGroups/AZMMCoreRG01/providers/Microsoft.Sql/servers/azmmsql01",
                "private_ip_address": "10.191.2.4",
                "request_message": "",
                "subresource_names": [
                  "SqlServer"
                ]
              }
            ],
            "resource_group_name": "AZMMCoreRG01",
            "subnet_id": "/subscriptions/2bd29ed6-34a6-42d7-8235-293e8ee67447/resourceGroups/AZMMCoreRG01/providers/Microsoft.Network/virtualNetworks/AZMMVNET01/subnets/SQLSNET01",
            "tags": {},
            "timeouts": null
          },
          "sensitive_attributes": [],
          "private": "eyJlMmJmYjczMC1lY2FhLTExZTYtOGY4OC0zNDM2M2JjN2M0YzAiOnsiY3JlYXRlIjozNjAwMDAwMDAwMDAwLCJkZWxldGUiOjM2MDAwMDAwMDAwMDAsInJlYWQiOjMwMDAwMDAwMDAwMCwidXBkYXRlIjozNjAwMDAwMDAwMDAwfSwic2NoZW1hX3ZlcnNpb24iOiIwIn0="
        }
      ]
    },
    {
      "mode": "managed",
      "type": "azurerm_public_ip",
      "name": "res-9",
      "provider": "provider[\"registry.terraform.io/hashicorp/azurerm\"]",
      "instances": [
        {
          "schema_version": 0,
          "attributes": {
            "allocation_method": "Static",
            "ddos_protection_mode": "VirtualNetworkInherited",
            "ddos_protection_plan_id": null,
            "domain_name_label": null,
            "edge_zone": "",
            "fqdn": null,
            "id": "/subscriptions/2bd29ed6-34a6-42d7-8235-293e8ee67447/resourceGroups/AZMMCoreRG01/providers/Microsoft.Network/publicIPAddresses/AZMMAGW01PIP",
            "idle_timeout_in_minutes": 4,
            "ip_address": "98.71.72.6",
            "ip_tags": {},
            "ip_version": "IPv4",
            "location": "northeurope",
            "name": "AZMMAGW01PIP",
            "public_ip_prefix_id": null,
            "resource_group_name": "AZMMCoreRG01",
            "reverse_fqdn": null,
            "sku": "Standard",
            "sku_tier": "Regional",
            "tags": {},
            "timeouts": null,
            "zones": []
          },
          "sensitive_attributes": [],
          "private": "eyJlMmJmYjczMC1lY2FhLTExZTYtOGY4OC0zNDM2M2JjN2M0YzAiOnsiY3JlYXRlIjoxODAwMDAwMDAwMDAwLCJkZWxldGUiOjE4MDAwMDAwMDAwMDAsInJlYWQiOjMwMDAwMDAwMDAwMCwidXBkYXRlIjoxODAwMDAwMDAwMDAwfSwic2NoZW1hX3ZlcnNpb24iOiIwIn0="
        }
      ]
    },
    {
      "mode": "managed",
      "type": "azurerm_service_plan",
      "name": "res-123",
      "provider": "provider[\"registry.terraform.io/hashicorp/azurerm\"]",
      "instances": [
        {
          "schema_version": 1,
          "attributes": {
            "app_service_environment_id": "",
            "id": "/subscriptions/2bd29ed6-34a6-42d7-8235-293e8ee67447/resourceGroups/AZMMCoreRG01/providers/Microsoft.Web/serverFarms/AZMMASP01",
            "kind": "app",
            "location": "northeurope",
            "maximum_elastic_worker_count": 1,
            "name": "AZMMASP01",
            "os_type": "Windows",
            "per_site_scaling_enabled": false,
            "reserved": false,
            "resource_group_name": "AZMMCoreRG01",
            "sku_name": "S1",
            "tags": {},
            "timeouts": null,
            "worker_count": 1,
            "zone_balancing_enabled": false
          },
          "sensitive_attributes": [],
          "private": "eyJlMmJmYjczMC1lY2FhLTExZTYtOGY4OC0zNDM2M2JjN2M0YzAiOnsiY3JlYXRlIjozNjAwMDAwMDAwMDAwLCJkZWxldGUiOjM2MDAwMDAwMDAwMDAsInJlYWQiOjMwMDAwMDAwMDAwMCwidXBkYXRlIjozNjAwMDAwMDAwMDAwfSwic2NoZW1hX3ZlcnNpb24iOiIxIn0="
        }
      ]
    },
    {
      "mode": "managed",
      "type": "azurerm_subnet",
      "name": "res-11",
      "provider": "provider[\"registry.terraform.io/hashicorp/azurerm\"]",
      "instances": [
        {
          "schema_version": 0,
          "attributes": {
            "address_prefixes": [
              "10.191.3.0/24"
            ],
            "delegation": [],
            "enforce_private_link_endpoint_network_policies": true,
            "enforce_private_link_service_network_policies": false,
            "id": "/subscriptions/2bd29ed6-34a6-42d7-8235-293e8ee67447/resourceGroups/AZMMCoreRG01/providers/Microsoft.Network/virtualNetworks/AZMMVNET01/subnets/AGWSNET01",
            "name": "AGWSNET01",
            "private_endpoint_network_policies_enabled": false,
            "private_link_service_network_policies_enabled": true,
            "resource_group_name": "AZMMCoreRG01",
            "service_endpoint_policy_ids": [],
            "service_endpoints": [],
            "timeouts": null,
            "virtual_network_name": "AZMMVNET01"
          },
          "sensitive_attributes": [],
          "private": "eyJlMmJmYjczMC1lY2FhLTExZTYtOGY4OC0zNDM2M2JjN2M0YzAiOnsiY3JlYXRlIjoxODAwMDAwMDAwMDAwLCJkZWxldGUiOjE4MDAwMDAwMDAwMDAsInJlYWQiOjMwMDAwMDAwMDAwMCwidXBkYXRlIjoxODAwMDAwMDAwMDAwfSwic2NoZW1hX3ZlcnNpb24iOiIwIn0="
        }
      ]
    },
    {
      "mode": "managed",
      "type": "azurerm_subnet",
      "name": "res-12",
      "provider": "provider[\"registry.terraform.io/hashicorp/azurerm\"]",
      "instances": [
        {
          "schema_version": 0,
          "attributes": {
            "address_prefixes": [
              "10.191.1.0/24"
            ],
            "delegation": [
              {
                "name": "delegation",
                "service_delegation": [
                  {
                    "actions": [
                      "Microsoft.Network/virtualNetworks/subnets/action"
                    ],
                    "name": "Microsoft.Web/serverFarms"
                  }
                ]
              }
            ],
            "enforce_private_link_endpoint_network_policies": true,
            "enforce_private_link_service_network_policies": false,
            "id": "/subscriptions/2bd29ed6-34a6-42d7-8235-293e8ee67447/resourceGroups/AZMMCoreRG01/providers/Microsoft.Network/virtualNetworks/AZMMVNET01/subnets/AppSNET01",
            "name": "AppSNET01",
            "private_endpoint_network_policies_enabled": false,
            "private_link_service_network_policies_enabled": true,
            "resource_group_name": "AZMMCoreRG01",
            "service_endpoint_policy_ids": [],
            "service_endpoints": [
              "Microsoft.Storage"
            ],
            "timeouts": null,
            "virtual_network_name": "AZMMVNET01"
          },
          "sensitive_attributes": [],
          "private": "eyJlMmJmYjczMC1lY2FhLTExZTYtOGY4OC0zNDM2M2JjN2M0YzAiOnsiY3JlYXRlIjoxODAwMDAwMDAwMDAwLCJkZWxldGUiOjE4MDAwMDAwMDAwMDAsInJlYWQiOjMwMDAwMDAwMDAwMCwidXBkYXRlIjoxODAwMDAwMDAwMDAwfSwic2NoZW1hX3ZlcnNpb24iOiIwIn0="
        }
      ]
    },
    {
      "mode": "managed",
      "type": "azurerm_subnet",
      "name": "res-13",
      "provider": "provider[\"registry.terraform.io/hashicorp/azurerm\"]",
      "instances": [
        {
          "schema_version": 0,
          "attributes": {
            "address_prefixes": [
              "10.191.2.0/24"
            ],
            "delegation": [],
            "enforce_private_link_endpoint_network_policies": true,
            "enforce_private_link_service_network_policies": false,
            "id": "/subscriptions/2bd29ed6-34a6-42d7-8235-293e8ee67447/resourceGroups/AZMMCoreRG01/providers/Microsoft.Network/virtualNetworks/AZMMVNET01/subnets/SQLSNET01",
            "name": "SQLSNET01",
            "private_endpoint_network_policies_enabled": false,
            "private_link_service_network_policies_enabled": true,
            "resource_group_name": "AZMMCoreRG01",
            "service_endpoint_policy_ids": [],
            "service_endpoints": [],
            "timeouts": null,
            "virtual_network_name": "AZMMVNET01"
          },
          "sensitive_attributes": [],
          "private": "eyJlMmJmYjczMC1lY2FhLTExZTYtOGY4OC0zNDM2M2JjN2M0YzAiOnsiY3JlYXRlIjoxODAwMDAwMDAwMDAwLCJkZWxldGUiOjE4MDAwMDAwMDAwMDAsInJlYWQiOjMwMDAwMDAwMDAwMCwidXBkYXRlIjoxODAwMDAwMDAwMDAwfSwic2NoZW1hX3ZlcnNpb24iOiIwIn0="
        }
      ]
    },
    {
      "mode": "managed",
      "type": "azurerm_user_assigned_identity",
      "name": "res-4",
      "provider": "provider[\"registry.terraform.io/hashicorp/azurerm\"]",
      "instances": [
        {
          "schema_version": 1,
          "attributes": {
            "client_id": "35183d05-f601-4fae-9c71-0b221b85b653",
            "id": "/subscriptions/2bd29ed6-34a6-42d7-8235-293e8ee67447/resourceGroups/AZMMCoreRG01/providers/Microsoft.ManagedIdentity/userAssignedIdentities/AppGWManagedID",
            "location": "uksouth",
            "name": "AppGWManagedID",
            "principal_id": "ad8f1dc0-8a3a-4733-96a3-bedca459b6b6",
            "resource_group_name": "AZMMCoreRG01",
            "tags": {},
            "tenant_id": "3a243d17-3d9f-43e2-96a9-222d4b6fada1",
            "timeouts": null
          },
          "sensitive_attributes": [],
          "private": "eyJlMmJmYjczMC1lY2FhLTExZTYtOGY4OC0zNDM2M2JjN2M0YzAiOnsiY3JlYXRlIjoxODAwMDAwMDAwMDAwLCJkZWxldGUiOjE4MDAwMDAwMDAwMDAsInJlYWQiOjMwMDAwMDAwMDAwMCwidXBkYXRlIjoxODAwMDAwMDAwMDAwfSwic2NoZW1hX3ZlcnNpb24iOiIxIn0="
        }
      ]
    },
    {
      "mode": "managed",
      "type": "azurerm_virtual_network",
      "name": "res-10",
      "provider": "provider[\"registry.terraform.io/hashicorp/azurerm\"]",
      "instances": [
        {
          "schema_version": 0,
          "attributes": {
            "address_space": [
              "10.191.0.0/16"
            ],
            "bgp_community": "",
            "ddos_protection_plan": [],
            "dns_servers": [],
            "edge_zone": "",
            "encryption": [],
            "flow_timeout_in_minutes": 0,
            "guid": "bd5685f3-5b78-4e2b-88b7-1d494e52fa51",
            "id": "/subscriptions/2bd29ed6-34a6-42d7-8235-293e8ee67447/resourceGroups/AZMMCoreRG01/providers/Microsoft.Network/virtualNetworks/AZMMVNET01",
            "location": "northeurope",
            "name": "AZMMVNET01",
            "resource_group_name": "AZMMCoreRG01",
            "subnet": [
              {
                "address_prefix": "",
                "id": "/subscriptions/2bd29ed6-34a6-42d7-8235-293e8ee67447/resourceGroups/AZMMCoreRG01/providers/Microsoft.Network/virtualNetworks/AZMMVNET01/subnets/AppSNET01",
                "name": "AppSNET01",
                "security_group": ""
              },
              {
                "address_prefix": "",
                "id": "/subscriptions/2bd29ed6-34a6-42d7-8235-293e8ee67447/resourceGroups/AZMMCoreRG01/providers/Microsoft.Network/virtualNetworks/AZMMVNET01/subnets/SQLSNET01",
                "name": "SQLSNET01",
                "security_group": ""
              },
              {
                "address_prefix": "10.191.3.0/24",
                "id": "/subscriptions/2bd29ed6-34a6-42d7-8235-293e8ee67447/resourceGroups/AZMMCoreRG01/providers/Microsoft.Network/virtualNetworks/AZMMVNET01/subnets/AGWSNET01",
                "name": "AGWSNET01",
                "security_group": ""
              }
            ],
            "tags": {},
            "timeouts": null
          },
          "sensitive_attributes": [],
          "private": "eyJlMmJmYjczMC1lY2FhLTExZTYtOGY4OC0zNDM2M2JjN2M0YzAiOnsiY3JlYXRlIjoxODAwMDAwMDAwMDAwLCJkZWxldGUiOjE4MDAwMDAwMDAwMDAsInJlYWQiOjMwMDAwMDAwMDAwMCwidXBkYXRlIjoxODAwMDAwMDAwMDAwfSwic2NoZW1hX3ZlcnNpb24iOiIwIn0="
        }
      ]
    },
    {
      "mode": "managed",
      "type": "azurerm_windows_web_app",
      "name": "res-1044",
      "provider": "provider[\"registry.terraform.io/hashicorp/azurerm\"]",
      "instances": [
        {
          "schema_version": 1,
          "attributes": {
            "app_settings": {
              "APPLICATIONINSIGHTS_CONNECTION_STRING": "InstrumentationKey=e62501d5-31c1-45f2-a54e-8ea998494ed0;IngestionEndpoint=https://northeurope-2.in.applicationinsights.azure.com/;LiveEndpoint=https://northeurope.livediagnostics.monitor.azure.com/",
              "ApplicationInsightsAgent_EXTENSION_VERSION": "~2",
              "MM_DEFAULT_VERSION": "mmakerlta",
              "MM_EXTENSION_VERSION": "n4-UL:g5aHw%et+Wt!r}i%$Hm6q4T%CupX2B8M)ftbco]*!?g%",
              "WEBSITE_TIME_ZONE": "GMT Standard Time",
              "XDT_MicrosoftApplicationInsights_Mode": "default"
            },
            "auth_settings": [],
            "auth_settings_v2": [],
            "backup": [],
            "client_affinity_enabled": true,
            "client_certificate_enabled": false,
            "client_certificate_exclusion_paths": "",
            "client_certificate_mode": "Required",
            "connection_string": [
              {
                "name": "mmakerConnString",
                "type": "SQLAzure",
                "value": "data source=tcp:azmmsql01.database.windows.net;initial catalog=2179;persist security info=True;App=EntityFramework;Connection Timeout=60"
              }
            ],
            "custom_domain_verification_id": "EA2B5C6DFFF05CD3A5CFDE9FF197F4301B841E4151EE80825F650F63C51B959E",
            "default_hostname": "lta-matchmakersoftware.azurewebsites.net",
            "enabled": true,
            "ftp_publish_basic_authentication_enabled": true,
            "hosting_environment_id": "",
            "https_only": true,
            "id": "/subscriptions/2bd29ed6-34a6-42d7-8235-293e8ee67447/resourceGroups/azmmclientapps/providers/Microsoft.Web/sites/lta-matchmakersoftware",
            "identity": [
              {
                "identity_ids": [],
                "principal_id": "5eb0f780-26db-4d08-a7c2-438a4a70ee8d",
                "tenant_id": "3a243d17-3d9f-43e2-96a9-222d4b6fada1",
                "type": "SystemAssigned"
              }
            ],
            "key_vault_reference_identity_id": "SystemAssigned",
            "kind": "app",
            "location": "northeurope",
            "logs": [
              {
                "application_logs": [],
                "detailed_error_messages": true,
                "failed_request_tracing": false,
                "http_logs": []
              }
            ],
            "name": "lta-matchmakersoftware",
            "outbound_ip_address_list": [
              "20.67.168.247",
              "20.67.169.146",
              "20.67.169.223",
              "20.67.170.0",
              "20.67.170.202",
              "20.67.170.220",
              "20.107.224.17"
            ],
            "outbound_ip_addresses": "20.67.168.247,20.67.169.146,20.67.169.223,20.67.170.0,20.67.170.202,20.67.170.220,20.107.224.17",
            "possible_outbound_ip_address_list": [
              "20.67.168.247",
              "20.67.169.146",
              "20.67.169.223",
              "20.67.170.0",
              "20.67.170.202",
              "20.67.170.220",
              "20.67.171.99",
              "20.67.171.129",
              "20.67.172.9",
              "20.67.172.91",
              "20.67.172.243",
              "20.67.173.5",
              "20.67.173.29",
              "20.67.173.31",
              "20.67.173.176",
              "20.67.174.57",
              "20.67.174.66",
              "20.67.174.208",
              "20.67.174.221",
              "20.67.174.223",
              "20.67.174.227",
              "20.67.174.238",
              "20.67.173.18",
              "20.67.175.27",
              "20.67.175.30",
              "20.67.175.41",
              "20.67.175.50",
              "20.67.175.65",
              "20.67.175.89",
              "20.67.175.91",
              "20.107.224.17"
            ],
            "possible_outbound_ip_addresses": "20.67.168.247,20.67.169.146,20.67.169.223,20.67.170.0,20.67.170.202,20.67.170.220,20.67.171.99,20.67.171.129,20.67.172.9,20.67.172.91,20.67.172.243,20.67.173.5,20.67.173.29,20.67.173.31,20.67.173.176,20.67.174.57,20.67.174.66,20.67.174.208,20.67.174.221,20.67.174.223,20.67.174.227,20.67.174.238,20.67.173.18,20.67.175.27,20.67.175.30,20.67.175.41,20.67.175.50,20.67.175.65,20.67.175.89,20.67.175.91,20.107.224.17",
            "public_network_access_enabled": true,
            "resource_group_name": "azmmclientapps",
            "service_plan_id": "/subscriptions/2bd29ed6-34a6-42d7-8235-293e8ee67447/resourceGroups/AZMMCoreRG01/providers/Microsoft.Web/serverFarms/AZMMASP01",
            "site_config": [
              {
                "always_on": true,
                "api_definition_url": "",
                "api_management_api_id": "",
                "app_command_line": "",
                "application_stack": [
                  {
                    "current_stack": "dotnet",
                    "docker_container_name": "",
                    "docker_container_registry": "",
                    "docker_container_tag": "",
                    "docker_image_name": "",
                    "docker_registry_password": "",
                    "docker_registry_url": "",
                    "docker_registry_username": "",
                    "dotnet_core_version": "",
                    "dotnet_version": "v7.0",
                    "java_container": "",
                    "java_container_version": "",
                    "java_embedded_server_enabled": false,
                    "java_version": "",
                    "node_version": "",
                    "php_version": "Off",
                    "python": false,
                    "python_version": "",
                    "tomcat_version": ""
                  }
                ],
                "auto_heal_enabled": false,
                "auto_heal_setting": [],
                "container_registry_managed_identity_client_id": "",
                "container_registry_use_managed_identity": false,
                "cors": [],
                "default_documents": [
                  "Default.htm",
                  "Default.html",
                  "Default.asp",
                  "index.htm",
                  "index.html",
                  "iisstart.htm",
                  "default.aspx",
                  "index.php",
                  "hostingstart.html"
                ],
                "detailed_error_logging_enabled": true,
                "ftps_state": "FtpsOnly",
                "health_check_eviction_time_in_min": 0,
                "health_check_path": "",
                "http2_enabled": false,
                "ip_restriction": [
                  {
                    "action": "Allow",
                    "description": "AccessFromAppGateway",
                    "headers": [],
                    "ip_address": "",
                    "name": "",
                    "priority": 200,
                    "service_tag": "GatewayManager",
                    "virtual_network_subnet_id": ""
                  },
                  {
                    "action": "Allow",
                    "description": "Applicaiton Gateway FrontEnd",
                    "headers": [],
                    "ip_address": "98.71.72.6/32",
                    "name": "ApplicationGateway",
                    "priority": 300,
                    "service_tag": "",
                    "virtual_network_subnet_id": ""
                  },
                  {
                    "action": "Allow",
                    "description": "MatchMaker Office",
                    "headers": [],
                    "ip_address": "217.37.57.250/32",
                    "name": "MatchMakerOffice",
                    "priority": 400,
                    "service_tag": "",
                    "virtual_network_subnet_id": ""
                  }
                ],
                "ip_restriction_default_action": "Deny",
                "linux_fx_version": "",
                "load_balancing_mode": "LeastRequests",
                "local_mysql_enabled": false,
                "managed_pipeline_mode": "Integrated",
                "minimum_tls_version": "1.2",
                "remote_debugging_enabled": false,
                "remote_debugging_version": "VS2019",
                "scm_ip_restriction": [],
                "scm_ip_restriction_default_action": "Allow",
                "scm_minimum_tls_version": "1.2",
                "scm_type": "None",
                "scm_use_main_ip_restriction": false,
                "use_32_bit_worker": false,
                "virtual_application": [],
                "vnet_route_all_enabled": true,
                "websockets_enabled": true,
                "windows_fx_version": "",
                "worker_count": 1
              }
            ],
            "site_credential": [
              {
                "name": "$lta-matchmakersoftware",
                "password": "D7vq5zxF8QKAMZScboi9wkfCkfi66DJKrzgFT8joigYfWCqhrS9xtd8acouc"
              }
            ],
            "sticky_settings": [
              {
                "app_setting_names": [
                  "WEBSITE_TIME_ZONE"
                ],
                "connection_string_names": []
              }
            ],
            "storage_account": [],
            "tags": {},
            "timeouts": null,
            "virtual_network_subnet_id": "/subscriptions/2bd29ed6-34a6-42d7-8235-293e8ee67447/resourceGroups/AZMMCoreRG01/providers/Microsoft.Network/virtualNetworks/AZMMVNET01/subnets/AppSNET01",
            "webdeploy_publish_basic_authentication_enabled": true,
            "zip_deploy_file": ""
          },
          "sensitive_attributes": [],
          "private": "eyJlMmJmYjczMC1lY2FhLTExZTYtOGY4OC0zNDM2M2JjN2M0YzAiOnsiY3JlYXRlIjoxODAwMDAwMDAwMDAwLCJkZWxldGUiOjE4MDAwMDAwMDAwMDAsInJlYWQiOjMwMDAwMDAwMDAwMCwidXBkYXRlIjoxODAwMDAwMDAwMDAwfSwic2NoZW1hX3ZlcnNpb24iOiIxIn0="
        }
      ]
    },
    {
      "mode": "managed",
      "type": "azurerm_windows_web_app",
      "name": "res-696",
      "provider": "provider[\"registry.terraform.io/hashicorp/azurerm\"]",
      "instances": [
        {
          "schema_version": 1,
          "attributes": {
            "app_settings": {
              "MM_DEFAULT_VERSION": "mmakerah",
              "MM_EXTENSION_VERSION": "\u0026_#;|,N,FTX{SQs\\i*{n(c(x\\Z|A1qS,^VVjX#[20{Z7)7;$f6",
              "WEBSITE_TIME_ZONE": "GMT Standard Time"
            },
            "auth_settings": [],
            "auth_settings_v2": [],
            "backup": [],
            "client_affinity_enabled": true,
            "client_certificate_enabled": false,
            "client_certificate_exclusion_paths": "",
            "client_certificate_mode": "Required",
            "connection_string": [
              {
                "name": "mmakerConnString",
                "type": "SQLAzure",
                "value": "data source=tcp:azmmsql01.database.windows.net;initial catalog=17008;persist security info=True;App=EntityFramework;Connection Timeout=60"
              }
            ],
            "custom_domain_verification_id": "EA2B5C6DFFF05CD3A5CFDE9FF197F4301B841E4151EE80825F650F63C51B959E",
            "default_hostname": "applehealth-matchmakersoftware.azurewebsites.net",
            "enabled": true,
            "ftp_publish_basic_authentication_enabled": true,
            "hosting_environment_id": "",
            "https_only": true,
            "id": "/subscriptions/2bd29ed6-34a6-42d7-8235-293e8ee67447/resourceGroups/azmmclientapps/providers/Microsoft.Web/sites/applehealth-matchmakersoftware",
            "identity": [
              {
                "identity_ids": [],
                "principal_id": "18a9d361-97c4-4d57-98f2-d3e7744b3787",
                "tenant_id": "3a243d17-3d9f-43e2-96a9-222d4b6fada1",
                "type": "SystemAssigned"
              }
            ],
            "key_vault_reference_identity_id": "SystemAssigned",
            "kind": "app",
            "location": "northeurope",
            "logs": [
              {
                "application_logs": [],
                "detailed_error_messages": true,
                "failed_request_tracing": false,
                "http_logs": []
              }
            ],
            "name": "applehealth-matchmakersoftware",
            "outbound_ip_address_list": [
              "20.67.168.247",
              "20.67.169.146",
              "20.67.169.223",
              "20.67.170.0",
              "20.67.170.202",
              "20.67.170.220",
              "20.107.224.17"
            ],
            "outbound_ip_addresses": "20.67.168.247,20.67.169.146,20.67.169.223,20.67.170.0,20.67.170.202,20.67.170.220,20.107.224.17",
            "possible_outbound_ip_address_list": [
              "20.67.168.247",
              "20.67.169.146",
              "20.67.169.223",
              "20.67.170.0",
              "20.67.170.202",
              "20.67.170.220",
              "20.67.171.99",
              "20.67.171.129",
              "20.67.172.9",
              "20.67.172.91",
              "20.67.172.243",
              "20.67.173.5",
              "20.67.173.29",
              "20.67.173.31",
              "20.67.173.176",
              "20.67.174.57",
              "20.67.174.66",
              "20.67.174.208",
              "20.67.174.221",
              "20.67.174.223",
              "20.67.174.227",
              "20.67.174.238",
              "20.67.173.18",
              "20.67.175.27",
              "20.67.175.30",
              "20.67.175.41",
              "20.67.175.50",
              "20.67.175.65",
              "20.67.175.89",
              "20.67.175.91",
              "20.107.224.17"
            ],
            "possible_outbound_ip_addresses": "20.67.168.247,20.67.169.146,20.67.169.223,20.67.170.0,20.67.170.202,20.67.170.220,20.67.171.99,20.67.171.129,20.67.172.9,20.67.172.91,20.67.172.243,20.67.173.5,20.67.173.29,20.67.173.31,20.67.173.176,20.67.174.57,20.67.174.66,20.67.174.208,20.67.174.221,20.67.174.223,20.67.174.227,20.67.174.238,20.67.173.18,20.67.175.27,20.67.175.30,20.67.175.41,20.67.175.50,20.67.175.65,20.67.175.89,20.67.175.91,20.107.224.17",
            "public_network_access_enabled": true,
            "resource_group_name": "azmmclientapps",
            "service_plan_id": "/subscriptions/2bd29ed6-34a6-42d7-8235-293e8ee67447/resourceGroups/AZMMCoreRG01/providers/Microsoft.Web/serverFarms/AZMMASP01",
            "site_config": [
              {
                "always_on": true,
                "api_definition_url": "",
                "api_management_api_id": "",
                "app_command_line": "",
                "application_stack": [
                  {
                    "current_stack": "dotnetcore",
                    "docker_container_name": "",
                    "docker_container_registry": "",
                    "docker_container_tag": "",
                    "docker_image_name": "",
                    "docker_registry_password": "",
                    "docker_registry_url": "",
                    "docker_registry_username": "",
                    "dotnet_core_version": "v8.0",
                    "dotnet_version": "",
                    "java_container": "",
                    "java_container_version": "",
                    "java_embedded_server_enabled": false,
                    "java_version": "",
                    "node_version": "6.9.1",
                    "php_version": "5.6",
                    "python": false,
                    "python_version": "",
                    "tomcat_version": ""
                  }
                ],
                "auto_heal_enabled": false,
                "auto_heal_setting": [],
                "container_registry_managed_identity_client_id": "",
                "container_registry_use_managed_identity": false,
                "cors": [],
                "default_documents": [
                  "Default.htm",
                  "Default.html",
                  "Default.asp",
                  "index.htm",
                  "index.html",
                  "iisstart.htm",
                  "default.aspx",
                  "index.php",
                  "hostingstart.html"
                ],
                "detailed_error_logging_enabled": true,
                "ftps_state": "FtpsOnly",
                "health_check_eviction_time_in_min": 0,
                "health_check_path": "",
                "http2_enabled": false,
                "ip_restriction": [
                  {
                    "action": "Allow",
                    "description": "AccessFromAppGateway",
                    "headers": [],
                    "ip_address": "",
                    "name": "",
                    "priority": 200,
                    "service_tag": "GatewayManager",
                    "virtual_network_subnet_id": ""
                  },
                  {
                    "action": "Allow",
                    "description": "Applicaiton Gateway FrontEnd",
                    "headers": [],
                    "ip_address": "98.71.72.6/32",
                    "name": "ApplicationGateway",
                    "priority": 300,
                    "service_tag": "",
                    "virtual_network_subnet_id": ""
                  },
                  {
                    "action": "Allow",
                    "description": "MatchMaker Office",
                    "headers": [],
                    "ip_address": "217.37.57.250/32",
                    "name": "MatchMakerOffice",
                    "priority": 400,
                    "service_tag": "",
                    "virtual_network_subnet_id": ""
                  }
                ],
                "ip_restriction_default_action": "Deny",
                "linux_fx_version": "",
                "load_balancing_mode": "LeastRequests",
                "local_mysql_enabled": false,
                "managed_pipeline_mode": "Integrated",
                "minimum_tls_version": "1.2",
                "remote_debugging_enabled": false,
                "remote_debugging_version": "VS2019",
                "scm_ip_restriction": [],
                "scm_ip_restriction_default_action": "Allow",
                "scm_minimum_tls_version": "1.2",
                "scm_type": "None",
                "scm_use_main_ip_restriction": false,
                "use_32_bit_worker": false,
                "virtual_application": [],
                "vnet_route_all_enabled": true,
                "websockets_enabled": true,
                "windows_fx_version": "",
                "worker_count": 1
              }
            ],
            "site_credential": [
              {
                "name": "$applehealth-matchmakersoftware",
                "password": "hkDYzJrCAbjwjtxXdvpMzThFmT0dJfu3S6w3127yEGedckgQroL2uvf2kMjR"
              }
            ],
            "sticky_settings": [],
            "storage_account": [],
            "tags": {},
            "timeouts": null,
            "virtual_network_subnet_id": "/subscriptions/2bd29ed6-34a6-42d7-8235-293e8ee67447/resourceGroups/AZMMCoreRG01/providers/Microsoft.Network/virtualNetworks/AZMMVNET01/subnets/AppSNET01",
            "webdeploy_publish_basic_authentication_enabled": true,
            "zip_deploy_file": ""
          },
          "sensitive_attributes": [],
          "private": "eyJlMmJmYjczMC1lY2FhLTExZTYtOGY4OC0zNDM2M2JjN2M0YzAiOnsiY3JlYXRlIjoxODAwMDAwMDAwMDAwLCJkZWxldGUiOjE4MDAwMDAwMDAwMDAsInJlYWQiOjMwMDAwMDAwMDAwMCwidXBkYXRlIjoxODAwMDAwMDAwMDAwfSwic2NoZW1hX3ZlcnNpb24iOiIxIn0="
        }
      ]
    },
    {
      "mode": "managed",
      "type": "azurerm_windows_web_app",
      "name": "res-870",
      "provider": "provider[\"registry.terraform.io/hashicorp/azurerm\"]",
      "instances": [
        {
          "schema_version": 1,
          "attributes": {
            "app_settings": {
              "MM_DEFAULT_VERSION": "mmakerdt",
              "MM_EXTENSION_VERSION": "\u0026)ku4\\92MxA_j|\u003e*V,YS(@(#3=Ivs4\u003c*0k^mwzpiS7JWe4QjC(",
              "WEBSITE_TIME_ZONE": "GMT Standard Time"
            },
            "auth_settings": [],
            "auth_settings_v2": [],
            "backup": [],
            "client_affinity_enabled": true,
            "client_certificate_enabled": false,
            "client_certificate_exclusion_paths": "",
            "client_certificate_mode": "Required",
            "connection_string": [
              {
                "name": "mmakerConnString",
                "type": "SQLAzure",
                "value": "data source=tcp:azmmsql01.database.windows.net;initial catalog=17009;persist security info=True;App=EntityFramework;Connection Timeout=60"
              }
            ],
            "custom_domain_verification_id": "EA2B5C6DFFF05CD3A5CFDE9FF197F4301B841E4151EE80825F650F63C51B959E",
            "default_hostname": "dt-matchmakersoftware.azurewebsites.net",
            "enabled": true,
            "ftp_publish_basic_authentication_enabled": true,
            "hosting_environment_id": "",
            "https_only": true,
            "id": "/subscriptions/2bd29ed6-34a6-42d7-8235-293e8ee67447/resourceGroups/azmmclientapps/providers/Microsoft.Web/sites/dt-matchmakersoftware",
            "identity": [
              {
                "identity_ids": [],
                "principal_id": "afb8ba03-55e4-4767-821c-aa267e1e0190",
                "tenant_id": "3a243d17-3d9f-43e2-96a9-222d4b6fada1",
                "type": "SystemAssigned"
              }
            ],
            "key_vault_reference_identity_id": "SystemAssigned",
            "kind": "app",
            "location": "northeurope",
            "logs": [
              {
                "application_logs": [],
                "detailed_error_messages": true,
                "failed_request_tracing": false,
                "http_logs": []
              }
            ],
            "name": "dt-matchmakersoftware",
            "outbound_ip_address_list": [
              "20.67.168.247",
              "20.67.169.146",
              "20.67.169.223",
              "20.67.170.0",
              "20.67.170.202",
              "20.67.170.220",
              "20.107.224.17"
            ],
            "outbound_ip_addresses": "20.67.168.247,20.67.169.146,20.67.169.223,20.67.170.0,20.67.170.202,20.67.170.220,20.107.224.17",
            "possible_outbound_ip_address_list": [
              "20.67.168.247",
              "20.67.169.146",
              "20.67.169.223",
              "20.67.170.0",
              "20.67.170.202",
              "20.67.170.220",
              "20.67.171.99",
              "20.67.171.129",
              "20.67.172.9",
              "20.67.172.91",
              "20.67.172.243",
              "20.67.173.5",
              "20.67.173.29",
              "20.67.173.31",
              "20.67.173.176",
              "20.67.174.57",
              "20.67.174.66",
              "20.67.174.208",
              "20.67.174.221",
              "20.67.174.223",
              "20.67.174.227",
              "20.67.174.238",
              "20.67.173.18",
              "20.67.175.27",
              "20.67.175.30",
              "20.67.175.41",
              "20.67.175.50",
              "20.67.175.65",
              "20.67.175.89",
              "20.67.175.91",
              "20.107.224.17"
            ],
            "possible_outbound_ip_addresses": "20.67.168.247,20.67.169.146,20.67.169.223,20.67.170.0,20.67.170.202,20.67.170.220,20.67.171.99,20.67.171.129,20.67.172.9,20.67.172.91,20.67.172.243,20.67.173.5,20.67.173.29,20.67.173.31,20.67.173.176,20.67.174.57,20.67.174.66,20.67.174.208,20.67.174.221,20.67.174.223,20.67.174.227,20.67.174.238,20.67.173.18,20.67.175.27,20.67.175.30,20.67.175.41,20.67.175.50,20.67.175.65,20.67.175.89,20.67.175.91,20.107.224.17",
            "public_network_access_enabled": true,
            "resource_group_name": "azmmclientapps",
            "service_plan_id": "/subscriptions/2bd29ed6-34a6-42d7-8235-293e8ee67447/resourceGroups/AZMMCoreRG01/providers/Microsoft.Web/serverFarms/AZMMASP01",
            "site_config": [
              {
                "always_on": true,
                "api_definition_url": "",
                "api_management_api_id": "",
                "app_command_line": "",
                "application_stack": [
                  {
                    "current_stack": "dotnetcore",
                    "docker_container_name": "",
                    "docker_container_registry": "",
                    "docker_container_tag": "",
                    "docker_image_name": "",
                    "docker_registry_password": "",
                    "docker_registry_url": "",
                    "docker_registry_username": "",
                    "dotnet_core_version": "v8.0",
                    "dotnet_version": "",
                    "java_container": "",
                    "java_container_version": "",
                    "java_embedded_server_enabled": false,
                    "java_version": "",
                    "node_version": "6.9.1",
                    "php_version": "5.6",
                    "python": false,
                    "python_version": "",
                    "tomcat_version": ""
                  }
                ],
                "auto_heal_enabled": false,
                "auto_heal_setting": [],
                "container_registry_managed_identity_client_id": "",
                "container_registry_use_managed_identity": false,
                "cors": [],
                "default_documents": [
                  "Default.htm",
                  "Default.html",
                  "Default.asp",
                  "index.htm",
                  "index.html",
                  "iisstart.htm",
                  "default.aspx",
                  "index.php",
                  "hostingstart.html"
                ],
                "detailed_error_logging_enabled": true,
                "ftps_state": "FtpsOnly",
                "health_check_eviction_time_in_min": 0,
                "health_check_path": "",
                "http2_enabled": false,
                "ip_restriction": [
                  {
                    "action": "Allow",
                    "description": "AccessFromAppGateway",
                    "headers": [],
                    "ip_address": "",
                    "name": "",
                    "priority": 200,
                    "service_tag": "GatewayManager",
                    "virtual_network_subnet_id": ""
                  },
                  {
                    "action": "Allow",
                    "description": "Applicaiton Gateway FrontEnd",
                    "headers": [],
                    "ip_address": "98.71.72.6/32",
                    "name": "ApplicationGateway",
                    "priority": 300,
                    "service_tag": "",
                    "virtual_network_subnet_id": ""
                  },
                  {
                    "action": "Allow",
                    "description": "MatchMaker Office",
                    "headers": [],
                    "ip_address": "217.37.57.250/32",
                    "name": "MatchMakerOffice",
                    "priority": 400,
                    "service_tag": "",
                    "virtual_network_subnet_id": ""
                  }
                ],
                "ip_restriction_default_action": "Deny",
                "linux_fx_version": "",
                "load_balancing_mode": "LeastRequests",
                "local_mysql_enabled": false,
                "managed_pipeline_mode": "Integrated",
                "minimum_tls_version": "1.2",
                "remote_debugging_enabled": false,
                "remote_debugging_version": "VS2019",
                "scm_ip_restriction": [],
                "scm_ip_restriction_default_action": "Allow",
                "scm_minimum_tls_version": "1.2",
                "scm_type": "None",
                "scm_use_main_ip_restriction": false,
                "use_32_bit_worker": false,
                "virtual_application": [],
                "vnet_route_all_enabled": true,
                "websockets_enabled": true,
                "windows_fx_version": "",
                "worker_count": 1
              }
            ],
            "site_credential": [
              {
                "name": "$dt-matchmakersoftware",
                "password": "2cHcdtGvntp8Qicu7dyd4XiXnRr6fo5pxMS5LLxbJ6s7ifsElBsdjd3aeMzH"
              }
            ],
            "sticky_settings": [],
            "storage_account": [],
            "tags": {},
            "timeouts": null,
            "virtual_network_subnet_id": "/subscriptions/2bd29ed6-34a6-42d7-8235-293e8ee67447/resourceGroups/AZMMCoreRG01/providers/Microsoft.Network/virtualNetworks/AZMMVNET01/subnets/AppSNET01",
            "webdeploy_publish_basic_authentication_enabled": true,
            "zip_deploy_file": ""
          },
          "sensitive_attributes": [],
          "private": "eyJlMmJmYjczMC1lY2FhLTExZTYtOGY4OC0zNDM2M2JjN2M0YzAiOnsiY3JlYXRlIjoxODAwMDAwMDAwMDAwLCJkZWxldGUiOjE4MDAwMDAwMDAwMDAsInJlYWQiOjMwMDAwMDAwMDAwMCwidXBkYXRlIjoxODAwMDAwMDAwMDAwfSwic2NoZW1hX3ZlcnNpb24iOiIxIn0="
        }
      ]
    }
  ],
  "check_results": null
}
