{
  "version": 4,
  "terraform_version": "1.7.3",
  "serial": 38,
  "lineage": "dc4d2936-75a1-7880-f7d2-16ec2ebea578",
  "outputs": {},
  "resources": [
    {
      "mode": "managed",
      "type": "azurerm_app_service_certificate",
      "name": "azmmclientrg-365",
      "provider": "provider[\"registry.terraform.io/hashicorp/azurerm\"]",
      "instances": [
        {
          "schema_version": 0,
          "attributes": {
            "app_service_plan_id": null,
            "expiration_date": "2025-04-01T23:59:59Z",
            "friendly_name": "",
            "host_names": [
              "*.matchmakersoftware.com",
              "matchmakersoftware.com"
            ],
            "hosting_environment_profile_id": null,
            "id": "/subscriptions/2bd29ed6-34a6-42d7-8235-293e8ee67447/resourceGroups/azmmclientapps/providers/Microsoft.Web/certificates/AZMMKV01-MMWildcardKV2024",
            "issue_date": "2024-03-01T00:00:00Z",
            "issuer": "RapidSSL TLS RSA CA G1",
            "key_vault_id": null,
            "key_vault_secret_id": "https://azmmkv01.vault.azure.net/secrets/MMWildcardKV2024/e1fac60ef8e54c1bba8d835bd1fb0d52",
            "location": "northeurope",
            "name": "AZMMKV01-MMWildcardKV2024",
            "password": null,
            "pfx_blob": null,
            "resource_group_name": "azmmclientapps",
            "subject_name": "*.matchmakersoftware.com,matchmakersoftware.com",
            "tags": {},
            "thumbprint": "151F4496652008C418E6F2CC1EF1407317A20C49",
            "timeouts": null
          },
          "sensitive_attributes": [],
          "private": "eyJlMmJmYjczMC1lY2FhLTExZTYtOGY4OC0zNDM2M2JjN2M0YzAiOnsiY3JlYXRlIjoxODAwMDAwMDAwMDAwLCJkZWxldGUiOjE4MDAwMDAwMDAwMDAsInJlYWQiOjMwMDAwMDAwMDAwMCwidXBkYXRlIjoxODAwMDAwMDAwMDAwfX0=",
          "dependencies": [
            "azurerm_resource_group.azmmclientrg-0"
          ]
        }
      ]
    },
    {
      "mode": "managed",
      "type": "azurerm_app_service_custom_hostname_binding",
      "name": "azmmclientrg-187",
      "provider": "provider[\"registry.terraform.io/hashicorp/azurerm\"]",
      "instances": [
        {
          "schema_version": 0,
          "attributes": {
            "app_service_name": "dt-matchmakersoftware",
            "hostname": "dt-matchmakersoftware.azurewebsites.net",
            "id": "/subscriptions/2bd29ed6-34a6-42d7-8235-293e8ee67447/resourceGroups/AZMMClientApps/providers/Microsoft.Web/sites/dt-matchmakersoftware/hostNameBindings/dt-matchmakersoftware.azurewebsites.net",
            "resource_group_name": "AZMMClientApps",
            "ssl_state": "",
            "thumbprint": "",
            "timeouts": null,
            "virtual_ip": ""
          },
          "sensitive_attributes": [],
          "private": "eyJlMmJmYjczMC1lY2FhLTExZTYtOGY4OC0zNDM2M2JjN2M0YzAiOnsiY3JlYXRlIjoxODAwMDAwMDAwMDAwLCJkZWxldGUiOjE4MDAwMDAwMDAwMDAsInJlYWQiOjMwMDAwMDAwMDAwMH0sInNjaGVtYV92ZXJzaW9uIjoiMCJ9",
          "dependencies": [
            "azurerm_resource_group.azmmclientrg-0",
            "azurerm_windows_web_app.azmmclientrg-182"
          ]
        }
      ]
    },
    {
      "mode": "managed",
      "type": "azurerm_app_service_custom_hostname_binding",
      "name": "azmmclientrg-188",
      "provider": "provider[\"registry.terraform.io/hashicorp/azurerm\"]",
      "instances": [
        {
          "schema_version": 0,
          "attributes": {
            "app_service_name": "dt-matchmakersoftware",
            "hostname": "dt.matchmakersoftware.com",
            "id": "/subscriptions/2bd29ed6-34a6-42d7-8235-293e8ee67447/resourceGroups/AZMMClientApps/providers/Microsoft.Web/sites/dt-matchmakersoftware/hostNameBindings/dt.matchmakersoftware.com",
            "resource_group_name": "AZMMClientApps",
            "ssl_state": "SniEnabled",
            "thumbprint": "151F4496652008C418E6F2CC1EF1407317A20C49",
            "timeouts": null,
            "virtual_ip": ""
          },
          "sensitive_attributes": [],
          "private": "eyJlMmJmYjczMC1lY2FhLTExZTYtOGY4OC0zNDM2M2JjN2M0YzAiOnsiY3JlYXRlIjoxODAwMDAwMDAwMDAwLCJkZWxldGUiOjE4MDAwMDAwMDAwMDAsInJlYWQiOjMwMDAwMDAwMDAwMH0sInNjaGVtYV92ZXJzaW9uIjoiMCJ9",
          "dependencies": [
            "azurerm_resource_group.azmmclientrg-0",
            "azurerm_windows_web_app.azmmclientrg-182"
          ]
        }
      ]
    },
    {
      "mode": "managed",
      "type": "azurerm_app_service_custom_hostname_binding",
      "name": "azmmclientrg-371",
      "provider": "provider[\"registry.terraform.io/hashicorp/azurerm\"]",
      "instances": [
        {
          "schema_version": 0,
          "attributes": {
            "app_service_name": "lta-matchmakersoftware",
            "hostname": "lta-matchmakersoftware.azurewebsites.net",
            "id": "/subscriptions/2bd29ed6-34a6-42d7-8235-293e8ee67447/resourceGroups/azmmclientapps/providers/Microsoft.Web/sites/lta-matchmakersoftware/hostNameBindings/lta-matchmakersoftware.azurewebsites.net",
            "resource_group_name": "azmmclientapps",
            "ssl_state": "",
            "thumbprint": "",
            "timeouts": null,
            "virtual_ip": ""
          },
          "sensitive_attributes": [],
          "private": "eyJlMmJmYjczMC1lY2FhLTExZTYtOGY4OC0zNDM2M2JjN2M0YzAiOnsiY3JlYXRlIjoxODAwMDAwMDAwMDAwLCJkZWxldGUiOjE4MDAwMDAwMDAwMDAsInJlYWQiOjMwMDAwMDAwMDAwMH0sInNjaGVtYV92ZXJzaW9uIjoiMCJ9",
          "dependencies": [
            "azurerm_resource_group.azmmclientrg-0",
            "azurerm_windows_web_app.azmmclientrg-366"
          ]
        }
      ]
    },
    {
      "mode": "managed",
      "type": "azurerm_app_service_custom_hostname_binding",
      "name": "azmmclientrg-372",
      "provider": "provider[\"registry.terraform.io/hashicorp/azurerm\"]",
      "instances": [
        {
          "schema_version": 0,
          "attributes": {
            "app_service_name": "lta-matchmakersoftware",
            "hostname": "lta.matchmakersoftware.com",
            "id": "/subscriptions/2bd29ed6-34a6-42d7-8235-293e8ee67447/resourceGroups/azmmclientapps/providers/Microsoft.Web/sites/lta-matchmakersoftware/hostNameBindings/lta.matchmakersoftware.com",
            "resource_group_name": "azmmclientapps",
            "ssl_state": "SniEnabled",
            "thumbprint": "151F4496652008C418E6F2CC1EF1407317A20C49",
            "timeouts": null,
            "virtual_ip": ""
          },
          "sensitive_attributes": [],
          "private": "eyJlMmJmYjczMC1lY2FhLTExZTYtOGY4OC0zNDM2M2JjN2M0YzAiOnsiY3JlYXRlIjoxODAwMDAwMDAwMDAwLCJkZWxldGUiOjE4MDAwMDAwMDAwMDAsInJlYWQiOjMwMDAwMDAwMDAwMH0sInNjaGVtYV92ZXJzaW9uIjoiMCJ9",
          "dependencies": [
            "azurerm_resource_group.azmmclientrg-0",
            "azurerm_windows_web_app.azmmclientrg-366"
          ]
        }
      ]
    },
    {
      "mode": "managed",
      "type": "azurerm_app_service_custom_hostname_binding",
      "name": "azmmclientrg-6",
      "provider": "provider[\"registry.terraform.io/hashicorp/azurerm\"]",
      "instances": [
        {
          "schema_version": 0,
          "attributes": {
            "app_service_name": "applehealth-matchmakersoftware",
            "hostname": "applehealth-matchmakersoftware.azurewebsites.net",
            "id": "/subscriptions/2bd29ed6-34a6-42d7-8235-293e8ee67447/resourceGroups/AZMMClientApps/providers/Microsoft.Web/sites/applehealth-matchmakersoftware/hostNameBindings/applehealth-matchmakersoftware.azurewebsites.net",
            "resource_group_name": "AZMMClientApps",
            "ssl_state": "",
            "thumbprint": "",
            "timeouts": null,
            "virtual_ip": ""
          },
          "sensitive_attributes": [],
          "private": "eyJlMmJmYjczMC1lY2FhLTExZTYtOGY4OC0zNDM2M2JjN2M0YzAiOnsiY3JlYXRlIjoxODAwMDAwMDAwMDAwLCJkZWxldGUiOjE4MDAwMDAwMDAwMDAsInJlYWQiOjMwMDAwMDAwMDAwMH0sInNjaGVtYV92ZXJzaW9uIjoiMCJ9",
          "dependencies": [
            "azurerm_resource_group.azmmclientrg-0",
            "azurerm_windows_web_app.azmmclientrg-1"
          ]
        }
      ]
    },
    {
      "mode": "managed",
      "type": "azurerm_app_service_custom_hostname_binding",
      "name": "azmmclientrg-7",
      "provider": "provider[\"registry.terraform.io/hashicorp/azurerm\"]",
      "instances": [
        {
          "schema_version": 0,
          "attributes": {
            "app_service_name": "applehealth-matchmakersoftware",
            "hostname": "applehealth.matchmakersoftware.com",
            "id": "/subscriptions/2bd29ed6-34a6-42d7-8235-293e8ee67447/resourceGroups/AZMMClientApps/providers/Microsoft.Web/sites/applehealth-matchmakersoftware/hostNameBindings/applehealth.matchmakersoftware.com",
            "resource_group_name": "AZMMClientApps",
            "ssl_state": "SniEnabled",
            "thumbprint": "151F4496652008C418E6F2CC1EF1407317A20C49",
            "timeouts": null,
            "virtual_ip": ""
          },
          "sensitive_attributes": [],
          "private": "eyJlMmJmYjczMC1lY2FhLTExZTYtOGY4OC0zNDM2M2JjN2M0YzAiOnsiY3JlYXRlIjoxODAwMDAwMDAwMDAwLCJkZWxldGUiOjE4MDAwMDAwMDAwMDAsInJlYWQiOjMwMDAwMDAwMDAwMH0sInNjaGVtYV92ZXJzaW9uIjoiMCJ9",
          "dependencies": [
            "azurerm_resource_group.azmmclientrg-0",
            "azurerm_windows_web_app.azmmclientrg-1"
          ]
        }
      ]
    },
    {
      "mode": "managed",
      "type": "azurerm_application_gateway",
      "name": "res-4",
      "provider": "provider[\"registry.terraform.io/hashicorp/azurerm\"]",
      "instances": [
        {
          "schema_version": 0,
          "attributes": {
            "authentication_certificate": [],
            "autoscale_configuration": [],
            "backend_address_pool": [
              {
                "fqdns": [
                  "applehealth-matchmakersoftware.azurewebsites.net"
                ],
                "id": "/subscriptions/2bd29ed6-34a6-42d7-8235-293e8ee67447/resourceGroups/AZMMCoreRG01/providers/Microsoft.Network/applicationGateways/AZMMAGW01/backendAddressPools/applehealth-backendpool",
                "ip_addresses": [],
                "name": "applehealth-backendpool"
              },
              {
                "fqdns": [
                  "dt-matchmakersoftware.azurewebsites.net"
                ],
                "id": "/subscriptions/2bd29ed6-34a6-42d7-8235-293e8ee67447/resourceGroups/AZMMCoreRG01/providers/Microsoft.Network/applicationGateways/AZMMAGW01/backendAddressPools/dt-backendpool",
                "ip_addresses": [],
                "name": "dt-backendpool"
              },
              {
                "fqdns": [
                  "lta-matchmakersoftware.azurewebsites.net"
                ],
                "id": "/subscriptions/2bd29ed6-34a6-42d7-8235-293e8ee67447/resourceGroups/AZMMCoreRG01/providers/Microsoft.Network/applicationGateways/AZMMAGW01/backendAddressPools/lta-backendpool",
                "ip_addresses": [],
                "name": "lta-backendpool"
              }
            ],
            "backend_http_settings": [
              {
                "affinity_cookie_name": "ApplicationGatewayAffinity",
                "authentication_certificate": [],
                "connection_draining": [],
                "cookie_based_affinity": "Enabled",
                "host_name": "",
                "id": "/subscriptions/2bd29ed6-34a6-42d7-8235-293e8ee67447/resourceGroups/AZMMCoreRG01/providers/Microsoft.Network/applicationGateways/AZMMAGW01/backendHttpSettingsCollection/applehealth-backendsetting",
                "name": "applehealth-backendsetting",
                "path": "",
                "pick_host_name_from_backend_address": false,
                "port": 443,
                "probe_id": "/subscriptions/2bd29ed6-34a6-42d7-8235-293e8ee67447/resourceGroups/AZMMCoreRG01/providers/Microsoft.Network/applicationGateways/AZMMAGW01/probes/applehealth-healthprobe",
                "probe_name": "applehealth-healthprobe",
                "protocol": "Https",
                "request_timeout": 20,
                "trusted_root_certificate_names": []
              },
              {
                "affinity_cookie_name": "ApplicationGatewayAffinity",
                "authentication_certificate": [],
                "connection_draining": [],
                "cookie_based_affinity": "Enabled",
                "host_name": "",
                "id": "/subscriptions/2bd29ed6-34a6-42d7-8235-293e8ee67447/resourceGroups/AZMMCoreRG01/providers/Microsoft.Network/applicationGateways/AZMMAGW01/backendHttpSettingsCollection/dt-backendsetting",
                "name": "dt-backendsetting",
                "path": "",
                "pick_host_name_from_backend_address": false,
                "port": 443,
                "probe_id": "/subscriptions/2bd29ed6-34a6-42d7-8235-293e8ee67447/resourceGroups/AZMMCoreRG01/providers/Microsoft.Network/applicationGateways/AZMMAGW01/probes/dt-healthprobe",
                "probe_name": "dt-healthprobe",
                "protocol": "Https",
                "request_timeout": 20,
                "trusted_root_certificate_names": []
              },
              {
                "affinity_cookie_name": "ApplicationGatewayAffinity",
                "authentication_certificate": [],
                "connection_draining": [],
                "cookie_based_affinity": "Enabled",
                "host_name": "",
                "id": "/subscriptions/2bd29ed6-34a6-42d7-8235-293e8ee67447/resourceGroups/AZMMCoreRG01/providers/Microsoft.Network/applicationGateways/AZMMAGW01/backendHttpSettingsCollection/lta-backendsetting",
                "name": "lta-backendsetting",
                "path": "",
                "pick_host_name_from_backend_address": false,
                "port": 443,
                "probe_id": "/subscriptions/2bd29ed6-34a6-42d7-8235-293e8ee67447/resourceGroups/AZMMCoreRG01/providers/Microsoft.Network/applicationGateways/AZMMAGW01/probes/lta-healthprobe",
                "probe_name": "lta-healthprobe",
                "protocol": "Https",
                "request_timeout": 20,
                "trusted_root_certificate_names": []
              }
            ],
            "custom_error_configuration": [],
            "enable_http2": true,
            "fips_enabled": false,
            "firewall_policy_id": "",
            "force_firewall_policy_association": false,
            "frontend_ip_configuration": [
              {
                "id": "/subscriptions/2bd29ed6-34a6-42d7-8235-293e8ee67447/resourceGroups/AZMMCoreRG01/providers/Microsoft.Network/applicationGateways/AZMMAGW01/frontendIPConfigurations/appGwPublicFrontendIpIPv4",
                "name": "appGwPublicFrontendIpIPv4",
                "private_ip_address": "",
                "private_ip_address_allocation": "Dynamic",
                "private_link_configuration_id": "",
                "private_link_configuration_name": "",
                "public_ip_address_id": "/subscriptions/2bd29ed6-34a6-42d7-8235-293e8ee67447/resourceGroups/AZMMCoreRG01/providers/Microsoft.Network/publicIPAddresses/AZMMAGW01PIP",
                "subnet_id": ""
              }
            ],
            "frontend_port": [
              {
                "id": "/subscriptions/2bd29ed6-34a6-42d7-8235-293e8ee67447/resourceGroups/AZMMCoreRG01/providers/Microsoft.Network/applicationGateways/AZMMAGW01/frontendPorts/port_443",
                "name": "port_443",
                "port": 443
              },
              {
                "id": "/subscriptions/2bd29ed6-34a6-42d7-8235-293e8ee67447/resourceGroups/AZMMCoreRG01/providers/Microsoft.Network/applicationGateways/AZMMAGW01/frontendPorts/port_80",
                "name": "port_80",
                "port": 80
              }
            ],
            "gateway_ip_configuration": [
              {
                "id": "/subscriptions/2bd29ed6-34a6-42d7-8235-293e8ee67447/resourceGroups/AZMMCoreRG01/providers/Microsoft.Network/applicationGateways/AZMMAGW01/gatewayIPConfigurations/appGatewayIpConfig",
                "name": "appGatewayIpConfig",
                "subnet_id": "/subscriptions/2bd29ed6-34a6-42d7-8235-293e8ee67447/resourceGroups/AZMMCoreRG01/providers/Microsoft.Network/virtualNetworks/AZMMVNET01/subnets/AGWSNET01"
              }
            ],
            "global": [],
            "http_listener": [
              {
                "custom_error_configuration": [],
                "firewall_policy_id": "",
                "frontend_ip_configuration_id": "/subscriptions/2bd29ed6-34a6-42d7-8235-293e8ee67447/resourceGroups/AZMMCoreRG01/providers/Microsoft.Network/applicationGateways/AZMMAGW01/frontendIPConfigurations/appGwPublicFrontendIpIPv4",
                "frontend_ip_configuration_name": "appGwPublicFrontendIpIPv4",
                "frontend_port_id": "/subscriptions/2bd29ed6-34a6-42d7-8235-293e8ee67447/resourceGroups/AZMMCoreRG01/providers/Microsoft.Network/applicationGateways/AZMMAGW01/frontendPorts/port_443",
                "frontend_port_name": "port_443",
                "host_name": "applehealth.matchmakersoftware.com",
                "host_names": [],
                "id": "/subscriptions/2bd29ed6-34a6-42d7-8235-293e8ee67447/resourceGroups/AZMMCoreRG01/providers/Microsoft.Network/applicationGateways/AZMMAGW01/httpListeners/applehealth-listenerhttps",
                "name": "applehealth-listenerhttps",
                "protocol": "Https",
                "require_sni": true,
                "ssl_certificate_id": "/subscriptions/2bd29ed6-34a6-42d7-8235-293e8ee67447/resourceGroups/AZMMCoreRG01/providers/Microsoft.Network/applicationGateways/AZMMAGW01/sslCertificates/MMWildcard2024",
                "ssl_certificate_name": "MMWildcard2024",
                "ssl_profile_id": "",
                "ssl_profile_name": ""
              },
              {
                "custom_error_configuration": [],
                "firewall_policy_id": "",
                "frontend_ip_configuration_id": "/subscriptions/2bd29ed6-34a6-42d7-8235-293e8ee67447/resourceGroups/AZMMCoreRG01/providers/Microsoft.Network/applicationGateways/AZMMAGW01/frontendIPConfigurations/appGwPublicFrontendIpIPv4",
                "frontend_ip_configuration_name": "appGwPublicFrontendIpIPv4",
                "frontend_port_id": "/subscriptions/2bd29ed6-34a6-42d7-8235-293e8ee67447/resourceGroups/AZMMCoreRG01/providers/Microsoft.Network/applicationGateways/AZMMAGW01/frontendPorts/port_443",
                "frontend_port_name": "port_443",
                "host_name": "dt.matchmakersoftware.com",
                "host_names": [],
                "id": "/subscriptions/2bd29ed6-34a6-42d7-8235-293e8ee67447/resourceGroups/AZMMCoreRG01/providers/Microsoft.Network/applicationGateways/AZMMAGW01/httpListeners/dt-listenerhttps",
                "name": "dt-listenerhttps",
                "protocol": "Https",
                "require_sni": true,
                "ssl_certificate_id": "/subscriptions/2bd29ed6-34a6-42d7-8235-293e8ee67447/resourceGroups/AZMMCoreRG01/providers/Microsoft.Network/applicationGateways/AZMMAGW01/sslCertificates/MMWildcard2024",
                "ssl_certificate_name": "MMWildcard2024",
                "ssl_profile_id": "",
                "ssl_profile_name": ""
              },
              {
                "custom_error_configuration": [],
                "firewall_policy_id": "",
                "frontend_ip_configuration_id": "/subscriptions/2bd29ed6-34a6-42d7-8235-293e8ee67447/resourceGroups/AZMMCoreRG01/providers/Microsoft.Network/applicationGateways/AZMMAGW01/frontendIPConfigurations/appGwPublicFrontendIpIPv4",
                "frontend_ip_configuration_name": "appGwPublicFrontendIpIPv4",
                "frontend_port_id": "/subscriptions/2bd29ed6-34a6-42d7-8235-293e8ee67447/resourceGroups/AZMMCoreRG01/providers/Microsoft.Network/applicationGateways/AZMMAGW01/frontendPorts/port_443",
                "frontend_port_name": "port_443",
                "host_name": "lta.matchmakersoftware.com",
                "host_names": [],
                "id": "/subscriptions/2bd29ed6-34a6-42d7-8235-293e8ee67447/resourceGroups/AZMMCoreRG01/providers/Microsoft.Network/applicationGateways/AZMMAGW01/httpListeners/lta-listenerhttps",
                "name": "lta-listenerhttps",
                "protocol": "Https",
                "require_sni": true,
                "ssl_certificate_id": "/subscriptions/2bd29ed6-34a6-42d7-8235-293e8ee67447/resourceGroups/AZMMCoreRG01/providers/Microsoft.Network/applicationGateways/AZMMAGW01/sslCertificates/MMWildcard2024",
                "ssl_certificate_name": "MMWildcard2024",
                "ssl_profile_id": "",
                "ssl_profile_name": ""
              }
            ],
            "id": "/subscriptions/2bd29ed6-34a6-42d7-8235-293e8ee67447/resourceGroups/AZMMCoreRG01/providers/Microsoft.Network/applicationGateways/AZMMAGW01",
            "identity": [
              {
                "identity_ids": [
                  "/subscriptions/2bd29ed6-34a6-42d7-8235-293e8ee67447/resourceGroups/AZMMCoreRG01/providers/Microsoft.ManagedIdentity/userAssignedIdentities/AppGWManagedID"
                ],
                "type": "UserAssigned"
              }
            ],
            "location": "northeurope",
            "name": "AZMMAGW01",
            "private_endpoint_connection": [],
            "private_link_configuration": [],
            "probe": [
              {
                "host": "applehealth-matchmakersoftware.azurewebsites.net",
                "id": "/subscriptions/2bd29ed6-34a6-42d7-8235-293e8ee67447/resourceGroups/AZMMCoreRG01/providers/Microsoft.Network/applicationGateways/AZMMAGW01/probes/applehealth-healthprobe",
                "interval": 30,
                "match": [
                  {
                    "body": "",
                    "status_code": []
                  }
                ],
                "minimum_servers": 0,
                "name": "applehealth-healthprobe",
                "path": "/",
                "pick_host_name_from_backend_http_settings": false,
                "port": 0,
                "protocol": "Https",
                "timeout": 30,
                "unhealthy_threshold": 3
              },
              {
                "host": "dt-matchmakersoftware.azurewebsites.net",
                "id": "/subscriptions/2bd29ed6-34a6-42d7-8235-293e8ee67447/resourceGroups/AZMMCoreRG01/providers/Microsoft.Network/applicationGateways/AZMMAGW01/probes/dt-healthprobe",
                "interval": 30,
                "match": [
                  {
                    "body": "",
                    "status_code": [
                      "200-399"
                    ]
                  }
                ],
                "minimum_servers": 0,
                "name": "dt-healthprobe",
                "path": "/",
                "pick_host_name_from_backend_http_settings": false,
                "port": 0,
                "protocol": "Https",
                "timeout": 30,
                "unhealthy_threshold": 3
              },
              {
                "host": "lta-matchmakersoftware.azurewebsites.net",
                "id": "/subscriptions/2bd29ed6-34a6-42d7-8235-293e8ee67447/resourceGroups/AZMMCoreRG01/providers/Microsoft.Network/applicationGateways/AZMMAGW01/probes/lta-healthprobe",
                "interval": 30,
                "match": [
                  {
                    "body": "",
                    "status_code": [
                      "200-399"
                    ]
                  }
                ],
                "minimum_servers": 0,
                "name": "lta-healthprobe",
                "path": "/",
                "pick_host_name_from_backend_http_settings": false,
                "port": 0,
                "protocol": "Https",
                "timeout": 30,
                "unhealthy_threshold": 3
              }
            ],
            "redirect_configuration": [],
            "request_routing_rule": [
              {
                "backend_address_pool_id": "/subscriptions/2bd29ed6-34a6-42d7-8235-293e8ee67447/resourceGroups/AZMMCoreRG01/providers/Microsoft.Network/applicationGateways/AZMMAGW01/backendAddressPools/applehealth-backendpool",
                "backend_address_pool_name": "applehealth-backendpool",
                "backend_http_settings_id": "/subscriptions/2bd29ed6-34a6-42d7-8235-293e8ee67447/resourceGroups/AZMMCoreRG01/providers/Microsoft.Network/applicationGateways/AZMMAGW01/backendHttpSettingsCollection/applehealth-backendsetting",
                "backend_http_settings_name": "applehealth-backendsetting",
                "http_listener_id": "/subscriptions/2bd29ed6-34a6-42d7-8235-293e8ee67447/resourceGroups/AZMMCoreRG01/providers/Microsoft.Network/applicationGateways/AZMMAGW01/httpListeners/applehealth-listenerhttps",
                "http_listener_name": "applehealth-listenerhttps",
                "id": "/subscriptions/2bd29ed6-34a6-42d7-8235-293e8ee67447/resourceGroups/AZMMCoreRG01/providers/Microsoft.Network/applicationGateways/AZMMAGW01/requestRoutingRules/applehealth-routingrule",
                "name": "applehealth-routingrule",
                "priority": 3,
                "redirect_configuration_id": "",
                "redirect_configuration_name": "",
                "rewrite_rule_set_id": "",
                "rewrite_rule_set_name": "",
                "rule_type": "Basic",
                "url_path_map_id": "",
                "url_path_map_name": ""
              },
              {
                "backend_address_pool_id": "/subscriptions/2bd29ed6-34a6-42d7-8235-293e8ee67447/resourceGroups/AZMMCoreRG01/providers/Microsoft.Network/applicationGateways/AZMMAGW01/backendAddressPools/dt-backendpool",
                "backend_address_pool_name": "dt-backendpool",
                "backend_http_settings_id": "/subscriptions/2bd29ed6-34a6-42d7-8235-293e8ee67447/resourceGroups/AZMMCoreRG01/providers/Microsoft.Network/applicationGateways/AZMMAGW01/backendHttpSettingsCollection/dt-backendsetting",
                "backend_http_settings_name": "dt-backendsetting",
                "http_listener_id": "/subscriptions/2bd29ed6-34a6-42d7-8235-293e8ee67447/resourceGroups/AZMMCoreRG01/providers/Microsoft.Network/applicationGateways/AZMMAGW01/httpListeners/dt-listenerhttps",
                "http_listener_name": "dt-listenerhttps",
                "id": "/subscriptions/2bd29ed6-34a6-42d7-8235-293e8ee67447/resourceGroups/AZMMCoreRG01/providers/Microsoft.Network/applicationGateways/AZMMAGW01/requestRoutingRules/dt-routingrule",
                "name": "dt-routingrule",
                "priority": 2,
                "redirect_configuration_id": "",
                "redirect_configuration_name": "",
                "rewrite_rule_set_id": "",
                "rewrite_rule_set_name": "",
                "rule_type": "Basic",
                "url_path_map_id": "",
                "url_path_map_name": ""
              },
              {
                "backend_address_pool_id": "/subscriptions/2bd29ed6-34a6-42d7-8235-293e8ee67447/resourceGroups/AZMMCoreRG01/providers/Microsoft.Network/applicationGateways/AZMMAGW01/backendAddressPools/lta-backendpool",
                "backend_address_pool_name": "lta-backendpool",
                "backend_http_settings_id": "/subscriptions/2bd29ed6-34a6-42d7-8235-293e8ee67447/resourceGroups/AZMMCoreRG01/providers/Microsoft.Network/applicationGateways/AZMMAGW01/backendHttpSettingsCollection/lta-backendsetting",
                "backend_http_settings_name": "lta-backendsetting",
                "http_listener_id": "/subscriptions/2bd29ed6-34a6-42d7-8235-293e8ee67447/resourceGroups/AZMMCoreRG01/providers/Microsoft.Network/applicationGateways/AZMMAGW01/httpListeners/lta-listenerhttps",
                "http_listener_name": "lta-listenerhttps",
                "id": "/subscriptions/2bd29ed6-34a6-42d7-8235-293e8ee67447/resourceGroups/AZMMCoreRG01/providers/Microsoft.Network/applicationGateways/AZMMAGW01/requestRoutingRules/lta-routingrule",
                "name": "lta-routingrule",
                "priority": 1,
                "redirect_configuration_id": "",
                "redirect_configuration_name": "",
                "rewrite_rule_set_id": "",
                "rewrite_rule_set_name": "",
                "rule_type": "Basic",
                "url_path_map_id": "",
                "url_path_map_name": ""
              }
            ],
            "resource_group_name": "AZMMCoreRG01",
            "rewrite_rule_set": [],
            "sku": [
              {
                "capacity": 1,
                "name": "Standard_v2",
                "tier": "Standard_v2"
              }
            ],
            "ssl_certificate": [
              {
                "data": "",
                "id": "",
                "key_vault_secret_id": "https://azmmkv01.vault.azure.net/secrets/MMWildcardKV2024/e1fac60ef8e54c1bba8d835bd1fb0d52",
                "name": "MMWildcard2024",
                "password": "",
                "public_cert_data": ""
              }
            ],
            "ssl_policy": [],
            "ssl_profile": [],
            "tags": {},
            "timeouts": null,
            "trusted_client_certificate": [],
            "trusted_root_certificate": [],
            "url_path_map": [],
            "waf_configuration": [],
            "zones": []
          },
          "sensitive_attributes": [],
          "private": "eyJlMmJmYjczMC1lY2FhLTExZTYtOGY4OC0zNDM2M2JjN2M0YzAiOnsiY3JlYXRlIjo1NDAwMDAwMDAwMDAwLCJkZWxldGUiOjU0MDAwMDAwMDAwMDAsInJlYWQiOjMwMDAwMDAwMDAwMCwidXBkYXRlIjo1NDAwMDAwMDAwMDAwfX0=",
          "dependencies": [
            "azurerm_public_ip.res-8",
            "azurerm_resource_group.res-0",
            "azurerm_subnet.res-10",
            "azurerm_user_assigned_identity.res-3",
            "azurerm_virtual_network.res-9"
          ]
        }
      ]
    },
    {
      "mode": "managed",
      "type": "azurerm_application_insights",
      "name": "azmmclientrg-364",
      "provider": "provider[\"registry.terraform.io/hashicorp/azurerm\"]",
      "instances": [
        {
          "schema_version": 1,
          "attributes": {
            "app_id": "3f84bc8e-e93f-46a6-9cea-45a87cb63dc2",
            "application_type": "web",
            "connection_string": "InstrumentationKey=e62501d5-31c1-45f2-a54e-8ea998494ed0;IngestionEndpoint=https://northeurope-2.in.applicationinsights.azure.com/;LiveEndpoint=https://northeurope.livediagnostics.monitor.azure.com/;ApplicationId=3f84bc8e-e93f-46a6-9cea-45a87cb63dc2",
            "daily_data_cap_in_gb": 100,
            "daily_data_cap_notifications_disabled": false,
            "disable_ip_masking": false,
            "force_customer_storage_for_profiler": false,
            "id": "/subscriptions/2bd29ed6-34a6-42d7-8235-293e8ee67447/resourceGroups/AZMMClientApps/providers/Microsoft.Insights/components/lta-matchmakersoftware",
            "instrumentation_key": "e62501d5-31c1-45f2-a54e-8ea998494ed0",
            "internet_ingestion_enabled": true,
            "internet_query_enabled": true,
            "local_authentication_disabled": false,
            "location": "northeurope",
            "name": "lta-matchmakersoftware",
            "resource_group_name": "AZMMClientApps",
            "retention_in_days": 90,
            "sampling_percentage": 0,
            "tags": {},
            "timeouts": null,
            "workspace_id": "/subscriptions/2bd29ed6-34a6-42d7-8235-293e8ee67447/resourceGroups/DefaultResourceGroup-NEU/providers/Microsoft.OperationalInsights/workspaces/DefaultWorkspace-2bd29ed6-34a6-42d7-8235-293e8ee67447-NEU"
          },
          "sensitive_attributes": [],
          "private": "eyJlMmJmYjczMC1lY2FhLTExZTYtOGY4OC0zNDM2M2JjN2M0YzAiOnsiY3JlYXRlIjozNjAwMDAwMDAwMDAwLCJkZWxldGUiOjE4MDAwMDAwMDAwMDAsInJlYWQiOjMwMDAwMDAwMDAwMCwidXBkYXRlIjoxODAwMDAwMDAwMDAwfSwic2NoZW1hX3ZlcnNpb24iOiIxIn0=",
          "dependencies": [
            "azurerm_resource_group.azmmclientrg-0"
          ]
        }
      ]
    },
    {
      "mode": "managed",
      "type": "azurerm_application_insights",
      "name": "res-16",
      "provider": "provider[\"registry.terraform.io/hashicorp/azurerm\"]",
      "instances": [
        {
          "schema_version": 1,
          "attributes": {
            "app_id": "839a80fb-29c1-4ee9-ad4f-c532dddf52bb",
            "application_type": "web",
            "connection_string": "InstrumentationKey=d76e358e-900b-4785-9add-c4480fb80e58;IngestionEndpoint=https://northeurope-2.in.applicationinsights.azure.com/;LiveEndpoint=https://northeurope.livediagnostics.monitor.azure.com/;ApplicationId=839a80fb-29c1-4ee9-ad4f-c532dddf52bb",
            "daily_data_cap_in_gb": 100,
            "daily_data_cap_notifications_disabled": false,
            "disable_ip_masking": false,
            "force_customer_storage_for_profiler": false,
            "id": "/subscriptions/2bd29ed6-34a6-42d7-8235-293e8ee67447/resourceGroups/AZMMCoreRG01/providers/Microsoft.Insights/components/AZMMApp01",
            "instrumentation_key": "d76e358e-900b-4785-9add-c4480fb80e58",
            "internet_ingestion_enabled": true,
            "internet_query_enabled": true,
            "local_authentication_disabled": false,
            "location": "northeurope",
            "name": "AZMMApp01",
            "resource_group_name": "AZMMCoreRG01",
            "retention_in_days": 90,
            "sampling_percentage": 0,
            "tags": {},
            "timeouts": null,
            "workspace_id": "/subscriptions/2bd29ed6-34a6-42d7-8235-293e8ee67447/resourceGroups/DefaultResourceGroup-NEU/providers/Microsoft.OperationalInsights/workspaces/DefaultWorkspace-2bd29ed6-34a6-42d7-8235-293e8ee67447-NEU"
          },
          "sensitive_attributes": [],
          "private": "eyJlMmJmYjczMC1lY2FhLTExZTYtOGY4OC0zNDM2M2JjN2M0YzAiOnsiY3JlYXRlIjozNjAwMDAwMDAwMDAwLCJkZWxldGUiOjE4MDAwMDAwMDAwMDAsInJlYWQiOjMwMDAwMDAwMDAwMCwidXBkYXRlIjoxODAwMDAwMDAwMDAwfSwic2NoZW1hX3ZlcnNpb24iOiIxIn0=",
          "dependencies": [
            "azurerm_resource_group.res-0"
          ]
        }
      ]
    },
    {
      "mode": "managed",
      "type": "azurerm_key_vault",
      "name": "res-1",
      "provider": "provider[\"registry.terraform.io/hashicorp/azurerm\"]",
      "instances": [
        {
          "schema_version": 2,
          "attributes": {
            "access_policy": [
              {
                "application_id": "",
                "certificate_permissions": [
                  "Get",
                  "List",
                  "Update",
                  "Create",
                  "Import",
                  "Delete",
                  "Recover",
                  "Backup",
                  "Restore",
                  "ManageContacts",
                  "ManageIssuers",
                  "GetIssuers",
                  "ListIssuers",
                  "SetIssuers",
                  "DeleteIssuers"
                ],
                "key_permissions": [],
                "object_id": "f98878f4-1ae8-48b7-a20e-e9ffc2ae9a38",
                "secret_permissions": [
                  "Get",
                  "List",
                  "Set",
                  "Delete",
                  "Recover",
                  "Backup",
                  "Restore"
                ],
                "storage_permissions": [],
                "tenant_id": "3a243d17-3d9f-43e2-96a9-222d4b6fada1"
              },
              {
                "application_id": "",
                "certificate_permissions": [
                  "Get",
                  "List",
                  "Update",
                  "Create",
                  "Import",
                  "Delete",
                  "Recover",
                  "Backup",
                  "Restore",
                  "ManageContacts",
                  "ManageIssuers",
                  "GetIssuers",
                  "ListIssuers",
                  "SetIssuers",
                  "DeleteIssuers"
                ],
                "key_permissions": [
                  "Get",
                  "List",
                  "Update",
                  "Create",
                  "Import",
                  "Delete",
                  "Recover",
                  "Backup",
                  "Restore",
                  "GetRotationPolicy",
                  "SetRotationPolicy",
                  "Rotate"
                ],
                "object_id": "d8687fce-a2e5-4077-8ce4-daf10ef796bb",
                "secret_permissions": [
                  "Get",
                  "List",
                  "Set",
                  "Delete",
                  "Recover",
                  "Backup",
                  "Restore"
                ],
                "storage_permissions": [],
                "tenant_id": "3a243d17-3d9f-43e2-96a9-222d4b6fada1"
              },
              {
                "application_id": "",
                "certificate_permissions": [
                  "Get",
                  "List",
                  "Update",
                  "Create",
                  "Import",
                  "Delete",
                  "Recover",
                  "Backup",
                  "Restore",
                  "ManageContacts",
                  "ManageIssuers",
                  "GetIssuers",
                  "ListIssuers",
                  "SetIssuers",
                  "DeleteIssuers"
                ],
                "key_permissions": [],
                "object_id": "ad8f1dc0-8a3a-4733-96a3-bedca459b6b6",
                "secret_permissions": [
                  "Get",
                  "List",
                  "Set",
                  "Delete",
                  "Recover",
                  "Backup",
                  "Restore"
                ],
                "storage_permissions": [],
                "tenant_id": "3a243d17-3d9f-43e2-96a9-222d4b6fada1"
              }
            ],
            "contact": [],
            "enable_rbac_authorization": false,
            "enabled_for_deployment": false,
            "enabled_for_disk_encryption": false,
            "enabled_for_template_deployment": false,
            "id": "/subscriptions/2bd29ed6-34a6-42d7-8235-293e8ee67447/resourceGroups/AZMMCoreRG01/providers/Microsoft.KeyVault/vaults/AZMMKV01",
            "location": "northeurope",
            "name": "AZMMKV01",
            "network_acls": [
              {
                "bypass": "AzureServices",
                "default_action": "Allow",
                "ip_rules": [],
                "virtual_network_subnet_ids": []
              }
            ],
            "public_network_access_enabled": true,
            "purge_protection_enabled": false,
            "resource_group_name": "AZMMCoreRG01",
            "sku_name": "standard",
            "soft_delete_retention_days": 90,
            "tags": {},
            "tenant_id": "3a243d17-3d9f-43e2-96a9-222d4b6fada1",
            "timeouts": null,
            "vault_uri": "https://azmmkv01.vault.azure.net/"
          },
          "sensitive_attributes": [],
          "private": "eyJlMmJmYjczMC1lY2FhLTExZTYtOGY4OC0zNDM2M2JjN2M0YzAiOnsiY3JlYXRlIjoxODAwMDAwMDAwMDAwLCJkZWxldGUiOjE4MDAwMDAwMDAwMDAsInJlYWQiOjMwMDAwMDAwMDAwMCwidXBkYXRlIjoxODAwMDAwMDAwMDAwfSwic2NoZW1hX3ZlcnNpb24iOiIyIn0=",
          "dependencies": [
            "azurerm_resource_group.res-0"
          ]
        }
      ]
    },
    {
      "mode": "managed",
      "type": "azurerm_monitor_action_group",
      "name": "res-15",
      "provider": "provider[\"registry.terraform.io/hashicorp/azurerm\"]",
      "instances": [
        {
          "schema_version": 1,
          "attributes": {
            "arm_role_receiver": [
              {
                "name": "Monitoring Contributor",
                "role_id": "749f88d5-cbae-40b8-bcfc-e573ddc772fa",
                "use_common_alert_schema": true
              },
              {
                "name": "Monitoring Reader",
                "role_id": "43d0d8ad-25c7-4714-9337-8ba259a9fe05",
                "use_common_alert_schema": true
              }
            ],
            "automation_runbook_receiver": [],
            "azure_app_push_receiver": [],
            "azure_function_receiver": [],
            "email_receiver": [],
            "enabled": true,
            "event_hub_receiver": [],
            "id": "/subscriptions/2bd29ed6-34a6-42d7-8235-293e8ee67447/resourceGroups/AZMMCoreRG01/providers/Microsoft.Insights/actionGroups/Application Insights Smart Detection",
            "itsm_receiver": [],
            "location": "global",
            "logic_app_receiver": [],
            "name": "Application Insights Smart Detection",
            "resource_group_name": "AZMMCoreRG01",
            "short_name": "SmartDetect",
            "sms_receiver": [],
            "tags": {},
            "timeouts": null,
            "voice_receiver": [],
            "webhook_receiver": []
          },
          "sensitive_attributes": [],
          "private": "eyJlMmJmYjczMC1lY2FhLTExZTYtOGY4OC0zNDM2M2JjN2M0YzAiOnsiY3JlYXRlIjoxODAwMDAwMDAwMDAwLCJkZWxldGUiOjE4MDAwMDAwMDAwMDAsInJlYWQiOjMwMDAwMDAwMDAwMCwidXBkYXRlIjoxODAwMDAwMDAwMDAwfSwic2NoZW1hX3ZlcnNpb24iOiIxIn0=",
          "dependencies": [
            "azurerm_resource_group.res-0"
          ]
        }
      ]
    },
    {
      "mode": "managed",
      "type": "azurerm_monitor_smart_detector_alert_rule",
      "name": "azmmclientrg-363",
      "provider": "provider[\"registry.terraform.io/hashicorp/azurerm\"]",
      "instances": [
        {
          "schema_version": 1,
          "attributes": {
            "action_group": [
              {
                "email_subject": "",
                "ids": [
                  "/subscriptions/2bd29ed6-34a6-42d7-8235-293e8ee67447/resourceGroups/azmmcorerg01/providers/Microsoft.Insights/actionGroups/application insights smart detection"
                ],
                "webhook_payload": ""
              }
            ],
            "description": "Failure Anomalies notifies you of an unusual rise in the rate of failed HTTP requests or dependency calls.",
            "detector_type": "FailureAnomaliesDetector",
            "enabled": true,
            "frequency": "PT1M",
            "id": "/subscriptions/2bd29ed6-34a6-42d7-8235-293e8ee67447/resourceGroups/AZMMClientApps/providers/Microsoft.AlertsManagement/smartDetectorAlertRules/Failure Anomalies - lta-matchmakersoftware",
            "name": "Failure Anomalies - lta-matchmakersoftware",
            "resource_group_name": "AZMMClientApps",
            "scope_resource_ids": [
              "/subscriptions/2bd29ed6-34a6-42d7-8235-293e8ee67447/resourcegroups/azmmclientapps/providers/microsoft.insights/components/lta-matchmakersoftware"
            ],
            "severity": "Sev3",
            "tags": {},
            "throttling_duration": "",
            "timeouts": null
          },
          "sensitive_attributes": [],
          "private": "eyJlMmJmYjczMC1lY2FhLTExZTYtOGY4OC0zNDM2M2JjN2M0YzAiOnsiY3JlYXRlIjoxODAwMDAwMDAwMDAwLCJkZWxldGUiOjE4MDAwMDAwMDAwMDAsInJlYWQiOjMwMDAwMDAwMDAwMCwidXBkYXRlIjoxODAwMDAwMDAwMDAwfSwic2NoZW1hX3ZlcnNpb24iOiIxIn0=",
          "dependencies": [
            "azurerm_resource_group.azmmclientrg-0"
          ]
        }
      ]
    },
    {
      "mode": "managed",
      "type": "azurerm_monitor_smart_detector_alert_rule",
      "name": "res-14",
      "provider": "provider[\"registry.terraform.io/hashicorp/azurerm\"]",
      "instances": [
        {
          "schema_version": 1,
          "attributes": {
            "action_group": [
              {
                "email_subject": "",
                "ids": [
                  "/subscriptions/2bd29ed6-34a6-42d7-8235-293e8ee67447/resourceGroups/azmmcorerg01/providers/Microsoft.Insights/actionGroups/application insights smart detection"
                ],
                "webhook_payload": ""
              }
            ],
            "description": "Failure Anomalies notifies you of an unusual rise in the rate of failed HTTP requests or dependency calls.",
            "detector_type": "FailureAnomaliesDetector",
            "enabled": true,
            "frequency": "PT1M",
            "id": "/subscriptions/2bd29ed6-34a6-42d7-8235-293e8ee67447/resourceGroups/AZMMCoreRG01/providers/Microsoft.AlertsManagement/smartDetectorAlertRules/Failure Anomalies - AZMMApp01",
            "name": "Failure Anomalies - AZMMApp01",
            "resource_group_name": "AZMMCoreRG01",
            "scope_resource_ids": [
              "/subscriptions/2bd29ed6-34a6-42d7-8235-293e8ee67447/resourcegroups/azmmcorerg01/providers/microsoft.insights/components/azmmapp01"
            ],
            "severity": "Sev3",
            "tags": {},
            "throttling_duration": "",
            "timeouts": null
          },
          "sensitive_attributes": [],
          "private": "eyJlMmJmYjczMC1lY2FhLTExZTYtOGY4OC0zNDM2M2JjN2M0YzAiOnsiY3JlYXRlIjoxODAwMDAwMDAwMDAwLCJkZWxldGUiOjE4MDAwMDAwMDAwMDAsInJlYWQiOjMwMDAwMDAwMDAwMCwidXBkYXRlIjoxODAwMDAwMDAwMDAwfSwic2NoZW1hX3ZlcnNpb24iOiIxIn0=",
          "dependencies": [
            "azurerm_resource_group.res-0"
          ]
        }
      ]
    },
    {
      "mode": "managed",
      "type": "azurerm_private_dns_a_record",
      "name": "res-17",
      "provider": "provider[\"registry.terraform.io/hashicorp/azurerm\"]",
      "instances": [
        {
          "schema_version": 0,
          "attributes": {
            "fqdn": "azmmsql01.privatelink.database.windows.net.",
            "id": "/subscriptions/2bd29ed6-34a6-42d7-8235-293e8ee67447/resourceGroups/azmmcorerg01/providers/Microsoft.Network/privateDnsZones/privatelink.database.windows.net/A/azmmsql01",
            "name": "azmmsql01",
            "records": [
              "10.191.2.4"
            ],
            "resource_group_name": "azmmcorerg01",
            "tags": {},
            "timeouts": null,
            "ttl": 3600,
            "zone_name": "privatelink.database.windows.net"
          },
          "sensitive_attributes": [],
          "private": "eyJlMmJmYjczMC1lY2FhLTExZTYtOGY4OC0zNDM2M2JjN2M0YzAiOnsiY3JlYXRlIjoxODAwMDAwMDAwMDAwLCJkZWxldGUiOjE4MDAwMDAwMDAwMDAsInJlYWQiOjMwMDAwMDAwMDAwMCwidXBkYXRlIjoxODAwMDAwMDAwMDAwfSwic2NoZW1hX3ZlcnNpb24iOiIwIn0=",
          "dependencies": [
            "azurerm_private_dns_zone.res-5",
            "azurerm_resource_group.res-0"
          ]
        }
      ]
    },
    {
      "mode": "managed",
      "type": "azurerm_private_dns_zone",
      "name": "res-5",
      "provider": "provider[\"registry.terraform.io/hashicorp/azurerm\"]",
      "instances": [
        {
          "schema_version": 0,
          "attributes": {
            "id": "/subscriptions/2bd29ed6-34a6-42d7-8235-293e8ee67447/resourceGroups/AZMMCoreRG01/providers/Microsoft.Network/privateDnsZones/privatelink.database.windows.net",
            "max_number_of_record_sets": 25000,
            "max_number_of_virtual_network_links": 1000,
            "max_number_of_virtual_network_links_with_registration": 100,
            "name": "privatelink.database.windows.net",
            "number_of_record_sets": 2,
            "resource_group_name": "AZMMCoreRG01",
            "soa_record": [
              {
                "email": "azureprivatedns-host.microsoft.com",
                "expire_time": 2419200,
                "fqdn": "privatelink.database.windows.net.",
                "host_name": "azureprivatedns.net",
                "minimum_ttl": 10,
                "refresh_time": 3600,
                "retry_time": 300,
                "serial_number": 1,
                "tags": {},
                "ttl": 3600
              }
            ],
            "tags": {},
            "timeouts": null
          },
          "sensitive_attributes": [],
          "private": "eyJlMmJmYjczMC1lY2FhLTExZTYtOGY4OC0zNDM2M2JjN2M0YzAiOnsiY3JlYXRlIjoxODAwMDAwMDAwMDAwLCJkZWxldGUiOjE4MDAwMDAwMDAwMDAsInJlYWQiOjMwMDAwMDAwMDAwMCwidXBkYXRlIjoxODAwMDAwMDAwMDAwfSwic2NoZW1hX3ZlcnNpb24iOiIwIn0=",
          "dependencies": [
            "azurerm_resource_group.res-0"
          ]
        }
      ]
    },
    {
      "mode": "managed",
      "type": "azurerm_private_dns_zone_virtual_network_link",
      "name": "res-6",
      "provider": "provider[\"registry.terraform.io/hashicorp/azurerm\"]",
      "instances": [
        {
          "schema_version": 0,
          "attributes": {
            "id": "/subscriptions/2bd29ed6-34a6-42d7-8235-293e8ee67447/resourceGroups/AZMMCoreRG01/providers/Microsoft.Network/privateDnsZones/privatelink.database.windows.net/virtualNetworkLinks/mp2zoxnjsbkyw",
            "name": "mp2zoxnjsbkyw",
            "private_dns_zone_name": "privatelink.database.windows.net",
            "registration_enabled": false,
            "resource_group_name": "AZMMCoreRG01",
            "tags": {},
            "timeouts": null,
            "virtual_network_id": "/subscriptions/2bd29ed6-34a6-42d7-8235-293e8ee67447/resourceGroups/AZMMCoreRG01/providers/Microsoft.Network/virtualNetworks/AZMMVNET01"
          },
          "sensitive_attributes": [],
          "private": "eyJlMmJmYjczMC1lY2FhLTExZTYtOGY4OC0zNDM2M2JjN2M0YzAiOnsiY3JlYXRlIjoxODAwMDAwMDAwMDAwLCJkZWxldGUiOjE4MDAwMDAwMDAwMDAsInJlYWQiOjMwMDAwMDAwMDAwMCwidXBkYXRlIjoxODAwMDAwMDAwMDAwfSwic2NoZW1hX3ZlcnNpb24iOiIwIn0=",
          "dependencies": [
            "azurerm_private_dns_zone.res-5",
            "azurerm_resource_group.res-0",
            "azurerm_virtual_network.res-9"
          ]
        }
      ]
    },
    {
      "mode": "managed",
      "type": "azurerm_private_endpoint",
      "name": "res-7",
      "provider": "provider[\"registry.terraform.io/hashicorp/azurerm\"]",
      "instances": [
        {
          "schema_version": 0,
          "attributes": {
            "custom_dns_configs": [
              {
                "fqdn": "azmmsql01.database.windows.net",
                "ip_addresses": [
                  "10.191.2.4"
                ]
              }
            ],
            "custom_network_interface_name": "",
            "id": "/subscriptions/2bd29ed6-34a6-42d7-8235-293e8ee67447/resourceGroups/AZMMCoreRG01/providers/Microsoft.Network/privateEndpoints/AZMMSQL01PEP01",
            "ip_configuration": [],
            "location": "northeurope",
            "name": "AZMMSQL01PEP01",
            "network_interface": [
              {
                "id": "/subscriptions/2bd29ed6-34a6-42d7-8235-293e8ee67447/resourceGroups/AZMMCoreRG01/providers/Microsoft.Network/networkInterfaces/AZMMSQL01PEP01.nic.82686e7e-b50e-492a-bc38-ef5db5ff4bed",
                "name": "AZMMSQL01PEP01.nic.82686e7e-b50e-492a-bc38-ef5db5ff4bed"
              }
            ],
            "private_dns_zone_configs": [],
            "private_dns_zone_group": [],
            "private_service_connection": [
              {
                "is_manual_connection": false,
                "name": "AZMMSQL01PEP01",
                "private_connection_resource_alias": "",
                "private_connection_resource_id": "/subscriptions/2bd29ed6-34a6-42d7-8235-293e8ee67447/resourceGroups/AZMMCoreRG02/providers/Microsoft.Sql/servers/azmmsql01",
                "private_ip_address": "10.191.2.4",
                "request_message": "",
                "subresource_names": [
                  "SqlServer"
                ]
              }
            ],
            "resource_group_name": "AZMMCoreRG01",
            "subnet_id": "/subscriptions/2bd29ed6-34a6-42d7-8235-293e8ee67447/resourceGroups/AZMMCoreRG01/providers/Microsoft.Network/virtualNetworks/AZMMVNET01/subnets/SQLSNET01",
            "tags": {},
            "timeouts": null
          },
          "sensitive_attributes": [],
          "private": "eyJlMmJmYjczMC1lY2FhLTExZTYtOGY4OC0zNDM2M2JjN2M0YzAiOnsiY3JlYXRlIjozNjAwMDAwMDAwMDAwLCJkZWxldGUiOjM2MDAwMDAwMDAwMDAsInJlYWQiOjMwMDAwMDAwMDAwMCwidXBkYXRlIjozNjAwMDAwMDAwMDAwfSwic2NoZW1hX3ZlcnNpb24iOiIwIn0=",
          "dependencies": [
            "azurerm_resource_group.res-0",
            "azurerm_subnet.res-12",
            "azurerm_virtual_network.res-9"
          ]
        }
      ]
    },
    {
      "mode": "managed",
      "type": "azurerm_public_ip",
      "name": "res-8",
      "provider": "provider[\"registry.terraform.io/hashicorp/azurerm\"]",
      "instances": [
        {
          "schema_version": 0,
          "attributes": {
            "allocation_method": "Static",
            "ddos_protection_mode": "VirtualNetworkInherited",
            "ddos_protection_plan_id": null,
            "domain_name_label": null,
            "edge_zone": "",
            "fqdn": null,
            "id": "/subscriptions/2bd29ed6-34a6-42d7-8235-293e8ee67447/resourceGroups/AZMMCoreRG01/providers/Microsoft.Network/publicIPAddresses/AZMMAGW01PIP",
            "idle_timeout_in_minutes": 4,
            "ip_address": "98.71.72.6",
            "ip_tags": {},
            "ip_version": "IPv4",
            "location": "northeurope",
            "name": "AZMMAGW01PIP",
            "public_ip_prefix_id": null,
            "resource_group_name": "AZMMCoreRG01",
            "reverse_fqdn": null,
            "sku": "Standard",
            "sku_tier": "Regional",
            "tags": {},
            "timeouts": null,
            "zones": []
          },
          "sensitive_attributes": [],
          "private": "eyJlMmJmYjczMC1lY2FhLTExZTYtOGY4OC0zNDM2M2JjN2M0YzAiOnsiY3JlYXRlIjoxODAwMDAwMDAwMDAwLCJkZWxldGUiOjE4MDAwMDAwMDAwMDAsInJlYWQiOjMwMDAwMDAwMDAwMCwidXBkYXRlIjoxODAwMDAwMDAwMDAwfSwic2NoZW1hX3ZlcnNpb24iOiIwIn0=",
          "dependencies": [
            "azurerm_resource_group.res-0"
          ]
        }
      ]
    },
    {
      "mode": "managed",
      "type": "azurerm_resource_group",
      "name": "azmmclientrg-0",
      "provider": "provider[\"registry.terraform.io/hashicorp/azurerm\"]",
      "instances": [
        {
          "schema_version": 0,
          "attributes": {
            "id": "/subscriptions/2bd29ed6-34a6-42d7-8235-293e8ee67447/resourceGroups/AZMMClientApps",
            "location": "northeurope",
            "managed_by": "",
            "name": "AZMMClientApps",
            "tags": {},
            "timeouts": null
          },
          "sensitive_attributes": [],
          "private": "eyJlMmJmYjczMC1lY2FhLTExZTYtOGY4OC0zNDM2M2JjN2M0YzAiOnsiY3JlYXRlIjo1NDAwMDAwMDAwMDAwLCJkZWxldGUiOjU0MDAwMDAwMDAwMDAsInJlYWQiOjMwMDAwMDAwMDAwMCwidXBkYXRlIjo1NDAwMDAwMDAwMDAwfSwic2NoZW1hX3ZlcnNpb24iOiIwIn0="
        }
      ]
    },
    {
      "mode": "managed",
      "type": "azurerm_resource_group",
      "name": "res-0",
      "provider": "provider[\"registry.terraform.io/hashicorp/azurerm\"]",
      "instances": [
        {
          "schema_version": 0,
          "attributes": {
            "id": "/subscriptions/2bd29ed6-34a6-42d7-8235-293e8ee67447/resourceGroups/AZMMCoreRG01",
            "location": "northeurope",
            "managed_by": "",
            "name": "AZMMCoreRG01",
            "tags": {},
            "timeouts": null
          },
          "sensitive_attributes": [],
          "private": "eyJlMmJmYjczMC1lY2FhLTExZTYtOGY4OC0zNDM2M2JjN2M0YzAiOnsiY3JlYXRlIjo1NDAwMDAwMDAwMDAwLCJkZWxldGUiOjU0MDAwMDAwMDAwMDAsInJlYWQiOjMwMDAwMDAwMDAwMCwidXBkYXRlIjo1NDAwMDAwMDAwMDAwfSwic2NoZW1hX3ZlcnNpb24iOiIwIn0="
        }
      ]
    },
    {
      "mode": "managed",
      "type": "azurerm_service_plan",
      "name": "res-13",
      "provider": "provider[\"registry.terraform.io/hashicorp/azurerm\"]",
      "instances": [
        {
          "schema_version": 1,
          "attributes": {
            "app_service_environment_id": "",
            "id": "/subscriptions/2bd29ed6-34a6-42d7-8235-293e8ee67447/resourceGroups/AZMMCoreRG01/providers/Microsoft.Web/serverFarms/AZMMASP01",
            "kind": "app",
            "location": "northeurope",
            "maximum_elastic_worker_count": 1,
            "name": "AZMMASP01",
            "os_type": "Windows",
            "per_site_scaling_enabled": false,
            "reserved": false,
            "resource_group_name": "AZMMCoreRG01",
            "sku_name": "S1",
            "tags": {},
            "timeouts": null,
            "worker_count": 1,
            "zone_balancing_enabled": false
          },
          "sensitive_attributes": [],
          "private": "eyJlMmJmYjczMC1lY2FhLTExZTYtOGY4OC0zNDM2M2JjN2M0YzAiOnsiY3JlYXRlIjozNjAwMDAwMDAwMDAwLCJkZWxldGUiOjM2MDAwMDAwMDAwMDAsInJlYWQiOjMwMDAwMDAwMDAwMCwidXBkYXRlIjozNjAwMDAwMDAwMDAwfSwic2NoZW1hX3ZlcnNpb24iOiIxIn0=",
          "dependencies": [
            "azurerm_resource_group.res-0"
          ]
        }
      ]
    },
    {
      "mode": "managed",
      "type": "azurerm_subnet",
      "name": "res-10",
      "provider": "provider[\"registry.terraform.io/hashicorp/azurerm\"]",
      "instances": [
        {
          "schema_version": 0,
          "attributes": {
            "address_prefixes": [
              "10.191.3.0/24"
            ],
            "delegation": [],
            "enforce_private_link_endpoint_network_policies": true,
            "enforce_private_link_service_network_policies": false,
            "id": "/subscriptions/2bd29ed6-34a6-42d7-8235-293e8ee67447/resourceGroups/AZMMCoreRG01/providers/Microsoft.Network/virtualNetworks/AZMMVNET01/subnets/AGWSNET01",
            "name": "AGWSNET01",
            "private_endpoint_network_policies_enabled": false,
            "private_link_service_network_policies_enabled": true,
            "resource_group_name": "AZMMCoreRG01",
            "service_endpoint_policy_ids": [],
            "service_endpoints": [],
            "timeouts": null,
            "virtual_network_name": "AZMMVNET01"
          },
          "sensitive_attributes": [],
          "private": "eyJlMmJmYjczMC1lY2FhLTExZTYtOGY4OC0zNDM2M2JjN2M0YzAiOnsiY3JlYXRlIjoxODAwMDAwMDAwMDAwLCJkZWxldGUiOjE4MDAwMDAwMDAwMDAsInJlYWQiOjMwMDAwMDAwMDAwMCwidXBkYXRlIjoxODAwMDAwMDAwMDAwfSwic2NoZW1hX3ZlcnNpb24iOiIwIn0=",
          "dependencies": [
            "azurerm_resource_group.res-0",
            "azurerm_virtual_network.res-9"
          ]
        }
      ]
    },
    {
      "mode": "managed",
      "type": "azurerm_subnet",
      "name": "res-11",
      "provider": "provider[\"registry.terraform.io/hashicorp/azurerm\"]",
      "instances": [
        {
          "schema_version": 0,
          "attributes": {
            "address_prefixes": [
              "10.191.1.0/24"
            ],
            "delegation": [
              {
                "name": "delegation",
                "service_delegation": [
                  {
                    "actions": [
                      "Microsoft.Network/virtualNetworks/subnets/action"
                    ],
                    "name": "Microsoft.Web/serverFarms"
                  }
                ]
              }
            ],
            "enforce_private_link_endpoint_network_policies": true,
            "enforce_private_link_service_network_policies": false,
            "id": "/subscriptions/2bd29ed6-34a6-42d7-8235-293e8ee67447/resourceGroups/AZMMCoreRG01/providers/Microsoft.Network/virtualNetworks/AZMMVNET01/subnets/AppSNET01",
            "name": "AppSNET01",
            "private_endpoint_network_policies_enabled": false,
            "private_link_service_network_policies_enabled": true,
            "resource_group_name": "AZMMCoreRG01",
            "service_endpoint_policy_ids": [],
            "service_endpoints": [
              "Microsoft.Storage"
            ],
            "timeouts": null,
            "virtual_network_name": "AZMMVNET01"
          },
          "sensitive_attributes": [],
          "private": "eyJlMmJmYjczMC1lY2FhLTExZTYtOGY4OC0zNDM2M2JjN2M0YzAiOnsiY3JlYXRlIjoxODAwMDAwMDAwMDAwLCJkZWxldGUiOjE4MDAwMDAwMDAwMDAsInJlYWQiOjMwMDAwMDAwMDAwMCwidXBkYXRlIjoxODAwMDAwMDAwMDAwfSwic2NoZW1hX3ZlcnNpb24iOiIwIn0=",
          "dependencies": [
            "azurerm_resource_group.res-0",
            "azurerm_virtual_network.res-9"
          ]
        }
      ]
    },
    {
      "mode": "managed",
      "type": "azurerm_subnet",
      "name": "res-12",
      "provider": "provider[\"registry.terraform.io/hashicorp/azurerm\"]",
      "instances": [
        {
          "schema_version": 0,
          "attributes": {
            "address_prefixes": [
              "10.191.2.0/24"
            ],
            "delegation": [],
            "enforce_private_link_endpoint_network_policies": true,
            "enforce_private_link_service_network_policies": false,
            "id": "/subscriptions/2bd29ed6-34a6-42d7-8235-293e8ee67447/resourceGroups/AZMMCoreRG01/providers/Microsoft.Network/virtualNetworks/AZMMVNET01/subnets/SQLSNET01",
            "name": "SQLSNET01",
            "private_endpoint_network_policies_enabled": false,
            "private_link_service_network_policies_enabled": true,
            "resource_group_name": "AZMMCoreRG01",
            "service_endpoint_policy_ids": [],
            "service_endpoints": [],
            "timeouts": null,
            "virtual_network_name": "AZMMVNET01"
          },
          "sensitive_attributes": [],
          "private": "eyJlMmJmYjczMC1lY2FhLTExZTYtOGY4OC0zNDM2M2JjN2M0YzAiOnsiY3JlYXRlIjoxODAwMDAwMDAwMDAwLCJkZWxldGUiOjE4MDAwMDAwMDAwMDAsInJlYWQiOjMwMDAwMDAwMDAwMCwidXBkYXRlIjoxODAwMDAwMDAwMDAwfSwic2NoZW1hX3ZlcnNpb24iOiIwIn0=",
          "dependencies": [
            "azurerm_resource_group.res-0",
            "azurerm_virtual_network.res-9"
          ]
        }
      ]
    },
    {
      "mode": "managed",
      "type": "azurerm_user_assigned_identity",
      "name": "res-3",
      "provider": "provider[\"registry.terraform.io/hashicorp/azurerm\"]",
      "instances": [
        {
          "schema_version": 1,
          "attributes": {
            "client_id": "35183d05-f601-4fae-9c71-0b221b85b653",
            "id": "/subscriptions/2bd29ed6-34a6-42d7-8235-293e8ee67447/resourceGroups/AZMMCoreRG01/providers/Microsoft.ManagedIdentity/userAssignedIdentities/AppGWManagedID",
            "location": "uksouth",
            "name": "AppGWManagedID",
            "principal_id": "ad8f1dc0-8a3a-4733-96a3-bedca459b6b6",
            "resource_group_name": "AZMMCoreRG01",
            "tags": {},
            "tenant_id": "3a243d17-3d9f-43e2-96a9-222d4b6fada1",
            "timeouts": null
          },
          "sensitive_attributes": [],
          "private": "eyJlMmJmYjczMC1lY2FhLTExZTYtOGY4OC0zNDM2M2JjN2M0YzAiOnsiY3JlYXRlIjoxODAwMDAwMDAwMDAwLCJkZWxldGUiOjE4MDAwMDAwMDAwMDAsInJlYWQiOjMwMDAwMDAwMDAwMCwidXBkYXRlIjoxODAwMDAwMDAwMDAwfSwic2NoZW1hX3ZlcnNpb24iOiIxIn0=",
          "dependencies": [
            "azurerm_resource_group.res-0"
          ]
        }
      ]
    },
    {
      "mode": "managed",
      "type": "azurerm_virtual_network",
      "name": "res-9",
      "provider": "provider[\"registry.terraform.io/hashicorp/azurerm\"]",
      "instances": [
        {
          "schema_version": 0,
          "attributes": {
            "address_space": [
              "10.191.0.0/16"
            ],
            "bgp_community": "",
            "ddos_protection_plan": [],
            "dns_servers": [],
            "edge_zone": "",
            "encryption": [],
            "flow_timeout_in_minutes": 0,
            "guid": "bd5685f3-5b78-4e2b-88b7-1d494e52fa51",
            "id": "/subscriptions/2bd29ed6-34a6-42d7-8235-293e8ee67447/resourceGroups/AZMMCoreRG01/providers/Microsoft.Network/virtualNetworks/AZMMVNET01",
            "location": "northeurope",
            "name": "AZMMVNET01",
            "resource_group_name": "AZMMCoreRG01",
            "subnet": [
              {
                "address_prefix": "",
                "id": "/subscriptions/2bd29ed6-34a6-42d7-8235-293e8ee67447/resourceGroups/AZMMCoreRG01/providers/Microsoft.Network/virtualNetworks/AZMMVNET01/subnets/AppSNET01",
                "name": "AppSNET01",
                "security_group": ""
              },
              {
                "address_prefix": "",
                "id": "/subscriptions/2bd29ed6-34a6-42d7-8235-293e8ee67447/resourceGroups/AZMMCoreRG01/providers/Microsoft.Network/virtualNetworks/AZMMVNET01/subnets/SQLSNET01",
                "name": "SQLSNET01",
                "security_group": ""
              },
              {
                "address_prefix": "10.191.3.0/24",
                "id": "/subscriptions/2bd29ed6-34a6-42d7-8235-293e8ee67447/resourceGroups/AZMMCoreRG01/providers/Microsoft.Network/virtualNetworks/AZMMVNET01/subnets/AGWSNET01",
                "name": "AGWSNET01",
                "security_group": ""
              }
            ],
            "tags": {},
            "timeouts": null
          },
          "sensitive_attributes": [],
          "private": "eyJlMmJmYjczMC1lY2FhLTExZTYtOGY4OC0zNDM2M2JjN2M0YzAiOnsiY3JlYXRlIjoxODAwMDAwMDAwMDAwLCJkZWxldGUiOjE4MDAwMDAwMDAwMDAsInJlYWQiOjMwMDAwMDAwMDAwMCwidXBkYXRlIjoxODAwMDAwMDAwMDAwfSwic2NoZW1hX3ZlcnNpb24iOiIwIn0=",
          "dependencies": [
            "azurerm_resource_group.res-0"
          ]
        }
      ]
    },
    {
      "mode": "managed",
      "type": "azurerm_windows_web_app",
      "name": "azmmclientrg-1",
      "provider": "provider[\"registry.terraform.io/hashicorp/azurerm\"]",
      "instances": [
        {
          "schema_version": 1,
          "attributes": {
            "app_settings": {
              "MM_DEFAULT_VERSION": "mmakerah",
              "MM_EXTENSION_VERSION": "\u0026_#;|,N,FTX{SQs\\i*{n(c(x\\Z|A1qS,^VVjX#[20{Z7)7;$f6",
              "WEBSITE_TIME_ZONE": "GMT Standard Time"
            },
            "auth_settings": [],
            "auth_settings_v2": [],
            "backup": [],
            "client_affinity_enabled": true,
            "client_certificate_enabled": false,
            "client_certificate_exclusion_paths": "",
            "client_certificate_mode": "Required",
            "connection_string": [
              {
                "name": "mmakerConnString",
                "type": "SQLAzure",
                "value": "data source=tcp:azmmsql01.database.windows.net;initial catalog=17008;persist security info=True;App=EntityFramework;Connection Timeout=60"
              }
            ],
            "custom_domain_verification_id": "EA2B5C6DFFF05CD3A5CFDE9FF197F4301B841E4151EE80825F650F63C51B959E",
            "default_hostname": "applehealth-matchmakersoftware.azurewebsites.net",
            "enabled": true,
            "ftp_publish_basic_authentication_enabled": true,
            "hosting_environment_id": "",
            "https_only": true,
            "id": "/subscriptions/2bd29ed6-34a6-42d7-8235-293e8ee67447/resourceGroups/AZMMClientApps/providers/Microsoft.Web/sites/applehealth-matchmakersoftware",
            "identity": [
              {
                "identity_ids": [],
                "principal_id": "18a9d361-97c4-4d57-98f2-d3e7744b3787",
                "tenant_id": "3a243d17-3d9f-43e2-96a9-222d4b6fada1",
                "type": "SystemAssigned"
              }
            ],
            "key_vault_reference_identity_id": "SystemAssigned",
            "kind": "app",
            "location": "northeurope",
            "logs": [
              {
                "application_logs": [],
                "detailed_error_messages": true,
                "failed_request_tracing": false,
                "http_logs": []
              }
            ],
            "name": "applehealth-matchmakersoftware",
            "outbound_ip_address_list": [
              "20.67.168.247",
              "20.67.169.146",
              "20.67.169.223",
              "20.67.170.0",
              "20.67.170.202",
              "20.67.170.220",
              "20.107.224.17"
            ],
            "outbound_ip_addresses": "20.67.168.247,20.67.169.146,20.67.169.223,20.67.170.0,20.67.170.202,20.67.170.220,20.107.224.17",
            "possible_outbound_ip_address_list": [
              "20.67.168.247",
              "20.67.169.146",
              "20.67.169.223",
              "20.67.170.0",
              "20.67.170.202",
              "20.67.170.220",
              "20.67.171.99",
              "20.67.171.129",
              "20.67.172.9",
              "20.67.172.91",
              "20.67.172.243",
              "20.67.173.5",
              "20.67.173.29",
              "20.67.173.31",
              "20.67.173.176",
              "20.67.174.57",
              "20.67.174.66",
              "20.67.174.208",
              "20.67.174.221",
              "20.67.174.223",
              "20.67.174.227",
              "20.67.174.238",
              "20.67.173.18",
              "20.67.175.27",
              "20.67.175.30",
              "20.67.175.41",
              "20.67.175.50",
              "20.67.175.65",
              "20.67.175.89",
              "20.67.175.91",
              "20.107.224.17"
            ],
            "possible_outbound_ip_addresses": "20.67.168.247,20.67.169.146,20.67.169.223,20.67.170.0,20.67.170.202,20.67.170.220,20.67.171.99,20.67.171.129,20.67.172.9,20.67.172.91,20.67.172.243,20.67.173.5,20.67.173.29,20.67.173.31,20.67.173.176,20.67.174.57,20.67.174.66,20.67.174.208,20.67.174.221,20.67.174.223,20.67.174.227,20.67.174.238,20.67.173.18,20.67.175.27,20.67.175.30,20.67.175.41,20.67.175.50,20.67.175.65,20.67.175.89,20.67.175.91,20.107.224.17",
            "public_network_access_enabled": true,
            "resource_group_name": "AZMMClientApps",
            "service_plan_id": "/subscriptions/2bd29ed6-34a6-42d7-8235-293e8ee67447/resourceGroups/AZMMCoreRG01/providers/Microsoft.Web/serverFarms/AZMMASP01",
            "site_config": [
              {
                "always_on": true,
                "api_definition_url": "",
                "api_management_api_id": "",
                "app_command_line": "",
                "application_stack": [
                  {
                    "current_stack": "dotnetcore",
                    "docker_container_name": "",
                    "docker_container_registry": "",
                    "docker_container_tag": "",
                    "docker_image_name": "",
                    "docker_registry_password": "",
                    "docker_registry_url": "",
                    "docker_registry_username": "",
                    "dotnet_core_version": "v8.0",
                    "dotnet_version": "",
                    "java_container": "",
                    "java_container_version": "",
                    "java_embedded_server_enabled": false,
                    "java_version": "",
                    "node_version": "6.9.1",
                    "php_version": "5.6",
                    "python": false,
                    "python_version": "",
                    "tomcat_version": ""
                  }
                ],
                "auto_heal_enabled": false,
                "auto_heal_setting": [],
                "container_registry_managed_identity_client_id": "",
                "container_registry_use_managed_identity": false,
                "cors": [],
                "default_documents": [
                  "Default.htm",
                  "Default.html",
                  "Default.asp",
                  "index.htm",
                  "index.html",
                  "iisstart.htm",
                  "default.aspx",
                  "index.php",
                  "hostingstart.html"
                ],
                "detailed_error_logging_enabled": true,
                "ftps_state": "FtpsOnly",
                "health_check_eviction_time_in_min": 0,
                "health_check_path": "",
                "http2_enabled": false,
                "ip_restriction": [
                  {
                    "action": "Allow",
                    "description": "AccessFromAppGateway",
                    "headers": [],
                    "ip_address": "",
                    "name": "",
                    "priority": 200,
                    "service_tag": "GatewayManager",
                    "virtual_network_subnet_id": ""
                  },
                  {
                    "action": "Allow",
                    "description": "Applicaiton Gateway FrontEnd",
                    "headers": [],
                    "ip_address": "98.71.72.6/32",
                    "name": "ApplicationGateway",
                    "priority": 300,
                    "service_tag": "",
                    "virtual_network_subnet_id": ""
                  },
                  {
                    "action": "Allow",
                    "description": "MatchMaker Office",
                    "headers": [],
                    "ip_address": "217.37.57.250/32",
                    "name": "MatchMakerOffice",
                    "priority": 400,
                    "service_tag": "",
                    "virtual_network_subnet_id": ""
                  }
                ],
                "ip_restriction_default_action": "Deny",
                "linux_fx_version": "",
                "load_balancing_mode": "LeastRequests",
                "local_mysql_enabled": false,
                "managed_pipeline_mode": "Integrated",
                "minimum_tls_version": "1.2",
                "remote_debugging_enabled": false,
                "remote_debugging_version": "VS2019",
                "scm_ip_restriction": [],
                "scm_ip_restriction_default_action": "Allow",
                "scm_minimum_tls_version": "1.2",
                "scm_type": "None",
                "scm_use_main_ip_restriction": false,
                "use_32_bit_worker": false,
                "virtual_application": [],
                "vnet_route_all_enabled": true,
                "websockets_enabled": true,
                "windows_fx_version": "",
                "worker_count": 1
              }
            ],
            "site_credential": [
              {
                "name": "$applehealth-matchmakersoftware",
                "password": "hkDYzJrCAbjwjtxXdvpMzThFmT0dJfu3S6w3127yEGedckgQroL2uvf2kMjR"
              }
            ],
            "sticky_settings": [],
            "storage_account": [],
            "tags": {},
            "timeouts": null,
            "virtual_network_subnet_id": "/subscriptions/2bd29ed6-34a6-42d7-8235-293e8ee67447/resourceGroups/AZMMCoreRG01/providers/Microsoft.Network/virtualNetworks/AZMMVNET01/subnets/AppSNET01",
            "webdeploy_publish_basic_authentication_enabled": true,
            "zip_deploy_file": ""
          },
          "sensitive_attributes": [],
          "private": "eyJlMmJmYjczMC1lY2FhLTExZTYtOGY4OC0zNDM2M2JjN2M0YzAiOnsiY3JlYXRlIjoxODAwMDAwMDAwMDAwLCJkZWxldGUiOjE4MDAwMDAwMDAwMDAsInJlYWQiOjMwMDAwMDAwMDAwMCwidXBkYXRlIjoxODAwMDAwMDAwMDAwfSwic2NoZW1hX3ZlcnNpb24iOiIxIn0=",
          "dependencies": [
            "azurerm_resource_group.azmmclientrg-0"
          ]
        }
      ]
    },
    {
      "mode": "managed",
      "type": "azurerm_windows_web_app",
      "name": "azmmclientrg-182",
      "provider": "provider[\"registry.terraform.io/hashicorp/azurerm\"]",
      "instances": [
        {
          "schema_version": 1,
          "attributes": {
            "app_settings": {
              "MM_DEFAULT_VERSION": "mmakerdt",
              "MM_EXTENSION_VERSION": "\u0026)ku4\\92MxA_j|\u003e*V,YS(@(#3=Ivs4\u003c*0k^mwzpiS7JWe4QjC(",
              "WEBSITE_TIME_ZONE": "GMT Standard Time"
            },
            "auth_settings": [],
            "auth_settings_v2": [],
            "backup": [],
            "client_affinity_enabled": true,
            "client_certificate_enabled": false,
            "client_certificate_exclusion_paths": "",
            "client_certificate_mode": "Required",
            "connection_string": [
              {
                "name": "mmakerConnString",
                "type": "SQLAzure",
                "value": "data source=tcp:azmmsql01.database.windows.net;initial catalog=17009;persist security info=True;App=EntityFramework;Connection Timeout=60"
              }
            ],
            "custom_domain_verification_id": "EA2B5C6DFFF05CD3A5CFDE9FF197F4301B841E4151EE80825F650F63C51B959E",
            "default_hostname": "dt-matchmakersoftware.azurewebsites.net",
            "enabled": true,
            "ftp_publish_basic_authentication_enabled": true,
            "hosting_environment_id": "",
            "https_only": true,
            "id": "/subscriptions/2bd29ed6-34a6-42d7-8235-293e8ee67447/resourceGroups/AZMMClientApps/providers/Microsoft.Web/sites/dt-matchmakersoftware",
            "identity": [
              {
                "identity_ids": [],
                "principal_id": "afb8ba03-55e4-4767-821c-aa267e1e0190",
                "tenant_id": "3a243d17-3d9f-43e2-96a9-222d4b6fada1",
                "type": "SystemAssigned"
              }
            ],
            "key_vault_reference_identity_id": "SystemAssigned",
            "kind": "app",
            "location": "northeurope",
            "logs": [
              {
                "application_logs": [],
                "detailed_error_messages": true,
                "failed_request_tracing": false,
                "http_logs": []
              }
            ],
            "name": "dt-matchmakersoftware",
            "outbound_ip_address_list": [
              "20.67.168.247",
              "20.67.169.146",
              "20.67.169.223",
              "20.67.170.0",
              "20.67.170.202",
              "20.67.170.220",
              "20.107.224.17"
            ],
            "outbound_ip_addresses": "20.67.168.247,20.67.169.146,20.67.169.223,20.67.170.0,20.67.170.202,20.67.170.220,20.107.224.17",
            "possible_outbound_ip_address_list": [
              "20.67.168.247",
              "20.67.169.146",
              "20.67.169.223",
              "20.67.170.0",
              "20.67.170.202",
              "20.67.170.220",
              "20.67.171.99",
              "20.67.171.129",
              "20.67.172.9",
              "20.67.172.91",
              "20.67.172.243",
              "20.67.173.5",
              "20.67.173.29",
              "20.67.173.31",
              "20.67.173.176",
              "20.67.174.57",
              "20.67.174.66",
              "20.67.174.208",
              "20.67.174.221",
              "20.67.174.223",
              "20.67.174.227",
              "20.67.174.238",
              "20.67.173.18",
              "20.67.175.27",
              "20.67.175.30",
              "20.67.175.41",
              "20.67.175.50",
              "20.67.175.65",
              "20.67.175.89",
              "20.67.175.91",
              "20.107.224.17"
            ],
            "possible_outbound_ip_addresses": "20.67.168.247,20.67.169.146,20.67.169.223,20.67.170.0,20.67.170.202,20.67.170.220,20.67.171.99,20.67.171.129,20.67.172.9,20.67.172.91,20.67.172.243,20.67.173.5,20.67.173.29,20.67.173.31,20.67.173.176,20.67.174.57,20.67.174.66,20.67.174.208,20.67.174.221,20.67.174.223,20.67.174.227,20.67.174.238,20.67.173.18,20.67.175.27,20.67.175.30,20.67.175.41,20.67.175.50,20.67.175.65,20.67.175.89,20.67.175.91,20.107.224.17",
            "public_network_access_enabled": true,
            "resource_group_name": "AZMMClientApps",
            "service_plan_id": "/subscriptions/2bd29ed6-34a6-42d7-8235-293e8ee67447/resourceGroups/AZMMCoreRG01/providers/Microsoft.Web/serverFarms/AZMMASP01",
            "site_config": [
              {
                "always_on": true,
                "api_definition_url": "",
                "api_management_api_id": "",
                "app_command_line": "",
                "application_stack": [
                  {
                    "current_stack": "dotnetcore",
                    "docker_container_name": "",
                    "docker_container_registry": "",
                    "docker_container_tag": "",
                    "docker_image_name": "",
                    "docker_registry_password": "",
                    "docker_registry_url": "",
                    "docker_registry_username": "",
                    "dotnet_core_version": "v8.0",
                    "dotnet_version": "",
                    "java_container": "",
                    "java_container_version": "",
                    "java_embedded_server_enabled": false,
                    "java_version": "",
                    "node_version": "6.9.1",
                    "php_version": "5.6",
                    "python": false,
                    "python_version": "",
                    "tomcat_version": ""
                  }
                ],
                "auto_heal_enabled": false,
                "auto_heal_setting": [],
                "container_registry_managed_identity_client_id": "",
                "container_registry_use_managed_identity": false,
                "cors": [],
                "default_documents": [
                  "Default.htm",
                  "Default.html",
                  "Default.asp",
                  "index.htm",
                  "index.html",
                  "iisstart.htm",
                  "default.aspx",
                  "index.php",
                  "hostingstart.html"
                ],
                "detailed_error_logging_enabled": true,
                "ftps_state": "FtpsOnly",
                "health_check_eviction_time_in_min": 0,
                "health_check_path": "",
                "http2_enabled": false,
                "ip_restriction": [
                  {
                    "action": "Allow",
                    "description": "AccessFromAppGateway",
                    "headers": [],
                    "ip_address": "",
                    "name": "",
                    "priority": 200,
                    "service_tag": "GatewayManager",
                    "virtual_network_subnet_id": ""
                  },
                  {
                    "action": "Allow",
                    "description": "Applicaiton Gateway FrontEnd",
                    "headers": [],
                    "ip_address": "98.71.72.6/32",
                    "name": "ApplicationGateway",
                    "priority": 300,
                    "service_tag": "",
                    "virtual_network_subnet_id": ""
                  },
                  {
                    "action": "Allow",
                    "description": "MatchMaker Office",
                    "headers": [],
                    "ip_address": "217.37.57.250/32",
                    "name": "MatchMakerOffice",
                    "priority": 400,
                    "service_tag": "",
                    "virtual_network_subnet_id": ""
                  }
                ],
                "ip_restriction_default_action": "Deny",
                "linux_fx_version": "",
                "load_balancing_mode": "LeastRequests",
                "local_mysql_enabled": false,
                "managed_pipeline_mode": "Integrated",
                "minimum_tls_version": "1.2",
                "remote_debugging_enabled": false,
                "remote_debugging_version": "VS2019",
                "scm_ip_restriction": [],
                "scm_ip_restriction_default_action": "Allow",
                "scm_minimum_tls_version": "1.2",
                "scm_type": "None",
                "scm_use_main_ip_restriction": false,
                "use_32_bit_worker": false,
                "virtual_application": [],
                "vnet_route_all_enabled": true,
                "websockets_enabled": true,
                "windows_fx_version": "",
                "worker_count": 1
              }
            ],
            "site_credential": [
              {
                "name": "$dt-matchmakersoftware",
                "password": "2cHcdtGvntp8Qicu7dyd4XiXnRr6fo5pxMS5LLxbJ6s7ifsElBsdjd3aeMzH"
              }
            ],
            "sticky_settings": [],
            "storage_account": [],
            "tags": {},
            "timeouts": null,
            "virtual_network_subnet_id": "/subscriptions/2bd29ed6-34a6-42d7-8235-293e8ee67447/resourceGroups/AZMMCoreRG01/providers/Microsoft.Network/virtualNetworks/AZMMVNET01/subnets/AppSNET01",
            "webdeploy_publish_basic_authentication_enabled": true,
            "zip_deploy_file": ""
          },
          "sensitive_attributes": [],
          "private": "eyJlMmJmYjczMC1lY2FhLTExZTYtOGY4OC0zNDM2M2JjN2M0YzAiOnsiY3JlYXRlIjoxODAwMDAwMDAwMDAwLCJkZWxldGUiOjE4MDAwMDAwMDAwMDAsInJlYWQiOjMwMDAwMDAwMDAwMCwidXBkYXRlIjoxODAwMDAwMDAwMDAwfSwic2NoZW1hX3ZlcnNpb24iOiIxIn0=",
          "dependencies": [
            "azurerm_resource_group.azmmclientrg-0"
          ]
        }
      ]
    },
    {
      "mode": "managed",
      "type": "azurerm_windows_web_app",
      "name": "azmmclientrg-366",
      "provider": "provider[\"registry.terraform.io/hashicorp/azurerm\"]",
      "instances": [
        {
          "schema_version": 1,
          "attributes": {
            "app_settings": {
              "APPLICATIONINSIGHTS_CONNECTION_STRING": "InstrumentationKey=e62501d5-31c1-45f2-a54e-8ea998494ed0;IngestionEndpoint=https://northeurope-2.in.applicationinsights.azure.com/;LiveEndpoint=https://northeurope.livediagnostics.monitor.azure.com/",
              "ApplicationInsightsAgent_EXTENSION_VERSION": "~2",
              "MM_DEFAULT_VERSION": "mmakerlta",
              "MM_EXTENSION_VERSION": "n4-UL:g5aHw%et+Wt!r}i%$Hm6q4T%CupX2B8M)ftbco]*!?g%",
              "WEBSITE_TIME_ZONE": "GMT Standard Time",
              "XDT_MicrosoftApplicationInsights_Mode": "default"
            },
            "auth_settings": [],
            "auth_settings_v2": [],
            "backup": [],
            "client_affinity_enabled": true,
            "client_certificate_enabled": false,
            "client_certificate_exclusion_paths": "",
            "client_certificate_mode": "Required",
            "connection_string": [
              {
                "name": "mmakerConnString",
                "type": "SQLAzure",
                "value": "data source=tcp:azmmsql01.database.windows.net;initial catalog=2179;persist security info=True;App=EntityFramework;Connection Timeout=60"
              }
            ],
            "custom_domain_verification_id": "EA2B5C6DFFF05CD3A5CFDE9FF197F4301B841E4151EE80825F650F63C51B959E",
            "default_hostname": "lta-matchmakersoftware.azurewebsites.net",
            "enabled": true,
            "ftp_publish_basic_authentication_enabled": true,
            "hosting_environment_id": "",
            "https_only": true,
            "id": "/subscriptions/2bd29ed6-34a6-42d7-8235-293e8ee67447/resourceGroups/azmmclientapps/providers/Microsoft.Web/sites/lta-matchmakersoftware",
            "identity": [
              {
                "identity_ids": [],
                "principal_id": "5eb0f780-26db-4d08-a7c2-438a4a70ee8d",
                "tenant_id": "3a243d17-3d9f-43e2-96a9-222d4b6fada1",
                "type": "SystemAssigned"
              }
            ],
            "key_vault_reference_identity_id": "SystemAssigned",
            "kind": "app",
            "location": "northeurope",
            "logs": [
              {
                "application_logs": [],
                "detailed_error_messages": true,
                "failed_request_tracing": false,
                "http_logs": []
              }
            ],
            "name": "lta-matchmakersoftware",
            "outbound_ip_address_list": [
              "20.67.168.247",
              "20.67.169.146",
              "20.67.169.223",
              "20.67.170.0",
              "20.67.170.202",
              "20.67.170.220",
              "20.107.224.17"
            ],
            "outbound_ip_addresses": "20.67.168.247,20.67.169.146,20.67.169.223,20.67.170.0,20.67.170.202,20.67.170.220,20.107.224.17",
            "possible_outbound_ip_address_list": [
              "20.67.168.247",
              "20.67.169.146",
              "20.67.169.223",
              "20.67.170.0",
              "20.67.170.202",
              "20.67.170.220",
              "20.67.171.99",
              "20.67.171.129",
              "20.67.172.9",
              "20.67.172.91",
              "20.67.172.243",
              "20.67.173.5",
              "20.67.173.29",
              "20.67.173.31",
              "20.67.173.176",
              "20.67.174.57",
              "20.67.174.66",
              "20.67.174.208",
              "20.67.174.221",
              "20.67.174.223",
              "20.67.174.227",
              "20.67.174.238",
              "20.67.173.18",
              "20.67.175.27",
              "20.67.175.30",
              "20.67.175.41",
              "20.67.175.50",
              "20.67.175.65",
              "20.67.175.89",
              "20.67.175.91",
              "20.107.224.17"
            ],
            "possible_outbound_ip_addresses": "20.67.168.247,20.67.169.146,20.67.169.223,20.67.170.0,20.67.170.202,20.67.170.220,20.67.171.99,20.67.171.129,20.67.172.9,20.67.172.91,20.67.172.243,20.67.173.5,20.67.173.29,20.67.173.31,20.67.173.176,20.67.174.57,20.67.174.66,20.67.174.208,20.67.174.221,20.67.174.223,20.67.174.227,20.67.174.238,20.67.173.18,20.67.175.27,20.67.175.30,20.67.175.41,20.67.175.50,20.67.175.65,20.67.175.89,20.67.175.91,20.107.224.17",
            "public_network_access_enabled": true,
            "resource_group_name": "azmmclientapps",
            "service_plan_id": "/subscriptions/2bd29ed6-34a6-42d7-8235-293e8ee67447/resourceGroups/AZMMCoreRG01/providers/Microsoft.Web/serverFarms/AZMMASP01",
            "site_config": [
              {
                "always_on": true,
                "api_definition_url": "",
                "api_management_api_id": "",
                "app_command_line": "",
                "application_stack": [
                  {
                    "current_stack": "dotnet",
                    "docker_container_name": "",
                    "docker_container_registry": "",
                    "docker_container_tag": "",
                    "docker_image_name": "",
                    "docker_registry_password": "",
                    "docker_registry_url": "",
                    "docker_registry_username": "",
                    "dotnet_core_version": "",
                    "dotnet_version": "v7.0",
                    "java_container": "",
                    "java_container_version": "",
                    "java_embedded_server_enabled": false,
                    "java_version": "",
                    "node_version": "",
                    "php_version": "Off",
                    "python": false,
                    "python_version": "",
                    "tomcat_version": ""
                  }
                ],
                "auto_heal_enabled": false,
                "auto_heal_setting": [],
                "container_registry_managed_identity_client_id": "",
                "container_registry_use_managed_identity": false,
                "cors": [],
                "default_documents": [
                  "Default.htm",
                  "Default.html",
                  "Default.asp",
                  "index.htm",
                  "index.html",
                  "iisstart.htm",
                  "default.aspx",
                  "index.php",
                  "hostingstart.html"
                ],
                "detailed_error_logging_enabled": true,
                "ftps_state": "FtpsOnly",
                "health_check_eviction_time_in_min": 0,
                "health_check_path": "",
                "http2_enabled": false,
                "ip_restriction": [
                  {
                    "action": "Allow",
                    "description": "AccessFromAppGateway",
                    "headers": [],
                    "ip_address": "",
                    "name": "",
                    "priority": 200,
                    "service_tag": "GatewayManager",
                    "virtual_network_subnet_id": ""
                  },
                  {
                    "action": "Allow",
                    "description": "Applicaiton Gateway FrontEnd",
                    "headers": [],
                    "ip_address": "98.71.72.6/32",
                    "name": "ApplicationGateway",
                    "priority": 300,
                    "service_tag": "",
                    "virtual_network_subnet_id": ""
                  },
                  {
                    "action": "Allow",
                    "description": "MatchMaker Office",
                    "headers": [],
                    "ip_address": "217.37.57.250/32",
                    "name": "MatchMakerOffice",
                    "priority": 400,
                    "service_tag": "",
                    "virtual_network_subnet_id": ""
                  }
                ],
                "ip_restriction_default_action": "Deny",
                "linux_fx_version": "",
                "load_balancing_mode": "LeastRequests",
                "local_mysql_enabled": false,
                "managed_pipeline_mode": "Integrated",
                "minimum_tls_version": "1.2",
                "remote_debugging_enabled": false,
                "remote_debugging_version": "VS2019",
                "scm_ip_restriction": [],
                "scm_ip_restriction_default_action": "Allow",
                "scm_minimum_tls_version": "1.2",
                "scm_type": "None",
                "scm_use_main_ip_restriction": false,
                "use_32_bit_worker": false,
                "virtual_application": [],
                "vnet_route_all_enabled": true,
                "websockets_enabled": true,
                "windows_fx_version": "",
                "worker_count": 1
              }
            ],
            "site_credential": [
              {
                "name": "$lta-matchmakersoftware",
                "password": "D7vq5zxF8QKAMZScboi9wkfCkfi66DJKrzgFT8joigYfWCqhrS9xtd8acouc"
              }
            ],
            "sticky_settings": [
              {
                "app_setting_names": [
                  "WEBSITE_TIME_ZONE"
                ],
                "connection_string_names": []
              }
            ],
            "storage_account": [],
            "tags": {},
            "timeouts": null,
            "virtual_network_subnet_id": "/subscriptions/2bd29ed6-34a6-42d7-8235-293e8ee67447/resourceGroups/AZMMCoreRG01/providers/Microsoft.Network/virtualNetworks/AZMMVNET01/subnets/AppSNET01",
            "webdeploy_publish_basic_authentication_enabled": true,
            "zip_deploy_file": ""
          },
          "sensitive_attributes": [],
          "private": "eyJlMmJmYjczMC1lY2FhLTExZTYtOGY4OC0zNDM2M2JjN2M0YzAiOnsiY3JlYXRlIjoxODAwMDAwMDAwMDAwLCJkZWxldGUiOjE4MDAwMDAwMDAwMDAsInJlYWQiOjMwMDAwMDAwMDAwMCwidXBkYXRlIjoxODAwMDAwMDAwMDAwfSwic2NoZW1hX3ZlcnNpb24iOiIxIn0=",
          "dependencies": [
            "azurerm_resource_group.azmmclientrg-0"
          ]
        }
      ]
    }
  ],
  "check_results": null
}
