{
  "version": 4,
  "terraform_version": "1.7.3",
  "serial": 199,
  "lineage": "dc4d2936-75a1-7880-f7d2-16ec2ebea578",
  "outputs": {},
  "resources": [
    {
      "mode": "data",
      "type": "azurerm_key_vault_certificate",
      "name": "res-2",
      "provider": "provider[\"registry.terraform.io/hashicorp/azurerm\"]",
      "instances": [
        {
          "schema_version": 0,
          "attributes": {
            "certificate_data": "308206463082052EA003020102021007E9FA66B93AE61CCAD635D6696F7DC8300D06092A864886F70D01010B05003060310B300906035504061302555331153013060355040A130C446967694365727420496E6331193017060355040B13107777772E64696769636572742E636F6D311F301D06035504031316526170696453534C20544C5320525341204341204731301E170D3234303330313030303030305A170D3235303430313233353935395A30233121301F06035504030C182A2E6D617463686D616B6572736F6674776172652E636F6D30820122300D06092A864886F70D01010105000382010F003082010A0282010100BAC84F5F79B29AA6DCBC9FB23A1400D84EE8190AF9FD65AC7114AACE9BCCA6B8BC0B6D3C68A637D306996632BC880AFCBF60B0FDDFCCF9FDCB8FD8B7CAC1D5EF09BDD4AA4768000F72D731EC1F87E552F7CAF3AB107CEE1E090E6F45FECF81926B4E20A246E67077155051D0FBDAFA09CD4682F5DCBC0035898A80C303C97A8736F461366E7CC02DCBC52F0281262A38CAB739C64E1EE26B861B2539AFE105F37381C6FE8B57F7DD8483245F14B40CA1E79B7F553CC093B75DEF0BBEC352FCE992A505F5EC4411E556277CAD1B48D9B0AC458BBE3E175822F840FE7860F622F6DAB1E2E117756106DA662B941CD11D1097D72B8B4E9B88C2925170AEAD2C31DD0203010001A382033730820333301F0603551D230418301680140CDB6C82490F4A670AB814EE7AC4485288EB5638301D0603551D0E0416041418F4800B6900C6C7BD884562112D458E4AEB40E1303B0603551D110434303282182A2E6D617463686D616B6572736F6674776172652E636F6D82166D617463686D616B6572736F6674776172652E636F6D303E0603551D20043730353033060667810C0102013029302706082B06010505070201161B687474703A2F2F7777772E64696769636572742E636F6D2F435053300E0603551D0F0101FF0404030205A0301D0603551D250416301406082B0601050507030106082B06010505070302303F0603551D1F043830363034A032A030862E687474703A2F2F6364702E726170696473736C2E636F6D2F526170696453534C544C53525341434147312E63726C307606082B06010505070101046A3068302606082B06010505073001861A687474703A2F2F7374617475732E726170696473736C2E636F6D303E06082B060105050730028632687474703A2F2F636163657274732E726170696473736C2E636F6D2F526170696453534C544C53525341434147312E637274300C0603551D130101FF040230003082017C060A2B06010401D6790204020482016C0482016801660076004E75A3275C9A10C3385B6CD4DF3F52EB1DF0E08E1B8D69C0B1FA64B1629A39DF0000018DF95F0F0700000403004730450221009BAA120CB5DE5FA62195A699A5643E72BC3178DEAA4AD74CD95837F421E6B7B202203D50C81430D35AC17262C9677E0CD734019A813CD95426D2A36896A6ED2D20070075007D591E12E1782A7B1C61677C5EFDF8D0875C14A04E959EB9032FD90E8C2E79B80000018DF95F0EB700000403004630440220434173BD8F9FADB1026E6EA7C5EEDFC80589B29168A73D6A5874DF3F1FB2AF85022046405B97F2B73FCF51A39057B0C5B71939F03B600D73563864DAD3BE78509573007500E6D2316340778CC1104106D771B9CEC1D240F6968486FBBA87321DFD1E378E500000018DF95F0ED4000004030046304402206F9B7AD3D15DDFD07E6CEBC744BE41080744924FAB8EEAECEBD7B21C6443BDC2022011BC2C9AD550E954199F15EAE1499B84A4772EB3D44B6CFA88B8F010A6E4A1A8300D06092A864886F70D01010B050003820101009F253E9B77FEC3D16261E235F9E64F63E79EDFAC74F5329B31DD17302F997EB96754DD1E1FCC9C8ECEFDD6E3AF8CDDB9E4991C366F657706E4F01C9C190BE4711A17704FFC44315C0DFCC579B96A8D4A5236882F3047F09EFEBC9FBE1B6F5F3C24E5156672FB5F49B18B10857BAB5C96012760C8605FC0081602CBF9B1EB56121766A60EEC2E0A7915EC8A9860E4CCBDB571F0C4AF5048B1580C74E94BF7BEC4D4654C9B4A23EEC9BDA62254AD7C9D5C28C84CEDBBEFD89C10F4C65C70EB8FDC79A66DB1EC89FF707FC237A5CED7D2FE21862A60664CCF04B7055DC00E0F424EE279E13131108C6F55EABF18F42941586FB30267C95A6C502D37B85C82A28422",
            "certificate_data_base64": "MIIGRjCCBS6gAwIBAgIQB+n6Zrk65hzK1jXWaW99yDANBgkqhkiG9w0BAQsFADBgMQswCQYDVQQGEwJVUzEVMBMGA1UEChMMRGlnaUNlcnQgSW5jMRkwFwYDVQQLExB3d3cuZGlnaWNlcnQuY29tMR8wHQYDVQQDExZSYXBpZFNTTCBUTFMgUlNBIENBIEcxMB4XDTI0MDMwMTAwMDAwMFoXDTI1MDQwMTIzNTk1OVowIzEhMB8GA1UEAwwYKi5tYXRjaG1ha2Vyc29mdHdhcmUuY29tMIIBIjANBgkqhkiG9w0BAQEFAAOCAQ8AMIIBCgKCAQEAushPX3mymqbcvJ+yOhQA2E7oGQr5/WWscRSqzpvMpri8C208aKY30waZZjK8iAr8v2Cw/d/M+f3Lj9i3ysHV7wm91KpHaAAPctcx7B+H5VL3yvOrEHzuHgkOb0X+z4GSa04gokbmcHcVUFHQ+9r6Cc1GgvXcvAA1iYqAwwPJeoc29GE2bnzALcvFLwKBJio4yrc5xk4e4muGGyU5r+EF83OBxv6LV/fdhIMkXxS0DKHnm39VPMCTt13vC77DUvzpkqUF9exEEeVWJ3ytG0jZsKxFi74+F1gi+ED+eGD2IvbaseLhF3VhBtpmK5Qc0R0Ql9cri06biMKSUXCurSwx3QIDAQABo4IDNzCCAzMwHwYDVR0jBBgwFoAUDNtsgkkPSmcKuBTuesRIUojrVjgwHQYDVR0OBBYEFBj0gAtpAMbHvYhFYhEtRY5K60DhMDsGA1UdEQQ0MDKCGCoubWF0Y2htYWtlcnNvZnR3YXJlLmNvbYIWbWF0Y2htYWtlcnNvZnR3YXJlLmNvbTA+BgNVHSAENzA1MDMGBmeBDAECATApMCcGCCsGAQUFBwIBFhtodHRwOi8vd3d3LmRpZ2ljZXJ0LmNvbS9DUFMwDgYDVR0PAQH/BAQDAgWgMB0GA1UdJQQWMBQGCCsGAQUFBwMBBggrBgEFBQcDAjA/BgNVHR8EODA2MDSgMqAwhi5odHRwOi8vY2RwLnJhcGlkc3NsLmNvbS9SYXBpZFNTTFRMU1JTQUNBRzEuY3JsMHYGCCsGAQUFBwEBBGowaDAmBggrBgEFBQcwAYYaaHR0cDovL3N0YXR1cy5yYXBpZHNzbC5jb20wPgYIKwYBBQUHMAKGMmh0dHA6Ly9jYWNlcnRzLnJhcGlkc3NsLmNvbS9SYXBpZFNTTFRMU1JTQUNBRzEuY3J0MAwGA1UdEwEB/wQCMAAwggF8BgorBgEEAdZ5AgQCBIIBbASCAWgBZgB2AE51oydcmhDDOFts1N8/Uusd8OCOG41pwLH6ZLFimjnfAAABjflfDwcAAAQDAEcwRQIhAJuqEgy13l+mIZWmmaVkPnK8MXjeqkrXTNlYN/Qh5reyAiA9UMgUMNNawXJiyWd+DNc0AZqBPNlUJtKjaJam7S0gBwB1AH1ZHhLheCp7HGFnfF79+NCHXBSgTpWeuQMv2Q6MLnm4AAABjflfDrcAAAQDAEYwRAIgQ0FzvY+frbECbm6nxe7fyAWJspFopz1qWHTfPx+yr4UCIEZAW5fytz/PUaOQV7DFtxk58DtgDXNWOGTa0754UJVzAHUA5tIxY0B3jMEQQQbXcbnOwdJA9paEhvu6hzId/R43jlAAAAGN+V8O1AAABAMARjBEAiBvm3rT0V3f0H5s68dEvkEIB0SST6uO6uzr17IcZEO9wgIgEbwsmtVQ6VQZnxXq4UmbhKR3LrPUS2z6iLjwEKbkoagwDQYJKoZIhvcNAQELBQADggEBAJ8lPpt3/sPRYmHiNfnmT2Pnnt+sdPUymzHdFzAvmX65Z1TdHh/MnI7O/dbjr4zdueSZHDZvZXcG5PAcnBkL5HEaF3BP/EQxXA38xXm5ao1KUjaILzBH8J7+vJ++G29fPCTlFWZy+19JsYsQhXurXJYBJ2DIYF/ACBYCy/mx61YSF2amDuwuCnkV7IqYYOTMvbVx8MSvUEixWAx06Uv3vsTUZUybSiPuyb2mIlStfJ1cKMhM7bvv2JwQ9MZccOuP3HmmbbHsif9wf8I3pc7X0v4hhipgZkzPBLcFXcAOD0JO4nnhMTEQjG9V6r8Y9ClBWG+zAmfJWmxQLTe4XIKihCI=",
            "certificate_policy": [
              {
                "issuer_parameters": [
                  {
                    "name": "Unknown"
                  }
                ],
                "key_properties": [
                  {
                    "curve": "",
                    "exportable": true,
                    "key_size": 2048,
                    "key_type": "RSA",
                    "reuse_key": false
                  }
                ],
                "lifetime_action": [
                  {
                    "action": [
                      {
                        "action_type": "EmailContacts"
                      }
                    ],
                    "trigger": [
                      {
                        "days_before_expiry": 0,
                        "lifetime_percentage": 80
                      }
                    ]
                  }
                ],
                "secret_properties": [
                  {
                    "content_type": "application/x-pkcs12"
                  }
                ],
                "x509_certificate_properties": [
                  {
                    "extended_key_usage": [
                      "1.3.6.1.5.5.7.3.1",
                      "1.3.6.1.5.5.7.3.2"
                    ],
                    "key_usage": [
                      "digitalSignature",
                      "keyEncipherment"
                    ],
                    "subject": "CN=*.matchmakersoftware.com",
                    "subject_alternative_names": [
                      {
                        "dns_names": [
                          "*.matchmakersoftware.com",
                          "matchmakersoftware.com"
                        ],
                        "emails": [],
                        "upns": []
                      }
                    ],
                    "validity_in_months": 14
                  }
                ]
              }
            ],
            "expires": "2025-04-01T23:59:59Z",
            "id": "https://azmmkv01.vault.azure.net/certificates/AZMMKV01-MMWildcardKV2024/e5e65bcb31c34e14bb18f10ed8f1738f",
            "key_vault_id": "/subscriptions/2bd29ed6-34a6-42d7-8235-293e8ee67447/resourceGroups/AZMMCoreRG01/providers/Microsoft.KeyVault/vaults/AZMMKV01",
            "name": "AZMMKV01-MMWildcardKV2024",
            "not_before": "2024-03-01T00:00:00Z",
            "resource_manager_id": "/subscriptions/2bd29ed6-34a6-42d7-8235-293e8ee67447/resourceGroups/AZMMCoreRG01/providers/Microsoft.KeyVault/vaults/AZMMKV01/certificates/AZMMKV01-MMWildcardKV2024/versions/e5e65bcb31c34e14bb18f10ed8f1738f",
            "resource_manager_versionless_id": "/subscriptions/2bd29ed6-34a6-42d7-8235-293e8ee67447/resourceGroups/AZMMCoreRG01/providers/Microsoft.KeyVault/vaults/AZMMKV01/certificates/AZMMKV01-MMWildcardKV2024",
            "secret_id": "https://azmmkv01.vault.azure.net/secrets/AZMMKV01-MMWildcardKV2024/e5e65bcb31c34e14bb18f10ed8f1738f",
            "tags": {},
            "thumbprint": "151F4496652008C418E6F2CC1EF1407317A20C49",
            "timeouts": null,
            "version": "e5e65bcb31c34e14bb18f10ed8f1738f",
            "versionless_id": "https://azmmkv01.vault.azure.net/certificates/AZMMKV01-MMWildcardKV2024",
            "versionless_secret_id": "https://azmmkv01.vault.azure.net/secrets/AZMMKV01-MMWildcardKV2024"
          },
          "sensitive_attributes": []
        }
      ]
    },
    {
      "mode": "managed",
      "type": "azurerm_app_service_certificate",
      "name": "azmmclientrg-365",
      "provider": "provider[\"registry.terraform.io/hashicorp/azurerm\"]",
      "instances": [
        {
          "schema_version": 0,
          "attributes": {
            "app_service_plan_id": null,
            "expiration_date": "2025-04-01T23:59:59Z",
            "friendly_name": "",
            "host_names": [
              "*.matchmakersoftware.com",
              "matchmakersoftware.com"
            ],
            "hosting_environment_profile_id": null,
            "id": "/subscriptions/2bd29ed6-34a6-42d7-8235-293e8ee67447/resourceGroups/azmmclientapps/providers/Microsoft.Web/certificates/AZMMKV01-MMWildcardKV2024",
            "issue_date": "2024-03-01T00:00:00Z",
            "issuer": "RapidSSL TLS RSA CA G1",
            "key_vault_id": null,
            "key_vault_secret_id": "https://azmmkv01.vault.azure.net/secrets/MMWildcardKV2024/e1fac60ef8e54c1bba8d835bd1fb0d52",
            "location": "northeurope",
            "name": "AZMMKV01-MMWildcardKV2024",
            "password": null,
            "pfx_blob": null,
            "resource_group_name": "azmmclientapps",
            "subject_name": "*.matchmakersoftware.com,matchmakersoftware.com",
            "tags": {},
            "thumbprint": "151F4496652008C418E6F2CC1EF1407317A20C49",
            "timeouts": null
          },
          "sensitive_attributes": [],
          "private": "eyJlMmJmYjczMC1lY2FhLTExZTYtOGY4OC0zNDM2M2JjN2M0YzAiOnsiY3JlYXRlIjoxODAwMDAwMDAwMDAwLCJkZWxldGUiOjE4MDAwMDAwMDAwMDAsInJlYWQiOjMwMDAwMDAwMDAwMCwidXBkYXRlIjoxODAwMDAwMDAwMDAwfX0=",
          "dependencies": [
            "azurerm_resource_group.azmmclientrg-0"
          ]
        }
      ]
    },
    {
      "mode": "managed",
      "type": "azurerm_app_service_certificate_binding",
      "name": "azmmclientrg-custombinding-cert-webapp-HIE2",
      "provider": "provider[\"registry.terraform.io/hashicorp/azurerm\"]",
      "instances": [
        {
          "schema_version": 0,
          "attributes": {
            "app_service_name": "HIE-matchmakersoftware",
            "certificate_id": "/subscriptions/2bd29ed6-34a6-42d7-8235-293e8ee67447/resourceGroups/azmmclientapps/providers/Microsoft.Web/certificates/AZMMKV01-MMWildcardKV2024",
            "hostname": "HIE.matchmakersoftware.com",
            "hostname_binding_id": "/subscriptions/2bd29ed6-34a6-42d7-8235-293e8ee67447/resourceGroups/azmmclientapps/providers/Microsoft.Web/sites/HIE-matchmakersoftware/hostNameBindings/HIE.matchmakersoftware.com",
            "id": "/subscriptions/2bd29ed6-34a6-42d7-8235-293e8ee67447/resourceGroups/azmmclientapps/providers/Microsoft.Web/sites/HIE-matchmakersoftware/hostNameBindings/HIE.matchmakersoftware.com|/subscriptions/2bd29ed6-34a6-42d7-8235-293e8ee67447/resourceGroups/azmmclientapps/providers/Microsoft.Web/certificates/AZMMKV01-MMWildcardKV2024",
            "ssl_state": "SniEnabled",
            "thumbprint": "151F4496652008C418E6F2CC1EF1407317A20C49",
            "timeouts": null
          },
          "sensitive_attributes": [],
          "private": "eyJlMmJmYjczMC1lY2FhLTExZTYtOGY4OC0zNDM2M2JjN2M0YzAiOnsiY3JlYXRlIjoxODAwMDAwMDAwMDAwLCJkZWxldGUiOjE4MDAwMDAwMDAwMDAsInJlYWQiOjMwMDAwMDAwMDAwMH19",
          "dependencies": [
            "azurerm_app_service_certificate.azmmclientrg-365",
            "azurerm_app_service_custom_hostname_binding.azmmclientrg-custombinding-webapp-HIE2",
            "azurerm_resource_group.azmmclientrg-0"
          ]
        }
      ]
    },
    {
      "mode": "managed",
      "type": "azurerm_app_service_certificate_binding",
      "name": "azmmclientrg-custombinding-cert-webapp-br2",
      "provider": "provider[\"registry.terraform.io/hashicorp/azurerm\"]",
      "instances": [
        {
          "schema_version": 0,
          "attributes": {
            "app_service_name": "br-matchmakersoftware",
            "certificate_id": "/subscriptions/2bd29ed6-34a6-42d7-8235-293e8ee67447/resourceGroups/azmmclientapps/providers/Microsoft.Web/certificates/AZMMKV01-MMWildcardKV2024",
            "hostname": "br.matchmakersoftware.com",
            "hostname_binding_id": "/subscriptions/2bd29ed6-34a6-42d7-8235-293e8ee67447/resourceGroups/azmmclientapps/providers/Microsoft.Web/sites/br-matchmakersoftware/hostNameBindings/br.matchmakersoftware.com",
            "id": "/subscriptions/2bd29ed6-34a6-42d7-8235-293e8ee67447/resourceGroups/azmmclientapps/providers/Microsoft.Web/sites/br-matchmakersoftware/hostNameBindings/br.matchmakersoftware.com|/subscriptions/2bd29ed6-34a6-42d7-8235-293e8ee67447/resourceGroups/azmmclientapps/providers/Microsoft.Web/certificates/AZMMKV01-MMWildcardKV2024",
            "ssl_state": "SniEnabled",
            "thumbprint": "151F4496652008C418E6F2CC1EF1407317A20C49",
            "timeouts": null
          },
          "sensitive_attributes": [],
          "private": "eyJlMmJmYjczMC1lY2FhLTExZTYtOGY4OC0zNDM2M2JjN2M0YzAiOnsiY3JlYXRlIjoxODAwMDAwMDAwMDAwLCJkZWxldGUiOjE4MDAwMDAwMDAwMDAsInJlYWQiOjMwMDAwMDAwMDAwMH19",
          "dependencies": [
            "azurerm_app_service_certificate.azmmclientrg-365",
            "azurerm_app_service_custom_hostname_binding.azmmclientrg-custombinding-webapp-br2",
            "azurerm_resource_group.azmmclientrg-0"
          ]
        }
      ]
    },
    {
      "mode": "managed",
      "type": "azurerm_app_service_certificate_binding",
      "name": "azmmclientrg-custombinding-cert-webapp-create-online2",
      "provider": "provider[\"registry.terraform.io/hashicorp/azurerm\"]",
      "instances": [
        {
          "schema_version": 0,
          "attributes": {
            "app_service_name": "create-online-matchmakersoftware",
            "certificate_id": "/subscriptions/2bd29ed6-34a6-42d7-8235-293e8ee67447/resourceGroups/azmmclientapps/providers/Microsoft.Web/certificates/AZMMKV01-MMWildcardKV2024",
            "hostname": "create-online.matchmakersoftware.com",
            "hostname_binding_id": "/subscriptions/2bd29ed6-34a6-42d7-8235-293e8ee67447/resourceGroups/azmmclientapps/providers/Microsoft.Web/sites/create-online-matchmakersoftware/hostNameBindings/create-online.matchmakersoftware.com",
            "id": "/subscriptions/2bd29ed6-34a6-42d7-8235-293e8ee67447/resourceGroups/azmmclientapps/providers/Microsoft.Web/sites/create-online-matchmakersoftware/hostNameBindings/create-online.matchmakersoftware.com|/subscriptions/2bd29ed6-34a6-42d7-8235-293e8ee67447/resourceGroups/azmmclientapps/providers/Microsoft.Web/certificates/AZMMKV01-MMWildcardKV2024",
            "ssl_state": "SniEnabled",
            "thumbprint": "151F4496652008C418E6F2CC1EF1407317A20C49",
            "timeouts": null
          },
          "sensitive_attributes": [],
          "private": "eyJlMmJmYjczMC1lY2FhLTExZTYtOGY4OC0zNDM2M2JjN2M0YzAiOnsiY3JlYXRlIjoxODAwMDAwMDAwMDAwLCJkZWxldGUiOjE4MDAwMDAwMDAwMDAsInJlYWQiOjMwMDAwMDAwMDAwMH19",
          "dependencies": [
            "azurerm_app_service_certificate.azmmclientrg-365",
            "azurerm_app_service_custom_hostname_binding.azmmclientrg-custombinding-webapp-create-online2",
            "azurerm_resource_group.azmmclientrg-0"
          ]
        }
      ]
    },
    {
      "mode": "managed",
      "type": "azurerm_app_service_certificate_binding",
      "name": "azmmclientrg-custombinding-cert-webapp-ir2",
      "provider": "provider[\"registry.terraform.io/hashicorp/azurerm\"]",
      "instances": [
        {
          "schema_version": 0,
          "attributes": {
            "app_service_name": "ir-matchmakersoftware",
            "certificate_id": "/subscriptions/2bd29ed6-34a6-42d7-8235-293e8ee67447/resourceGroups/azmmclientapps/providers/Microsoft.Web/certificates/AZMMKV01-MMWildcardKV2024",
            "hostname": "ir.matchmakersoftware.com",
            "hostname_binding_id": "/subscriptions/2bd29ed6-34a6-42d7-8235-293e8ee67447/resourceGroups/azmmclientapps/providers/Microsoft.Web/sites/ir-matchmakersoftware/hostNameBindings/ir.matchmakersoftware.com",
            "id": "/subscriptions/2bd29ed6-34a6-42d7-8235-293e8ee67447/resourceGroups/azmmclientapps/providers/Microsoft.Web/sites/ir-matchmakersoftware/hostNameBindings/ir.matchmakersoftware.com|/subscriptions/2bd29ed6-34a6-42d7-8235-293e8ee67447/resourceGroups/azmmclientapps/providers/Microsoft.Web/certificates/AZMMKV01-MMWildcardKV2024",
            "ssl_state": "SniEnabled",
            "thumbprint": "151F4496652008C418E6F2CC1EF1407317A20C49",
            "timeouts": null
          },
          "sensitive_attributes": [],
          "private": "eyJlMmJmYjczMC1lY2FhLTExZTYtOGY4OC0zNDM2M2JjN2M0YzAiOnsiY3JlYXRlIjoxODAwMDAwMDAwMDAwLCJkZWxldGUiOjE4MDAwMDAwMDAwMDAsInJlYWQiOjMwMDAwMDAwMDAwMH19",
          "dependencies": [
            "azurerm_app_service_certificate.azmmclientrg-365",
            "azurerm_app_service_custom_hostname_binding.azmmclientrg-custombinding-webapp-ir2",
            "azurerm_resource_group.azmmclientrg-0"
          ]
        }
      ]
    },
    {
      "mode": "managed",
      "type": "azurerm_app_service_certificate_binding",
      "name": "azmmclientrg-custombinding-cert-webapp-pioneer-auriga2",
      "provider": "provider[\"registry.terraform.io/hashicorp/azurerm\"]",
      "instances": [
        {
          "schema_version": 0,
          "attributes": {
            "app_service_name": "pioneer-auriga-matchmakersoftware",
            "certificate_id": "/subscriptions/2bd29ed6-34a6-42d7-8235-293e8ee67447/resourceGroups/azmmclientapps/providers/Microsoft.Web/certificates/AZMMKV01-MMWildcardKV2024",
            "hostname": "pioneer-auriga.matchmakersoftware.com",
            "hostname_binding_id": "/subscriptions/2bd29ed6-34a6-42d7-8235-293e8ee67447/resourceGroups/azmmclientapps/providers/Microsoft.Web/sites/pioneer-auriga-matchmakersoftware/hostNameBindings/pioneer-auriga.matchmakersoftware.com",
            "id": "/subscriptions/2bd29ed6-34a6-42d7-8235-293e8ee67447/resourceGroups/azmmclientapps/providers/Microsoft.Web/sites/pioneer-auriga-matchmakersoftware/hostNameBindings/pioneer-auriga.matchmakersoftware.com|/subscriptions/2bd29ed6-34a6-42d7-8235-293e8ee67447/resourceGroups/azmmclientapps/providers/Microsoft.Web/certificates/AZMMKV01-MMWildcardKV2024",
            "ssl_state": "SniEnabled",
            "thumbprint": "151F4496652008C418E6F2CC1EF1407317A20C49",
            "timeouts": null
          },
          "sensitive_attributes": [],
          "private": "eyJlMmJmYjczMC1lY2FhLTExZTYtOGY4OC0zNDM2M2JjN2M0YzAiOnsiY3JlYXRlIjoxODAwMDAwMDAwMDAwLCJkZWxldGUiOjE4MDAwMDAwMDAwMDAsInJlYWQiOjMwMDAwMDAwMDAwMH19",
          "dependencies": [
            "azurerm_app_service_certificate.azmmclientrg-365",
            "azurerm_app_service_custom_hostname_binding.azmmclientrg-custombinding-webapp-pioneer-auriga2",
            "azurerm_resource_group.azmmclientrg-0",
            "azurerm_windows_web_app.azmmclientrg-webbapp-pioneer-auriga"
          ]
        }
      ]
    },
    {
      "mode": "managed",
      "type": "azurerm_app_service_certificate_binding",
      "name": "azmmclientrg-custombinding-cert-webapp-pioneer-online2",
      "provider": "provider[\"registry.terraform.io/hashicorp/azurerm\"]",
      "instances": [
        {
          "schema_version": 0,
          "attributes": {
            "app_service_name": "pioneer-online-matchmakersoftware",
            "certificate_id": "/subscriptions/2bd29ed6-34a6-42d7-8235-293e8ee67447/resourceGroups/azmmclientapps/providers/Microsoft.Web/certificates/AZMMKV01-MMWildcardKV2024",
            "hostname": "pioneer-online.matchmakersoftware.com",
            "hostname_binding_id": "/subscriptions/2bd29ed6-34a6-42d7-8235-293e8ee67447/resourceGroups/azmmclientapps/providers/Microsoft.Web/sites/pioneer-online-matchmakersoftware/hostNameBindings/pioneer-online.matchmakersoftware.com",
            "id": "/subscriptions/2bd29ed6-34a6-42d7-8235-293e8ee67447/resourceGroups/azmmclientapps/providers/Microsoft.Web/sites/pioneer-online-matchmakersoftware/hostNameBindings/pioneer-online.matchmakersoftware.com|/subscriptions/2bd29ed6-34a6-42d7-8235-293e8ee67447/resourceGroups/azmmclientapps/providers/Microsoft.Web/certificates/AZMMKV01-MMWildcardKV2024",
            "ssl_state": "SniEnabled",
            "thumbprint": "151F4496652008C418E6F2CC1EF1407317A20C49",
            "timeouts": null
          },
          "sensitive_attributes": [],
          "private": "eyJlMmJmYjczMC1lY2FhLTExZTYtOGY4OC0zNDM2M2JjN2M0YzAiOnsiY3JlYXRlIjoxODAwMDAwMDAwMDAwLCJkZWxldGUiOjE4MDAwMDAwMDAwMDAsInJlYWQiOjMwMDAwMDAwMDAwMH19",
          "dependencies": [
            "azurerm_app_service_certificate.azmmclientrg-365",
            "azurerm_app_service_custom_hostname_binding.azmmclientrg-custombinding-webapp-pioneer-online2",
            "azurerm_resource_group.azmmclientrg-0"
          ]
        }
      ]
    },
    {
      "mode": "managed",
      "type": "azurerm_app_service_certificate_binding",
      "name": "azmmclientrg-custombinding-cert-webapp-pp2",
      "provider": "provider[\"registry.terraform.io/hashicorp/azurerm\"]",
      "instances": [
        {
          "schema_version": 0,
          "attributes": {
            "app_service_name": "pp-matchmakersoftware",
            "certificate_id": "/subscriptions/2bd29ed6-34a6-42d7-8235-293e8ee67447/resourceGroups/azmmclientapps/providers/Microsoft.Web/certificates/AZMMKV01-MMWildcardKV2024",
            "hostname": "pp.matchmakersoftware.com",
            "hostname_binding_id": "/subscriptions/2bd29ed6-34a6-42d7-8235-293e8ee67447/resourceGroups/azmmclientapps/providers/Microsoft.Web/sites/pp-matchmakersoftware/hostNameBindings/pp.matchmakersoftware.com",
            "id": "/subscriptions/2bd29ed6-34a6-42d7-8235-293e8ee67447/resourceGroups/azmmclientapps/providers/Microsoft.Web/sites/pp-matchmakersoftware/hostNameBindings/pp.matchmakersoftware.com|/subscriptions/2bd29ed6-34a6-42d7-8235-293e8ee67447/resourceGroups/azmmclientapps/providers/Microsoft.Web/certificates/AZMMKV01-MMWildcardKV2024",
            "ssl_state": "SniEnabled",
            "thumbprint": "151F4496652008C418E6F2CC1EF1407317A20C49",
            "timeouts": null
          },
          "sensitive_attributes": [],
          "private": "eyJlMmJmYjczMC1lY2FhLTExZTYtOGY4OC0zNDM2M2JjN2M0YzAiOnsiY3JlYXRlIjoxODAwMDAwMDAwMDAwLCJkZWxldGUiOjE4MDAwMDAwMDAwMDAsInJlYWQiOjMwMDAwMDAwMDAwMH19",
          "dependencies": [
            "azurerm_app_service_certificate.azmmclientrg-365",
            "azurerm_app_service_custom_hostname_binding.azmmclientrg-custombinding-webapp-pp2",
            "azurerm_resource_group.azmmclientrg-0"
          ]
        }
      ]
    },
    {
      "mode": "managed",
      "type": "azurerm_app_service_certificate_binding",
      "name": "azmmclientrg-custombinding-cert-webapp-rs2",
      "provider": "provider[\"registry.terraform.io/hashicorp/azurerm\"]",
      "instances": [
        {
          "schema_version": 0,
          "attributes": {
            "app_service_name": "rs-matchmakersoftware",
            "certificate_id": "/subscriptions/2bd29ed6-34a6-42d7-8235-293e8ee67447/resourceGroups/azmmclientapps/providers/Microsoft.Web/certificates/AZMMKV01-MMWildcardKV2024",
            "hostname": "rs.matchmakersoftware.com",
            "hostname_binding_id": "/subscriptions/2bd29ed6-34a6-42d7-8235-293e8ee67447/resourceGroups/azmmclientapps/providers/Microsoft.Web/sites/rs-matchmakersoftware/hostNameBindings/rs.matchmakersoftware.com",
            "id": "/subscriptions/2bd29ed6-34a6-42d7-8235-293e8ee67447/resourceGroups/azmmclientapps/providers/Microsoft.Web/sites/rs-matchmakersoftware/hostNameBindings/rs.matchmakersoftware.com|/subscriptions/2bd29ed6-34a6-42d7-8235-293e8ee67447/resourceGroups/azmmclientapps/providers/Microsoft.Web/certificates/AZMMKV01-MMWildcardKV2024",
            "ssl_state": "SniEnabled",
            "thumbprint": "151F4496652008C418E6F2CC1EF1407317A20C49",
            "timeouts": null
          },
          "sensitive_attributes": [],
          "private": "eyJlMmJmYjczMC1lY2FhLTExZTYtOGY4OC0zNDM2M2JjN2M0YzAiOnsiY3JlYXRlIjoxODAwMDAwMDAwMDAwLCJkZWxldGUiOjE4MDAwMDAwMDAwMDAsInJlYWQiOjMwMDAwMDAwMDAwMH19",
          "dependencies": [
            "azurerm_app_service_certificate.azmmclientrg-365",
            "azurerm_app_service_custom_hostname_binding.azmmclientrg-custombinding-webapp-rs2",
            "azurerm_resource_group.azmmclientrg-0"
          ]
        }
      ]
    },
    {
      "mode": "managed",
      "type": "azurerm_app_service_certificate_binding",
      "name": "azmmclientrg-custombinding-cert-webapp-se2",
      "provider": "provider[\"registry.terraform.io/hashicorp/azurerm\"]",
      "instances": [
        {
          "schema_version": 0,
          "attributes": {
            "app_service_name": "se-matchmakersoftware",
            "certificate_id": "/subscriptions/2bd29ed6-34a6-42d7-8235-293e8ee67447/resourceGroups/azmmclientapps/providers/Microsoft.Web/certificates/AZMMKV01-MMWildcardKV2024",
            "hostname": "se.matchmakersoftware.com",
            "hostname_binding_id": "/subscriptions/2bd29ed6-34a6-42d7-8235-293e8ee67447/resourceGroups/azmmclientapps/providers/Microsoft.Web/sites/se-matchmakersoftware/hostNameBindings/se.matchmakersoftware.com",
            "id": "/subscriptions/2bd29ed6-34a6-42d7-8235-293e8ee67447/resourceGroups/azmmclientapps/providers/Microsoft.Web/sites/se-matchmakersoftware/hostNameBindings/se.matchmakersoftware.com|/subscriptions/2bd29ed6-34a6-42d7-8235-293e8ee67447/resourceGroups/azmmclientapps/providers/Microsoft.Web/certificates/AZMMKV01-MMWildcardKV2024",
            "ssl_state": "SniEnabled",
            "thumbprint": "151F4496652008C418E6F2CC1EF1407317A20C49",
            "timeouts": null
          },
          "sensitive_attributes": [],
          "private": "eyJlMmJmYjczMC1lY2FhLTExZTYtOGY4OC0zNDM2M2JjN2M0YzAiOnsiY3JlYXRlIjoxODAwMDAwMDAwMDAwLCJkZWxldGUiOjE4MDAwMDAwMDAwMDAsInJlYWQiOjMwMDAwMDAwMDAwMH19",
          "dependencies": [
            "azurerm_app_service_certificate.azmmclientrg-365",
            "azurerm_app_service_custom_hostname_binding.azmmclientrg-custombinding-webapp-se2",
            "azurerm_resource_group.azmmclientrg-0"
          ]
        }
      ]
    },
    {
      "mode": "managed",
      "type": "azurerm_app_service_certificate_binding",
      "name": "azmmclientrg-custombinding-cert-webapp-smile-online2",
      "provider": "provider[\"registry.terraform.io/hashicorp/azurerm\"]",
      "instances": [
        {
          "schema_version": 0,
          "attributes": {
            "app_service_name": "smile-online-matchmakersoftware",
            "certificate_id": "/subscriptions/2bd29ed6-34a6-42d7-8235-293e8ee67447/resourceGroups/azmmclientapps/providers/Microsoft.Web/certificates/AZMMKV01-MMWildcardKV2024",
            "hostname": "smile-online.matchmakersoftware.com",
            "hostname_binding_id": "/subscriptions/2bd29ed6-34a6-42d7-8235-293e8ee67447/resourceGroups/azmmclientapps/providers/Microsoft.Web/sites/smile-online-matchmakersoftware/hostNameBindings/smile-online.matchmakersoftware.com",
            "id": "/subscriptions/2bd29ed6-34a6-42d7-8235-293e8ee67447/resourceGroups/azmmclientapps/providers/Microsoft.Web/sites/smile-online-matchmakersoftware/hostNameBindings/smile-online.matchmakersoftware.com|/subscriptions/2bd29ed6-34a6-42d7-8235-293e8ee67447/resourceGroups/azmmclientapps/providers/Microsoft.Web/certificates/AZMMKV01-MMWildcardKV2024",
            "ssl_state": "SniEnabled",
            "thumbprint": "151F4496652008C418E6F2CC1EF1407317A20C49",
            "timeouts": null
          },
          "sensitive_attributes": [],
          "private": "eyJlMmJmYjczMC1lY2FhLTExZTYtOGY4OC0zNDM2M2JjN2M0YzAiOnsiY3JlYXRlIjoxODAwMDAwMDAwMDAwLCJkZWxldGUiOjE4MDAwMDAwMDAwMDAsInJlYWQiOjMwMDAwMDAwMDAwMH19",
          "dependencies": [
            "azurerm_app_service_certificate.azmmclientrg-365",
            "azurerm_app_service_custom_hostname_binding.azmmclientrg-custombinding-webapp-smile-online2",
            "azurerm_resource_group.azmmclientrg-0"
          ]
        }
      ]
    },
    {
      "mode": "managed",
      "type": "azurerm_app_service_custom_hostname_binding",
      "name": "azmmclientrg-187",
      "provider": "provider[\"registry.terraform.io/hashicorp/azurerm\"]",
      "instances": [
        {
          "schema_version": 0,
          "attributes": {
            "app_service_name": "dt-matchmakersoftware",
            "hostname": "dt-matchmakersoftware.azurewebsites.net",
            "id": "/subscriptions/2bd29ed6-34a6-42d7-8235-293e8ee67447/resourceGroups/AZMMClientApps/providers/Microsoft.Web/sites/dt-matchmakersoftware/hostNameBindings/dt-matchmakersoftware.azurewebsites.net",
            "resource_group_name": "AZMMClientApps",
            "ssl_state": "",
            "thumbprint": "",
            "timeouts": null,
            "virtual_ip": ""
          },
          "sensitive_attributes": [],
          "private": "eyJlMmJmYjczMC1lY2FhLTExZTYtOGY4OC0zNDM2M2JjN2M0YzAiOnsiY3JlYXRlIjoxODAwMDAwMDAwMDAwLCJkZWxldGUiOjE4MDAwMDAwMDAwMDAsInJlYWQiOjMwMDAwMDAwMDAwMH0sInNjaGVtYV92ZXJzaW9uIjoiMCJ9",
          "dependencies": [
            "azurerm_resource_group.azmmclientrg-0",
            "azurerm_windows_web_app.azmmclientrg-182"
          ]
        }
      ]
    },
    {
      "mode": "managed",
      "type": "azurerm_app_service_custom_hostname_binding",
      "name": "azmmclientrg-188",
      "provider": "provider[\"registry.terraform.io/hashicorp/azurerm\"]",
      "instances": [
        {
          "schema_version": 0,
          "attributes": {
            "app_service_name": "dt-matchmakersoftware",
            "hostname": "dt.matchmakersoftware.com",
            "id": "/subscriptions/2bd29ed6-34a6-42d7-8235-293e8ee67447/resourceGroups/AZMMClientApps/providers/Microsoft.Web/sites/dt-matchmakersoftware/hostNameBindings/dt.matchmakersoftware.com",
            "resource_group_name": "AZMMClientApps",
            "ssl_state": "SniEnabled",
            "thumbprint": "151F4496652008C418E6F2CC1EF1407317A20C49",
            "timeouts": null,
            "virtual_ip": ""
          },
          "sensitive_attributes": [],
          "private": "eyJlMmJmYjczMC1lY2FhLTExZTYtOGY4OC0zNDM2M2JjN2M0YzAiOnsiY3JlYXRlIjoxODAwMDAwMDAwMDAwLCJkZWxldGUiOjE4MDAwMDAwMDAwMDAsInJlYWQiOjMwMDAwMDAwMDAwMH0sInNjaGVtYV92ZXJzaW9uIjoiMCJ9",
          "dependencies": [
            "azurerm_resource_group.azmmclientrg-0",
            "azurerm_windows_web_app.azmmclientrg-182"
          ]
        }
      ]
    },
    {
      "mode": "managed",
      "type": "azurerm_app_service_custom_hostname_binding",
      "name": "azmmclientrg-371",
      "provider": "provider[\"registry.terraform.io/hashicorp/azurerm\"]",
      "instances": [
        {
          "schema_version": 0,
          "attributes": {
            "app_service_name": "lta-matchmakersoftware",
            "hostname": "lta-matchmakersoftware.azurewebsites.net",
            "id": "/subscriptions/2bd29ed6-34a6-42d7-8235-293e8ee67447/resourceGroups/azmmclientapps/providers/Microsoft.Web/sites/lta-matchmakersoftware/hostNameBindings/lta-matchmakersoftware.azurewebsites.net",
            "resource_group_name": "azmmclientapps",
            "ssl_state": "",
            "thumbprint": "",
            "timeouts": null,
            "virtual_ip": ""
          },
          "sensitive_attributes": [],
          "private": "eyJlMmJmYjczMC1lY2FhLTExZTYtOGY4OC0zNDM2M2JjN2M0YzAiOnsiY3JlYXRlIjoxODAwMDAwMDAwMDAwLCJkZWxldGUiOjE4MDAwMDAwMDAwMDAsInJlYWQiOjMwMDAwMDAwMDAwMH0sInNjaGVtYV92ZXJzaW9uIjoiMCJ9",
          "dependencies": [
            "azurerm_resource_group.azmmclientrg-0",
            "azurerm_windows_web_app.azmmclientrg-366"
          ]
        }
      ]
    },
    {
      "mode": "managed",
      "type": "azurerm_app_service_custom_hostname_binding",
      "name": "azmmclientrg-372",
      "provider": "provider[\"registry.terraform.io/hashicorp/azurerm\"]",
      "instances": [
        {
          "schema_version": 0,
          "attributes": {
            "app_service_name": "lta-matchmakersoftware",
            "hostname": "lta.matchmakersoftware.com",
            "id": "/subscriptions/2bd29ed6-34a6-42d7-8235-293e8ee67447/resourceGroups/azmmclientapps/providers/Microsoft.Web/sites/lta-matchmakersoftware/hostNameBindings/lta.matchmakersoftware.com",
            "resource_group_name": "azmmclientapps",
            "ssl_state": "SniEnabled",
            "thumbprint": "151F4496652008C418E6F2CC1EF1407317A20C49",
            "timeouts": null,
            "virtual_ip": ""
          },
          "sensitive_attributes": [],
          "private": "eyJlMmJmYjczMC1lY2FhLTExZTYtOGY4OC0zNDM2M2JjN2M0YzAiOnsiY3JlYXRlIjoxODAwMDAwMDAwMDAwLCJkZWxldGUiOjE4MDAwMDAwMDAwMDAsInJlYWQiOjMwMDAwMDAwMDAwMH0sInNjaGVtYV92ZXJzaW9uIjoiMCJ9",
          "dependencies": [
            "azurerm_resource_group.azmmclientrg-0",
            "azurerm_windows_web_app.azmmclientrg-366"
          ]
        }
      ]
    },
    {
      "mode": "managed",
      "type": "azurerm_app_service_custom_hostname_binding",
      "name": "azmmclientrg-6",
      "provider": "provider[\"registry.terraform.io/hashicorp/azurerm\"]",
      "instances": [
        {
          "schema_version": 0,
          "attributes": {
            "app_service_name": "applehealth-matchmakersoftware",
            "hostname": "applehealth-matchmakersoftware.azurewebsites.net",
            "id": "/subscriptions/2bd29ed6-34a6-42d7-8235-293e8ee67447/resourceGroups/AZMMClientApps/providers/Microsoft.Web/sites/applehealth-matchmakersoftware/hostNameBindings/applehealth-matchmakersoftware.azurewebsites.net",
            "resource_group_name": "AZMMClientApps",
            "ssl_state": "",
            "thumbprint": "",
            "timeouts": null,
            "virtual_ip": ""
          },
          "sensitive_attributes": [],
          "private": "eyJlMmJmYjczMC1lY2FhLTExZTYtOGY4OC0zNDM2M2JjN2M0YzAiOnsiY3JlYXRlIjoxODAwMDAwMDAwMDAwLCJkZWxldGUiOjE4MDAwMDAwMDAwMDAsInJlYWQiOjMwMDAwMDAwMDAwMH0sInNjaGVtYV92ZXJzaW9uIjoiMCJ9",
          "dependencies": [
            "azurerm_resource_group.azmmclientrg-0",
            "azurerm_windows_web_app.azmmclientrg-1"
          ]
        }
      ]
    },
    {
      "mode": "managed",
      "type": "azurerm_app_service_custom_hostname_binding",
      "name": "azmmclientrg-7",
      "provider": "provider[\"registry.terraform.io/hashicorp/azurerm\"]",
      "instances": [
        {
          "schema_version": 0,
          "attributes": {
            "app_service_name": "applehealth-matchmakersoftware",
            "hostname": "applehealth.matchmakersoftware.com",
            "id": "/subscriptions/2bd29ed6-34a6-42d7-8235-293e8ee67447/resourceGroups/AZMMClientApps/providers/Microsoft.Web/sites/applehealth-matchmakersoftware/hostNameBindings/applehealth.matchmakersoftware.com",
            "resource_group_name": "AZMMClientApps",
            "ssl_state": "SniEnabled",
            "thumbprint": "151F4496652008C418E6F2CC1EF1407317A20C49",
            "timeouts": null,
            "virtual_ip": ""
          },
          "sensitive_attributes": [],
          "private": "eyJlMmJmYjczMC1lY2FhLTExZTYtOGY4OC0zNDM2M2JjN2M0YzAiOnsiY3JlYXRlIjoxODAwMDAwMDAwMDAwLCJkZWxldGUiOjE4MDAwMDAwMDAwMDAsInJlYWQiOjMwMDAwMDAwMDAwMH0sInNjaGVtYV92ZXJzaW9uIjoiMCJ9",
          "dependencies": [
            "azurerm_resource_group.azmmclientrg-0",
            "azurerm_windows_web_app.azmmclientrg-1"
          ]
        }
      ]
    },
    {
      "mode": "managed",
      "type": "azurerm_app_service_custom_hostname_binding",
      "name": "azmmclientrg-custombinding-webapp-HIE2",
      "provider": "provider[\"registry.terraform.io/hashicorp/azurerm\"]",
      "instances": [
        {
          "schema_version": 0,
          "attributes": {
            "app_service_name": "HIE-matchmakersoftware",
            "hostname": "HIE.matchmakersoftware.com",
            "id": "/subscriptions/2bd29ed6-34a6-42d7-8235-293e8ee67447/resourceGroups/azmmclientapps/providers/Microsoft.Web/sites/HIE-matchmakersoftware/hostNameBindings/HIE.matchmakersoftware.com",
            "resource_group_name": "azmmclientapps",
            "ssl_state": "SniEnabled",
            "thumbprint": "151F4496652008C418E6F2CC1EF1407317A20C49",
            "timeouts": null,
            "virtual_ip": ""
          },
          "sensitive_attributes": [],
          "private": "eyJlMmJmYjczMC1lY2FhLTExZTYtOGY4OC0zNDM2M2JjN2M0YzAiOnsiY3JlYXRlIjoxODAwMDAwMDAwMDAwLCJkZWxldGUiOjE4MDAwMDAwMDAwMDAsInJlYWQiOjMwMDAwMDAwMDAwMH19"
        }
      ]
    },
    {
      "mode": "managed",
      "type": "azurerm_app_service_custom_hostname_binding",
      "name": "azmmclientrg-custombinding-webapp-br2",
      "provider": "provider[\"registry.terraform.io/hashicorp/azurerm\"]",
      "instances": [
        {
          "schema_version": 0,
          "attributes": {
            "app_service_name": "br-matchmakersoftware",
            "hostname": "br.matchmakersoftware.com",
            "id": "/subscriptions/2bd29ed6-34a6-42d7-8235-293e8ee67447/resourceGroups/azmmclientapps/providers/Microsoft.Web/sites/br-matchmakersoftware/hostNameBindings/br.matchmakersoftware.com",
            "resource_group_name": "azmmclientapps",
            "ssl_state": "SniEnabled",
            "thumbprint": "151F4496652008C418E6F2CC1EF1407317A20C49",
            "timeouts": null,
            "virtual_ip": ""
          },
          "sensitive_attributes": [],
          "private": "eyJlMmJmYjczMC1lY2FhLTExZTYtOGY4OC0zNDM2M2JjN2M0YzAiOnsiY3JlYXRlIjoxODAwMDAwMDAwMDAwLCJkZWxldGUiOjE4MDAwMDAwMDAwMDAsInJlYWQiOjMwMDAwMDAwMDAwMH19"
        }
      ]
    },
    {
      "mode": "managed",
      "type": "azurerm_app_service_custom_hostname_binding",
      "name": "azmmclientrg-custombinding-webapp-create-online2",
      "provider": "provider[\"registry.terraform.io/hashicorp/azurerm\"]",
      "instances": [
        {
          "schema_version": 0,
          "attributes": {
            "app_service_name": "create-online-matchmakersoftware",
            "hostname": "create-online.matchmakersoftware.com",
            "id": "/subscriptions/2bd29ed6-34a6-42d7-8235-293e8ee67447/resourceGroups/azmmclientapps/providers/Microsoft.Web/sites/create-online-matchmakersoftware/hostNameBindings/create-online.matchmakersoftware.com",
            "resource_group_name": "azmmclientapps",
            "ssl_state": "SniEnabled",
            "thumbprint": "151F4496652008C418E6F2CC1EF1407317A20C49",
            "timeouts": null,
            "virtual_ip": ""
          },
          "sensitive_attributes": [],
          "private": "eyJlMmJmYjczMC1lY2FhLTExZTYtOGY4OC0zNDM2M2JjN2M0YzAiOnsiY3JlYXRlIjoxODAwMDAwMDAwMDAwLCJkZWxldGUiOjE4MDAwMDAwMDAwMDAsInJlYWQiOjMwMDAwMDAwMDAwMH19"
        }
      ]
    },
    {
      "mode": "managed",
      "type": "azurerm_app_service_custom_hostname_binding",
      "name": "azmmclientrg-custombinding-webapp-ir2",
      "provider": "provider[\"registry.terraform.io/hashicorp/azurerm\"]",
      "instances": [
        {
          "schema_version": 0,
          "attributes": {
            "app_service_name": "ir-matchmakersoftware",
            "hostname": "ir.matchmakersoftware.com",
            "id": "/subscriptions/2bd29ed6-34a6-42d7-8235-293e8ee67447/resourceGroups/azmmclientapps/providers/Microsoft.Web/sites/ir-matchmakersoftware/hostNameBindings/ir.matchmakersoftware.com",
            "resource_group_name": "azmmclientapps",
            "ssl_state": "SniEnabled",
            "thumbprint": "151F4496652008C418E6F2CC1EF1407317A20C49",
            "timeouts": null,
            "virtual_ip": ""
          },
          "sensitive_attributes": [],
          "private": "eyJlMmJmYjczMC1lY2FhLTExZTYtOGY4OC0zNDM2M2JjN2M0YzAiOnsiY3JlYXRlIjoxODAwMDAwMDAwMDAwLCJkZWxldGUiOjE4MDAwMDAwMDAwMDAsInJlYWQiOjMwMDAwMDAwMDAwMH19"
        }
      ]
    },
    {
      "mode": "managed",
      "type": "azurerm_app_service_custom_hostname_binding",
      "name": "azmmclientrg-custombinding-webapp-pioneer-auriga2",
      "provider": "provider[\"registry.terraform.io/hashicorp/azurerm\"]",
      "instances": [
        {
          "schema_version": 0,
          "attributes": {
            "app_service_name": "pioneer-auriga-matchmakersoftware",
            "hostname": "pioneer-auriga.matchmakersoftware.com",
            "id": "/subscriptions/2bd29ed6-34a6-42d7-8235-293e8ee67447/resourceGroups/azmmclientapps/providers/Microsoft.Web/sites/pioneer-auriga-matchmakersoftware/hostNameBindings/pioneer-auriga.matchmakersoftware.com",
            "resource_group_name": "azmmclientapps",
            "ssl_state": "SniEnabled",
            "thumbprint": "151F4496652008C418E6F2CC1EF1407317A20C49",
            "timeouts": null,
            "virtual_ip": ""
          },
          "sensitive_attributes": [],
          "private": "eyJlMmJmYjczMC1lY2FhLTExZTYtOGY4OC0zNDM2M2JjN2M0YzAiOnsiY3JlYXRlIjoxODAwMDAwMDAwMDAwLCJkZWxldGUiOjE4MDAwMDAwMDAwMDAsInJlYWQiOjMwMDAwMDAwMDAwMH19",
          "dependencies": [
            "azurerm_resource_group.azmmclientrg-0",
            "azurerm_windows_web_app.azmmclientrg-webbapp-pioneer-auriga"
          ]
        }
      ]
    },
    {
      "mode": "managed",
      "type": "azurerm_app_service_custom_hostname_binding",
      "name": "azmmclientrg-custombinding-webapp-pioneer-online2",
      "provider": "provider[\"registry.terraform.io/hashicorp/azurerm\"]",
      "instances": [
        {
          "schema_version": 0,
          "attributes": {
            "app_service_name": "pioneer-online-matchmakersoftware",
            "hostname": "pioneer-online.matchmakersoftware.com",
            "id": "/subscriptions/2bd29ed6-34a6-42d7-8235-293e8ee67447/resourceGroups/azmmclientapps/providers/Microsoft.Web/sites/pioneer-online-matchmakersoftware/hostNameBindings/pioneer-online.matchmakersoftware.com",
            "resource_group_name": "azmmclientapps",
            "ssl_state": "SniEnabled",
            "thumbprint": "151F4496652008C418E6F2CC1EF1407317A20C49",
            "timeouts": null,
            "virtual_ip": ""
          },
          "sensitive_attributes": [],
          "private": "eyJlMmJmYjczMC1lY2FhLTExZTYtOGY4OC0zNDM2M2JjN2M0YzAiOnsiY3JlYXRlIjoxODAwMDAwMDAwMDAwLCJkZWxldGUiOjE4MDAwMDAwMDAwMDAsInJlYWQiOjMwMDAwMDAwMDAwMH19"
        }
      ]
    },
    {
      "mode": "managed",
      "type": "azurerm_app_service_custom_hostname_binding",
      "name": "azmmclientrg-custombinding-webapp-pp2",
      "provider": "provider[\"registry.terraform.io/hashicorp/azurerm\"]",
      "instances": [
        {
          "schema_version": 0,
          "attributes": {
            "app_service_name": "pp-matchmakersoftware",
            "hostname": "pp.matchmakersoftware.com",
            "id": "/subscriptions/2bd29ed6-34a6-42d7-8235-293e8ee67447/resourceGroups/azmmclientapps/providers/Microsoft.Web/sites/pp-matchmakersoftware/hostNameBindings/pp.matchmakersoftware.com",
            "resource_group_name": "azmmclientapps",
            "ssl_state": "SniEnabled",
            "thumbprint": "151F4496652008C418E6F2CC1EF1407317A20C49",
            "timeouts": null,
            "virtual_ip": ""
          },
          "sensitive_attributes": [],
          "private": "eyJlMmJmYjczMC1lY2FhLTExZTYtOGY4OC0zNDM2M2JjN2M0YzAiOnsiY3JlYXRlIjoxODAwMDAwMDAwMDAwLCJkZWxldGUiOjE4MDAwMDAwMDAwMDAsInJlYWQiOjMwMDAwMDAwMDAwMH19"
        }
      ]
    },
    {
      "mode": "managed",
      "type": "azurerm_app_service_custom_hostname_binding",
      "name": "azmmclientrg-custombinding-webapp-rs2",
      "provider": "provider[\"registry.terraform.io/hashicorp/azurerm\"]",
      "instances": [
        {
          "schema_version": 0,
          "attributes": {
            "app_service_name": "rs-matchmakersoftware",
            "hostname": "rs.matchmakersoftware.com",
            "id": "/subscriptions/2bd29ed6-34a6-42d7-8235-293e8ee67447/resourceGroups/azmmclientapps/providers/Microsoft.Web/sites/rs-matchmakersoftware/hostNameBindings/rs.matchmakersoftware.com",
            "resource_group_name": "azmmclientapps",
            "ssl_state": "SniEnabled",
            "thumbprint": "151F4496652008C418E6F2CC1EF1407317A20C49",
            "timeouts": null,
            "virtual_ip": ""
          },
          "sensitive_attributes": [],
          "private": "eyJlMmJmYjczMC1lY2FhLTExZTYtOGY4OC0zNDM2M2JjN2M0YzAiOnsiY3JlYXRlIjoxODAwMDAwMDAwMDAwLCJkZWxldGUiOjE4MDAwMDAwMDAwMDAsInJlYWQiOjMwMDAwMDAwMDAwMH19"
        }
      ]
    },
    {
      "mode": "managed",
      "type": "azurerm_app_service_custom_hostname_binding",
      "name": "azmmclientrg-custombinding-webapp-se2",
      "provider": "provider[\"registry.terraform.io/hashicorp/azurerm\"]",
      "instances": [
        {
          "schema_version": 0,
          "attributes": {
            "app_service_name": "se-matchmakersoftware",
            "hostname": "se.matchmakersoftware.com",
            "id": "/subscriptions/2bd29ed6-34a6-42d7-8235-293e8ee67447/resourceGroups/azmmclientapps/providers/Microsoft.Web/sites/se-matchmakersoftware/hostNameBindings/se.matchmakersoftware.com",
            "resource_group_name": "azmmclientapps",
            "ssl_state": "SniEnabled",
            "thumbprint": "151F4496652008C418E6F2CC1EF1407317A20C49",
            "timeouts": null,
            "virtual_ip": ""
          },
          "sensitive_attributes": [],
          "private": "eyJlMmJmYjczMC1lY2FhLTExZTYtOGY4OC0zNDM2M2JjN2M0YzAiOnsiY3JlYXRlIjoxODAwMDAwMDAwMDAwLCJkZWxldGUiOjE4MDAwMDAwMDAwMDAsInJlYWQiOjMwMDAwMDAwMDAwMH19"
        }
      ]
    },
    {
      "mode": "managed",
      "type": "azurerm_app_service_custom_hostname_binding",
      "name": "azmmclientrg-custombinding-webapp-smile-online2",
      "provider": "provider[\"registry.terraform.io/hashicorp/azurerm\"]",
      "instances": [
        {
          "schema_version": 0,
          "attributes": {
            "app_service_name": "smile-online-matchmakersoftware",
            "hostname": "smile-online.matchmakersoftware.com",
            "id": "/subscriptions/2bd29ed6-34a6-42d7-8235-293e8ee67447/resourceGroups/azmmclientapps/providers/Microsoft.Web/sites/smile-online-matchmakersoftware/hostNameBindings/smile-online.matchmakersoftware.com",
            "resource_group_name": "azmmclientapps",
            "ssl_state": "SniEnabled",
            "thumbprint": "151F4496652008C418E6F2CC1EF1407317A20C49",
            "timeouts": null,
            "virtual_ip": ""
          },
          "sensitive_attributes": [],
          "private": "eyJlMmJmYjczMC1lY2FhLTExZTYtOGY4OC0zNDM2M2JjN2M0YzAiOnsiY3JlYXRlIjoxODAwMDAwMDAwMDAwLCJkZWxldGUiOjE4MDAwMDAwMDAwMDAsInJlYWQiOjMwMDAwMDAwMDAwMH19"
        }
      ]
    },
    {
      "mode": "managed",
      "type": "azurerm_application_gateway",
      "name": "res-4",
      "provider": "provider[\"registry.terraform.io/hashicorp/azurerm\"]",
      "instances": [
        {
          "schema_version": 0,
          "attributes": {
            "authentication_certificate": [],
            "autoscale_configuration": [],
            "backend_address_pool": [
              {
                "fqdns": [
                  "HIE-matchmakersoftware.azurewebsites.net"
                ],
                "id": "/subscriptions/2bd29ed6-34a6-42d7-8235-293e8ee67447/resourceGroups/AZMMCoreRG01/providers/Microsoft.Network/applicationGateways/AZMMAGW01/backendAddressPools/HIE-backendpool",
                "ip_addresses": [],
                "name": "HIE-backendpool"
              },
              {
                "fqdns": [
                  "applehealth-matchmakersoftware.azurewebsites.net"
                ],
                "id": "/subscriptions/2bd29ed6-34a6-42d7-8235-293e8ee67447/resourceGroups/AZMMCoreRG01/providers/Microsoft.Network/applicationGateways/AZMMAGW01/backendAddressPools/applehealth-backendpool",
                "ip_addresses": [],
                "name": "applehealth-backendpool"
              },
              {
                "fqdns": [
                  "br-matchmakersoftware.azurewebsites.net"
                ],
                "id": "/subscriptions/2bd29ed6-34a6-42d7-8235-293e8ee67447/resourceGroups/AZMMCoreRG01/providers/Microsoft.Network/applicationGateways/AZMMAGW01/backendAddressPools/br-backendpool",
                "ip_addresses": [],
                "name": "br-backendpool"
              },
              {
                "fqdns": [
                  "create-online-matchmakersoftware.azurewebsites.net"
                ],
                "id": "/subscriptions/2bd29ed6-34a6-42d7-8235-293e8ee67447/resourceGroups/AZMMCoreRG01/providers/Microsoft.Network/applicationGateways/AZMMAGW01/backendAddressPools/create-online-backendpool",
                "ip_addresses": [],
                "name": "create-online-backendpool"
              },
              {
                "fqdns": [
                  "dt-matchmakersoftware.azurewebsites.net"
                ],
                "id": "/subscriptions/2bd29ed6-34a6-42d7-8235-293e8ee67447/resourceGroups/AZMMCoreRG01/providers/Microsoft.Network/applicationGateways/AZMMAGW01/backendAddressPools/dt-backendpool",
                "ip_addresses": [],
                "name": "dt-backendpool"
              },
              {
                "fqdns": [
                  "ir-matchmakersoftware.azurewebsites.net"
                ],
                "id": "/subscriptions/2bd29ed6-34a6-42d7-8235-293e8ee67447/resourceGroups/AZMMCoreRG01/providers/Microsoft.Network/applicationGateways/AZMMAGW01/backendAddressPools/ir-backendpool",
                "ip_addresses": [],
                "name": "ir-backendpool"
              },
              {
                "fqdns": [
                  "lta-matchmakersoftware.azurewebsites.net"
                ],
                "id": "/subscriptions/2bd29ed6-34a6-42d7-8235-293e8ee67447/resourceGroups/AZMMCoreRG01/providers/Microsoft.Network/applicationGateways/AZMMAGW01/backendAddressPools/lta-backendpool",
                "ip_addresses": [],
                "name": "lta-backendpool"
              },
              {
                "fqdns": [
                  "pioneer-auriga-matchmakersoftware.azurewebsites.net"
                ],
                "id": "/subscriptions/2bd29ed6-34a6-42d7-8235-293e8ee67447/resourceGroups/AZMMCoreRG01/providers/Microsoft.Network/applicationGateways/AZMMAGW01/backendAddressPools/pioneer-auriga-backendpool",
                "ip_addresses": [],
                "name": "pioneer-auriga-backendpool"
              },
              {
                "fqdns": [
                  "pioneer-online-matchmakersoftware.azurewebsites.net"
                ],
                "id": "/subscriptions/2bd29ed6-34a6-42d7-8235-293e8ee67447/resourceGroups/AZMMCoreRG01/providers/Microsoft.Network/applicationGateways/AZMMAGW01/backendAddressPools/pioneer-online-backendpool",
                "ip_addresses": [],
                "name": "pioneer-online-backendpool"
              },
              {
                "fqdns": [
                  "pp-matchmakersoftware.azurewebsites.net"
                ],
                "id": "/subscriptions/2bd29ed6-34a6-42d7-8235-293e8ee67447/resourceGroups/AZMMCoreRG01/providers/Microsoft.Network/applicationGateways/AZMMAGW01/backendAddressPools/pp-backendpool",
                "ip_addresses": [],
                "name": "pp-backendpool"
              },
              {
                "fqdns": [
                  "rs-matchmakersoftware.azurewebsites.net"
                ],
                "id": "/subscriptions/2bd29ed6-34a6-42d7-8235-293e8ee67447/resourceGroups/AZMMCoreRG01/providers/Microsoft.Network/applicationGateways/AZMMAGW01/backendAddressPools/rs-backendpool",
                "ip_addresses": [],
                "name": "rs-backendpool"
              },
              {
                "fqdns": [
                  "se-matchmakersoftware.azurewebsites.net"
                ],
                "id": "/subscriptions/2bd29ed6-34a6-42d7-8235-293e8ee67447/resourceGroups/AZMMCoreRG01/providers/Microsoft.Network/applicationGateways/AZMMAGW01/backendAddressPools/se-backendpool",
                "ip_addresses": [],
                "name": "se-backendpool"
              },
              {
                "fqdns": [
                  "smile-online-matchmakersoftware.azurewebsites.net"
                ],
                "id": "/subscriptions/2bd29ed6-34a6-42d7-8235-293e8ee67447/resourceGroups/AZMMCoreRG01/providers/Microsoft.Network/applicationGateways/AZMMAGW01/backendAddressPools/smile-online-backendpool",
                "ip_addresses": [],
                "name": "smile-online-backendpool"
              }
            ],
            "backend_http_settings": [
              {
                "affinity_cookie_name": "ApplicationGatewayAffinity",
                "authentication_certificate": [],
                "connection_draining": [],
                "cookie_based_affinity": "Enabled",
                "host_name": "",
                "id": "/subscriptions/2bd29ed6-34a6-42d7-8235-293e8ee67447/resourceGroups/AZMMCoreRG01/providers/Microsoft.Network/applicationGateways/AZMMAGW01/backendHttpSettingsCollection/HIE-backendsetting",
                "name": "HIE-backendsetting",
                "path": "",
                "pick_host_name_from_backend_address": false,
                "port": 443,
                "probe_id": "/subscriptions/2bd29ed6-34a6-42d7-8235-293e8ee67447/resourceGroups/AZMMCoreRG01/providers/Microsoft.Network/applicationGateways/AZMMAGW01/probes/HIE-healthprobe",
                "probe_name": "HIE-healthprobe",
                "protocol": "Https",
                "request_timeout": 20,
                "trusted_root_certificate_names": []
              },
              {
                "affinity_cookie_name": "ApplicationGatewayAffinity",
                "authentication_certificate": [],
                "connection_draining": [],
                "cookie_based_affinity": "Enabled",
                "host_name": "",
                "id": "/subscriptions/2bd29ed6-34a6-42d7-8235-293e8ee67447/resourceGroups/AZMMCoreRG01/providers/Microsoft.Network/applicationGateways/AZMMAGW01/backendHttpSettingsCollection/applehealth-backendsetting",
                "name": "applehealth-backendsetting",
                "path": "",
                "pick_host_name_from_backend_address": false,
                "port": 443,
                "probe_id": "/subscriptions/2bd29ed6-34a6-42d7-8235-293e8ee67447/resourceGroups/AZMMCoreRG01/providers/Microsoft.Network/applicationGateways/AZMMAGW01/probes/applehealth-healthprobe",
                "probe_name": "applehealth-healthprobe",
                "protocol": "Https",
                "request_timeout": 20,
                "trusted_root_certificate_names": []
              },
              {
                "affinity_cookie_name": "ApplicationGatewayAffinity",
                "authentication_certificate": [],
                "connection_draining": [],
                "cookie_based_affinity": "Enabled",
                "host_name": "",
                "id": "/subscriptions/2bd29ed6-34a6-42d7-8235-293e8ee67447/resourceGroups/AZMMCoreRG01/providers/Microsoft.Network/applicationGateways/AZMMAGW01/backendHttpSettingsCollection/br-backendsetting",
                "name": "br-backendsetting",
                "path": "",
                "pick_host_name_from_backend_address": false,
                "port": 443,
                "probe_id": "/subscriptions/2bd29ed6-34a6-42d7-8235-293e8ee67447/resourceGroups/AZMMCoreRG01/providers/Microsoft.Network/applicationGateways/AZMMAGW01/probes/br-healthprobe",
                "probe_name": "br-healthprobe",
                "protocol": "Https",
                "request_timeout": 20,
                "trusted_root_certificate_names": []
              },
              {
                "affinity_cookie_name": "ApplicationGatewayAffinity",
                "authentication_certificate": [],
                "connection_draining": [],
                "cookie_based_affinity": "Enabled",
                "host_name": "",
                "id": "/subscriptions/2bd29ed6-34a6-42d7-8235-293e8ee67447/resourceGroups/AZMMCoreRG01/providers/Microsoft.Network/applicationGateways/AZMMAGW01/backendHttpSettingsCollection/create-online-backendsetting",
                "name": "create-online-backendsetting",
                "path": "",
                "pick_host_name_from_backend_address": false,
                "port": 443,
                "probe_id": "/subscriptions/2bd29ed6-34a6-42d7-8235-293e8ee67447/resourceGroups/AZMMCoreRG01/providers/Microsoft.Network/applicationGateways/AZMMAGW01/probes/create-online-healthprobe",
                "probe_name": "create-online-healthprobe",
                "protocol": "Https",
                "request_timeout": 20,
                "trusted_root_certificate_names": []
              },
              {
                "affinity_cookie_name": "ApplicationGatewayAffinity",
                "authentication_certificate": [],
                "connection_draining": [],
                "cookie_based_affinity": "Enabled",
                "host_name": "",
                "id": "/subscriptions/2bd29ed6-34a6-42d7-8235-293e8ee67447/resourceGroups/AZMMCoreRG01/providers/Microsoft.Network/applicationGateways/AZMMAGW01/backendHttpSettingsCollection/dt-backendsetting",
                "name": "dt-backendsetting",
                "path": "",
                "pick_host_name_from_backend_address": false,
                "port": 443,
                "probe_id": "/subscriptions/2bd29ed6-34a6-42d7-8235-293e8ee67447/resourceGroups/AZMMCoreRG01/providers/Microsoft.Network/applicationGateways/AZMMAGW01/probes/dt-healthprobe",
                "probe_name": "dt-healthprobe",
                "protocol": "Https",
                "request_timeout": 20,
                "trusted_root_certificate_names": []
              },
              {
                "affinity_cookie_name": "ApplicationGatewayAffinity",
                "authentication_certificate": [],
                "connection_draining": [],
                "cookie_based_affinity": "Enabled",
                "host_name": "",
                "id": "/subscriptions/2bd29ed6-34a6-42d7-8235-293e8ee67447/resourceGroups/AZMMCoreRG01/providers/Microsoft.Network/applicationGateways/AZMMAGW01/backendHttpSettingsCollection/ir-backendsetting",
                "name": "ir-backendsetting",
                "path": "",
                "pick_host_name_from_backend_address": false,
                "port": 443,
                "probe_id": "/subscriptions/2bd29ed6-34a6-42d7-8235-293e8ee67447/resourceGroups/AZMMCoreRG01/providers/Microsoft.Network/applicationGateways/AZMMAGW01/probes/ir-healthprobe",
                "probe_name": "ir-healthprobe",
                "protocol": "Https",
                "request_timeout": 20,
                "trusted_root_certificate_names": []
              },
              {
                "affinity_cookie_name": "ApplicationGatewayAffinity",
                "authentication_certificate": [],
                "connection_draining": [],
                "cookie_based_affinity": "Enabled",
                "host_name": "",
                "id": "/subscriptions/2bd29ed6-34a6-42d7-8235-293e8ee67447/resourceGroups/AZMMCoreRG01/providers/Microsoft.Network/applicationGateways/AZMMAGW01/backendHttpSettingsCollection/lta-backendsetting",
                "name": "lta-backendsetting",
                "path": "",
                "pick_host_name_from_backend_address": false,
                "port": 443,
                "probe_id": "/subscriptions/2bd29ed6-34a6-42d7-8235-293e8ee67447/resourceGroups/AZMMCoreRG01/providers/Microsoft.Network/applicationGateways/AZMMAGW01/probes/lta-healthprobe",
                "probe_name": "lta-healthprobe",
                "protocol": "Https",
                "request_timeout": 20,
                "trusted_root_certificate_names": []
              },
              {
                "affinity_cookie_name": "ApplicationGatewayAffinity",
                "authentication_certificate": [],
                "connection_draining": [],
                "cookie_based_affinity": "Enabled",
                "host_name": "",
                "id": "/subscriptions/2bd29ed6-34a6-42d7-8235-293e8ee67447/resourceGroups/AZMMCoreRG01/providers/Microsoft.Network/applicationGateways/AZMMAGW01/backendHttpSettingsCollection/pioneer-auriga-backendsetting",
                "name": "pioneer-auriga-backendsetting",
                "path": "",
                "pick_host_name_from_backend_address": false,
                "port": 443,
                "probe_id": "/subscriptions/2bd29ed6-34a6-42d7-8235-293e8ee67447/resourceGroups/AZMMCoreRG01/providers/Microsoft.Network/applicationGateways/AZMMAGW01/probes/pioneer-auriga-healthprobe",
                "probe_name": "pioneer-auriga-healthprobe",
                "protocol": "Https",
                "request_timeout": 20,
                "trusted_root_certificate_names": []
              },
              {
                "affinity_cookie_name": "ApplicationGatewayAffinity",
                "authentication_certificate": [],
                "connection_draining": [],
                "cookie_based_affinity": "Enabled",
                "host_name": "",
                "id": "/subscriptions/2bd29ed6-34a6-42d7-8235-293e8ee67447/resourceGroups/AZMMCoreRG01/providers/Microsoft.Network/applicationGateways/AZMMAGW01/backendHttpSettingsCollection/pioneer-online-backendsetting",
                "name": "pioneer-online-backendsetting",
                "path": "",
                "pick_host_name_from_backend_address": false,
                "port": 443,
                "probe_id": "/subscriptions/2bd29ed6-34a6-42d7-8235-293e8ee67447/resourceGroups/AZMMCoreRG01/providers/Microsoft.Network/applicationGateways/AZMMAGW01/probes/pioneer-online-healthprobe",
                "probe_name": "pioneer-online-healthprobe",
                "protocol": "Https",
                "request_timeout": 20,
                "trusted_root_certificate_names": []
              },
              {
                "affinity_cookie_name": "ApplicationGatewayAffinity",
                "authentication_certificate": [],
                "connection_draining": [],
                "cookie_based_affinity": "Enabled",
                "host_name": "",
                "id": "/subscriptions/2bd29ed6-34a6-42d7-8235-293e8ee67447/resourceGroups/AZMMCoreRG01/providers/Microsoft.Network/applicationGateways/AZMMAGW01/backendHttpSettingsCollection/pp-backendsetting",
                "name": "pp-backendsetting",
                "path": "",
                "pick_host_name_from_backend_address": false,
                "port": 443,
                "probe_id": "/subscriptions/2bd29ed6-34a6-42d7-8235-293e8ee67447/resourceGroups/AZMMCoreRG01/providers/Microsoft.Network/applicationGateways/AZMMAGW01/probes/pp-healthprobe",
                "probe_name": "pp-healthprobe",
                "protocol": "Https",
                "request_timeout": 20,
                "trusted_root_certificate_names": []
              },
              {
                "affinity_cookie_name": "ApplicationGatewayAffinity",
                "authentication_certificate": [],
                "connection_draining": [],
                "cookie_based_affinity": "Enabled",
                "host_name": "",
                "id": "/subscriptions/2bd29ed6-34a6-42d7-8235-293e8ee67447/resourceGroups/AZMMCoreRG01/providers/Microsoft.Network/applicationGateways/AZMMAGW01/backendHttpSettingsCollection/rs-backendsetting",
                "name": "rs-backendsetting",
                "path": "",
                "pick_host_name_from_backend_address": false,
                "port": 443,
                "probe_id": "/subscriptions/2bd29ed6-34a6-42d7-8235-293e8ee67447/resourceGroups/AZMMCoreRG01/providers/Microsoft.Network/applicationGateways/AZMMAGW01/probes/rs-healthprobe",
                "probe_name": "rs-healthprobe",
                "protocol": "Https",
                "request_timeout": 20,
                "trusted_root_certificate_names": []
              },
              {
                "affinity_cookie_name": "ApplicationGatewayAffinity",
                "authentication_certificate": [],
                "connection_draining": [],
                "cookie_based_affinity": "Enabled",
                "host_name": "",
                "id": "/subscriptions/2bd29ed6-34a6-42d7-8235-293e8ee67447/resourceGroups/AZMMCoreRG01/providers/Microsoft.Network/applicationGateways/AZMMAGW01/backendHttpSettingsCollection/se-backendsetting",
                "name": "se-backendsetting",
                "path": "",
                "pick_host_name_from_backend_address": false,
                "port": 443,
                "probe_id": "/subscriptions/2bd29ed6-34a6-42d7-8235-293e8ee67447/resourceGroups/AZMMCoreRG01/providers/Microsoft.Network/applicationGateways/AZMMAGW01/probes/se-healthprobe",
                "probe_name": "se-healthprobe",
                "protocol": "Https",
                "request_timeout": 20,
                "trusted_root_certificate_names": []
              },
              {
                "affinity_cookie_name": "ApplicationGatewayAffinity",
                "authentication_certificate": [],
                "connection_draining": [],
                "cookie_based_affinity": "Enabled",
                "host_name": "",
                "id": "/subscriptions/2bd29ed6-34a6-42d7-8235-293e8ee67447/resourceGroups/AZMMCoreRG01/providers/Microsoft.Network/applicationGateways/AZMMAGW01/backendHttpSettingsCollection/smile-online-backendsetting",
                "name": "smile-online-backendsetting",
                "path": "",
                "pick_host_name_from_backend_address": false,
                "port": 443,
                "probe_id": "/subscriptions/2bd29ed6-34a6-42d7-8235-293e8ee67447/resourceGroups/AZMMCoreRG01/providers/Microsoft.Network/applicationGateways/AZMMAGW01/probes/smile-online-healthprobe",
                "probe_name": "smile-online-healthprobe",
                "protocol": "Https",
                "request_timeout": 20,
                "trusted_root_certificate_names": []
              }
            ],
            "custom_error_configuration": [],
            "enable_http2": true,
            "fips_enabled": false,
            "firewall_policy_id": "",
            "force_firewall_policy_association": false,
            "frontend_ip_configuration": [
              {
                "id": "/subscriptions/2bd29ed6-34a6-42d7-8235-293e8ee67447/resourceGroups/AZMMCoreRG01/providers/Microsoft.Network/applicationGateways/AZMMAGW01/frontendIPConfigurations/appGwPublicFrontendIpIPv4",
                "name": "appGwPublicFrontendIpIPv4",
                "private_ip_address": "",
                "private_ip_address_allocation": "Dynamic",
                "private_link_configuration_id": "",
                "private_link_configuration_name": "",
                "public_ip_address_id": "/subscriptions/2bd29ed6-34a6-42d7-8235-293e8ee67447/resourceGroups/AZMMCoreRG01/providers/Microsoft.Network/publicIPAddresses/AZMMAGW01PIP",
                "subnet_id": ""
              }
            ],
            "frontend_port": [
              {
                "id": "/subscriptions/2bd29ed6-34a6-42d7-8235-293e8ee67447/resourceGroups/AZMMCoreRG01/providers/Microsoft.Network/applicationGateways/AZMMAGW01/frontendPorts/port_443",
                "name": "port_443",
                "port": 443
              },
              {
                "id": "/subscriptions/2bd29ed6-34a6-42d7-8235-293e8ee67447/resourceGroups/AZMMCoreRG01/providers/Microsoft.Network/applicationGateways/AZMMAGW01/frontendPorts/port_80",
                "name": "port_80",
                "port": 80
              }
            ],
            "gateway_ip_configuration": [
              {
                "id": "/subscriptions/2bd29ed6-34a6-42d7-8235-293e8ee67447/resourceGroups/AZMMCoreRG01/providers/Microsoft.Network/applicationGateways/AZMMAGW01/gatewayIPConfigurations/appGatewayIpConfig",
                "name": "appGatewayIpConfig",
                "subnet_id": "/subscriptions/2bd29ed6-34a6-42d7-8235-293e8ee67447/resourceGroups/AZMMCoreRG01/providers/Microsoft.Network/virtualNetworks/AZMMVNET01/subnets/AGWSNET01"
              }
            ],
            "global": [],
            "http_listener": [
              {
                "custom_error_configuration": [],
                "firewall_policy_id": "",
                "frontend_ip_configuration_id": "/subscriptions/2bd29ed6-34a6-42d7-8235-293e8ee67447/resourceGroups/AZMMCoreRG01/providers/Microsoft.Network/applicationGateways/AZMMAGW01/frontendIPConfigurations/appGwPublicFrontendIpIPv4",
                "frontend_ip_configuration_name": "appGwPublicFrontendIpIPv4",
                "frontend_port_id": "/subscriptions/2bd29ed6-34a6-42d7-8235-293e8ee67447/resourceGroups/AZMMCoreRG01/providers/Microsoft.Network/applicationGateways/AZMMAGW01/frontendPorts/port_443",
                "frontend_port_name": "port_443",
                "host_name": "HIE.matchmakersoftware.com",
                "host_names": [],
                "id": "/subscriptions/2bd29ed6-34a6-42d7-8235-293e8ee67447/resourceGroups/AZMMCoreRG01/providers/Microsoft.Network/applicationGateways/AZMMAGW01/httpListeners/HIE-listenerhttps",
                "name": "HIE-listenerhttps",
                "protocol": "Https",
                "require_sni": true,
                "ssl_certificate_id": "/subscriptions/2bd29ed6-34a6-42d7-8235-293e8ee67447/resourceGroups/AZMMCoreRG01/providers/Microsoft.Network/applicationGateways/AZMMAGW01/sslCertificates/MMWildcard2024",
                "ssl_certificate_name": "MMWildcard2024",
                "ssl_profile_id": "",
                "ssl_profile_name": ""
              },
              {
                "custom_error_configuration": [],
                "firewall_policy_id": "",
                "frontend_ip_configuration_id": "/subscriptions/2bd29ed6-34a6-42d7-8235-293e8ee67447/resourceGroups/AZMMCoreRG01/providers/Microsoft.Network/applicationGateways/AZMMAGW01/frontendIPConfigurations/appGwPublicFrontendIpIPv4",
                "frontend_ip_configuration_name": "appGwPublicFrontendIpIPv4",
                "frontend_port_id": "/subscriptions/2bd29ed6-34a6-42d7-8235-293e8ee67447/resourceGroups/AZMMCoreRG01/providers/Microsoft.Network/applicationGateways/AZMMAGW01/frontendPorts/port_443",
                "frontend_port_name": "port_443",
                "host_name": "applehealth.matchmakersoftware.com",
                "host_names": [],
                "id": "/subscriptions/2bd29ed6-34a6-42d7-8235-293e8ee67447/resourceGroups/AZMMCoreRG01/providers/Microsoft.Network/applicationGateways/AZMMAGW01/httpListeners/applehealth-listenerhttps",
                "name": "applehealth-listenerhttps",
                "protocol": "Https",
                "require_sni": true,
                "ssl_certificate_id": "/subscriptions/2bd29ed6-34a6-42d7-8235-293e8ee67447/resourceGroups/AZMMCoreRG01/providers/Microsoft.Network/applicationGateways/AZMMAGW01/sslCertificates/MMWildcard2024",
                "ssl_certificate_name": "MMWildcard2024",
                "ssl_profile_id": "",
                "ssl_profile_name": ""
              },
              {
                "custom_error_configuration": [],
                "firewall_policy_id": "",
                "frontend_ip_configuration_id": "/subscriptions/2bd29ed6-34a6-42d7-8235-293e8ee67447/resourceGroups/AZMMCoreRG01/providers/Microsoft.Network/applicationGateways/AZMMAGW01/frontendIPConfigurations/appGwPublicFrontendIpIPv4",
                "frontend_ip_configuration_name": "appGwPublicFrontendIpIPv4",
                "frontend_port_id": "/subscriptions/2bd29ed6-34a6-42d7-8235-293e8ee67447/resourceGroups/AZMMCoreRG01/providers/Microsoft.Network/applicationGateways/AZMMAGW01/frontendPorts/port_443",
                "frontend_port_name": "port_443",
                "host_name": "br.matchmakersoftware.com",
                "host_names": [],
                "id": "/subscriptions/2bd29ed6-34a6-42d7-8235-293e8ee67447/resourceGroups/AZMMCoreRG01/providers/Microsoft.Network/applicationGateways/AZMMAGW01/httpListeners/br-listenerhttps",
                "name": "br-listenerhttps",
                "protocol": "Https",
                "require_sni": true,
                "ssl_certificate_id": "/subscriptions/2bd29ed6-34a6-42d7-8235-293e8ee67447/resourceGroups/AZMMCoreRG01/providers/Microsoft.Network/applicationGateways/AZMMAGW01/sslCertificates/MMWildcard2024",
                "ssl_certificate_name": "MMWildcard2024",
                "ssl_profile_id": "",
                "ssl_profile_name": ""
              },
              {
                "custom_error_configuration": [],
                "firewall_policy_id": "",
                "frontend_ip_configuration_id": "/subscriptions/2bd29ed6-34a6-42d7-8235-293e8ee67447/resourceGroups/AZMMCoreRG01/providers/Microsoft.Network/applicationGateways/AZMMAGW01/frontendIPConfigurations/appGwPublicFrontendIpIPv4",
                "frontend_ip_configuration_name": "appGwPublicFrontendIpIPv4",
                "frontend_port_id": "/subscriptions/2bd29ed6-34a6-42d7-8235-293e8ee67447/resourceGroups/AZMMCoreRG01/providers/Microsoft.Network/applicationGateways/AZMMAGW01/frontendPorts/port_443",
                "frontend_port_name": "port_443",
                "host_name": "create-online.matchmakersoftware.com",
                "host_names": [],
                "id": "/subscriptions/2bd29ed6-34a6-42d7-8235-293e8ee67447/resourceGroups/AZMMCoreRG01/providers/Microsoft.Network/applicationGateways/AZMMAGW01/httpListeners/create-online-listenerhttps",
                "name": "create-online-listenerhttps",
                "protocol": "Https",
                "require_sni": true,
                "ssl_certificate_id": "/subscriptions/2bd29ed6-34a6-42d7-8235-293e8ee67447/resourceGroups/AZMMCoreRG01/providers/Microsoft.Network/applicationGateways/AZMMAGW01/sslCertificates/MMWildcard2024",
                "ssl_certificate_name": "MMWildcard2024",
                "ssl_profile_id": "",
                "ssl_profile_name": ""
              },
              {
                "custom_error_configuration": [],
                "firewall_policy_id": "",
                "frontend_ip_configuration_id": "/subscriptions/2bd29ed6-34a6-42d7-8235-293e8ee67447/resourceGroups/AZMMCoreRG01/providers/Microsoft.Network/applicationGateways/AZMMAGW01/frontendIPConfigurations/appGwPublicFrontendIpIPv4",
                "frontend_ip_configuration_name": "appGwPublicFrontendIpIPv4",
                "frontend_port_id": "/subscriptions/2bd29ed6-34a6-42d7-8235-293e8ee67447/resourceGroups/AZMMCoreRG01/providers/Microsoft.Network/applicationGateways/AZMMAGW01/frontendPorts/port_443",
                "frontend_port_name": "port_443",
                "host_name": "dt.matchmakersoftware.com",
                "host_names": [],
                "id": "/subscriptions/2bd29ed6-34a6-42d7-8235-293e8ee67447/resourceGroups/AZMMCoreRG01/providers/Microsoft.Network/applicationGateways/AZMMAGW01/httpListeners/dt-listenerhttps",
                "name": "dt-listenerhttps",
                "protocol": "Https",
                "require_sni": true,
                "ssl_certificate_id": "/subscriptions/2bd29ed6-34a6-42d7-8235-293e8ee67447/resourceGroups/AZMMCoreRG01/providers/Microsoft.Network/applicationGateways/AZMMAGW01/sslCertificates/MMWildcard2024",
                "ssl_certificate_name": "MMWildcard2024",
                "ssl_profile_id": "",
                "ssl_profile_name": ""
              },
              {
                "custom_error_configuration": [],
                "firewall_policy_id": "",
                "frontend_ip_configuration_id": "/subscriptions/2bd29ed6-34a6-42d7-8235-293e8ee67447/resourceGroups/AZMMCoreRG01/providers/Microsoft.Network/applicationGateways/AZMMAGW01/frontendIPConfigurations/appGwPublicFrontendIpIPv4",
                "frontend_ip_configuration_name": "appGwPublicFrontendIpIPv4",
                "frontend_port_id": "/subscriptions/2bd29ed6-34a6-42d7-8235-293e8ee67447/resourceGroups/AZMMCoreRG01/providers/Microsoft.Network/applicationGateways/AZMMAGW01/frontendPorts/port_443",
                "frontend_port_name": "port_443",
                "host_name": "ir.matchmakersoftware.com",
                "host_names": [],
                "id": "/subscriptions/2bd29ed6-34a6-42d7-8235-293e8ee67447/resourceGroups/AZMMCoreRG01/providers/Microsoft.Network/applicationGateways/AZMMAGW01/httpListeners/ir-listenerhttps",
                "name": "ir-listenerhttps",
                "protocol": "Https",
                "require_sni": true,
                "ssl_certificate_id": "/subscriptions/2bd29ed6-34a6-42d7-8235-293e8ee67447/resourceGroups/AZMMCoreRG01/providers/Microsoft.Network/applicationGateways/AZMMAGW01/sslCertificates/MMWildcard2024",
                "ssl_certificate_name": "MMWildcard2024",
                "ssl_profile_id": "",
                "ssl_profile_name": ""
              },
              {
                "custom_error_configuration": [],
                "firewall_policy_id": "",
                "frontend_ip_configuration_id": "/subscriptions/2bd29ed6-34a6-42d7-8235-293e8ee67447/resourceGroups/AZMMCoreRG01/providers/Microsoft.Network/applicationGateways/AZMMAGW01/frontendIPConfigurations/appGwPublicFrontendIpIPv4",
                "frontend_ip_configuration_name": "appGwPublicFrontendIpIPv4",
                "frontend_port_id": "/subscriptions/2bd29ed6-34a6-42d7-8235-293e8ee67447/resourceGroups/AZMMCoreRG01/providers/Microsoft.Network/applicationGateways/AZMMAGW01/frontendPorts/port_443",
                "frontend_port_name": "port_443",
                "host_name": "lta.matchmakersoftware.com",
                "host_names": [],
                "id": "/subscriptions/2bd29ed6-34a6-42d7-8235-293e8ee67447/resourceGroups/AZMMCoreRG01/providers/Microsoft.Network/applicationGateways/AZMMAGW01/httpListeners/lta-listenerhttps",
                "name": "lta-listenerhttps",
                "protocol": "Https",
                "require_sni": true,
                "ssl_certificate_id": "/subscriptions/2bd29ed6-34a6-42d7-8235-293e8ee67447/resourceGroups/AZMMCoreRG01/providers/Microsoft.Network/applicationGateways/AZMMAGW01/sslCertificates/MMWildcard2024",
                "ssl_certificate_name": "MMWildcard2024",
                "ssl_profile_id": "",
                "ssl_profile_name": ""
              },
              {
                "custom_error_configuration": [],
                "firewall_policy_id": "",
                "frontend_ip_configuration_id": "/subscriptions/2bd29ed6-34a6-42d7-8235-293e8ee67447/resourceGroups/AZMMCoreRG01/providers/Microsoft.Network/applicationGateways/AZMMAGW01/frontendIPConfigurations/appGwPublicFrontendIpIPv4",
                "frontend_ip_configuration_name": "appGwPublicFrontendIpIPv4",
                "frontend_port_id": "/subscriptions/2bd29ed6-34a6-42d7-8235-293e8ee67447/resourceGroups/AZMMCoreRG01/providers/Microsoft.Network/applicationGateways/AZMMAGW01/frontendPorts/port_443",
                "frontend_port_name": "port_443",
                "host_name": "pioneer-auriga.matchmakersoftware.com",
                "host_names": [],
                "id": "/subscriptions/2bd29ed6-34a6-42d7-8235-293e8ee67447/resourceGroups/AZMMCoreRG01/providers/Microsoft.Network/applicationGateways/AZMMAGW01/httpListeners/pioneer-auriga-listenerhttps",
                "name": "pioneer-auriga-listenerhttps",
                "protocol": "Https",
                "require_sni": true,
                "ssl_certificate_id": "/subscriptions/2bd29ed6-34a6-42d7-8235-293e8ee67447/resourceGroups/AZMMCoreRG01/providers/Microsoft.Network/applicationGateways/AZMMAGW01/sslCertificates/MMWildcard2024",
                "ssl_certificate_name": "MMWildcard2024",
                "ssl_profile_id": "",
                "ssl_profile_name": ""
              },
              {
                "custom_error_configuration": [],
                "firewall_policy_id": "",
                "frontend_ip_configuration_id": "/subscriptions/2bd29ed6-34a6-42d7-8235-293e8ee67447/resourceGroups/AZMMCoreRG01/providers/Microsoft.Network/applicationGateways/AZMMAGW01/frontendIPConfigurations/appGwPublicFrontendIpIPv4",
                "frontend_ip_configuration_name": "appGwPublicFrontendIpIPv4",
                "frontend_port_id": "/subscriptions/2bd29ed6-34a6-42d7-8235-293e8ee67447/resourceGroups/AZMMCoreRG01/providers/Microsoft.Network/applicationGateways/AZMMAGW01/frontendPorts/port_443",
                "frontend_port_name": "port_443",
                "host_name": "pioneer-online.matchmakersoftware.com",
                "host_names": [],
                "id": "/subscriptions/2bd29ed6-34a6-42d7-8235-293e8ee67447/resourceGroups/AZMMCoreRG01/providers/Microsoft.Network/applicationGateways/AZMMAGW01/httpListeners/pioneer-online-listenerhttps",
                "name": "pioneer-online-listenerhttps",
                "protocol": "Https",
                "require_sni": true,
                "ssl_certificate_id": "/subscriptions/2bd29ed6-34a6-42d7-8235-293e8ee67447/resourceGroups/AZMMCoreRG01/providers/Microsoft.Network/applicationGateways/AZMMAGW01/sslCertificates/MMWildcard2024",
                "ssl_certificate_name": "MMWildcard2024",
                "ssl_profile_id": "",
                "ssl_profile_name": ""
              },
              {
                "custom_error_configuration": [],
                "firewall_policy_id": "",
                "frontend_ip_configuration_id": "/subscriptions/2bd29ed6-34a6-42d7-8235-293e8ee67447/resourceGroups/AZMMCoreRG01/providers/Microsoft.Network/applicationGateways/AZMMAGW01/frontendIPConfigurations/appGwPublicFrontendIpIPv4",
                "frontend_ip_configuration_name": "appGwPublicFrontendIpIPv4",
                "frontend_port_id": "/subscriptions/2bd29ed6-34a6-42d7-8235-293e8ee67447/resourceGroups/AZMMCoreRG01/providers/Microsoft.Network/applicationGateways/AZMMAGW01/frontendPorts/port_443",
                "frontend_port_name": "port_443",
                "host_name": "pp.matchmakersoftware.com",
                "host_names": [],
                "id": "/subscriptions/2bd29ed6-34a6-42d7-8235-293e8ee67447/resourceGroups/AZMMCoreRG01/providers/Microsoft.Network/applicationGateways/AZMMAGW01/httpListeners/pp-listenerhttps",
                "name": "pp-listenerhttps",
                "protocol": "Https",
                "require_sni": true,
                "ssl_certificate_id": "/subscriptions/2bd29ed6-34a6-42d7-8235-293e8ee67447/resourceGroups/AZMMCoreRG01/providers/Microsoft.Network/applicationGateways/AZMMAGW01/sslCertificates/MMWildcard2024",
                "ssl_certificate_name": "MMWildcard2024",
                "ssl_profile_id": "",
                "ssl_profile_name": ""
              },
              {
                "custom_error_configuration": [],
                "firewall_policy_id": "",
                "frontend_ip_configuration_id": "/subscriptions/2bd29ed6-34a6-42d7-8235-293e8ee67447/resourceGroups/AZMMCoreRG01/providers/Microsoft.Network/applicationGateways/AZMMAGW01/frontendIPConfigurations/appGwPublicFrontendIpIPv4",
                "frontend_ip_configuration_name": "appGwPublicFrontendIpIPv4",
                "frontend_port_id": "/subscriptions/2bd29ed6-34a6-42d7-8235-293e8ee67447/resourceGroups/AZMMCoreRG01/providers/Microsoft.Network/applicationGateways/AZMMAGW01/frontendPorts/port_443",
                "frontend_port_name": "port_443",
                "host_name": "rs.matchmakersoftware.com",
                "host_names": [],
                "id": "/subscriptions/2bd29ed6-34a6-42d7-8235-293e8ee67447/resourceGroups/AZMMCoreRG01/providers/Microsoft.Network/applicationGateways/AZMMAGW01/httpListeners/rs-listenerhttps",
                "name": "rs-listenerhttps",
                "protocol": "Https",
                "require_sni": true,
                "ssl_certificate_id": "/subscriptions/2bd29ed6-34a6-42d7-8235-293e8ee67447/resourceGroups/AZMMCoreRG01/providers/Microsoft.Network/applicationGateways/AZMMAGW01/sslCertificates/MMWildcard2024",
                "ssl_certificate_name": "MMWildcard2024",
                "ssl_profile_id": "",
                "ssl_profile_name": ""
              },
              {
                "custom_error_configuration": [],
                "firewall_policy_id": "",
                "frontend_ip_configuration_id": "/subscriptions/2bd29ed6-34a6-42d7-8235-293e8ee67447/resourceGroups/AZMMCoreRG01/providers/Microsoft.Network/applicationGateways/AZMMAGW01/frontendIPConfigurations/appGwPublicFrontendIpIPv4",
                "frontend_ip_configuration_name": "appGwPublicFrontendIpIPv4",
                "frontend_port_id": "/subscriptions/2bd29ed6-34a6-42d7-8235-293e8ee67447/resourceGroups/AZMMCoreRG01/providers/Microsoft.Network/applicationGateways/AZMMAGW01/frontendPorts/port_443",
                "frontend_port_name": "port_443",
                "host_name": "se.matchmakersoftware.com",
                "host_names": [],
                "id": "/subscriptions/2bd29ed6-34a6-42d7-8235-293e8ee67447/resourceGroups/AZMMCoreRG01/providers/Microsoft.Network/applicationGateways/AZMMAGW01/httpListeners/se-listenerhttps",
                "name": "se-listenerhttps",
                "protocol": "Https",
                "require_sni": true,
                "ssl_certificate_id": "/subscriptions/2bd29ed6-34a6-42d7-8235-293e8ee67447/resourceGroups/AZMMCoreRG01/providers/Microsoft.Network/applicationGateways/AZMMAGW01/sslCertificates/MMWildcard2024",
                "ssl_certificate_name": "MMWildcard2024",
                "ssl_profile_id": "",
                "ssl_profile_name": ""
              },
              {
                "custom_error_configuration": [],
                "firewall_policy_id": "",
                "frontend_ip_configuration_id": "/subscriptions/2bd29ed6-34a6-42d7-8235-293e8ee67447/resourceGroups/AZMMCoreRG01/providers/Microsoft.Network/applicationGateways/AZMMAGW01/frontendIPConfigurations/appGwPublicFrontendIpIPv4",
                "frontend_ip_configuration_name": "appGwPublicFrontendIpIPv4",
                "frontend_port_id": "/subscriptions/2bd29ed6-34a6-42d7-8235-293e8ee67447/resourceGroups/AZMMCoreRG01/providers/Microsoft.Network/applicationGateways/AZMMAGW01/frontendPorts/port_443",
                "frontend_port_name": "port_443",
                "host_name": "smile-online.matchmakersoftware.com",
                "host_names": [],
                "id": "/subscriptions/2bd29ed6-34a6-42d7-8235-293e8ee67447/resourceGroups/AZMMCoreRG01/providers/Microsoft.Network/applicationGateways/AZMMAGW01/httpListeners/smile-online-listenerhttps",
                "name": "smile-online-listenerhttps",
                "protocol": "Https",
                "require_sni": true,
                "ssl_certificate_id": "/subscriptions/2bd29ed6-34a6-42d7-8235-293e8ee67447/resourceGroups/AZMMCoreRG01/providers/Microsoft.Network/applicationGateways/AZMMAGW01/sslCertificates/MMWildcard2024",
                "ssl_certificate_name": "MMWildcard2024",
                "ssl_profile_id": "",
                "ssl_profile_name": ""
              }
            ],
            "id": "/subscriptions/2bd29ed6-34a6-42d7-8235-293e8ee67447/resourceGroups/AZMMCoreRG01/providers/Microsoft.Network/applicationGateways/AZMMAGW01",
            "identity": [
              {
                "identity_ids": [
                  "/subscriptions/2bd29ed6-34a6-42d7-8235-293e8ee67447/resourceGroups/AZMMCoreRG01/providers/Microsoft.ManagedIdentity/userAssignedIdentities/AppGWManagedID"
                ],
                "type": "UserAssigned"
              }
            ],
            "location": "northeurope",
            "name": "AZMMAGW01",
            "private_endpoint_connection": [],
            "private_link_configuration": [],
            "probe": [
              {
                "host": "HIE-matchmakersoftware.azurewebsites.net",
                "id": "/subscriptions/2bd29ed6-34a6-42d7-8235-293e8ee67447/resourceGroups/AZMMCoreRG01/providers/Microsoft.Network/applicationGateways/AZMMAGW01/probes/HIE-healthprobe",
                "interval": 30,
                "match": [
                  {
                    "body": "",
                    "status_code": [
                      "200-399"
                    ]
                  }
                ],
                "minimum_servers": 0,
                "name": "HIE-healthprobe",
                "path": "/",
                "pick_host_name_from_backend_http_settings": false,
                "port": 0,
                "protocol": "Https",
                "timeout": 30,
                "unhealthy_threshold": 3
              },
              {
                "host": "applehealth-matchmakersoftware.azurewebsites.net",
                "id": "/subscriptions/2bd29ed6-34a6-42d7-8235-293e8ee67447/resourceGroups/AZMMCoreRG01/providers/Microsoft.Network/applicationGateways/AZMMAGW01/probes/applehealth-healthprobe",
                "interval": 30,
                "match": [
                  {
                    "body": "",
                    "status_code": [
                      "200-399"
                    ]
                  }
                ],
                "minimum_servers": 0,
                "name": "applehealth-healthprobe",
                "path": "/",
                "pick_host_name_from_backend_http_settings": false,
                "port": 0,
                "protocol": "Https",
                "timeout": 30,
                "unhealthy_threshold": 3
              },
              {
                "host": "br-matchmakersoftware.azurewebsites.net",
                "id": "/subscriptions/2bd29ed6-34a6-42d7-8235-293e8ee67447/resourceGroups/AZMMCoreRG01/providers/Microsoft.Network/applicationGateways/AZMMAGW01/probes/br-healthprobe",
                "interval": 30,
                "match": [
                  {
                    "body": "",
                    "status_code": [
                      "200-399"
                    ]
                  }
                ],
                "minimum_servers": 0,
                "name": "br-healthprobe",
                "path": "/",
                "pick_host_name_from_backend_http_settings": false,
                "port": 0,
                "protocol": "Https",
                "timeout": 30,
                "unhealthy_threshold": 3
              },
              {
                "host": "create-online-matchmakersoftware.azurewebsites.net",
                "id": "/subscriptions/2bd29ed6-34a6-42d7-8235-293e8ee67447/resourceGroups/AZMMCoreRG01/providers/Microsoft.Network/applicationGateways/AZMMAGW01/probes/create-online-healthprobe",
                "interval": 30,
                "match": [
                  {
                    "body": "",
                    "status_code": [
                      "200-399"
                    ]
                  }
                ],
                "minimum_servers": 0,
                "name": "create-online-healthprobe",
                "path": "/",
                "pick_host_name_from_backend_http_settings": false,
                "port": 0,
                "protocol": "Https",
                "timeout": 30,
                "unhealthy_threshold": 3
              },
              {
                "host": "dt-matchmakersoftware.azurewebsites.net",
                "id": "/subscriptions/2bd29ed6-34a6-42d7-8235-293e8ee67447/resourceGroups/AZMMCoreRG01/providers/Microsoft.Network/applicationGateways/AZMMAGW01/probes/dt-healthprobe",
                "interval": 30,
                "match": [
                  {
                    "body": "",
                    "status_code": [
                      "200-399"
                    ]
                  }
                ],
                "minimum_servers": 0,
                "name": "dt-healthprobe",
                "path": "/",
                "pick_host_name_from_backend_http_settings": false,
                "port": 0,
                "protocol": "Https",
                "timeout": 30,
                "unhealthy_threshold": 3
              },
              {
                "host": "ir-matchmakersoftware.azurewebsites.net",
                "id": "/subscriptions/2bd29ed6-34a6-42d7-8235-293e8ee67447/resourceGroups/AZMMCoreRG01/providers/Microsoft.Network/applicationGateways/AZMMAGW01/probes/ir-healthprobe",
                "interval": 30,
                "match": [
                  {
                    "body": "",
                    "status_code": [
                      "200-399"
                    ]
                  }
                ],
                "minimum_servers": 0,
                "name": "ir-healthprobe",
                "path": "/",
                "pick_host_name_from_backend_http_settings": false,
                "port": 0,
                "protocol": "Https",
                "timeout": 30,
                "unhealthy_threshold": 3
              },
              {
                "host": "lta-matchmakersoftware.azurewebsites.net",
                "id": "/subscriptions/2bd29ed6-34a6-42d7-8235-293e8ee67447/resourceGroups/AZMMCoreRG01/providers/Microsoft.Network/applicationGateways/AZMMAGW01/probes/lta-healthprobe",
                "interval": 30,
                "match": [
                  {
                    "body": "",
                    "status_code": [
                      "200-399"
                    ]
                  }
                ],
                "minimum_servers": 0,
                "name": "lta-healthprobe",
                "path": "/",
                "pick_host_name_from_backend_http_settings": false,
                "port": 0,
                "protocol": "Https",
                "timeout": 30,
                "unhealthy_threshold": 3
              },
              {
                "host": "pioneer-auriga-matchmakersoftware.azurewebsites.net",
                "id": "/subscriptions/2bd29ed6-34a6-42d7-8235-293e8ee67447/resourceGroups/AZMMCoreRG01/providers/Microsoft.Network/applicationGateways/AZMMAGW01/probes/pioneer-auriga-healthprobe",
                "interval": 30,
                "match": [
                  {
                    "body": "",
                    "status_code": [
                      "200-399"
                    ]
                  }
                ],
                "minimum_servers": 0,
                "name": "pioneer-auriga-healthprobe",
                "path": "/",
                "pick_host_name_from_backend_http_settings": false,
                "port": 0,
                "protocol": "Https",
                "timeout": 30,
                "unhealthy_threshold": 3
              },
              {
                "host": "pioneer-online-matchmakersoftware.azurewebsites.net",
                "id": "/subscriptions/2bd29ed6-34a6-42d7-8235-293e8ee67447/resourceGroups/AZMMCoreRG01/providers/Microsoft.Network/applicationGateways/AZMMAGW01/probes/pioneer-online-healthprobe",
                "interval": 30,
                "match": [
                  {
                    "body": "",
                    "status_code": [
                      "200-399"
                    ]
                  }
                ],
                "minimum_servers": 0,
                "name": "pioneer-online-healthprobe",
                "path": "/",
                "pick_host_name_from_backend_http_settings": false,
                "port": 0,
                "protocol": "Https",
                "timeout": 30,
                "unhealthy_threshold": 3
              },
              {
                "host": "pp-matchmakersoftware.azurewebsites.net",
                "id": "/subscriptions/2bd29ed6-34a6-42d7-8235-293e8ee67447/resourceGroups/AZMMCoreRG01/providers/Microsoft.Network/applicationGateways/AZMMAGW01/probes/pp-healthprobe",
                "interval": 30,
                "match": [
                  {
                    "body": "",
                    "status_code": [
                      "200-399"
                    ]
                  }
                ],
                "minimum_servers": 0,
                "name": "pp-healthprobe",
                "path": "/",
                "pick_host_name_from_backend_http_settings": false,
                "port": 0,
                "protocol": "Https",
                "timeout": 30,
                "unhealthy_threshold": 3
              },
              {
                "host": "rs-matchmakersoftware.azurewebsites.net",
                "id": "/subscriptions/2bd29ed6-34a6-42d7-8235-293e8ee67447/resourceGroups/AZMMCoreRG01/providers/Microsoft.Network/applicationGateways/AZMMAGW01/probes/rs-healthprobe",
                "interval": 30,
                "match": [
                  {
                    "body": "",
                    "status_code": [
                      "200-399"
                    ]
                  }
                ],
                "minimum_servers": 0,
                "name": "rs-healthprobe",
                "path": "/",
                "pick_host_name_from_backend_http_settings": false,
                "port": 0,
                "protocol": "Https",
                "timeout": 30,
                "unhealthy_threshold": 3
              },
              {
                "host": "se-matchmakersoftware.azurewebsites.net",
                "id": "/subscriptions/2bd29ed6-34a6-42d7-8235-293e8ee67447/resourceGroups/AZMMCoreRG01/providers/Microsoft.Network/applicationGateways/AZMMAGW01/probes/se-healthprobe",
                "interval": 30,
                "match": [
                  {
                    "body": "",
                    "status_code": [
                      "200-399"
                    ]
                  }
                ],
                "minimum_servers": 0,
                "name": "se-healthprobe",
                "path": "/",
                "pick_host_name_from_backend_http_settings": false,
                "port": 0,
                "protocol": "Https",
                "timeout": 30,
                "unhealthy_threshold": 3
              },
              {
                "host": "smile-online-matchmakersoftware.azurewebsites.net",
                "id": "/subscriptions/2bd29ed6-34a6-42d7-8235-293e8ee67447/resourceGroups/AZMMCoreRG01/providers/Microsoft.Network/applicationGateways/AZMMAGW01/probes/smile-online-healthprobe",
                "interval": 30,
                "match": [
                  {
                    "body": "",
                    "status_code": [
                      "200-399"
                    ]
                  }
                ],
                "minimum_servers": 0,
                "name": "smile-online-healthprobe",
                "path": "/",
                "pick_host_name_from_backend_http_settings": false,
                "port": 0,
                "protocol": "Https",
                "timeout": 30,
                "unhealthy_threshold": 3
              }
            ],
            "redirect_configuration": [],
            "request_routing_rule": [
              {
                "backend_address_pool_id": "/subscriptions/2bd29ed6-34a6-42d7-8235-293e8ee67447/resourceGroups/AZMMCoreRG01/providers/Microsoft.Network/applicationGateways/AZMMAGW01/backendAddressPools/HIE-backendpool",
                "backend_address_pool_name": "HIE-backendpool",
                "backend_http_settings_id": "/subscriptions/2bd29ed6-34a6-42d7-8235-293e8ee67447/resourceGroups/AZMMCoreRG01/providers/Microsoft.Network/applicationGateways/AZMMAGW01/backendHttpSettingsCollection/HIE-backendsetting",
                "backend_http_settings_name": "HIE-backendsetting",
                "http_listener_id": "/subscriptions/2bd29ed6-34a6-42d7-8235-293e8ee67447/resourceGroups/AZMMCoreRG01/providers/Microsoft.Network/applicationGateways/AZMMAGW01/httpListeners/HIE-listenerhttps",
                "http_listener_name": "HIE-listenerhttps",
                "id": "/subscriptions/2bd29ed6-34a6-42d7-8235-293e8ee67447/resourceGroups/AZMMCoreRG01/providers/Microsoft.Network/applicationGateways/AZMMAGW01/requestRoutingRules/HIE-routingrule",
                "name": "HIE-routingrule",
                "priority": 14,
                "redirect_configuration_id": "",
                "redirect_configuration_name": "",
                "rewrite_rule_set_id": "",
                "rewrite_rule_set_name": "",
                "rule_type": "Basic",
                "url_path_map_id": "",
                "url_path_map_name": ""
              },
              {
                "backend_address_pool_id": "/subscriptions/2bd29ed6-34a6-42d7-8235-293e8ee67447/resourceGroups/AZMMCoreRG01/providers/Microsoft.Network/applicationGateways/AZMMAGW01/backendAddressPools/applehealth-backendpool",
                "backend_address_pool_name": "applehealth-backendpool",
                "backend_http_settings_id": "/subscriptions/2bd29ed6-34a6-42d7-8235-293e8ee67447/resourceGroups/AZMMCoreRG01/providers/Microsoft.Network/applicationGateways/AZMMAGW01/backendHttpSettingsCollection/applehealth-backendsetting",
                "backend_http_settings_name": "applehealth-backendsetting",
                "http_listener_id": "/subscriptions/2bd29ed6-34a6-42d7-8235-293e8ee67447/resourceGroups/AZMMCoreRG01/providers/Microsoft.Network/applicationGateways/AZMMAGW01/httpListeners/applehealth-listenerhttps",
                "http_listener_name": "applehealth-listenerhttps",
                "id": "/subscriptions/2bd29ed6-34a6-42d7-8235-293e8ee67447/resourceGroups/AZMMCoreRG01/providers/Microsoft.Network/applicationGateways/AZMMAGW01/requestRoutingRules/applehealth-routingrule",
                "name": "applehealth-routingrule",
                "priority": 3,
                "redirect_configuration_id": "",
                "redirect_configuration_name": "",
                "rewrite_rule_set_id": "",
                "rewrite_rule_set_name": "",
                "rule_type": "Basic",
                "url_path_map_id": "",
                "url_path_map_name": ""
              },
              {
                "backend_address_pool_id": "/subscriptions/2bd29ed6-34a6-42d7-8235-293e8ee67447/resourceGroups/AZMMCoreRG01/providers/Microsoft.Network/applicationGateways/AZMMAGW01/backendAddressPools/br-backendpool",
                "backend_address_pool_name": "br-backendpool",
                "backend_http_settings_id": "/subscriptions/2bd29ed6-34a6-42d7-8235-293e8ee67447/resourceGroups/AZMMCoreRG01/providers/Microsoft.Network/applicationGateways/AZMMAGW01/backendHttpSettingsCollection/br-backendsetting",
                "backend_http_settings_name": "br-backendsetting",
                "http_listener_id": "/subscriptions/2bd29ed6-34a6-42d7-8235-293e8ee67447/resourceGroups/AZMMCoreRG01/providers/Microsoft.Network/applicationGateways/AZMMAGW01/httpListeners/br-listenerhttps",
                "http_listener_name": "br-listenerhttps",
                "id": "/subscriptions/2bd29ed6-34a6-42d7-8235-293e8ee67447/resourceGroups/AZMMCoreRG01/providers/Microsoft.Network/applicationGateways/AZMMAGW01/requestRoutingRules/br-routingrule",
                "name": "br-routingrule",
                "priority": 10,
                "redirect_configuration_id": "",
                "redirect_configuration_name": "",
                "rewrite_rule_set_id": "",
                "rewrite_rule_set_name": "",
                "rule_type": "Basic",
                "url_path_map_id": "",
                "url_path_map_name": ""
              },
              {
                "backend_address_pool_id": "/subscriptions/2bd29ed6-34a6-42d7-8235-293e8ee67447/resourceGroups/AZMMCoreRG01/providers/Microsoft.Network/applicationGateways/AZMMAGW01/backendAddressPools/create-online-backendpool",
                "backend_address_pool_name": "create-online-backendpool",
                "backend_http_settings_id": "/subscriptions/2bd29ed6-34a6-42d7-8235-293e8ee67447/resourceGroups/AZMMCoreRG01/providers/Microsoft.Network/applicationGateways/AZMMAGW01/backendHttpSettingsCollection/create-online-backendsetting",
                "backend_http_settings_name": "create-online-backendsetting",
                "http_listener_id": "/subscriptions/2bd29ed6-34a6-42d7-8235-293e8ee67447/resourceGroups/AZMMCoreRG01/providers/Microsoft.Network/applicationGateways/AZMMAGW01/httpListeners/create-online-listenerhttps",
                "http_listener_name": "create-online-listenerhttps",
                "id": "/subscriptions/2bd29ed6-34a6-42d7-8235-293e8ee67447/resourceGroups/AZMMCoreRG01/providers/Microsoft.Network/applicationGateways/AZMMAGW01/requestRoutingRules/create-online-routingrule",
                "name": "create-online-routingrule",
                "priority": 8,
                "redirect_configuration_id": "",
                "redirect_configuration_name": "",
                "rewrite_rule_set_id": "",
                "rewrite_rule_set_name": "",
                "rule_type": "Basic",
                "url_path_map_id": "",
                "url_path_map_name": ""
              },
              {
                "backend_address_pool_id": "/subscriptions/2bd29ed6-34a6-42d7-8235-293e8ee67447/resourceGroups/AZMMCoreRG01/providers/Microsoft.Network/applicationGateways/AZMMAGW01/backendAddressPools/dt-backendpool",
                "backend_address_pool_name": "dt-backendpool",
                "backend_http_settings_id": "/subscriptions/2bd29ed6-34a6-42d7-8235-293e8ee67447/resourceGroups/AZMMCoreRG01/providers/Microsoft.Network/applicationGateways/AZMMAGW01/backendHttpSettingsCollection/dt-backendsetting",
                "backend_http_settings_name": "dt-backendsetting",
                "http_listener_id": "/subscriptions/2bd29ed6-34a6-42d7-8235-293e8ee67447/resourceGroups/AZMMCoreRG01/providers/Microsoft.Network/applicationGateways/AZMMAGW01/httpListeners/dt-listenerhttps",
                "http_listener_name": "dt-listenerhttps",
                "id": "/subscriptions/2bd29ed6-34a6-42d7-8235-293e8ee67447/resourceGroups/AZMMCoreRG01/providers/Microsoft.Network/applicationGateways/AZMMAGW01/requestRoutingRules/dt-routingrule",
                "name": "dt-routingrule",
                "priority": 2,
                "redirect_configuration_id": "",
                "redirect_configuration_name": "",
                "rewrite_rule_set_id": "",
                "rewrite_rule_set_name": "",
                "rule_type": "Basic",
                "url_path_map_id": "",
                "url_path_map_name": ""
              },
              {
                "backend_address_pool_id": "/subscriptions/2bd29ed6-34a6-42d7-8235-293e8ee67447/resourceGroups/AZMMCoreRG01/providers/Microsoft.Network/applicationGateways/AZMMAGW01/backendAddressPools/ir-backendpool",
                "backend_address_pool_name": "ir-backendpool",
                "backend_http_settings_id": "/subscriptions/2bd29ed6-34a6-42d7-8235-293e8ee67447/resourceGroups/AZMMCoreRG01/providers/Microsoft.Network/applicationGateways/AZMMAGW01/backendHttpSettingsCollection/ir-backendsetting",
                "backend_http_settings_name": "ir-backendsetting",
                "http_listener_id": "/subscriptions/2bd29ed6-34a6-42d7-8235-293e8ee67447/resourceGroups/AZMMCoreRG01/providers/Microsoft.Network/applicationGateways/AZMMAGW01/httpListeners/ir-listenerhttps",
                "http_listener_name": "ir-listenerhttps",
                "id": "/subscriptions/2bd29ed6-34a6-42d7-8235-293e8ee67447/resourceGroups/AZMMCoreRG01/providers/Microsoft.Network/applicationGateways/AZMMAGW01/requestRoutingRules/ir-routingrule",
                "name": "ir-routingrule",
                "priority": 4,
                "redirect_configuration_id": "",
                "redirect_configuration_name": "",
                "rewrite_rule_set_id": "",
                "rewrite_rule_set_name": "",
                "rule_type": "Basic",
                "url_path_map_id": "",
                "url_path_map_name": ""
              },
              {
                "backend_address_pool_id": "/subscriptions/2bd29ed6-34a6-42d7-8235-293e8ee67447/resourceGroups/AZMMCoreRG01/providers/Microsoft.Network/applicationGateways/AZMMAGW01/backendAddressPools/lta-backendpool",
                "backend_address_pool_name": "lta-backendpool",
                "backend_http_settings_id": "/subscriptions/2bd29ed6-34a6-42d7-8235-293e8ee67447/resourceGroups/AZMMCoreRG01/providers/Microsoft.Network/applicationGateways/AZMMAGW01/backendHttpSettingsCollection/lta-backendsetting",
                "backend_http_settings_name": "lta-backendsetting",
                "http_listener_id": "/subscriptions/2bd29ed6-34a6-42d7-8235-293e8ee67447/resourceGroups/AZMMCoreRG01/providers/Microsoft.Network/applicationGateways/AZMMAGW01/httpListeners/lta-listenerhttps",
                "http_listener_name": "lta-listenerhttps",
                "id": "/subscriptions/2bd29ed6-34a6-42d7-8235-293e8ee67447/resourceGroups/AZMMCoreRG01/providers/Microsoft.Network/applicationGateways/AZMMAGW01/requestRoutingRules/lta-routingrule",
                "name": "lta-routingrule",
                "priority": 1,
                "redirect_configuration_id": "",
                "redirect_configuration_name": "",
                "rewrite_rule_set_id": "",
                "rewrite_rule_set_name": "",
                "rule_type": "Basic",
                "url_path_map_id": "",
                "url_path_map_name": ""
              },
              {
                "backend_address_pool_id": "/subscriptions/2bd29ed6-34a6-42d7-8235-293e8ee67447/resourceGroups/AZMMCoreRG01/providers/Microsoft.Network/applicationGateways/AZMMAGW01/backendAddressPools/pioneer-auriga-backendpool",
                "backend_address_pool_name": "pioneer-auriga-backendpool",
                "backend_http_settings_id": "/subscriptions/2bd29ed6-34a6-42d7-8235-293e8ee67447/resourceGroups/AZMMCoreRG01/providers/Microsoft.Network/applicationGateways/AZMMAGW01/backendHttpSettingsCollection/pioneer-auriga-backendsetting",
                "backend_http_settings_name": "pioneer-auriga-backendsetting",
                "http_listener_id": "/subscriptions/2bd29ed6-34a6-42d7-8235-293e8ee67447/resourceGroups/AZMMCoreRG01/providers/Microsoft.Network/applicationGateways/AZMMAGW01/httpListeners/pioneer-auriga-listenerhttps",
                "http_listener_name": "pioneer-auriga-listenerhttps",
                "id": "/subscriptions/2bd29ed6-34a6-42d7-8235-293e8ee67447/resourceGroups/AZMMCoreRG01/providers/Microsoft.Network/applicationGateways/AZMMAGW01/requestRoutingRules/pioneer-auriga-routingrule",
                "name": "pioneer-auriga-routingrule",
                "priority": 13,
                "redirect_configuration_id": "",
                "redirect_configuration_name": "",
                "rewrite_rule_set_id": "",
                "rewrite_rule_set_name": "",
                "rule_type": "Basic",
                "url_path_map_id": "",
                "url_path_map_name": ""
              },
              {
                "backend_address_pool_id": "/subscriptions/2bd29ed6-34a6-42d7-8235-293e8ee67447/resourceGroups/AZMMCoreRG01/providers/Microsoft.Network/applicationGateways/AZMMAGW01/backendAddressPools/pioneer-online-backendpool",
                "backend_address_pool_name": "pioneer-online-backendpool",
                "backend_http_settings_id": "/subscriptions/2bd29ed6-34a6-42d7-8235-293e8ee67447/resourceGroups/AZMMCoreRG01/providers/Microsoft.Network/applicationGateways/AZMMAGW01/backendHttpSettingsCollection/pioneer-online-backendsetting",
                "backend_http_settings_name": "pioneer-online-backendsetting",
                "http_listener_id": "/subscriptions/2bd29ed6-34a6-42d7-8235-293e8ee67447/resourceGroups/AZMMCoreRG01/providers/Microsoft.Network/applicationGateways/AZMMAGW01/httpListeners/pioneer-online-listenerhttps",
                "http_listener_name": "pioneer-online-listenerhttps",
                "id": "/subscriptions/2bd29ed6-34a6-42d7-8235-293e8ee67447/resourceGroups/AZMMCoreRG01/providers/Microsoft.Network/applicationGateways/AZMMAGW01/requestRoutingRules/pioneer-online-routingrule",
                "name": "pioneer-online-routingrule",
                "priority": 12,
                "redirect_configuration_id": "",
                "redirect_configuration_name": "",
                "rewrite_rule_set_id": "",
                "rewrite_rule_set_name": "",
                "rule_type": "Basic",
                "url_path_map_id": "",
                "url_path_map_name": ""
              },
              {
                "backend_address_pool_id": "/subscriptions/2bd29ed6-34a6-42d7-8235-293e8ee67447/resourceGroups/AZMMCoreRG01/providers/Microsoft.Network/applicationGateways/AZMMAGW01/backendAddressPools/pp-backendpool",
                "backend_address_pool_name": "pp-backendpool",
                "backend_http_settings_id": "/subscriptions/2bd29ed6-34a6-42d7-8235-293e8ee67447/resourceGroups/AZMMCoreRG01/providers/Microsoft.Network/applicationGateways/AZMMAGW01/backendHttpSettingsCollection/pp-backendsetting",
                "backend_http_settings_name": "pp-backendsetting",
                "http_listener_id": "/subscriptions/2bd29ed6-34a6-42d7-8235-293e8ee67447/resourceGroups/AZMMCoreRG01/providers/Microsoft.Network/applicationGateways/AZMMAGW01/httpListeners/pp-listenerhttps",
                "http_listener_name": "pp-listenerhttps",
                "id": "/subscriptions/2bd29ed6-34a6-42d7-8235-293e8ee67447/resourceGroups/AZMMCoreRG01/providers/Microsoft.Network/applicationGateways/AZMMAGW01/requestRoutingRules/pp-routingrule",
                "name": "pp-routingrule",
                "priority": 11,
                "redirect_configuration_id": "",
                "redirect_configuration_name": "",
                "rewrite_rule_set_id": "",
                "rewrite_rule_set_name": "",
                "rule_type": "Basic",
                "url_path_map_id": "",
                "url_path_map_name": ""
              },
              {
                "backend_address_pool_id": "/subscriptions/2bd29ed6-34a6-42d7-8235-293e8ee67447/resourceGroups/AZMMCoreRG01/providers/Microsoft.Network/applicationGateways/AZMMAGW01/backendAddressPools/rs-backendpool",
                "backend_address_pool_name": "rs-backendpool",
                "backend_http_settings_id": "/subscriptions/2bd29ed6-34a6-42d7-8235-293e8ee67447/resourceGroups/AZMMCoreRG01/providers/Microsoft.Network/applicationGateways/AZMMAGW01/backendHttpSettingsCollection/rs-backendsetting",
                "backend_http_settings_name": "rs-backendsetting",
                "http_listener_id": "/subscriptions/2bd29ed6-34a6-42d7-8235-293e8ee67447/resourceGroups/AZMMCoreRG01/providers/Microsoft.Network/applicationGateways/AZMMAGW01/httpListeners/rs-listenerhttps",
                "http_listener_name": "rs-listenerhttps",
                "id": "/subscriptions/2bd29ed6-34a6-42d7-8235-293e8ee67447/resourceGroups/AZMMCoreRG01/providers/Microsoft.Network/applicationGateways/AZMMAGW01/requestRoutingRules/rs-routingrule",
                "name": "rs-routingrule",
                "priority": 5,
                "redirect_configuration_id": "",
                "redirect_configuration_name": "",
                "rewrite_rule_set_id": "",
                "rewrite_rule_set_name": "",
                "rule_type": "Basic",
                "url_path_map_id": "",
                "url_path_map_name": ""
              },
              {
                "backend_address_pool_id": "/subscriptions/2bd29ed6-34a6-42d7-8235-293e8ee67447/resourceGroups/AZMMCoreRG01/providers/Microsoft.Network/applicationGateways/AZMMAGW01/backendAddressPools/se-backendpool",
                "backend_address_pool_name": "se-backendpool",
                "backend_http_settings_id": "/subscriptions/2bd29ed6-34a6-42d7-8235-293e8ee67447/resourceGroups/AZMMCoreRG01/providers/Microsoft.Network/applicationGateways/AZMMAGW01/backendHttpSettingsCollection/se-backendsetting",
                "backend_http_settings_name": "se-backendsetting",
                "http_listener_id": "/subscriptions/2bd29ed6-34a6-42d7-8235-293e8ee67447/resourceGroups/AZMMCoreRG01/providers/Microsoft.Network/applicationGateways/AZMMAGW01/httpListeners/se-listenerhttps",
                "http_listener_name": "se-listenerhttps",
                "id": "/subscriptions/2bd29ed6-34a6-42d7-8235-293e8ee67447/resourceGroups/AZMMCoreRG01/providers/Microsoft.Network/applicationGateways/AZMMAGW01/requestRoutingRules/se-routingrule",
                "name": "se-routingrule",
                "priority": 7,
                "redirect_configuration_id": "",
                "redirect_configuration_name": "",
                "rewrite_rule_set_id": "",
                "rewrite_rule_set_name": "",
                "rule_type": "Basic",
                "url_path_map_id": "",
                "url_path_map_name": ""
              },
              {
                "backend_address_pool_id": "/subscriptions/2bd29ed6-34a6-42d7-8235-293e8ee67447/resourceGroups/AZMMCoreRG01/providers/Microsoft.Network/applicationGateways/AZMMAGW01/backendAddressPools/smile-online-backendpool",
                "backend_address_pool_name": "smile-online-backendpool",
                "backend_http_settings_id": "/subscriptions/2bd29ed6-34a6-42d7-8235-293e8ee67447/resourceGroups/AZMMCoreRG01/providers/Microsoft.Network/applicationGateways/AZMMAGW01/backendHttpSettingsCollection/smile-online-backendsetting",
                "backend_http_settings_name": "smile-online-backendsetting",
                "http_listener_id": "/subscriptions/2bd29ed6-34a6-42d7-8235-293e8ee67447/resourceGroups/AZMMCoreRG01/providers/Microsoft.Network/applicationGateways/AZMMAGW01/httpListeners/smile-online-listenerhttps",
                "http_listener_name": "smile-online-listenerhttps",
                "id": "/subscriptions/2bd29ed6-34a6-42d7-8235-293e8ee67447/resourceGroups/AZMMCoreRG01/providers/Microsoft.Network/applicationGateways/AZMMAGW01/requestRoutingRules/smile-online-routingrule",
                "name": "smile-online-routingrule",
                "priority": 6,
                "redirect_configuration_id": "",
                "redirect_configuration_name": "",
                "rewrite_rule_set_id": "",
                "rewrite_rule_set_name": "",
                "rule_type": "Basic",
                "url_path_map_id": "",
                "url_path_map_name": ""
              }
            ],
            "resource_group_name": "AZMMCoreRG01",
            "rewrite_rule_set": [],
            "sku": [
              {
                "capacity": 1,
                "name": "Standard_v2",
                "tier": "Standard_v2"
              }
            ],
            "ssl_certificate": [
              {
                "data": "",
                "id": "/subscriptions/2bd29ed6-34a6-42d7-8235-293e8ee67447/resourceGroups/AZMMCoreRG01/providers/Microsoft.Network/applicationGateways/AZMMAGW01/sslCertificates/MMWildcard2024",
                "key_vault_secret_id": "https://azmmkv01.vault.azure.net/secrets/AZMMKV01-MMWildcardKV2024/e5e65bcb31c34e14bb18f10ed8f1738f",
                "name": "MMWildcard2024",
                "password": "",
                "public_cert_data": ""
              }
            ],
            "ssl_policy": [],
            "ssl_profile": [],
            "tags": {},
            "timeouts": null,
            "trusted_client_certificate": [],
            "trusted_root_certificate": [],
            "url_path_map": [],
            "waf_configuration": [],
            "zones": []
          },
          "sensitive_attributes": [],
          "private": "eyJlMmJmYjczMC1lY2FhLTExZTYtOGY4OC0zNDM2M2JjN2M0YzAiOnsiY3JlYXRlIjo1NDAwMDAwMDAwMDAwLCJkZWxldGUiOjU0MDAwMDAwMDAwMDAsInJlYWQiOjMwMDAwMDAwMDAwMCwidXBkYXRlIjo1NDAwMDAwMDAwMDAwfX0=",
          "dependencies": [
            "azurerm_key_vault.res-1",
            "azurerm_public_ip.res-8",
            "azurerm_resource_group.res-0",
            "azurerm_subnet.res-10",
            "azurerm_user_assigned_identity.res-3",
            "azurerm_virtual_network.res-9",
            "data.azurerm_key_vault_certificate.res-2"
          ]
        }
      ]
    },
    {
      "mode": "managed",
      "type": "azurerm_application_insights",
      "name": "azmmclientrg-364",
      "provider": "provider[\"registry.terraform.io/hashicorp/azurerm\"]",
      "instances": [
        {
          "schema_version": 1,
          "attributes": {
            "app_id": "3f84bc8e-e93f-46a6-9cea-45a87cb63dc2",
            "application_type": "web",
            "connection_string": "InstrumentationKey=e62501d5-31c1-45f2-a54e-8ea998494ed0;IngestionEndpoint=https://northeurope-2.in.applicationinsights.azure.com/;LiveEndpoint=https://northeurope.livediagnostics.monitor.azure.com/;ApplicationId=3f84bc8e-e93f-46a6-9cea-45a87cb63dc2",
            "daily_data_cap_in_gb": 100,
            "daily_data_cap_notifications_disabled": false,
            "disable_ip_masking": false,
            "force_customer_storage_for_profiler": false,
            "id": "/subscriptions/2bd29ed6-34a6-42d7-8235-293e8ee67447/resourceGroups/AZMMClientApps/providers/Microsoft.Insights/components/lta-matchmakersoftware",
            "instrumentation_key": "e62501d5-31c1-45f2-a54e-8ea998494ed0",
            "internet_ingestion_enabled": true,
            "internet_query_enabled": true,
            "local_authentication_disabled": false,
            "location": "northeurope",
            "name": "lta-matchmakersoftware",
            "resource_group_name": "AZMMClientApps",
            "retention_in_days": 90,
            "sampling_percentage": 0,
            "tags": {},
            "timeouts": null,
            "workspace_id": "/subscriptions/2bd29ed6-34a6-42d7-8235-293e8ee67447/resourceGroups/DefaultResourceGroup-NEU/providers/Microsoft.OperationalInsights/workspaces/DefaultWorkspace-2bd29ed6-34a6-42d7-8235-293e8ee67447-NEU"
          },
          "sensitive_attributes": [],
          "private": "eyJlMmJmYjczMC1lY2FhLTExZTYtOGY4OC0zNDM2M2JjN2M0YzAiOnsiY3JlYXRlIjozNjAwMDAwMDAwMDAwLCJkZWxldGUiOjE4MDAwMDAwMDAwMDAsInJlYWQiOjMwMDAwMDAwMDAwMCwidXBkYXRlIjoxODAwMDAwMDAwMDAwfSwic2NoZW1hX3ZlcnNpb24iOiIxIn0=",
          "dependencies": [
            "azurerm_resource_group.azmmclientrg-0"
          ]
        }
      ]
    },
    {
      "mode": "managed",
      "type": "azurerm_application_insights",
      "name": "azmmclientrg-appinsight-webapp-HIE",
      "provider": "provider[\"registry.terraform.io/hashicorp/azurerm\"]",
      "instances": [
        {
          "schema_version": 1,
          "attributes": {
            "app_id": "978fe617-44e2-4164-bfcd-92bae7564b40",
            "application_type": "web",
            "connection_string": "InstrumentationKey=6df34ef8-e8b9-4b8f-87cc-2b20d889c64a;IngestionEndpoint=https://northeurope-2.in.applicationinsights.azure.com/;LiveEndpoint=https://northeurope.livediagnostics.monitor.azure.com/;ApplicationId=978fe617-44e2-4164-bfcd-92bae7564b40",
            "daily_data_cap_in_gb": 100,
            "daily_data_cap_notifications_disabled": false,
            "disable_ip_masking": false,
            "force_customer_storage_for_profiler": false,
            "id": "/subscriptions/2bd29ed6-34a6-42d7-8235-293e8ee67447/resourceGroups/AZMMClientApps/providers/Microsoft.Insights/components/HIE-matchmakersoftware",
            "instrumentation_key": "6df34ef8-e8b9-4b8f-87cc-2b20d889c64a",
            "internet_ingestion_enabled": true,
            "internet_query_enabled": true,
            "local_authentication_disabled": false,
            "location": "northeurope",
            "name": "HIE-matchmakersoftware",
            "resource_group_name": "AZMMClientApps",
            "retention_in_days": 90,
            "sampling_percentage": 0,
            "tags": {},
            "timeouts": null,
            "workspace_id": "/subscriptions/2bd29ed6-34a6-42d7-8235-293e8ee67447/resourceGroups/DefaultResourceGroup-NEU/providers/Microsoft.OperationalInsights/workspaces/DefaultWorkspace-2bd29ed6-34a6-42d7-8235-293e8ee67447-NEU"
          },
          "sensitive_attributes": [],
          "private": "eyJlMmJmYjczMC1lY2FhLTExZTYtOGY4OC0zNDM2M2JjN2M0YzAiOnsiY3JlYXRlIjozNjAwMDAwMDAwMDAwLCJkZWxldGUiOjE4MDAwMDAwMDAwMDAsInJlYWQiOjMwMDAwMDAwMDAwMCwidXBkYXRlIjoxODAwMDAwMDAwMDAwfSwic2NoZW1hX3ZlcnNpb24iOiIxIn0=",
          "dependencies": [
            "azurerm_resource_group.azmmclientrg-0"
          ]
        }
      ]
    },
    {
      "mode": "managed",
      "type": "azurerm_application_insights",
      "name": "azmmclientrg-appinsight-webapp-br",
      "provider": "provider[\"registry.terraform.io/hashicorp/azurerm\"]",
      "instances": [
        {
          "schema_version": 1,
          "attributes": {
            "app_id": "61042521-642b-436c-afce-c59e7823e800",
            "application_type": "web",
            "connection_string": "InstrumentationKey=90e37ec1-0f0c-4485-a0ae-28ff2ff115d0;IngestionEndpoint=https://northeurope-2.in.applicationinsights.azure.com/;LiveEndpoint=https://northeurope.livediagnostics.monitor.azure.com/;ApplicationId=61042521-642b-436c-afce-c59e7823e800",
            "daily_data_cap_in_gb": 100,
            "daily_data_cap_notifications_disabled": false,
            "disable_ip_masking": false,
            "force_customer_storage_for_profiler": false,
            "id": "/subscriptions/2bd29ed6-34a6-42d7-8235-293e8ee67447/resourceGroups/AZMMClientApps/providers/Microsoft.Insights/components/br-matchmakersoftware",
            "instrumentation_key": "90e37ec1-0f0c-4485-a0ae-28ff2ff115d0",
            "internet_ingestion_enabled": true,
            "internet_query_enabled": true,
            "local_authentication_disabled": false,
            "location": "northeurope",
            "name": "br-matchmakersoftware",
            "resource_group_name": "AZMMClientApps",
            "retention_in_days": 90,
            "sampling_percentage": 0,
            "tags": {},
            "timeouts": null,
            "workspace_id": "/subscriptions/2bd29ed6-34a6-42d7-8235-293e8ee67447/resourceGroups/DefaultResourceGroup-NEU/providers/Microsoft.OperationalInsights/workspaces/DefaultWorkspace-2bd29ed6-34a6-42d7-8235-293e8ee67447-NEU"
          },
          "sensitive_attributes": [],
          "private": "eyJlMmJmYjczMC1lY2FhLTExZTYtOGY4OC0zNDM2M2JjN2M0YzAiOnsiY3JlYXRlIjozNjAwMDAwMDAwMDAwLCJkZWxldGUiOjE4MDAwMDAwMDAwMDAsInJlYWQiOjMwMDAwMDAwMDAwMCwidXBkYXRlIjoxODAwMDAwMDAwMDAwfSwic2NoZW1hX3ZlcnNpb24iOiIxIn0=",
          "dependencies": [
            "azurerm_resource_group.azmmclientrg-0"
          ]
        }
      ]
    },
    {
      "mode": "managed",
      "type": "azurerm_application_insights",
      "name": "azmmclientrg-appinsight-webapp-create-online",
      "provider": "provider[\"registry.terraform.io/hashicorp/azurerm\"]",
      "instances": [
        {
          "schema_version": 1,
          "attributes": {
            "app_id": "17208684-478e-446b-b192-1e5252d86dba",
            "application_type": "web",
            "connection_string": "InstrumentationKey=b75382a0-ce45-4505-8c75-21c589574241;IngestionEndpoint=https://northeurope-2.in.applicationinsights.azure.com/;LiveEndpoint=https://northeurope.livediagnostics.monitor.azure.com/;ApplicationId=17208684-478e-446b-b192-1e5252d86dba",
            "daily_data_cap_in_gb": 100,
            "daily_data_cap_notifications_disabled": false,
            "disable_ip_masking": false,
            "force_customer_storage_for_profiler": false,
            "id": "/subscriptions/2bd29ed6-34a6-42d7-8235-293e8ee67447/resourceGroups/AZMMClientApps/providers/Microsoft.Insights/components/create-online-matchmakersoftware",
            "instrumentation_key": "b75382a0-ce45-4505-8c75-21c589574241",
            "internet_ingestion_enabled": true,
            "internet_query_enabled": true,
            "local_authentication_disabled": false,
            "location": "northeurope",
            "name": "create-online-matchmakersoftware",
            "resource_group_name": "AZMMClientApps",
            "retention_in_days": 90,
            "sampling_percentage": 0,
            "tags": {},
            "timeouts": null,
            "workspace_id": "/subscriptions/2bd29ed6-34a6-42d7-8235-293e8ee67447/resourceGroups/DefaultResourceGroup-NEU/providers/Microsoft.OperationalInsights/workspaces/DefaultWorkspace-2bd29ed6-34a6-42d7-8235-293e8ee67447-NEU"
          },
          "sensitive_attributes": [],
          "private": "eyJlMmJmYjczMC1lY2FhLTExZTYtOGY4OC0zNDM2M2JjN2M0YzAiOnsiY3JlYXRlIjozNjAwMDAwMDAwMDAwLCJkZWxldGUiOjE4MDAwMDAwMDAwMDAsInJlYWQiOjMwMDAwMDAwMDAwMCwidXBkYXRlIjoxODAwMDAwMDAwMDAwfSwic2NoZW1hX3ZlcnNpb24iOiIxIn0=",
          "dependencies": [
            "azurerm_resource_group.azmmclientrg-0"
          ]
        }
      ]
    },
    {
      "mode": "managed",
      "type": "azurerm_application_insights",
      "name": "azmmclientrg-appinsight-webapp-ir",
      "provider": "provider[\"registry.terraform.io/hashicorp/azurerm\"]",
      "instances": [
        {
          "schema_version": 1,
          "attributes": {
            "app_id": "090c5d93-83ec-4978-b033-604ad1f5a565",
            "application_type": "web",
            "connection_string": "InstrumentationKey=d6933744-e8ba-462d-9587-0a3a0c553cf8;IngestionEndpoint=https://northeurope-2.in.applicationinsights.azure.com/;LiveEndpoint=https://northeurope.livediagnostics.monitor.azure.com/;ApplicationId=090c5d93-83ec-4978-b033-604ad1f5a565",
            "daily_data_cap_in_gb": 100,
            "daily_data_cap_notifications_disabled": false,
            "disable_ip_masking": false,
            "force_customer_storage_for_profiler": false,
            "id": "/subscriptions/2bd29ed6-34a6-42d7-8235-293e8ee67447/resourceGroups/AZMMClientApps/providers/Microsoft.Insights/components/ir-matchmakersoftware",
            "instrumentation_key": "d6933744-e8ba-462d-9587-0a3a0c553cf8",
            "internet_ingestion_enabled": true,
            "internet_query_enabled": true,
            "local_authentication_disabled": false,
            "location": "northeurope",
            "name": "ir-matchmakersoftware",
            "resource_group_name": "AZMMClientApps",
            "retention_in_days": 90,
            "sampling_percentage": 0,
            "tags": {},
            "timeouts": null,
            "workspace_id": "/subscriptions/2bd29ed6-34a6-42d7-8235-293e8ee67447/resourceGroups/DefaultResourceGroup-NEU/providers/Microsoft.OperationalInsights/workspaces/DefaultWorkspace-2bd29ed6-34a6-42d7-8235-293e8ee67447-NEU"
          },
          "sensitive_attributes": [],
          "private": "eyJlMmJmYjczMC1lY2FhLTExZTYtOGY4OC0zNDM2M2JjN2M0YzAiOnsiY3JlYXRlIjozNjAwMDAwMDAwMDAwLCJkZWxldGUiOjE4MDAwMDAwMDAwMDAsInJlYWQiOjMwMDAwMDAwMDAwMCwidXBkYXRlIjoxODAwMDAwMDAwMDAwfSwic2NoZW1hX3ZlcnNpb24iOiIxIn0=",
          "dependencies": [
            "azurerm_resource_group.azmmclientrg-0"
          ]
        }
      ]
    },
    {
      "mode": "managed",
      "type": "azurerm_application_insights",
      "name": "azmmclientrg-appinsight-webapp-pioneer-auriga",
      "provider": "provider[\"registry.terraform.io/hashicorp/azurerm\"]",
      "instances": [
        {
          "schema_version": 1,
          "attributes": {
            "app_id": "9d8ae98d-7fa3-4142-8f73-7bc0f3177fe8",
            "application_type": "web",
            "connection_string": "InstrumentationKey=438cb9da-b4e5-467f-b3d9-f0b98cb25915;IngestionEndpoint=https://northeurope-2.in.applicationinsights.azure.com/;LiveEndpoint=https://northeurope.livediagnostics.monitor.azure.com/;ApplicationId=9d8ae98d-7fa3-4142-8f73-7bc0f3177fe8",
            "daily_data_cap_in_gb": 100,
            "daily_data_cap_notifications_disabled": false,
            "disable_ip_masking": false,
            "force_customer_storage_for_profiler": false,
            "id": "/subscriptions/2bd29ed6-34a6-42d7-8235-293e8ee67447/resourceGroups/AZMMClientApps/providers/Microsoft.Insights/components/pioneer-auriga-matchmakersoftware",
            "instrumentation_key": "438cb9da-b4e5-467f-b3d9-f0b98cb25915",
            "internet_ingestion_enabled": true,
            "internet_query_enabled": true,
            "local_authentication_disabled": false,
            "location": "northeurope",
            "name": "pioneer-auriga-matchmakersoftware",
            "resource_group_name": "AZMMClientApps",
            "retention_in_days": 90,
            "sampling_percentage": 0,
            "tags": {},
            "timeouts": null,
            "workspace_id": "/subscriptions/2bd29ed6-34a6-42d7-8235-293e8ee67447/resourceGroups/DefaultResourceGroup-NEU/providers/Microsoft.OperationalInsights/workspaces/DefaultWorkspace-2bd29ed6-34a6-42d7-8235-293e8ee67447-NEU"
          },
          "sensitive_attributes": [],
          "private": "eyJlMmJmYjczMC1lY2FhLTExZTYtOGY4OC0zNDM2M2JjN2M0YzAiOnsiY3JlYXRlIjozNjAwMDAwMDAwMDAwLCJkZWxldGUiOjE4MDAwMDAwMDAwMDAsInJlYWQiOjMwMDAwMDAwMDAwMCwidXBkYXRlIjoxODAwMDAwMDAwMDAwfSwic2NoZW1hX3ZlcnNpb24iOiIxIn0=",
          "dependencies": [
            "azurerm_resource_group.azmmclientrg-0"
          ]
        }
      ]
    },
    {
      "mode": "managed",
      "type": "azurerm_application_insights",
      "name": "azmmclientrg-appinsight-webapp-pioneer-online",
      "provider": "provider[\"registry.terraform.io/hashicorp/azurerm\"]",
      "instances": [
        {
          "schema_version": 1,
          "attributes": {
            "app_id": "dada2219-421e-46f2-9c6c-89735f7146c2",
            "application_type": "web",
            "connection_string": "InstrumentationKey=70a7e94b-fa17-418f-a6f4-2a12f9e5ab83;IngestionEndpoint=https://northeurope-2.in.applicationinsights.azure.com/;LiveEndpoint=https://northeurope.livediagnostics.monitor.azure.com/;ApplicationId=dada2219-421e-46f2-9c6c-89735f7146c2",
            "daily_data_cap_in_gb": 100,
            "daily_data_cap_notifications_disabled": false,
            "disable_ip_masking": false,
            "force_customer_storage_for_profiler": false,
            "id": "/subscriptions/2bd29ed6-34a6-42d7-8235-293e8ee67447/resourceGroups/AZMMClientApps/providers/Microsoft.Insights/components/pioneer-online-matchmakersoftware",
            "instrumentation_key": "70a7e94b-fa17-418f-a6f4-2a12f9e5ab83",
            "internet_ingestion_enabled": true,
            "internet_query_enabled": true,
            "local_authentication_disabled": false,
            "location": "northeurope",
            "name": "pioneer-online-matchmakersoftware",
            "resource_group_name": "AZMMClientApps",
            "retention_in_days": 90,
            "sampling_percentage": 0,
            "tags": {},
            "timeouts": null,
            "workspace_id": "/subscriptions/2bd29ed6-34a6-42d7-8235-293e8ee67447/resourceGroups/DefaultResourceGroup-NEU/providers/Microsoft.OperationalInsights/workspaces/DefaultWorkspace-2bd29ed6-34a6-42d7-8235-293e8ee67447-NEU"
          },
          "sensitive_attributes": [],
          "private": "eyJlMmJmYjczMC1lY2FhLTExZTYtOGY4OC0zNDM2M2JjN2M0YzAiOnsiY3JlYXRlIjozNjAwMDAwMDAwMDAwLCJkZWxldGUiOjE4MDAwMDAwMDAwMDAsInJlYWQiOjMwMDAwMDAwMDAwMCwidXBkYXRlIjoxODAwMDAwMDAwMDAwfSwic2NoZW1hX3ZlcnNpb24iOiIxIn0=",
          "dependencies": [
            "azurerm_resource_group.azmmclientrg-0"
          ]
        }
      ]
    },
    {
      "mode": "managed",
      "type": "azurerm_application_insights",
      "name": "azmmclientrg-appinsight-webapp-pp",
      "provider": "provider[\"registry.terraform.io/hashicorp/azurerm\"]",
      "instances": [
        {
          "schema_version": 1,
          "attributes": {
            "app_id": "5a53eac0-f462-4112-a7ff-94b667ef3062",
            "application_type": "web",
            "connection_string": "InstrumentationKey=4a855cb5-b385-4787-a5e4-7dc3ed227459;IngestionEndpoint=https://northeurope-2.in.applicationinsights.azure.com/;LiveEndpoint=https://northeurope.livediagnostics.monitor.azure.com/;ApplicationId=5a53eac0-f462-4112-a7ff-94b667ef3062",
            "daily_data_cap_in_gb": 100,
            "daily_data_cap_notifications_disabled": false,
            "disable_ip_masking": false,
            "force_customer_storage_for_profiler": false,
            "id": "/subscriptions/2bd29ed6-34a6-42d7-8235-293e8ee67447/resourceGroups/AZMMClientApps/providers/Microsoft.Insights/components/pp-matchmakersoftware",
            "instrumentation_key": "4a855cb5-b385-4787-a5e4-7dc3ed227459",
            "internet_ingestion_enabled": true,
            "internet_query_enabled": true,
            "local_authentication_disabled": false,
            "location": "northeurope",
            "name": "pp-matchmakersoftware",
            "resource_group_name": "AZMMClientApps",
            "retention_in_days": 90,
            "sampling_percentage": 0,
            "tags": {},
            "timeouts": null,
            "workspace_id": "/subscriptions/2bd29ed6-34a6-42d7-8235-293e8ee67447/resourceGroups/DefaultResourceGroup-NEU/providers/Microsoft.OperationalInsights/workspaces/DefaultWorkspace-2bd29ed6-34a6-42d7-8235-293e8ee67447-NEU"
          },
          "sensitive_attributes": [],
          "private": "eyJlMmJmYjczMC1lY2FhLTExZTYtOGY4OC0zNDM2M2JjN2M0YzAiOnsiY3JlYXRlIjozNjAwMDAwMDAwMDAwLCJkZWxldGUiOjE4MDAwMDAwMDAwMDAsInJlYWQiOjMwMDAwMDAwMDAwMCwidXBkYXRlIjoxODAwMDAwMDAwMDAwfSwic2NoZW1hX3ZlcnNpb24iOiIxIn0=",
          "dependencies": [
            "azurerm_resource_group.azmmclientrg-0"
          ]
        }
      ]
    },
    {
      "mode": "managed",
      "type": "azurerm_application_insights",
      "name": "azmmclientrg-appinsight-webapp-rs",
      "provider": "provider[\"registry.terraform.io/hashicorp/azurerm\"]",
      "instances": [
        {
          "schema_version": 1,
          "attributes": {
            "app_id": "92d46464-e755-4631-8077-33141ddc22da",
            "application_type": "web",
            "connection_string": "InstrumentationKey=6dcfbf6d-551d-4edb-8709-5db9a319d421;IngestionEndpoint=https://northeurope-2.in.applicationinsights.azure.com/;LiveEndpoint=https://northeurope.livediagnostics.monitor.azure.com/;ApplicationId=92d46464-e755-4631-8077-33141ddc22da",
            "daily_data_cap_in_gb": 100,
            "daily_data_cap_notifications_disabled": false,
            "disable_ip_masking": false,
            "force_customer_storage_for_profiler": false,
            "id": "/subscriptions/2bd29ed6-34a6-42d7-8235-293e8ee67447/resourceGroups/AZMMClientApps/providers/Microsoft.Insights/components/rs-matchmakersoftware",
            "instrumentation_key": "6dcfbf6d-551d-4edb-8709-5db9a319d421",
            "internet_ingestion_enabled": true,
            "internet_query_enabled": true,
            "local_authentication_disabled": false,
            "location": "northeurope",
            "name": "rs-matchmakersoftware",
            "resource_group_name": "AZMMClientApps",
            "retention_in_days": 90,
            "sampling_percentage": 0,
            "tags": {},
            "timeouts": null,
            "workspace_id": "/subscriptions/2bd29ed6-34a6-42d7-8235-293e8ee67447/resourceGroups/DefaultResourceGroup-NEU/providers/Microsoft.OperationalInsights/workspaces/DefaultWorkspace-2bd29ed6-34a6-42d7-8235-293e8ee67447-NEU"
          },
          "sensitive_attributes": [],
          "private": "eyJlMmJmYjczMC1lY2FhLTExZTYtOGY4OC0zNDM2M2JjN2M0YzAiOnsiY3JlYXRlIjozNjAwMDAwMDAwMDAwLCJkZWxldGUiOjE4MDAwMDAwMDAwMDAsInJlYWQiOjMwMDAwMDAwMDAwMCwidXBkYXRlIjoxODAwMDAwMDAwMDAwfSwic2NoZW1hX3ZlcnNpb24iOiIxIn0=",
          "dependencies": [
            "azurerm_resource_group.azmmclientrg-0"
          ]
        }
      ]
    },
    {
      "mode": "managed",
      "type": "azurerm_application_insights",
      "name": "azmmclientrg-appinsight-webapp-se",
      "provider": "provider[\"registry.terraform.io/hashicorp/azurerm\"]",
      "instances": [
        {
          "schema_version": 1,
          "attributes": {
            "app_id": "fa106302-8394-4e66-aa26-e85ed55eacd7",
            "application_type": "web",
            "connection_string": "InstrumentationKey=d4741e5a-7406-44ae-9a02-63739d7c1291;IngestionEndpoint=https://northeurope-2.in.applicationinsights.azure.com/;LiveEndpoint=https://northeurope.livediagnostics.monitor.azure.com/;ApplicationId=fa106302-8394-4e66-aa26-e85ed55eacd7",
            "daily_data_cap_in_gb": 100,
            "daily_data_cap_notifications_disabled": false,
            "disable_ip_masking": false,
            "force_customer_storage_for_profiler": false,
            "id": "/subscriptions/2bd29ed6-34a6-42d7-8235-293e8ee67447/resourceGroups/AZMMClientApps/providers/Microsoft.Insights/components/se-matchmakersoftware",
            "instrumentation_key": "d4741e5a-7406-44ae-9a02-63739d7c1291",
            "internet_ingestion_enabled": true,
            "internet_query_enabled": true,
            "local_authentication_disabled": false,
            "location": "northeurope",
            "name": "se-matchmakersoftware",
            "resource_group_name": "AZMMClientApps",
            "retention_in_days": 90,
            "sampling_percentage": 0,
            "tags": {},
            "timeouts": null,
            "workspace_id": "/subscriptions/2bd29ed6-34a6-42d7-8235-293e8ee67447/resourceGroups/DefaultResourceGroup-NEU/providers/Microsoft.OperationalInsights/workspaces/DefaultWorkspace-2bd29ed6-34a6-42d7-8235-293e8ee67447-NEU"
          },
          "sensitive_attributes": [],
          "private": "eyJlMmJmYjczMC1lY2FhLTExZTYtOGY4OC0zNDM2M2JjN2M0YzAiOnsiY3JlYXRlIjozNjAwMDAwMDAwMDAwLCJkZWxldGUiOjE4MDAwMDAwMDAwMDAsInJlYWQiOjMwMDAwMDAwMDAwMCwidXBkYXRlIjoxODAwMDAwMDAwMDAwfSwic2NoZW1hX3ZlcnNpb24iOiIxIn0=",
          "dependencies": [
            "azurerm_resource_group.azmmclientrg-0"
          ]
        }
      ]
    },
    {
      "mode": "managed",
      "type": "azurerm_application_insights",
      "name": "azmmclientrg-appinsight-webapp-smile-online",
      "provider": "provider[\"registry.terraform.io/hashicorp/azurerm\"]",
      "instances": [
        {
          "schema_version": 1,
          "attributes": {
            "app_id": "6c25590c-f135-4c0a-b4f9-1e237b580063",
            "application_type": "web",
            "connection_string": "InstrumentationKey=6b7a107c-2a0d-4845-8e03-5f8676c46218;IngestionEndpoint=https://northeurope-2.in.applicationinsights.azure.com/;LiveEndpoint=https://northeurope.livediagnostics.monitor.azure.com/;ApplicationId=6c25590c-f135-4c0a-b4f9-1e237b580063",
            "daily_data_cap_in_gb": 100,
            "daily_data_cap_notifications_disabled": false,
            "disable_ip_masking": false,
            "force_customer_storage_for_profiler": false,
            "id": "/subscriptions/2bd29ed6-34a6-42d7-8235-293e8ee67447/resourceGroups/AZMMClientApps/providers/Microsoft.Insights/components/smile-online-matchmakersoftware",
            "instrumentation_key": "6b7a107c-2a0d-4845-8e03-5f8676c46218",
            "internet_ingestion_enabled": true,
            "internet_query_enabled": true,
            "local_authentication_disabled": false,
            "location": "northeurope",
            "name": "smile-online-matchmakersoftware",
            "resource_group_name": "AZMMClientApps",
            "retention_in_days": 90,
            "sampling_percentage": 0,
            "tags": {},
            "timeouts": null,
            "workspace_id": "/subscriptions/2bd29ed6-34a6-42d7-8235-293e8ee67447/resourceGroups/DefaultResourceGroup-NEU/providers/Microsoft.OperationalInsights/workspaces/DefaultWorkspace-2bd29ed6-34a6-42d7-8235-293e8ee67447-NEU"
          },
          "sensitive_attributes": [],
          "private": "eyJlMmJmYjczMC1lY2FhLTExZTYtOGY4OC0zNDM2M2JjN2M0YzAiOnsiY3JlYXRlIjozNjAwMDAwMDAwMDAwLCJkZWxldGUiOjE4MDAwMDAwMDAwMDAsInJlYWQiOjMwMDAwMDAwMDAwMCwidXBkYXRlIjoxODAwMDAwMDAwMDAwfSwic2NoZW1hX3ZlcnNpb24iOiIxIn0=",
          "dependencies": [
            "azurerm_resource_group.azmmclientrg-0"
          ]
        }
      ]
    },
    {
      "mode": "managed",
      "type": "azurerm_application_insights",
      "name": "res-16",
      "provider": "provider[\"registry.terraform.io/hashicorp/azurerm\"]",
      "instances": [
        {
          "schema_version": 1,
          "attributes": {
            "app_id": "839a80fb-29c1-4ee9-ad4f-c532dddf52bb",
            "application_type": "web",
            "connection_string": "InstrumentationKey=d76e358e-900b-4785-9add-c4480fb80e58;IngestionEndpoint=https://northeurope-2.in.applicationinsights.azure.com/;LiveEndpoint=https://northeurope.livediagnostics.monitor.azure.com/;ApplicationId=839a80fb-29c1-4ee9-ad4f-c532dddf52bb",
            "daily_data_cap_in_gb": 100,
            "daily_data_cap_notifications_disabled": false,
            "disable_ip_masking": false,
            "force_customer_storage_for_profiler": false,
            "id": "/subscriptions/2bd29ed6-34a6-42d7-8235-293e8ee67447/resourceGroups/AZMMCoreRG01/providers/Microsoft.Insights/components/AZMMApp01",
            "instrumentation_key": "d76e358e-900b-4785-9add-c4480fb80e58",
            "internet_ingestion_enabled": true,
            "internet_query_enabled": true,
            "local_authentication_disabled": false,
            "location": "northeurope",
            "name": "AZMMApp01",
            "resource_group_name": "AZMMCoreRG01",
            "retention_in_days": 90,
            "sampling_percentage": 0,
            "tags": {},
            "timeouts": null,
            "workspace_id": "/subscriptions/2bd29ed6-34a6-42d7-8235-293e8ee67447/resourceGroups/DefaultResourceGroup-NEU/providers/Microsoft.OperationalInsights/workspaces/DefaultWorkspace-2bd29ed6-34a6-42d7-8235-293e8ee67447-NEU"
          },
          "sensitive_attributes": [],
          "private": "eyJlMmJmYjczMC1lY2FhLTExZTYtOGY4OC0zNDM2M2JjN2M0YzAiOnsiY3JlYXRlIjozNjAwMDAwMDAwMDAwLCJkZWxldGUiOjE4MDAwMDAwMDAwMDAsInJlYWQiOjMwMDAwMDAwMDAwMCwidXBkYXRlIjoxODAwMDAwMDAwMDAwfSwic2NoZW1hX3ZlcnNpb24iOiIxIn0=",
          "dependencies": [
            "azurerm_resource_group.res-0"
          ]
        }
      ]
    },
    {
      "mode": "managed",
      "type": "azurerm_key_vault",
      "name": "res-1",
      "provider": "provider[\"registry.terraform.io/hashicorp/azurerm\"]",
      "instances": [
        {
          "schema_version": 2,
          "attributes": {
            "access_policy": [
              {
                "application_id": "",
                "certificate_permissions": [
                  "Get",
                  "List",
                  "Update",
                  "Create",
                  "Import",
                  "Delete",
                  "Recover",
                  "Backup",
                  "Restore",
                  "ManageContacts",
                  "ManageIssuers",
                  "GetIssuers",
                  "ListIssuers",
                  "SetIssuers",
                  "DeleteIssuers"
                ],
                "key_permissions": [],
                "object_id": "f98878f4-1ae8-48b7-a20e-e9ffc2ae9a38",
                "secret_permissions": [
                  "Get",
                  "List",
                  "Set",
                  "Delete",
                  "Recover",
                  "Backup",
                  "Restore"
                ],
                "storage_permissions": [],
                "tenant_id": "3a243d17-3d9f-43e2-96a9-222d4b6fada1"
              },
              {
                "application_id": "",
                "certificate_permissions": [
                  "Get",
                  "List",
                  "Update",
                  "Create",
                  "Import",
                  "Delete",
                  "Recover",
                  "Backup",
                  "Restore",
                  "ManageContacts",
                  "ManageIssuers",
                  "GetIssuers",
                  "ListIssuers",
                  "SetIssuers",
                  "DeleteIssuers"
                ],
                "key_permissions": [
                  "Get",
                  "List",
                  "Update",
                  "Create",
                  "Import",
                  "Delete",
                  "Recover",
                  "Backup",
                  "Restore",
                  "GetRotationPolicy",
                  "SetRotationPolicy",
                  "Rotate"
                ],
                "object_id": "d8687fce-a2e5-4077-8ce4-daf10ef796bb",
                "secret_permissions": [
                  "Get",
                  "List",
                  "Set",
                  "Delete",
                  "Recover",
                  "Backup",
                  "Restore"
                ],
                "storage_permissions": [],
                "tenant_id": "3a243d17-3d9f-43e2-96a9-222d4b6fada1"
              },
              {
                "application_id": "",
                "certificate_permissions": [
                  "Get",
                  "List",
                  "Update",
                  "Create",
                  "Import",
                  "Delete",
                  "Recover",
                  "Backup",
                  "Restore",
                  "ManageContacts",
                  "ManageIssuers",
                  "GetIssuers",
                  "ListIssuers",
                  "SetIssuers",
                  "DeleteIssuers"
                ],
                "key_permissions": [],
                "object_id": "ad8f1dc0-8a3a-4733-96a3-bedca459b6b6",
                "secret_permissions": [
                  "Get",
                  "List",
                  "Set",
                  "Delete",
                  "Recover",
                  "Backup",
                  "Restore"
                ],
                "storage_permissions": [],
                "tenant_id": "3a243d17-3d9f-43e2-96a9-222d4b6fada1"
              }
            ],
            "contact": [],
            "enable_rbac_authorization": false,
            "enabled_for_deployment": false,
            "enabled_for_disk_encryption": false,
            "enabled_for_template_deployment": false,
            "id": "/subscriptions/2bd29ed6-34a6-42d7-8235-293e8ee67447/resourceGroups/AZMMCoreRG01/providers/Microsoft.KeyVault/vaults/AZMMKV01",
            "location": "northeurope",
            "name": "AZMMKV01",
            "network_acls": [
              {
                "bypass": "AzureServices",
                "default_action": "Allow",
                "ip_rules": [],
                "virtual_network_subnet_ids": []
              }
            ],
            "public_network_access_enabled": true,
            "purge_protection_enabled": false,
            "resource_group_name": "AZMMCoreRG01",
            "sku_name": "standard",
            "soft_delete_retention_days": 90,
            "tags": {},
            "tenant_id": "3a243d17-3d9f-43e2-96a9-222d4b6fada1",
            "timeouts": null,
            "vault_uri": "https://azmmkv01.vault.azure.net/"
          },
          "sensitive_attributes": [],
          "private": "eyJlMmJmYjczMC1lY2FhLTExZTYtOGY4OC0zNDM2M2JjN2M0YzAiOnsiY3JlYXRlIjoxODAwMDAwMDAwMDAwLCJkZWxldGUiOjE4MDAwMDAwMDAwMDAsInJlYWQiOjMwMDAwMDAwMDAwMCwidXBkYXRlIjoxODAwMDAwMDAwMDAwfSwic2NoZW1hX3ZlcnNpb24iOiIyIn0=",
          "dependencies": [
            "azurerm_resource_group.res-0"
          ]
        }
      ]
    },
    {
      "mode": "managed",
      "type": "azurerm_monitor_action_group",
      "name": "res-15",
      "provider": "provider[\"registry.terraform.io/hashicorp/azurerm\"]",
      "instances": [
        {
          "schema_version": 1,
          "attributes": {
            "arm_role_receiver": [
              {
                "name": "Monitoring Contributor",
                "role_id": "749f88d5-cbae-40b8-bcfc-e573ddc772fa",
                "use_common_alert_schema": true
              },
              {
                "name": "Monitoring Reader",
                "role_id": "43d0d8ad-25c7-4714-9337-8ba259a9fe05",
                "use_common_alert_schema": true
              }
            ],
            "automation_runbook_receiver": [],
            "azure_app_push_receiver": [],
            "azure_function_receiver": [],
            "email_receiver": [],
            "enabled": true,
            "event_hub_receiver": [],
            "id": "/subscriptions/2bd29ed6-34a6-42d7-8235-293e8ee67447/resourceGroups/AZMMCoreRG01/providers/Microsoft.Insights/actionGroups/Application Insights Smart Detection",
            "itsm_receiver": [],
            "location": "global",
            "logic_app_receiver": [],
            "name": "Application Insights Smart Detection",
            "resource_group_name": "AZMMCoreRG01",
            "short_name": "SmartDetect",
            "sms_receiver": [],
            "tags": {},
            "timeouts": null,
            "voice_receiver": [],
            "webhook_receiver": []
          },
          "sensitive_attributes": [],
          "private": "eyJlMmJmYjczMC1lY2FhLTExZTYtOGY4OC0zNDM2M2JjN2M0YzAiOnsiY3JlYXRlIjoxODAwMDAwMDAwMDAwLCJkZWxldGUiOjE4MDAwMDAwMDAwMDAsInJlYWQiOjMwMDAwMDAwMDAwMCwidXBkYXRlIjoxODAwMDAwMDAwMDAwfSwic2NoZW1hX3ZlcnNpb24iOiIxIn0=",
          "dependencies": [
            "azurerm_resource_group.res-0"
          ]
        }
      ]
    },
    {
      "mode": "managed",
      "type": "azurerm_monitor_smart_detector_alert_rule",
      "name": "azmmclientrg-363",
      "provider": "provider[\"registry.terraform.io/hashicorp/azurerm\"]",
      "instances": [
        {
          "schema_version": 1,
          "attributes": {
            "action_group": [
              {
                "email_subject": "",
                "ids": [
                  "/subscriptions/2bd29ed6-34a6-42d7-8235-293e8ee67447/resourceGroups/azmmcorerg01/providers/Microsoft.Insights/actionGroups/application insights smart detection"
                ],
                "webhook_payload": ""
              }
            ],
            "description": "Failure Anomalies notifies you of an unusual rise in the rate of failed HTTP requests or dependency calls.",
            "detector_type": "FailureAnomaliesDetector",
            "enabled": true,
            "frequency": "PT1M",
            "id": "/subscriptions/2bd29ed6-34a6-42d7-8235-293e8ee67447/resourceGroups/AZMMClientApps/providers/Microsoft.AlertsManagement/smartDetectorAlertRules/Failure Anomalies - lta-matchmakersoftware",
            "name": "Failure Anomalies - lta-matchmakersoftware",
            "resource_group_name": "AZMMClientApps",
            "scope_resource_ids": [
              "/subscriptions/2bd29ed6-34a6-42d7-8235-293e8ee67447/resourcegroups/azmmclientapps/providers/microsoft.insights/components/lta-matchmakersoftware"
            ],
            "severity": "Sev3",
            "tags": {},
            "throttling_duration": "",
            "timeouts": null
          },
          "sensitive_attributes": [],
          "private": "eyJlMmJmYjczMC1lY2FhLTExZTYtOGY4OC0zNDM2M2JjN2M0YzAiOnsiY3JlYXRlIjoxODAwMDAwMDAwMDAwLCJkZWxldGUiOjE4MDAwMDAwMDAwMDAsInJlYWQiOjMwMDAwMDAwMDAwMCwidXBkYXRlIjoxODAwMDAwMDAwMDAwfSwic2NoZW1hX3ZlcnNpb24iOiIxIn0=",
          "dependencies": [
            "azurerm_resource_group.azmmclientrg-0"
          ]
        }
      ]
    },
    {
      "mode": "managed",
      "type": "azurerm_monitor_smart_detector_alert_rule",
      "name": "azmmclientrg-smartalert-webapp-HIE",
      "provider": "provider[\"registry.terraform.io/hashicorp/azurerm\"]",
      "instances": [
        {
          "schema_version": 1,
          "attributes": {
            "action_group": [
              {
                "email_subject": "",
                "ids": [
                  "/subscriptions/2bd29ed6-34a6-42d7-8235-293e8ee67447/resourceGroups/azmmcorerg01/providers/Microsoft.Insights/actionGroups/application insights smart detection"
                ],
                "webhook_payload": ""
              }
            ],
            "description": "Failure Anomalies notifies you of an unusual rise in the rate of failed HTTP requests or dependency calls.",
            "detector_type": "FailureAnomaliesDetector",
            "enabled": true,
            "frequency": "PT1M",
            "id": "/subscriptions/2bd29ed6-34a6-42d7-8235-293e8ee67447/resourceGroups/AZMMClientApps/providers/Microsoft.AlertsManagement/smartDetectorAlertRules/Failure Anomalies - HIE-matchmakersoftware",
            "name": "Failure Anomalies - HIE-matchmakersoftware",
            "resource_group_name": "AZMMClientApps",
            "scope_resource_ids": [
              "/subscriptions/2bd29ed6-34a6-42d7-8235-293e8ee67447/resourcegroups/azmmclientapps/providers/microsoft.insights/components/hie-matchmakersoftware"
            ],
            "severity": "Sev3",
            "tags": {},
            "throttling_duration": "",
            "timeouts": null
          },
          "sensitive_attributes": [],
          "private": "eyJlMmJmYjczMC1lY2FhLTExZTYtOGY4OC0zNDM2M2JjN2M0YzAiOnsiY3JlYXRlIjoxODAwMDAwMDAwMDAwLCJkZWxldGUiOjE4MDAwMDAwMDAwMDAsInJlYWQiOjMwMDAwMDAwMDAwMCwidXBkYXRlIjoxODAwMDAwMDAwMDAwfSwic2NoZW1hX3ZlcnNpb24iOiIxIn0=",
          "dependencies": [
            "azurerm_resource_group.azmmclientrg-0"
          ]
        }
      ]
    },
    {
      "mode": "managed",
      "type": "azurerm_monitor_smart_detector_alert_rule",
      "name": "azmmclientrg-smartalert-webapp-br",
      "provider": "provider[\"registry.terraform.io/hashicorp/azurerm\"]",
      "instances": [
        {
          "schema_version": 1,
          "attributes": {
            "action_group": [
              {
                "email_subject": "",
                "ids": [
                  "/subscriptions/2bd29ed6-34a6-42d7-8235-293e8ee67447/resourceGroups/azmmcorerg01/providers/Microsoft.Insights/actionGroups/application insights smart detection"
                ],
                "webhook_payload": ""
              }
            ],
            "description": "Failure Anomalies notifies you of an unusual rise in the rate of failed HTTP requests or dependency calls.",
            "detector_type": "FailureAnomaliesDetector",
            "enabled": true,
            "frequency": "PT1M",
            "id": "/subscriptions/2bd29ed6-34a6-42d7-8235-293e8ee67447/resourceGroups/AZMMClientApps/providers/Microsoft.AlertsManagement/smartDetectorAlertRules/Failure Anomalies - br-matchmakersoftware",
            "name": "Failure Anomalies - br-matchmakersoftware",
            "resource_group_name": "AZMMClientApps",
            "scope_resource_ids": [
              "/subscriptions/2bd29ed6-34a6-42d7-8235-293e8ee67447/resourcegroups/azmmclientapps/providers/microsoft.insights/components/br-matchmakersoftware"
            ],
            "severity": "Sev3",
            "tags": {},
            "throttling_duration": "",
            "timeouts": null
          },
          "sensitive_attributes": [],
          "private": "eyJlMmJmYjczMC1lY2FhLTExZTYtOGY4OC0zNDM2M2JjN2M0YzAiOnsiY3JlYXRlIjoxODAwMDAwMDAwMDAwLCJkZWxldGUiOjE4MDAwMDAwMDAwMDAsInJlYWQiOjMwMDAwMDAwMDAwMCwidXBkYXRlIjoxODAwMDAwMDAwMDAwfSwic2NoZW1hX3ZlcnNpb24iOiIxIn0=",
          "dependencies": [
            "azurerm_resource_group.azmmclientrg-0"
          ]
        }
      ]
    },
    {
      "mode": "managed",
      "type": "azurerm_monitor_smart_detector_alert_rule",
      "name": "azmmclientrg-smartalert-webapp-create-online",
      "provider": "provider[\"registry.terraform.io/hashicorp/azurerm\"]",
      "instances": [
        {
          "schema_version": 1,
          "attributes": {
            "action_group": [
              {
                "email_subject": "",
                "ids": [
                  "/subscriptions/2bd29ed6-34a6-42d7-8235-293e8ee67447/resourceGroups/azmmcorerg01/providers/Microsoft.Insights/actionGroups/application insights smart detection"
                ],
                "webhook_payload": ""
              }
            ],
            "description": "Failure Anomalies notifies you of an unusual rise in the rate of failed HTTP requests or dependency calls.",
            "detector_type": "FailureAnomaliesDetector",
            "enabled": true,
            "frequency": "PT1M",
            "id": "/subscriptions/2bd29ed6-34a6-42d7-8235-293e8ee67447/resourceGroups/AZMMClientApps/providers/Microsoft.AlertsManagement/smartDetectorAlertRules/Failure Anomalies - create-online-matchmakersoftware",
            "name": "Failure Anomalies - create-online-matchmakersoftware",
            "resource_group_name": "AZMMClientApps",
            "scope_resource_ids": [
              "/subscriptions/2bd29ed6-34a6-42d7-8235-293e8ee67447/resourcegroups/azmmclientapps/providers/microsoft.insights/components/create-online-matchmakersoftware"
            ],
            "severity": "Sev3",
            "tags": {},
            "throttling_duration": "",
            "timeouts": null
          },
          "sensitive_attributes": [],
          "private": "eyJlMmJmYjczMC1lY2FhLTExZTYtOGY4OC0zNDM2M2JjN2M0YzAiOnsiY3JlYXRlIjoxODAwMDAwMDAwMDAwLCJkZWxldGUiOjE4MDAwMDAwMDAwMDAsInJlYWQiOjMwMDAwMDAwMDAwMCwidXBkYXRlIjoxODAwMDAwMDAwMDAwfSwic2NoZW1hX3ZlcnNpb24iOiIxIn0=",
          "dependencies": [
            "azurerm_resource_group.azmmclientrg-0"
          ]
        }
      ]
    },
    {
      "mode": "managed",
      "type": "azurerm_monitor_smart_detector_alert_rule",
      "name": "azmmclientrg-smartalert-webapp-ir",
      "provider": "provider[\"registry.terraform.io/hashicorp/azurerm\"]",
      "instances": [
        {
          "schema_version": 1,
          "attributes": {
            "action_group": [
              {
                "email_subject": "",
                "ids": [
                  "/subscriptions/2bd29ed6-34a6-42d7-8235-293e8ee67447/resourceGroups/azmmcorerg01/providers/Microsoft.Insights/actionGroups/application insights smart detection"
                ],
                "webhook_payload": ""
              }
            ],
            "description": "Failure Anomalies notifies you of an unusual rise in the rate of failed HTTP requests or dependency calls.",
            "detector_type": "FailureAnomaliesDetector",
            "enabled": true,
            "frequency": "PT1M",
            "id": "/subscriptions/2bd29ed6-34a6-42d7-8235-293e8ee67447/resourceGroups/AZMMClientApps/providers/Microsoft.AlertsManagement/smartDetectorAlertRules/Failure Anomalies - ir-matchmakersoftware",
            "name": "Failure Anomalies - ir-matchmakersoftware",
            "resource_group_name": "AZMMClientApps",
            "scope_resource_ids": [
              "/subscriptions/2bd29ed6-34a6-42d7-8235-293e8ee67447/resourcegroups/azmmclientapps/providers/microsoft.insights/components/ir-matchmakersoftware"
            ],
            "severity": "Sev3",
            "tags": {},
            "throttling_duration": "",
            "timeouts": null
          },
          "sensitive_attributes": [],
          "private": "eyJlMmJmYjczMC1lY2FhLTExZTYtOGY4OC0zNDM2M2JjN2M0YzAiOnsiY3JlYXRlIjoxODAwMDAwMDAwMDAwLCJkZWxldGUiOjE4MDAwMDAwMDAwMDAsInJlYWQiOjMwMDAwMDAwMDAwMCwidXBkYXRlIjoxODAwMDAwMDAwMDAwfSwic2NoZW1hX3ZlcnNpb24iOiIxIn0=",
          "dependencies": [
            "azurerm_resource_group.azmmclientrg-0"
          ]
        }
      ]
    },
    {
      "mode": "managed",
      "type": "azurerm_monitor_smart_detector_alert_rule",
      "name": "azmmclientrg-smartalert-webapp-pioneer-auriga",
      "provider": "provider[\"registry.terraform.io/hashicorp/azurerm\"]",
      "instances": [
        {
          "schema_version": 1,
          "attributes": {
            "action_group": [
              {
                "email_subject": "",
                "ids": [
                  "/subscriptions/2bd29ed6-34a6-42d7-8235-293e8ee67447/resourceGroups/azmmcorerg01/providers/Microsoft.Insights/actionGroups/application insights smart detection"
                ],
                "webhook_payload": ""
              }
            ],
            "description": "Failure Anomalies notifies you of an unusual rise in the rate of failed HTTP requests or dependency calls.",
            "detector_type": "FailureAnomaliesDetector",
            "enabled": true,
            "frequency": "PT1M",
            "id": "/subscriptions/2bd29ed6-34a6-42d7-8235-293e8ee67447/resourceGroups/AZMMClientApps/providers/Microsoft.AlertsManagement/smartDetectorAlertRules/Failure Anomalies - pioneer-auriga-matchmakersoftware",
            "name": "Failure Anomalies - pioneer-auriga-matchmakersoftware",
            "resource_group_name": "AZMMClientApps",
            "scope_resource_ids": [
              "/subscriptions/2bd29ed6-34a6-42d7-8235-293e8ee67447/resourcegroups/azmmclientapps/providers/microsoft.insights/components/pioneer-auriga-matchmakersoftware"
            ],
            "severity": "Sev3",
            "tags": {},
            "throttling_duration": "",
            "timeouts": null
          },
          "sensitive_attributes": [],
          "private": "eyJlMmJmYjczMC1lY2FhLTExZTYtOGY4OC0zNDM2M2JjN2M0YzAiOnsiY3JlYXRlIjoxODAwMDAwMDAwMDAwLCJkZWxldGUiOjE4MDAwMDAwMDAwMDAsInJlYWQiOjMwMDAwMDAwMDAwMCwidXBkYXRlIjoxODAwMDAwMDAwMDAwfSwic2NoZW1hX3ZlcnNpb24iOiIxIn0=",
          "dependencies": [
            "azurerm_resource_group.azmmclientrg-0"
          ]
        }
      ]
    },
    {
      "mode": "managed",
      "type": "azurerm_monitor_smart_detector_alert_rule",
      "name": "azmmclientrg-smartalert-webapp-pioneer-online",
      "provider": "provider[\"registry.terraform.io/hashicorp/azurerm\"]",
      "instances": [
        {
          "schema_version": 1,
          "attributes": {
            "action_group": [
              {
                "email_subject": "",
                "ids": [
                  "/subscriptions/2bd29ed6-34a6-42d7-8235-293e8ee67447/resourceGroups/azmmcorerg01/providers/Microsoft.Insights/actionGroups/application insights smart detection"
                ],
                "webhook_payload": ""
              }
            ],
            "description": "Failure Anomalies notifies you of an unusual rise in the rate of failed HTTP requests or dependency calls.",
            "detector_type": "FailureAnomaliesDetector",
            "enabled": true,
            "frequency": "PT1M",
            "id": "/subscriptions/2bd29ed6-34a6-42d7-8235-293e8ee67447/resourceGroups/AZMMClientApps/providers/Microsoft.AlertsManagement/smartDetectorAlertRules/Failure Anomalies - pioneer-online-matchmakersoftware",
            "name": "Failure Anomalies - pioneer-online-matchmakersoftware",
            "resource_group_name": "AZMMClientApps",
            "scope_resource_ids": [
              "/subscriptions/2bd29ed6-34a6-42d7-8235-293e8ee67447/resourcegroups/azmmclientapps/providers/microsoft.insights/components/pioneer-online-matchmakersoftware"
            ],
            "severity": "Sev3",
            "tags": {},
            "throttling_duration": "",
            "timeouts": null
          },
          "sensitive_attributes": [],
          "private": "eyJlMmJmYjczMC1lY2FhLTExZTYtOGY4OC0zNDM2M2JjN2M0YzAiOnsiY3JlYXRlIjoxODAwMDAwMDAwMDAwLCJkZWxldGUiOjE4MDAwMDAwMDAwMDAsInJlYWQiOjMwMDAwMDAwMDAwMCwidXBkYXRlIjoxODAwMDAwMDAwMDAwfSwic2NoZW1hX3ZlcnNpb24iOiIxIn0=",
          "dependencies": [
            "azurerm_resource_group.azmmclientrg-0"
          ]
        }
      ]
    },
    {
      "mode": "managed",
      "type": "azurerm_monitor_smart_detector_alert_rule",
      "name": "azmmclientrg-smartalert-webapp-pp",
      "provider": "provider[\"registry.terraform.io/hashicorp/azurerm\"]",
      "instances": [
        {
          "schema_version": 1,
          "attributes": {
            "action_group": [
              {
                "email_subject": "",
                "ids": [
                  "/subscriptions/2bd29ed6-34a6-42d7-8235-293e8ee67447/resourceGroups/azmmcorerg01/providers/Microsoft.Insights/actionGroups/application insights smart detection"
                ],
                "webhook_payload": ""
              }
            ],
            "description": "Failure Anomalies notifies you of an unusual rise in the rate of failed HTTP requests or dependency calls.",
            "detector_type": "FailureAnomaliesDetector",
            "enabled": true,
            "frequency": "PT1M",
            "id": "/subscriptions/2bd29ed6-34a6-42d7-8235-293e8ee67447/resourceGroups/AZMMClientApps/providers/Microsoft.AlertsManagement/smartDetectorAlertRules/Failure Anomalies - pp-matchmakersoftware",
            "name": "Failure Anomalies - pp-matchmakersoftware",
            "resource_group_name": "AZMMClientApps",
            "scope_resource_ids": [
              "/subscriptions/2bd29ed6-34a6-42d7-8235-293e8ee67447/resourcegroups/azmmclientapps/providers/microsoft.insights/components/pp-matchmakersoftware"
            ],
            "severity": "Sev3",
            "tags": {},
            "throttling_duration": "",
            "timeouts": null
          },
          "sensitive_attributes": [],
          "private": "eyJlMmJmYjczMC1lY2FhLTExZTYtOGY4OC0zNDM2M2JjN2M0YzAiOnsiY3JlYXRlIjoxODAwMDAwMDAwMDAwLCJkZWxldGUiOjE4MDAwMDAwMDAwMDAsInJlYWQiOjMwMDAwMDAwMDAwMCwidXBkYXRlIjoxODAwMDAwMDAwMDAwfSwic2NoZW1hX3ZlcnNpb24iOiIxIn0=",
          "dependencies": [
            "azurerm_resource_group.azmmclientrg-0"
          ]
        }
      ]
    },
    {
      "mode": "managed",
      "type": "azurerm_monitor_smart_detector_alert_rule",
      "name": "azmmclientrg-smartalert-webapp-rs",
      "provider": "provider[\"registry.terraform.io/hashicorp/azurerm\"]",
      "instances": [
        {
          "schema_version": 1,
          "attributes": {
            "action_group": [
              {
                "email_subject": "",
                "ids": [
                  "/subscriptions/2bd29ed6-34a6-42d7-8235-293e8ee67447/resourceGroups/azmmcorerg01/providers/Microsoft.Insights/actionGroups/application insights smart detection"
                ],
                "webhook_payload": ""
              }
            ],
            "description": "Failure Anomalies notifies you of an unusual rise in the rate of failed HTTP requests or dependency calls.",
            "detector_type": "FailureAnomaliesDetector",
            "enabled": true,
            "frequency": "PT1M",
            "id": "/subscriptions/2bd29ed6-34a6-42d7-8235-293e8ee67447/resourceGroups/AZMMClientApps/providers/Microsoft.AlertsManagement/smartDetectorAlertRules/Failure Anomalies - rs-matchmakersoftware",
            "name": "Failure Anomalies - rs-matchmakersoftware",
            "resource_group_name": "AZMMClientApps",
            "scope_resource_ids": [
              "/subscriptions/2bd29ed6-34a6-42d7-8235-293e8ee67447/resourcegroups/azmmclientapps/providers/microsoft.insights/components/rs-matchmakersoftware"
            ],
            "severity": "Sev3",
            "tags": {},
            "throttling_duration": "",
            "timeouts": null
          },
          "sensitive_attributes": [],
          "private": "eyJlMmJmYjczMC1lY2FhLTExZTYtOGY4OC0zNDM2M2JjN2M0YzAiOnsiY3JlYXRlIjoxODAwMDAwMDAwMDAwLCJkZWxldGUiOjE4MDAwMDAwMDAwMDAsInJlYWQiOjMwMDAwMDAwMDAwMCwidXBkYXRlIjoxODAwMDAwMDAwMDAwfSwic2NoZW1hX3ZlcnNpb24iOiIxIn0=",
          "dependencies": [
            "azurerm_resource_group.azmmclientrg-0"
          ]
        }
      ]
    },
    {
      "mode": "managed",
      "type": "azurerm_monitor_smart_detector_alert_rule",
      "name": "azmmclientrg-smartalert-webapp-se",
      "provider": "provider[\"registry.terraform.io/hashicorp/azurerm\"]",
      "instances": [
        {
          "schema_version": 1,
          "attributes": {
            "action_group": [
              {
                "email_subject": "",
                "ids": [
                  "/subscriptions/2bd29ed6-34a6-42d7-8235-293e8ee67447/resourceGroups/azmmcorerg01/providers/Microsoft.Insights/actionGroups/application insights smart detection"
                ],
                "webhook_payload": ""
              }
            ],
            "description": "Failure Anomalies notifies you of an unusual rise in the rate of failed HTTP requests or dependency calls.",
            "detector_type": "FailureAnomaliesDetector",
            "enabled": true,
            "frequency": "PT1M",
            "id": "/subscriptions/2bd29ed6-34a6-42d7-8235-293e8ee67447/resourceGroups/AZMMClientApps/providers/Microsoft.AlertsManagement/smartDetectorAlertRules/Failure Anomalies - se-matchmakersoftware",
            "name": "Failure Anomalies - se-matchmakersoftware",
            "resource_group_name": "AZMMClientApps",
            "scope_resource_ids": [
              "/subscriptions/2bd29ed6-34a6-42d7-8235-293e8ee67447/resourcegroups/azmmclientapps/providers/microsoft.insights/components/se-matchmakersoftware"
            ],
            "severity": "Sev3",
            "tags": {},
            "throttling_duration": "",
            "timeouts": null
          },
          "sensitive_attributes": [],
          "private": "eyJlMmJmYjczMC1lY2FhLTExZTYtOGY4OC0zNDM2M2JjN2M0YzAiOnsiY3JlYXRlIjoxODAwMDAwMDAwMDAwLCJkZWxldGUiOjE4MDAwMDAwMDAwMDAsInJlYWQiOjMwMDAwMDAwMDAwMCwidXBkYXRlIjoxODAwMDAwMDAwMDAwfSwic2NoZW1hX3ZlcnNpb24iOiIxIn0=",
          "dependencies": [
            "azurerm_resource_group.azmmclientrg-0"
          ]
        }
      ]
    },
    {
      "mode": "managed",
      "type": "azurerm_monitor_smart_detector_alert_rule",
      "name": "azmmclientrg-smartalert-webapp-smile-online",
      "provider": "provider[\"registry.terraform.io/hashicorp/azurerm\"]",
      "instances": [
        {
          "schema_version": 1,
          "attributes": {
            "action_group": [
              {
                "email_subject": "",
                "ids": [
                  "/subscriptions/2bd29ed6-34a6-42d7-8235-293e8ee67447/resourceGroups/azmmcorerg01/providers/Microsoft.Insights/actionGroups/application insights smart detection"
                ],
                "webhook_payload": ""
              }
            ],
            "description": "Failure Anomalies notifies you of an unusual rise in the rate of failed HTTP requests or dependency calls.",
            "detector_type": "FailureAnomaliesDetector",
            "enabled": true,
            "frequency": "PT1M",
            "id": "/subscriptions/2bd29ed6-34a6-42d7-8235-293e8ee67447/resourceGroups/AZMMClientApps/providers/Microsoft.AlertsManagement/smartDetectorAlertRules/Failure Anomalies - smile-online-matchmakersoftware",
            "name": "Failure Anomalies - smile-online-matchmakersoftware",
            "resource_group_name": "AZMMClientApps",
            "scope_resource_ids": [
              "/subscriptions/2bd29ed6-34a6-42d7-8235-293e8ee67447/resourcegroups/azmmclientapps/providers/microsoft.insights/components/smile-online-matchmakersoftware"
            ],
            "severity": "Sev3",
            "tags": {},
            "throttling_duration": "",
            "timeouts": null
          },
          "sensitive_attributes": [],
          "private": "eyJlMmJmYjczMC1lY2FhLTExZTYtOGY4OC0zNDM2M2JjN2M0YzAiOnsiY3JlYXRlIjoxODAwMDAwMDAwMDAwLCJkZWxldGUiOjE4MDAwMDAwMDAwMDAsInJlYWQiOjMwMDAwMDAwMDAwMCwidXBkYXRlIjoxODAwMDAwMDAwMDAwfSwic2NoZW1hX3ZlcnNpb24iOiIxIn0=",
          "dependencies": [
            "azurerm_resource_group.azmmclientrg-0"
          ]
        }
      ]
    },
    {
      "mode": "managed",
      "type": "azurerm_monitor_smart_detector_alert_rule",
      "name": "res-14",
      "provider": "provider[\"registry.terraform.io/hashicorp/azurerm\"]",
      "instances": [
        {
          "schema_version": 1,
          "attributes": {
            "action_group": [
              {
                "email_subject": "",
                "ids": [
                  "/subscriptions/2bd29ed6-34a6-42d7-8235-293e8ee67447/resourceGroups/azmmcorerg01/providers/Microsoft.Insights/actionGroups/application insights smart detection"
                ],
                "webhook_payload": ""
              }
            ],
            "description": "Failure Anomalies notifies you of an unusual rise in the rate of failed HTTP requests or dependency calls.",
            "detector_type": "FailureAnomaliesDetector",
            "enabled": true,
            "frequency": "PT1M",
            "id": "/subscriptions/2bd29ed6-34a6-42d7-8235-293e8ee67447/resourceGroups/AZMMCoreRG01/providers/Microsoft.AlertsManagement/smartDetectorAlertRules/Failure Anomalies - AZMMApp01",
            "name": "Failure Anomalies - AZMMApp01",
            "resource_group_name": "AZMMCoreRG01",
            "scope_resource_ids": [
              "/subscriptions/2bd29ed6-34a6-42d7-8235-293e8ee67447/resourcegroups/azmmcorerg01/providers/microsoft.insights/components/azmmapp01"
            ],
            "severity": "Sev3",
            "tags": {},
            "throttling_duration": "",
            "timeouts": null
          },
          "sensitive_attributes": [],
          "private": "eyJlMmJmYjczMC1lY2FhLTExZTYtOGY4OC0zNDM2M2JjN2M0YzAiOnsiY3JlYXRlIjoxODAwMDAwMDAwMDAwLCJkZWxldGUiOjE4MDAwMDAwMDAwMDAsInJlYWQiOjMwMDAwMDAwMDAwMCwidXBkYXRlIjoxODAwMDAwMDAwMDAwfSwic2NoZW1hX3ZlcnNpb24iOiIxIn0=",
          "dependencies": [
            "azurerm_resource_group.res-0"
          ]
        }
      ]
    },
    {
      "mode": "managed",
      "type": "azurerm_private_dns_a_record",
      "name": "res-17",
      "provider": "provider[\"registry.terraform.io/hashicorp/azurerm\"]",
      "instances": [
        {
          "schema_version": 0,
          "attributes": {
            "fqdn": "azmmsql01.privatelink.database.windows.net.",
            "id": "/subscriptions/2bd29ed6-34a6-42d7-8235-293e8ee67447/resourceGroups/azmmcorerg01/providers/Microsoft.Network/privateDnsZones/privatelink.database.windows.net/A/azmmsql01",
            "name": "azmmsql01",
            "records": [
              "10.191.2.4"
            ],
            "resource_group_name": "azmmcorerg01",
            "tags": {},
            "timeouts": null,
            "ttl": 3600,
            "zone_name": "privatelink.database.windows.net"
          },
          "sensitive_attributes": [],
          "private": "eyJlMmJmYjczMC1lY2FhLTExZTYtOGY4OC0zNDM2M2JjN2M0YzAiOnsiY3JlYXRlIjoxODAwMDAwMDAwMDAwLCJkZWxldGUiOjE4MDAwMDAwMDAwMDAsInJlYWQiOjMwMDAwMDAwMDAwMCwidXBkYXRlIjoxODAwMDAwMDAwMDAwfSwic2NoZW1hX3ZlcnNpb24iOiIwIn0=",
          "dependencies": [
            "azurerm_private_dns_zone.res-5",
            "azurerm_resource_group.res-0"
          ]
        }
      ]
    },
    {
      "mode": "managed",
      "type": "azurerm_private_dns_zone",
      "name": "res-5",
      "provider": "provider[\"registry.terraform.io/hashicorp/azurerm\"]",
      "instances": [
        {
          "schema_version": 0,
          "attributes": {
            "id": "/subscriptions/2bd29ed6-34a6-42d7-8235-293e8ee67447/resourceGroups/AZMMCoreRG01/providers/Microsoft.Network/privateDnsZones/privatelink.database.windows.net",
            "max_number_of_record_sets": 25000,
            "max_number_of_virtual_network_links": 1000,
            "max_number_of_virtual_network_links_with_registration": 100,
            "name": "privatelink.database.windows.net",
            "number_of_record_sets": 2,
            "resource_group_name": "AZMMCoreRG01",
            "soa_record": [
              {
                "email": "azureprivatedns-host.microsoft.com",
                "expire_time": 2419200,
                "fqdn": "privatelink.database.windows.net.",
                "host_name": "azureprivatedns.net",
                "minimum_ttl": 10,
                "refresh_time": 3600,
                "retry_time": 300,
                "serial_number": 1,
                "tags": {},
                "ttl": 3600
              }
            ],
            "tags": {},
            "timeouts": null
          },
          "sensitive_attributes": [],
          "private": "eyJlMmJmYjczMC1lY2FhLTExZTYtOGY4OC0zNDM2M2JjN2M0YzAiOnsiY3JlYXRlIjoxODAwMDAwMDAwMDAwLCJkZWxldGUiOjE4MDAwMDAwMDAwMDAsInJlYWQiOjMwMDAwMDAwMDAwMCwidXBkYXRlIjoxODAwMDAwMDAwMDAwfSwic2NoZW1hX3ZlcnNpb24iOiIwIn0=",
          "dependencies": [
            "azurerm_resource_group.res-0"
          ]
        }
      ]
    },
    {
      "mode": "managed",
      "type": "azurerm_private_dns_zone_virtual_network_link",
      "name": "res-6",
      "provider": "provider[\"registry.terraform.io/hashicorp/azurerm\"]",
      "instances": [
        {
          "schema_version": 0,
          "attributes": {
            "id": "/subscriptions/2bd29ed6-34a6-42d7-8235-293e8ee67447/resourceGroups/AZMMCoreRG01/providers/Microsoft.Network/privateDnsZones/privatelink.database.windows.net/virtualNetworkLinks/mp2zoxnjsbkyw",
            "name": "mp2zoxnjsbkyw",
            "private_dns_zone_name": "privatelink.database.windows.net",
            "registration_enabled": false,
            "resource_group_name": "AZMMCoreRG01",
            "tags": {},
            "timeouts": null,
            "virtual_network_id": "/subscriptions/2bd29ed6-34a6-42d7-8235-293e8ee67447/resourceGroups/AZMMCoreRG01/providers/Microsoft.Network/virtualNetworks/AZMMVNET01"
          },
          "sensitive_attributes": [],
          "private": "eyJlMmJmYjczMC1lY2FhLTExZTYtOGY4OC0zNDM2M2JjN2M0YzAiOnsiY3JlYXRlIjoxODAwMDAwMDAwMDAwLCJkZWxldGUiOjE4MDAwMDAwMDAwMDAsInJlYWQiOjMwMDAwMDAwMDAwMCwidXBkYXRlIjoxODAwMDAwMDAwMDAwfSwic2NoZW1hX3ZlcnNpb24iOiIwIn0=",
          "dependencies": [
            "azurerm_private_dns_zone.res-5",
            "azurerm_resource_group.res-0",
            "azurerm_virtual_network.res-9"
          ]
        }
      ]
    },
    {
      "mode": "managed",
      "type": "azurerm_private_endpoint",
      "name": "res-7",
      "provider": "provider[\"registry.terraform.io/hashicorp/azurerm\"]",
      "instances": [
        {
          "schema_version": 0,
          "attributes": {
            "custom_dns_configs": [
              {
                "fqdn": "azmmsql01.database.windows.net",
                "ip_addresses": [
                  "10.191.2.4"
                ]
              }
            ],
            "custom_network_interface_name": "",
            "id": "/subscriptions/2bd29ed6-34a6-42d7-8235-293e8ee67447/resourceGroups/AZMMCoreRG01/providers/Microsoft.Network/privateEndpoints/AZMMSQL01PEP01",
            "ip_configuration": [],
            "location": "northeurope",
            "name": "AZMMSQL01PEP01",
            "network_interface": [
              {
                "id": "/subscriptions/2bd29ed6-34a6-42d7-8235-293e8ee67447/resourceGroups/AZMMCoreRG01/providers/Microsoft.Network/networkInterfaces/AZMMSQL01PEP01.nic.82686e7e-b50e-492a-bc38-ef5db5ff4bed",
                "name": "AZMMSQL01PEP01.nic.82686e7e-b50e-492a-bc38-ef5db5ff4bed"
              }
            ],
            "private_dns_zone_configs": [],
            "private_dns_zone_group": [],
            "private_service_connection": [
              {
                "is_manual_connection": false,
                "name": "AZMMSQL01PEP01",
                "private_connection_resource_alias": "",
                "private_connection_resource_id": "/subscriptions/2bd29ed6-34a6-42d7-8235-293e8ee67447/resourceGroups/AZMMCoreRG02/providers/Microsoft.Sql/servers/azmmsql01",
                "private_ip_address": "10.191.2.4",
                "request_message": "",
                "subresource_names": [
                  "SqlServer"
                ]
              }
            ],
            "resource_group_name": "AZMMCoreRG01",
            "subnet_id": "/subscriptions/2bd29ed6-34a6-42d7-8235-293e8ee67447/resourceGroups/AZMMCoreRG01/providers/Microsoft.Network/virtualNetworks/AZMMVNET01/subnets/SQLSNET01",
            "tags": {},
            "timeouts": null
          },
          "sensitive_attributes": [],
          "private": "eyJlMmJmYjczMC1lY2FhLTExZTYtOGY4OC0zNDM2M2JjN2M0YzAiOnsiY3JlYXRlIjozNjAwMDAwMDAwMDAwLCJkZWxldGUiOjM2MDAwMDAwMDAwMDAsInJlYWQiOjMwMDAwMDAwMDAwMCwidXBkYXRlIjozNjAwMDAwMDAwMDAwfSwic2NoZW1hX3ZlcnNpb24iOiIwIn0=",
          "dependencies": [
            "azurerm_resource_group.res-0",
            "azurerm_subnet.res-12",
            "azurerm_virtual_network.res-9"
          ]
        }
      ]
    },
    {
      "mode": "managed",
      "type": "azurerm_public_ip",
      "name": "res-8",
      "provider": "provider[\"registry.terraform.io/hashicorp/azurerm\"]",
      "instances": [
        {
          "schema_version": 0,
          "attributes": {
            "allocation_method": "Static",
            "ddos_protection_mode": "VirtualNetworkInherited",
            "ddos_protection_plan_id": null,
            "domain_name_label": null,
            "edge_zone": "",
            "fqdn": null,
            "id": "/subscriptions/2bd29ed6-34a6-42d7-8235-293e8ee67447/resourceGroups/AZMMCoreRG01/providers/Microsoft.Network/publicIPAddresses/AZMMAGW01PIP",
            "idle_timeout_in_minutes": 4,
            "ip_address": "98.71.72.6",
            "ip_tags": {},
            "ip_version": "IPv4",
            "location": "northeurope",
            "name": "AZMMAGW01PIP",
            "public_ip_prefix_id": null,
            "resource_group_name": "AZMMCoreRG01",
            "reverse_fqdn": null,
            "sku": "Standard",
            "sku_tier": "Regional",
            "tags": {},
            "timeouts": null,
            "zones": []
          },
          "sensitive_attributes": [],
          "private": "eyJlMmJmYjczMC1lY2FhLTExZTYtOGY4OC0zNDM2M2JjN2M0YzAiOnsiY3JlYXRlIjoxODAwMDAwMDAwMDAwLCJkZWxldGUiOjE4MDAwMDAwMDAwMDAsInJlYWQiOjMwMDAwMDAwMDAwMCwidXBkYXRlIjoxODAwMDAwMDAwMDAwfSwic2NoZW1hX3ZlcnNpb24iOiIwIn0=",
          "dependencies": [
            "azurerm_resource_group.res-0"
          ]
        }
      ]
    },
    {
      "mode": "managed",
      "type": "azurerm_resource_group",
      "name": "azmmclientrg-0",
      "provider": "provider[\"registry.terraform.io/hashicorp/azurerm\"]",
      "instances": [
        {
          "schema_version": 0,
          "attributes": {
            "id": "/subscriptions/2bd29ed6-34a6-42d7-8235-293e8ee67447/resourceGroups/AZMMClientApps",
            "location": "northeurope",
            "managed_by": "",
            "name": "AZMMClientApps",
            "tags": {},
            "timeouts": null
          },
          "sensitive_attributes": [],
          "private": "eyJlMmJmYjczMC1lY2FhLTExZTYtOGY4OC0zNDM2M2JjN2M0YzAiOnsiY3JlYXRlIjo1NDAwMDAwMDAwMDAwLCJkZWxldGUiOjU0MDAwMDAwMDAwMDAsInJlYWQiOjMwMDAwMDAwMDAwMCwidXBkYXRlIjo1NDAwMDAwMDAwMDAwfSwic2NoZW1hX3ZlcnNpb24iOiIwIn0="
        }
      ]
    },
    {
      "mode": "managed",
      "type": "azurerm_resource_group",
      "name": "res-0",
      "provider": "provider[\"registry.terraform.io/hashicorp/azurerm\"]",
      "instances": [
        {
          "schema_version": 0,
          "attributes": {
            "id": "/subscriptions/2bd29ed6-34a6-42d7-8235-293e8ee67447/resourceGroups/AZMMCoreRG01",
            "location": "northeurope",
            "managed_by": "",
            "name": "AZMMCoreRG01",
            "tags": {},
            "timeouts": null
          },
          "sensitive_attributes": [],
          "private": "eyJlMmJmYjczMC1lY2FhLTExZTYtOGY4OC0zNDM2M2JjN2M0YzAiOnsiY3JlYXRlIjo1NDAwMDAwMDAwMDAwLCJkZWxldGUiOjU0MDAwMDAwMDAwMDAsInJlYWQiOjMwMDAwMDAwMDAwMCwidXBkYXRlIjo1NDAwMDAwMDAwMDAwfSwic2NoZW1hX3ZlcnNpb24iOiIwIn0="
        }
      ]
    },
    {
      "mode": "managed",
      "type": "azurerm_service_plan",
      "name": "res-13",
      "provider": "provider[\"registry.terraform.io/hashicorp/azurerm\"]",
      "instances": [
        {
          "schema_version": 1,
          "attributes": {
            "app_service_environment_id": "",
            "id": "/subscriptions/2bd29ed6-34a6-42d7-8235-293e8ee67447/resourceGroups/AZMMCoreRG01/providers/Microsoft.Web/serverFarms/AZMMASP01",
            "kind": "app",
            "location": "northeurope",
            "maximum_elastic_worker_count": 1,
            "name": "AZMMASP01",
            "os_type": "Windows",
            "per_site_scaling_enabled": false,
            "reserved": false,
            "resource_group_name": "AZMMCoreRG01",
            "sku_name": "S1",
            "tags": {},
            "timeouts": null,
            "worker_count": 1,
            "zone_balancing_enabled": false
          },
          "sensitive_attributes": [],
          "private": "eyJlMmJmYjczMC1lY2FhLTExZTYtOGY4OC0zNDM2M2JjN2M0YzAiOnsiY3JlYXRlIjozNjAwMDAwMDAwMDAwLCJkZWxldGUiOjM2MDAwMDAwMDAwMDAsInJlYWQiOjMwMDAwMDAwMDAwMCwidXBkYXRlIjozNjAwMDAwMDAwMDAwfSwic2NoZW1hX3ZlcnNpb24iOiIxIn0=",
          "dependencies": [
            "azurerm_resource_group.res-0"
          ]
        }
      ]
    },
    {
      "mode": "managed",
      "type": "azurerm_service_plan",
      "name": "webappsp2",
      "provider": "provider[\"registry.terraform.io/hashicorp/azurerm\"]",
      "instances": [
        {
          "schema_version": 1,
          "attributes": {
            "app_service_environment_id": "",
            "id": "/subscriptions/2bd29ed6-34a6-42d7-8235-293e8ee67447/resourceGroups/AZMMCoreRG01/providers/Microsoft.Web/serverFarms/AZMMASP02",
            "kind": "app",
            "location": "northeurope",
            "maximum_elastic_worker_count": 1,
            "name": "AZMMASP02",
            "os_type": "Windows",
            "per_site_scaling_enabled": false,
            "reserved": false,
            "resource_group_name": "AZMMCoreRG01",
            "sku_name": "P0v3",
            "tags": {},
            "timeouts": null,
            "worker_count": 1,
            "zone_balancing_enabled": false
          },
          "sensitive_attributes": [],
          "private": "eyJlMmJmYjczMC1lY2FhLTExZTYtOGY4OC0zNDM2M2JjN2M0YzAiOnsiY3JlYXRlIjozNjAwMDAwMDAwMDAwLCJkZWxldGUiOjM2MDAwMDAwMDAwMDAsInJlYWQiOjMwMDAwMDAwMDAwMCwidXBkYXRlIjozNjAwMDAwMDAwMDAwfSwic2NoZW1hX3ZlcnNpb24iOiIxIn0=",
          "dependencies": [
            "azurerm_resource_group.res-0"
          ]
        }
      ]
    },
    {
      "mode": "managed",
      "type": "azurerm_service_plan",
      "name": "webappsp3",
      "provider": "provider[\"registry.terraform.io/hashicorp/azurerm\"]",
      "instances": [
        {
          "schema_version": 1,
          "attributes": {
            "app_service_environment_id": "",
            "id": "/subscriptions/2bd29ed6-34a6-42d7-8235-293e8ee67447/resourceGroups/AZMMCoreRG01/providers/Microsoft.Web/serverFarms/AZMMASP03",
            "kind": "app",
            "location": "northeurope",
            "maximum_elastic_worker_count": 1,
            "name": "AZMMASP03",
            "os_type": "Windows",
            "per_site_scaling_enabled": false,
            "reserved": false,
            "resource_group_name": "AZMMCoreRG01",
            "sku_name": "S1",
            "tags": {},
            "timeouts": null,
            "worker_count": 1,
            "zone_balancing_enabled": false
          },
          "sensitive_attributes": [],
          "private": "eyJlMmJmYjczMC1lY2FhLTExZTYtOGY4OC0zNDM2M2JjN2M0YzAiOnsiY3JlYXRlIjozNjAwMDAwMDAwMDAwLCJkZWxldGUiOjM2MDAwMDAwMDAwMDAsInJlYWQiOjMwMDAwMDAwMDAwMCwidXBkYXRlIjozNjAwMDAwMDAwMDAwfSwic2NoZW1hX3ZlcnNpb24iOiIxIn0=",
          "dependencies": [
            "azurerm_resource_group.res-0"
          ]
        }
      ]
    },
    {
      "mode": "managed",
      "type": "azurerm_service_plan",
      "name": "webappsp4",
      "provider": "provider[\"registry.terraform.io/hashicorp/azurerm\"]",
      "instances": [
        {
          "schema_version": 1,
          "attributes": {
            "app_service_environment_id": "",
            "id": "/subscriptions/2bd29ed6-34a6-42d7-8235-293e8ee67447/resourceGroups/AZMMCoreRG01/providers/Microsoft.Web/serverFarms/AZMMASP04",
            "kind": "app",
            "location": "northeurope",
            "maximum_elastic_worker_count": 1,
            "name": "AZMMASP04",
            "os_type": "Windows",
            "per_site_scaling_enabled": false,
            "reserved": false,
            "resource_group_name": "AZMMCoreRG01",
            "sku_name": "P0v3",
            "tags": {},
            "timeouts": null,
            "worker_count": 1,
            "zone_balancing_enabled": false
          },
          "sensitive_attributes": [],
          "private": "eyJlMmJmYjczMC1lY2FhLTExZTYtOGY4OC0zNDM2M2JjN2M0YzAiOnsiY3JlYXRlIjozNjAwMDAwMDAwMDAwLCJkZWxldGUiOjM2MDAwMDAwMDAwMDAsInJlYWQiOjMwMDAwMDAwMDAwMCwidXBkYXRlIjozNjAwMDAwMDAwMDAwfSwic2NoZW1hX3ZlcnNpb24iOiIxIn0=",
          "dependencies": [
            "azurerm_resource_group.res-0"
          ]
        }
      ]
    },
    {
      "mode": "managed",
      "type": "azurerm_service_plan",
      "name": "webappsp5",
      "provider": "provider[\"registry.terraform.io/hashicorp/azurerm\"]",
      "instances": [
        {
          "schema_version": 1,
          "attributes": {
            "app_service_environment_id": "",
            "id": "/subscriptions/2bd29ed6-34a6-42d7-8235-293e8ee67447/resourceGroups/AZMMCoreRG01/providers/Microsoft.Web/serverFarms/AZMMASP05",
            "kind": "app",
            "location": "northeurope",
            "maximum_elastic_worker_count": 1,
            "name": "AZMMASP05",
            "os_type": "Windows",
            "per_site_scaling_enabled": false,
            "reserved": false,
            "resource_group_name": "AZMMCoreRG01",
            "sku_name": "S1",
            "tags": {},
            "timeouts": null,
            "worker_count": 1,
            "zone_balancing_enabled": false
          },
          "sensitive_attributes": [],
          "private": "eyJlMmJmYjczMC1lY2FhLTExZTYtOGY4OC0zNDM2M2JjN2M0YzAiOnsiY3JlYXRlIjozNjAwMDAwMDAwMDAwLCJkZWxldGUiOjM2MDAwMDAwMDAwMDAsInJlYWQiOjMwMDAwMDAwMDAwMCwidXBkYXRlIjozNjAwMDAwMDAwMDAwfSwic2NoZW1hX3ZlcnNpb24iOiIxIn0=",
          "dependencies": [
            "azurerm_resource_group.res-0"
          ]
        }
      ]
    },
    {
      "mode": "managed",
      "type": "azurerm_subnet",
      "name": "res-10",
      "provider": "provider[\"registry.terraform.io/hashicorp/azurerm\"]",
      "instances": [
        {
          "schema_version": 0,
          "attributes": {
            "address_prefixes": [
              "10.191.3.0/24"
            ],
            "delegation": [],
            "enforce_private_link_endpoint_network_policies": true,
            "enforce_private_link_service_network_policies": false,
            "id": "/subscriptions/2bd29ed6-34a6-42d7-8235-293e8ee67447/resourceGroups/AZMMCoreRG01/providers/Microsoft.Network/virtualNetworks/AZMMVNET01/subnets/AGWSNET01",
            "name": "AGWSNET01",
            "private_endpoint_network_policies_enabled": false,
            "private_link_service_network_policies_enabled": true,
            "resource_group_name": "AZMMCoreRG01",
            "service_endpoint_policy_ids": [],
            "service_endpoints": [],
            "timeouts": null,
            "virtual_network_name": "AZMMVNET01"
          },
          "sensitive_attributes": [],
          "private": "eyJlMmJmYjczMC1lY2FhLTExZTYtOGY4OC0zNDM2M2JjN2M0YzAiOnsiY3JlYXRlIjoxODAwMDAwMDAwMDAwLCJkZWxldGUiOjE4MDAwMDAwMDAwMDAsInJlYWQiOjMwMDAwMDAwMDAwMCwidXBkYXRlIjoxODAwMDAwMDAwMDAwfSwic2NoZW1hX3ZlcnNpb24iOiIwIn0=",
          "dependencies": [
            "azurerm_resource_group.res-0",
            "azurerm_virtual_network.res-9"
          ]
        }
      ]
    },
    {
      "mode": "managed",
      "type": "azurerm_subnet",
      "name": "res-11",
      "provider": "provider[\"registry.terraform.io/hashicorp/azurerm\"]",
      "instances": [
        {
          "schema_version": 0,
          "attributes": {
            "address_prefixes": [
              "10.191.1.0/24"
            ],
            "delegation": [
              {
                "name": "delegation",
                "service_delegation": [
                  {
                    "actions": [
                      "Microsoft.Network/virtualNetworks/subnets/action"
                    ],
                    "name": "Microsoft.Web/serverFarms"
                  }
                ]
              }
            ],
            "enforce_private_link_endpoint_network_policies": true,
            "enforce_private_link_service_network_policies": false,
            "id": "/subscriptions/2bd29ed6-34a6-42d7-8235-293e8ee67447/resourceGroups/AZMMCoreRG01/providers/Microsoft.Network/virtualNetworks/AZMMVNET01/subnets/AppSNET01",
            "name": "AppSNET01",
            "private_endpoint_network_policies_enabled": false,
            "private_link_service_network_policies_enabled": true,
            "resource_group_name": "AZMMCoreRG01",
            "service_endpoint_policy_ids": [],
            "service_endpoints": [
              "Microsoft.Storage"
            ],
            "timeouts": null,
            "virtual_network_name": "AZMMVNET01"
          },
          "sensitive_attributes": [],
          "private": "eyJlMmJmYjczMC1lY2FhLTExZTYtOGY4OC0zNDM2M2JjN2M0YzAiOnsiY3JlYXRlIjoxODAwMDAwMDAwMDAwLCJkZWxldGUiOjE4MDAwMDAwMDAwMDAsInJlYWQiOjMwMDAwMDAwMDAwMCwidXBkYXRlIjoxODAwMDAwMDAwMDAwfSwic2NoZW1hX3ZlcnNpb24iOiIwIn0=",
          "dependencies": [
            "azurerm_resource_group.res-0",
            "azurerm_virtual_network.res-9"
          ]
        }
      ]
    },
    {
      "mode": "managed",
      "type": "azurerm_subnet",
      "name": "res-12",
      "provider": "provider[\"registry.terraform.io/hashicorp/azurerm\"]",
      "instances": [
        {
          "schema_version": 0,
          "attributes": {
            "address_prefixes": [
              "10.191.2.0/24"
            ],
            "delegation": [],
            "enforce_private_link_endpoint_network_policies": true,
            "enforce_private_link_service_network_policies": false,
            "id": "/subscriptions/2bd29ed6-34a6-42d7-8235-293e8ee67447/resourceGroups/AZMMCoreRG01/providers/Microsoft.Network/virtualNetworks/AZMMVNET01/subnets/SQLSNET01",
            "name": "SQLSNET01",
            "private_endpoint_network_policies_enabled": false,
            "private_link_service_network_policies_enabled": true,
            "resource_group_name": "AZMMCoreRG01",
            "service_endpoint_policy_ids": [],
            "service_endpoints": [],
            "timeouts": null,
            "virtual_network_name": "AZMMVNET01"
          },
          "sensitive_attributes": [],
          "private": "eyJlMmJmYjczMC1lY2FhLTExZTYtOGY4OC0zNDM2M2JjN2M0YzAiOnsiY3JlYXRlIjoxODAwMDAwMDAwMDAwLCJkZWxldGUiOjE4MDAwMDAwMDAwMDAsInJlYWQiOjMwMDAwMDAwMDAwMCwidXBkYXRlIjoxODAwMDAwMDAwMDAwfSwic2NoZW1hX3ZlcnNpb24iOiIwIn0=",
          "dependencies": [
            "azurerm_resource_group.res-0",
            "azurerm_virtual_network.res-9"
          ]
        }
      ]
    },
    {
      "mode": "managed",
      "type": "azurerm_user_assigned_identity",
      "name": "res-3",
      "provider": "provider[\"registry.terraform.io/hashicorp/azurerm\"]",
      "instances": [
        {
          "schema_version": 1,
          "attributes": {
            "client_id": "35183d05-f601-4fae-9c71-0b221b85b653",
            "id": "/subscriptions/2bd29ed6-34a6-42d7-8235-293e8ee67447/resourceGroups/AZMMCoreRG01/providers/Microsoft.ManagedIdentity/userAssignedIdentities/AppGWManagedID",
            "location": "uksouth",
            "name": "AppGWManagedID",
            "principal_id": "ad8f1dc0-8a3a-4733-96a3-bedca459b6b6",
            "resource_group_name": "AZMMCoreRG01",
            "tags": {},
            "tenant_id": "3a243d17-3d9f-43e2-96a9-222d4b6fada1",
            "timeouts": null
          },
          "sensitive_attributes": [],
          "private": "eyJlMmJmYjczMC1lY2FhLTExZTYtOGY4OC0zNDM2M2JjN2M0YzAiOnsiY3JlYXRlIjoxODAwMDAwMDAwMDAwLCJkZWxldGUiOjE4MDAwMDAwMDAwMDAsInJlYWQiOjMwMDAwMDAwMDAwMCwidXBkYXRlIjoxODAwMDAwMDAwMDAwfSwic2NoZW1hX3ZlcnNpb24iOiIxIn0=",
          "dependencies": [
            "azurerm_resource_group.res-0"
          ]
        }
      ]
    },
    {
      "mode": "managed",
      "type": "azurerm_virtual_network",
      "name": "res-9",
      "provider": "provider[\"registry.terraform.io/hashicorp/azurerm\"]",
      "instances": [
        {
          "schema_version": 0,
          "attributes": {
            "address_space": [
              "10.191.0.0/16"
            ],
            "bgp_community": "",
            "ddos_protection_plan": [],
            "dns_servers": [],
            "edge_zone": "",
            "encryption": [],
            "flow_timeout_in_minutes": 0,
            "guid": "bd5685f3-5b78-4e2b-88b7-1d494e52fa51",
            "id": "/subscriptions/2bd29ed6-34a6-42d7-8235-293e8ee67447/resourceGroups/AZMMCoreRG01/providers/Microsoft.Network/virtualNetworks/AZMMVNET01",
            "location": "northeurope",
            "name": "AZMMVNET01",
            "resource_group_name": "AZMMCoreRG01",
            "subnet": [
              {
                "address_prefix": "",
                "id": "/subscriptions/2bd29ed6-34a6-42d7-8235-293e8ee67447/resourceGroups/AZMMCoreRG01/providers/Microsoft.Network/virtualNetworks/AZMMVNET01/subnets/AppSNET01",
                "name": "AppSNET01",
                "security_group": ""
              },
              {
                "address_prefix": "",
                "id": "/subscriptions/2bd29ed6-34a6-42d7-8235-293e8ee67447/resourceGroups/AZMMCoreRG01/providers/Microsoft.Network/virtualNetworks/AZMMVNET01/subnets/SQLSNET01",
                "name": "SQLSNET01",
                "security_group": ""
              },
              {
                "address_prefix": "10.191.3.0/24",
                "id": "/subscriptions/2bd29ed6-34a6-42d7-8235-293e8ee67447/resourceGroups/AZMMCoreRG01/providers/Microsoft.Network/virtualNetworks/AZMMVNET01/subnets/AGWSNET01",
                "name": "AGWSNET01",
                "security_group": ""
              }
            ],
            "tags": {},
            "timeouts": null
          },
          "sensitive_attributes": [],
          "private": "eyJlMmJmYjczMC1lY2FhLTExZTYtOGY4OC0zNDM2M2JjN2M0YzAiOnsiY3JlYXRlIjoxODAwMDAwMDAwMDAwLCJkZWxldGUiOjE4MDAwMDAwMDAwMDAsInJlYWQiOjMwMDAwMDAwMDAwMCwidXBkYXRlIjoxODAwMDAwMDAwMDAwfSwic2NoZW1hX3ZlcnNpb24iOiIwIn0=",
          "dependencies": [
            "azurerm_resource_group.res-0"
          ]
        }
      ]
    },
    {
      "mode": "managed",
      "type": "azurerm_windows_web_app",
      "name": "azmmclientrg-1",
      "provider": "provider[\"registry.terraform.io/hashicorp/azurerm\"]",
      "instances": [
        {
          "schema_version": 1,
          "attributes": {
            "app_settings": {
              "MM_DEFAULT_VERSION": "mmakerah",
              "MM_EXTENSION_VERSION": "\u0026_#;|,N,FTX{SQs\\i*{n(c(x\\Z|A1qS,^VVjX#[20{Z7)7;$f6",
              "WEBSITE_TIME_ZONE": "GMT Standard Time"
            },
            "auth_settings": [],
            "auth_settings_v2": [],
            "backup": [],
            "client_affinity_enabled": true,
            "client_certificate_enabled": false,
            "client_certificate_exclusion_paths": "",
            "client_certificate_mode": "Required",
            "connection_string": [
              {
                "name": "mmakerConnString",
                "type": "SQLAzure",
                "value": "data source=tcp:azmmsql01.database.windows.net;initial catalog=17008;persist security info=True;App=EntityFramework;Connection Timeout=60"
              }
            ],
            "custom_domain_verification_id": "EA2B5C6DFFF05CD3A5CFDE9FF197F4301B841E4151EE80825F650F63C51B959E",
            "default_hostname": "applehealth-matchmakersoftware.azurewebsites.net",
            "enabled": true,
            "ftp_publish_basic_authentication_enabled": true,
            "hosting_environment_id": "",
            "https_only": true,
            "id": "/subscriptions/2bd29ed6-34a6-42d7-8235-293e8ee67447/resourceGroups/AZMMClientApps/providers/Microsoft.Web/sites/applehealth-matchmakersoftware",
            "identity": [
              {
                "identity_ids": [],
                "principal_id": "18a9d361-97c4-4d57-98f2-d3e7744b3787",
                "tenant_id": "3a243d17-3d9f-43e2-96a9-222d4b6fada1",
                "type": "SystemAssigned"
              }
            ],
            "key_vault_reference_identity_id": "SystemAssigned",
            "kind": "app",
            "location": "northeurope",
            "logs": [
              {
                "application_logs": [],
                "detailed_error_messages": true,
                "failed_request_tracing": false,
                "http_logs": []
              }
            ],
            "name": "applehealth-matchmakersoftware",
            "outbound_ip_address_list": [
              "20.67.168.247",
              "20.67.169.146",
              "20.67.169.223",
              "20.67.170.0",
              "20.67.170.202",
              "20.67.170.220",
              "20.107.224.17"
            ],
            "outbound_ip_addresses": "20.67.168.247,20.67.169.146,20.67.169.223,20.67.170.0,20.67.170.202,20.67.170.220,20.107.224.17",
            "possible_outbound_ip_address_list": [
              "20.67.168.247",
              "20.67.169.146",
              "20.67.169.223",
              "20.67.170.0",
              "20.67.170.202",
              "20.67.170.220",
              "20.67.171.99",
              "20.67.171.129",
              "20.67.172.9",
              "20.67.172.91",
              "20.67.172.243",
              "20.67.173.5",
              "20.67.173.29",
              "20.67.173.31",
              "20.67.173.176",
              "20.67.174.57",
              "20.67.174.66",
              "20.67.174.208",
              "20.67.174.221",
              "20.67.174.223",
              "20.67.174.227",
              "20.67.174.238",
              "20.67.173.18",
              "20.67.175.27",
              "20.67.175.30",
              "20.67.175.41",
              "20.67.175.50",
              "20.67.175.65",
              "20.67.175.89",
              "20.67.175.91",
              "20.107.224.17"
            ],
            "possible_outbound_ip_addresses": "20.67.168.247,20.67.169.146,20.67.169.223,20.67.170.0,20.67.170.202,20.67.170.220,20.67.171.99,20.67.171.129,20.67.172.9,20.67.172.91,20.67.172.243,20.67.173.5,20.67.173.29,20.67.173.31,20.67.173.176,20.67.174.57,20.67.174.66,20.67.174.208,20.67.174.221,20.67.174.223,20.67.174.227,20.67.174.238,20.67.173.18,20.67.175.27,20.67.175.30,20.67.175.41,20.67.175.50,20.67.175.65,20.67.175.89,20.67.175.91,20.107.224.17",
            "public_network_access_enabled": true,
            "resource_group_name": "AZMMClientApps",
            "service_plan_id": "/subscriptions/2bd29ed6-34a6-42d7-8235-293e8ee67447/resourceGroups/AZMMCoreRG01/providers/Microsoft.Web/serverFarms/AZMMASP01",
            "site_config": [
              {
                "always_on": true,
                "api_definition_url": "",
                "api_management_api_id": "",
                "app_command_line": "",
                "application_stack": [
                  {
                    "current_stack": "dotnetcore",
                    "docker_container_name": "",
                    "docker_container_registry": "",
                    "docker_container_tag": "",
                    "docker_image_name": "",
                    "docker_registry_password": "",
                    "docker_registry_url": "",
                    "docker_registry_username": "",
                    "dotnet_core_version": "v8.0",
                    "dotnet_version": "",
                    "java_container": "",
                    "java_container_version": "",
                    "java_embedded_server_enabled": false,
                    "java_version": "",
                    "node_version": "6.9.1",
                    "php_version": "5.6",
                    "python": false,
                    "python_version": "",
                    "tomcat_version": ""
                  }
                ],
                "auto_heal_enabled": false,
                "auto_heal_setting": [],
                "container_registry_managed_identity_client_id": "",
                "container_registry_use_managed_identity": false,
                "cors": [],
                "default_documents": [
                  "Default.htm",
                  "Default.html",
                  "Default.asp",
                  "index.htm",
                  "index.html",
                  "iisstart.htm",
                  "default.aspx",
                  "index.php",
                  "hostingstart.html"
                ],
                "detailed_error_logging_enabled": true,
                "ftps_state": "FtpsOnly",
                "health_check_eviction_time_in_min": 0,
                "health_check_path": "",
                "http2_enabled": false,
                "ip_restriction": [
                  {
                    "action": "Allow",
                    "description": "AccessFromAppGateway",
                    "headers": [],
                    "ip_address": "",
                    "name": "",
                    "priority": 200,
                    "service_tag": "GatewayManager",
                    "virtual_network_subnet_id": ""
                  },
                  {
                    "action": "Allow",
                    "description": "Applicaiton Gateway FrontEnd",
                    "headers": [],
                    "ip_address": "98.71.72.6/32",
                    "name": "ApplicationGateway",
                    "priority": 300,
                    "service_tag": "",
                    "virtual_network_subnet_id": ""
                  },
                  {
                    "action": "Allow",
                    "description": "MatchMaker Office",
                    "headers": [],
                    "ip_address": "217.37.57.250/32",
                    "name": "MatchMakerOffice",
                    "priority": 400,
                    "service_tag": "",
                    "virtual_network_subnet_id": ""
                  }
                ],
                "ip_restriction_default_action": "Deny",
                "linux_fx_version": "",
                "load_balancing_mode": "LeastRequests",
                "local_mysql_enabled": false,
                "managed_pipeline_mode": "Integrated",
                "minimum_tls_version": "1.2",
                "remote_debugging_enabled": false,
                "remote_debugging_version": "",
                "scm_ip_restriction": [],
                "scm_ip_restriction_default_action": "Allow",
                "scm_minimum_tls_version": "1.2",
                "scm_type": "None",
                "scm_use_main_ip_restriction": false,
                "use_32_bit_worker": false,
                "virtual_application": [],
                "vnet_route_all_enabled": true,
                "websockets_enabled": true,
                "windows_fx_version": "",
                "worker_count": 1
              }
            ],
            "site_credential": [
              {
                "name": "$applehealth-matchmakersoftware",
                "password": "hkDYzJrCAbjwjtxXdvpMzThFmT0dJfu3S6w3127yEGedckgQroL2uvf2kMjR"
              }
            ],
            "sticky_settings": [],
            "storage_account": [],
            "tags": {},
            "timeouts": null,
            "virtual_network_subnet_id": "/subscriptions/2bd29ed6-34a6-42d7-8235-293e8ee67447/resourceGroups/AZMMCoreRG01/providers/Microsoft.Network/virtualNetworks/AZMMVNET01/subnets/AppSNET01",
            "webdeploy_publish_basic_authentication_enabled": true,
            "zip_deploy_file": ""
          },
          "sensitive_attributes": [],
          "private": "eyJlMmJmYjczMC1lY2FhLTExZTYtOGY4OC0zNDM2M2JjN2M0YzAiOnsiY3JlYXRlIjoxODAwMDAwMDAwMDAwLCJkZWxldGUiOjE4MDAwMDAwMDAwMDAsInJlYWQiOjMwMDAwMDAwMDAwMCwidXBkYXRlIjoxODAwMDAwMDAwMDAwfSwic2NoZW1hX3ZlcnNpb24iOiIxIn0=",
          "dependencies": [
            "azurerm_resource_group.azmmclientrg-0"
          ]
        }
      ]
    },
    {
      "mode": "managed",
      "type": "azurerm_windows_web_app",
      "name": "azmmclientrg-182",
      "provider": "provider[\"registry.terraform.io/hashicorp/azurerm\"]",
      "instances": [
        {
          "schema_version": 1,
          "attributes": {
            "app_settings": {
              "MM_DEFAULT_VERSION": "mmakerdt",
              "MM_EXTENSION_VERSION": "\u0026)ku4\\92MxA_j|\u003e*V,YS(@(#3=Ivs4\u003c*0k^mwzpiS7JWe4QjC(",
              "WEBSITE_TIME_ZONE": "GMT Standard Time"
            },
            "auth_settings": [],
            "auth_settings_v2": [],
            "backup": [],
            "client_affinity_enabled": true,
            "client_certificate_enabled": false,
            "client_certificate_exclusion_paths": "",
            "client_certificate_mode": "Required",
            "connection_string": [
              {
                "name": "mmakerConnString",
                "type": "SQLAzure",
                "value": "data source=tcp:azmmsql01.database.windows.net;initial catalog=17009;persist security info=True;App=EntityFramework;Connection Timeout=60"
              }
            ],
            "custom_domain_verification_id": "EA2B5C6DFFF05CD3A5CFDE9FF197F4301B841E4151EE80825F650F63C51B959E",
            "default_hostname": "dt-matchmakersoftware.azurewebsites.net",
            "enabled": true,
            "ftp_publish_basic_authentication_enabled": true,
            "hosting_environment_id": "",
            "https_only": true,
            "id": "/subscriptions/2bd29ed6-34a6-42d7-8235-293e8ee67447/resourceGroups/AZMMClientApps/providers/Microsoft.Web/sites/dt-matchmakersoftware",
            "identity": [
              {
                "identity_ids": [],
                "principal_id": "afb8ba03-55e4-4767-821c-aa267e1e0190",
                "tenant_id": "3a243d17-3d9f-43e2-96a9-222d4b6fada1",
                "type": "SystemAssigned"
              }
            ],
            "key_vault_reference_identity_id": "SystemAssigned",
            "kind": "app",
            "location": "northeurope",
            "logs": [
              {
                "application_logs": [],
                "detailed_error_messages": true,
                "failed_request_tracing": false,
                "http_logs": []
              }
            ],
            "name": "dt-matchmakersoftware",
            "outbound_ip_address_list": [
              "20.67.168.247",
              "20.67.169.146",
              "20.67.169.223",
              "20.67.170.0",
              "20.67.170.202",
              "20.67.170.220",
              "20.107.224.17"
            ],
            "outbound_ip_addresses": "20.67.168.247,20.67.169.146,20.67.169.223,20.67.170.0,20.67.170.202,20.67.170.220,20.107.224.17",
            "possible_outbound_ip_address_list": [
              "20.67.168.247",
              "20.67.169.146",
              "20.67.169.223",
              "20.67.170.0",
              "20.67.170.202",
              "20.67.170.220",
              "20.67.171.99",
              "20.67.171.129",
              "20.67.172.9",
              "20.67.172.91",
              "20.67.172.243",
              "20.67.173.5",
              "20.67.173.29",
              "20.67.173.31",
              "20.67.173.176",
              "20.67.174.57",
              "20.67.174.66",
              "20.67.174.208",
              "20.67.174.221",
              "20.67.174.223",
              "20.67.174.227",
              "20.67.174.238",
              "20.67.173.18",
              "20.67.175.27",
              "20.67.175.30",
              "20.67.175.41",
              "20.67.175.50",
              "20.67.175.65",
              "20.67.175.89",
              "20.67.175.91",
              "20.107.224.17"
            ],
            "possible_outbound_ip_addresses": "20.67.168.247,20.67.169.146,20.67.169.223,20.67.170.0,20.67.170.202,20.67.170.220,20.67.171.99,20.67.171.129,20.67.172.9,20.67.172.91,20.67.172.243,20.67.173.5,20.67.173.29,20.67.173.31,20.67.173.176,20.67.174.57,20.67.174.66,20.67.174.208,20.67.174.221,20.67.174.223,20.67.174.227,20.67.174.238,20.67.173.18,20.67.175.27,20.67.175.30,20.67.175.41,20.67.175.50,20.67.175.65,20.67.175.89,20.67.175.91,20.107.224.17",
            "public_network_access_enabled": true,
            "resource_group_name": "AZMMClientApps",
            "service_plan_id": "/subscriptions/2bd29ed6-34a6-42d7-8235-293e8ee67447/resourceGroups/AZMMCoreRG01/providers/Microsoft.Web/serverFarms/AZMMASP01",
            "site_config": [
              {
                "always_on": true,
                "api_definition_url": "",
                "api_management_api_id": "",
                "app_command_line": "",
                "application_stack": [
                  {
                    "current_stack": "dotnetcore",
                    "docker_container_name": "",
                    "docker_container_registry": "",
                    "docker_container_tag": "",
                    "docker_image_name": "",
                    "docker_registry_password": "",
                    "docker_registry_url": "",
                    "docker_registry_username": "",
                    "dotnet_core_version": "v8.0",
                    "dotnet_version": "",
                    "java_container": "",
                    "java_container_version": "",
                    "java_embedded_server_enabled": false,
                    "java_version": "",
                    "node_version": "6.9.1",
                    "php_version": "5.6",
                    "python": false,
                    "python_version": "",
                    "tomcat_version": ""
                  }
                ],
                "auto_heal_enabled": false,
                "auto_heal_setting": [],
                "container_registry_managed_identity_client_id": "",
                "container_registry_use_managed_identity": false,
                "cors": [],
                "default_documents": [
                  "Default.htm",
                  "Default.html",
                  "Default.asp",
                  "index.htm",
                  "index.html",
                  "iisstart.htm",
                  "default.aspx",
                  "index.php",
                  "hostingstart.html"
                ],
                "detailed_error_logging_enabled": true,
                "ftps_state": "FtpsOnly",
                "health_check_eviction_time_in_min": 0,
                "health_check_path": "",
                "http2_enabled": false,
                "ip_restriction": [
                  {
                    "action": "Allow",
                    "description": "AccessFromAppGateway",
                    "headers": [],
                    "ip_address": "",
                    "name": "",
                    "priority": 200,
                    "service_tag": "GatewayManager",
                    "virtual_network_subnet_id": ""
                  },
                  {
                    "action": "Allow",
                    "description": "Applicaiton Gateway FrontEnd",
                    "headers": [],
                    "ip_address": "98.71.72.6/32",
                    "name": "ApplicationGateway",
                    "priority": 300,
                    "service_tag": "",
                    "virtual_network_subnet_id": ""
                  },
                  {
                    "action": "Allow",
                    "description": "MatchMaker Office",
                    "headers": [],
                    "ip_address": "217.37.57.250/32",
                    "name": "MatchMakerOffice",
                    "priority": 400,
                    "service_tag": "",
                    "virtual_network_subnet_id": ""
                  }
                ],
                "ip_restriction_default_action": "Deny",
                "linux_fx_version": "",
                "load_balancing_mode": "LeastRequests",
                "local_mysql_enabled": false,
                "managed_pipeline_mode": "Integrated",
                "minimum_tls_version": "1.2",
                "remote_debugging_enabled": false,
                "remote_debugging_version": "",
                "scm_ip_restriction": [],
                "scm_ip_restriction_default_action": "Allow",
                "scm_minimum_tls_version": "1.2",
                "scm_type": "None",
                "scm_use_main_ip_restriction": false,
                "use_32_bit_worker": false,
                "virtual_application": [],
                "vnet_route_all_enabled": true,
                "websockets_enabled": true,
                "windows_fx_version": "",
                "worker_count": 1
              }
            ],
            "site_credential": [
              {
                "name": "$dt-matchmakersoftware",
                "password": "2cHcdtGvntp8Qicu7dyd4XiXnRr6fo5pxMS5LLxbJ6s7ifsElBsdjd3aeMzH"
              }
            ],
            "sticky_settings": [],
            "storage_account": [],
            "tags": {},
            "timeouts": null,
            "virtual_network_subnet_id": "/subscriptions/2bd29ed6-34a6-42d7-8235-293e8ee67447/resourceGroups/AZMMCoreRG01/providers/Microsoft.Network/virtualNetworks/AZMMVNET01/subnets/AppSNET01",
            "webdeploy_publish_basic_authentication_enabled": true,
            "zip_deploy_file": ""
          },
          "sensitive_attributes": [],
          "private": "eyJlMmJmYjczMC1lY2FhLTExZTYtOGY4OC0zNDM2M2JjN2M0YzAiOnsiY3JlYXRlIjoxODAwMDAwMDAwMDAwLCJkZWxldGUiOjE4MDAwMDAwMDAwMDAsInJlYWQiOjMwMDAwMDAwMDAwMCwidXBkYXRlIjoxODAwMDAwMDAwMDAwfSwic2NoZW1hX3ZlcnNpb24iOiIxIn0=",
          "dependencies": [
            "azurerm_resource_group.azmmclientrg-0"
          ]
        }
      ]
    },
    {
      "mode": "managed",
      "type": "azurerm_windows_web_app",
      "name": "azmmclientrg-366",
      "provider": "provider[\"registry.terraform.io/hashicorp/azurerm\"]",
      "instances": [
        {
          "schema_version": 1,
          "attributes": {
            "app_settings": {
              "APPLICATIONINSIGHTS_CONNECTION_STRING": "InstrumentationKey=e62501d5-31c1-45f2-a54e-8ea998494ed0;IngestionEndpoint=https://northeurope-2.in.applicationinsights.azure.com/;LiveEndpoint=https://northeurope.livediagnostics.monitor.azure.com/",
              "ApplicationInsightsAgent_EXTENSION_VERSION": "~2",
              "MM_DEFAULT_VERSION": "mmakerlta",
              "MM_EXTENSION_VERSION": "n4-UL:g5aHw%et+Wt!r}i%$Hm6q4T%CupX2B8M)ftbco]*!?g%",
              "WEBSITE_TIME_ZONE": "GMT Standard Time",
              "XDT_MicrosoftApplicationInsights_Mode": "default"
            },
            "auth_settings": [],
            "auth_settings_v2": [],
            "backup": [],
            "client_affinity_enabled": true,
            "client_certificate_enabled": false,
            "client_certificate_exclusion_paths": "",
            "client_certificate_mode": "Required",
            "connection_string": [
              {
                "name": "mmakerConnString",
                "type": "SQLAzure",
                "value": "data source=tcp:azmmsql01.database.windows.net;initial catalog=2179;persist security info=True;App=EntityFramework;Connection Timeout=60"
              }
            ],
            "custom_domain_verification_id": "EA2B5C6DFFF05CD3A5CFDE9FF197F4301B841E4151EE80825F650F63C51B959E",
            "default_hostname": "lta-matchmakersoftware.azurewebsites.net",
            "enabled": true,
            "ftp_publish_basic_authentication_enabled": true,
            "hosting_environment_id": "",
            "https_only": true,
            "id": "/subscriptions/2bd29ed6-34a6-42d7-8235-293e8ee67447/resourceGroups/azmmclientapps/providers/Microsoft.Web/sites/lta-matchmakersoftware",
            "identity": [
              {
                "identity_ids": [],
                "principal_id": "5eb0f780-26db-4d08-a7c2-438a4a70ee8d",
                "tenant_id": "3a243d17-3d9f-43e2-96a9-222d4b6fada1",
                "type": "SystemAssigned"
              }
            ],
            "key_vault_reference_identity_id": "SystemAssigned",
            "kind": "app",
            "location": "northeurope",
            "logs": [
              {
                "application_logs": [],
                "detailed_error_messages": true,
                "failed_request_tracing": false,
                "http_logs": []
              }
            ],
            "name": "lta-matchmakersoftware",
            "outbound_ip_address_list": [
              "20.67.168.247",
              "20.67.169.146",
              "20.67.169.223",
              "20.67.170.0",
              "20.67.170.202",
              "20.67.170.220",
              "20.107.224.17"
            ],
            "outbound_ip_addresses": "20.67.168.247,20.67.169.146,20.67.169.223,20.67.170.0,20.67.170.202,20.67.170.220,20.107.224.17",
            "possible_outbound_ip_address_list": [
              "20.67.168.247",
              "20.67.169.146",
              "20.67.169.223",
              "20.67.170.0",
              "20.67.170.202",
              "20.67.170.220",
              "20.67.171.99",
              "20.67.171.129",
              "20.67.172.9",
              "20.67.172.91",
              "20.67.172.243",
              "20.67.173.5",
              "20.67.173.29",
              "20.67.173.31",
              "20.67.173.176",
              "20.67.174.57",
              "20.67.174.66",
              "20.67.174.208",
              "20.67.174.221",
              "20.67.174.223",
              "20.67.174.227",
              "20.67.174.238",
              "20.67.173.18",
              "20.67.175.27",
              "20.67.175.30",
              "20.67.175.41",
              "20.67.175.50",
              "20.67.175.65",
              "20.67.175.89",
              "20.67.175.91",
              "20.107.224.17"
            ],
            "possible_outbound_ip_addresses": "20.67.168.247,20.67.169.146,20.67.169.223,20.67.170.0,20.67.170.202,20.67.170.220,20.67.171.99,20.67.171.129,20.67.172.9,20.67.172.91,20.67.172.243,20.67.173.5,20.67.173.29,20.67.173.31,20.67.173.176,20.67.174.57,20.67.174.66,20.67.174.208,20.67.174.221,20.67.174.223,20.67.174.227,20.67.174.238,20.67.173.18,20.67.175.27,20.67.175.30,20.67.175.41,20.67.175.50,20.67.175.65,20.67.175.89,20.67.175.91,20.107.224.17",
            "public_network_access_enabled": true,
            "resource_group_name": "azmmclientapps",
            "service_plan_id": "/subscriptions/2bd29ed6-34a6-42d7-8235-293e8ee67447/resourceGroups/AZMMCoreRG01/providers/Microsoft.Web/serverFarms/AZMMASP01",
            "site_config": [
              {
                "always_on": true,
                "api_definition_url": "",
                "api_management_api_id": "",
                "app_command_line": "",
                "application_stack": [
                  {
                    "current_stack": "dotnet",
                    "docker_container_name": "",
                    "docker_container_registry": "",
                    "docker_container_tag": "",
                    "docker_image_name": "",
                    "docker_registry_password": "",
                    "docker_registry_url": "",
                    "docker_registry_username": "",
                    "dotnet_core_version": "",
                    "dotnet_version": "v7.0",
                    "java_container": "",
                    "java_container_version": "",
                    "java_embedded_server_enabled": false,
                    "java_version": "",
                    "node_version": "",
                    "php_version": "Off",
                    "python": false,
                    "python_version": "",
                    "tomcat_version": ""
                  }
                ],
                "auto_heal_enabled": false,
                "auto_heal_setting": [],
                "container_registry_managed_identity_client_id": "",
                "container_registry_use_managed_identity": false,
                "cors": [],
                "default_documents": [
                  "Default.htm",
                  "Default.html",
                  "Default.asp",
                  "index.htm",
                  "index.html",
                  "iisstart.htm",
                  "default.aspx",
                  "index.php",
                  "hostingstart.html"
                ],
                "detailed_error_logging_enabled": true,
                "ftps_state": "FtpsOnly",
                "health_check_eviction_time_in_min": 0,
                "health_check_path": "",
                "http2_enabled": false,
                "ip_restriction": [
                  {
                    "action": "Allow",
                    "description": "AccessFromAppGateway",
                    "headers": [],
                    "ip_address": "",
                    "name": "",
                    "priority": 200,
                    "service_tag": "GatewayManager",
                    "virtual_network_subnet_id": ""
                  },
                  {
                    "action": "Allow",
                    "description": "Applicaiton Gateway FrontEnd",
                    "headers": [],
                    "ip_address": "98.71.72.6/32",
                    "name": "ApplicationGateway",
                    "priority": 300,
                    "service_tag": "",
                    "virtual_network_subnet_id": ""
                  },
                  {
                    "action": "Allow",
                    "description": "MatchMaker Office",
                    "headers": [],
                    "ip_address": "217.37.57.250/32",
                    "name": "MatchMakerOffice",
                    "priority": 400,
                    "service_tag": "",
                    "virtual_network_subnet_id": ""
                  }
                ],
                "ip_restriction_default_action": "Deny",
                "linux_fx_version": "",
                "load_balancing_mode": "LeastRequests",
                "local_mysql_enabled": false,
                "managed_pipeline_mode": "Integrated",
                "minimum_tls_version": "1.2",
                "remote_debugging_enabled": false,
                "remote_debugging_version": "",
                "scm_ip_restriction": [],
                "scm_ip_restriction_default_action": "Allow",
                "scm_minimum_tls_version": "1.2",
                "scm_type": "None",
                "scm_use_main_ip_restriction": false,
                "use_32_bit_worker": false,
                "virtual_application": [],
                "vnet_route_all_enabled": true,
                "websockets_enabled": true,
                "windows_fx_version": "",
                "worker_count": 1
              }
            ],
            "site_credential": [
              {
                "name": "$lta-matchmakersoftware",
                "password": "D7vq5zxF8QKAMZScboi9wkfCkfi66DJKrzgFT8joigYfWCqhrS9xtd8acouc"
              }
            ],
            "sticky_settings": [
              {
                "app_setting_names": [
                  "WEBSITE_TIME_ZONE"
                ],
                "connection_string_names": []
              }
            ],
            "storage_account": [],
            "tags": {},
            "timeouts": null,
            "virtual_network_subnet_id": "/subscriptions/2bd29ed6-34a6-42d7-8235-293e8ee67447/resourceGroups/AZMMCoreRG01/providers/Microsoft.Network/virtualNetworks/AZMMVNET01/subnets/AppSNET01",
            "webdeploy_publish_basic_authentication_enabled": true,
            "zip_deploy_file": ""
          },
          "sensitive_attributes": [],
          "private": "eyJlMmJmYjczMC1lY2FhLTExZTYtOGY4OC0zNDM2M2JjN2M0YzAiOnsiY3JlYXRlIjoxODAwMDAwMDAwMDAwLCJkZWxldGUiOjE4MDAwMDAwMDAwMDAsInJlYWQiOjMwMDAwMDAwMDAwMCwidXBkYXRlIjoxODAwMDAwMDAwMDAwfSwic2NoZW1hX3ZlcnNpb24iOiIxIn0=",
          "dependencies": [
            "azurerm_resource_group.azmmclientrg-0"
          ]
        }
      ]
    },
    {
      "mode": "managed",
      "type": "azurerm_windows_web_app",
      "name": "azmmclientrg-webbapp-HIE",
      "provider": "provider[\"registry.terraform.io/hashicorp/azurerm\"]",
      "instances": [
        {
          "schema_version": 1,
          "attributes": {
            "app_settings": {
              "APPLICATIONINSIGHTS_CONNECTION_STRING": "InstrumentationKey=e62501d5-31c1-45f2-a54e-8ea998494ed0;IngestionEndpoint=https://northeurope-2.in.applicationinsights.azure.com/;LiveEndpoint=https://northeurope.livediagnostics.monitor.azure.com/",
              "ApplicationInsightsAgent_EXTENSION_VERSION": "~2",
              "MM_DEFAULT_VERSION": "mmakerHIE",
              "MM_EXTENSION_VERSION": "n4-UL:g5aHw%et+Wt!r}i%$Hm6q4T%CupX2B8M)ftbco]*!?g%",
              "WEBSITE_TIME_ZONE": "GMT Standard Time",
              "XDT_MicrosoftApplicationInsights_Mode": "default"
            },
            "auth_settings": [],
            "auth_settings_v2": [],
            "backup": [],
            "client_affinity_enabled": true,
            "client_certificate_enabled": false,
            "client_certificate_exclusion_paths": "",
            "client_certificate_mode": "Required",
            "connection_string": [
              {
                "name": "mmakerConnString",
                "type": "SQLAzure",
                "value": "data source=tcp:azmmsql01.database.windows.net;initial catalog=2179;persist security info=True;App=EntityFramework;Connection Timeout=60"
              }
            ],
            "custom_domain_verification_id": "EA2B5C6DFFF05CD3A5CFDE9FF197F4301B841E4151EE80825F650F63C51B959E",
            "default_hostname": "hie-matchmakersoftware.azurewebsites.net",
            "enabled": true,
            "ftp_publish_basic_authentication_enabled": true,
            "hosting_environment_id": "",
            "https_only": true,
            "id": "/subscriptions/2bd29ed6-34a6-42d7-8235-293e8ee67447/resourceGroups/azmmclientapps/providers/Microsoft.Web/sites/HIE-matchmakersoftware",
            "identity": [
              {
                "identity_ids": [],
                "principal_id": "d725f595-e810-4be6-93a2-1ecbeae4360a",
                "tenant_id": "3a243d17-3d9f-43e2-96a9-222d4b6fada1",
                "type": "SystemAssigned"
              }
            ],
            "key_vault_reference_identity_id": "SystemAssigned",
            "kind": "app",
            "location": "northeurope",
            "logs": [
              {
                "application_logs": [],
                "detailed_error_messages": true,
                "failed_request_tracing": false,
                "http_logs": []
              }
            ],
            "name": "HIE-matchmakersoftware",
            "outbound_ip_address_list": [
              "20.67.168.247",
              "20.67.169.146",
              "20.67.169.223",
              "20.67.170.0",
              "20.67.170.202",
              "20.67.170.220",
              "20.107.224.17"
            ],
            "outbound_ip_addresses": "20.67.168.247,20.67.169.146,20.67.169.223,20.67.170.0,20.67.170.202,20.67.170.220,20.107.224.17",
            "possible_outbound_ip_address_list": [
              "20.67.168.247",
              "20.67.169.146",
              "20.67.169.223",
              "20.67.170.0",
              "20.67.170.202",
              "20.67.170.220",
              "20.67.171.99",
              "20.67.171.129",
              "20.67.172.9",
              "20.67.172.91",
              "20.67.172.243",
              "20.67.173.5",
              "20.67.173.29",
              "20.67.173.31",
              "20.67.173.176",
              "20.67.174.57",
              "20.67.174.66",
              "20.67.174.208",
              "20.67.174.221",
              "20.67.174.223",
              "20.67.174.227",
              "20.67.174.238",
              "20.67.173.18",
              "20.67.175.27",
              "20.67.175.30",
              "20.67.175.41",
              "20.67.175.50",
              "20.67.175.65",
              "20.67.175.89",
              "20.67.175.91",
              "20.107.224.17"
            ],
            "possible_outbound_ip_addresses": "20.67.168.247,20.67.169.146,20.67.169.223,20.67.170.0,20.67.170.202,20.67.170.220,20.67.171.99,20.67.171.129,20.67.172.9,20.67.172.91,20.67.172.243,20.67.173.5,20.67.173.29,20.67.173.31,20.67.173.176,20.67.174.57,20.67.174.66,20.67.174.208,20.67.174.221,20.67.174.223,20.67.174.227,20.67.174.238,20.67.173.18,20.67.175.27,20.67.175.30,20.67.175.41,20.67.175.50,20.67.175.65,20.67.175.89,20.67.175.91,20.107.224.17",
            "public_network_access_enabled": true,
            "resource_group_name": "azmmclientapps",
            "service_plan_id": "/subscriptions/2bd29ed6-34a6-42d7-8235-293e8ee67447/resourceGroups/AZMMCoreRG01/providers/Microsoft.Web/serverFarms/AZMMASP01",
            "site_config": [
              {
                "always_on": true,
                "api_definition_url": "",
                "api_management_api_id": "",
                "app_command_line": "",
                "application_stack": [
                  {
                    "current_stack": "",
                    "docker_container_name": "",
                    "docker_container_registry": "",
                    "docker_container_tag": "",
                    "docker_image_name": "",
                    "docker_registry_password": "",
                    "docker_registry_url": "",
                    "docker_registry_username": "",
                    "dotnet_core_version": "",
                    "dotnet_version": "v4.0",
                    "java_container": "",
                    "java_container_version": "",
                    "java_embedded_server_enabled": false,
                    "java_version": "",
                    "node_version": "",
                    "php_version": "5.6",
                    "python": false,
                    "python_version": "",
                    "tomcat_version": ""
                  }
                ],
                "auto_heal_enabled": false,
                "auto_heal_setting": [],
                "container_registry_managed_identity_client_id": "",
                "container_registry_use_managed_identity": false,
                "cors": [],
                "default_documents": [
                  "Default.htm",
                  "Default.html",
                  "Default.asp",
                  "index.htm",
                  "index.html",
                  "iisstart.htm",
                  "default.aspx",
                  "index.php",
                  "hostingstart.html"
                ],
                "detailed_error_logging_enabled": true,
                "ftps_state": "FtpsOnly",
                "health_check_eviction_time_in_min": 0,
                "health_check_path": "",
                "http2_enabled": false,
                "ip_restriction": [
                  {
                    "action": "Allow",
                    "description": "AccessFromAppGateway",
                    "headers": [],
                    "ip_address": "",
                    "name": "",
                    "priority": 200,
                    "service_tag": "GatewayManager",
                    "virtual_network_subnet_id": ""
                  },
                  {
                    "action": "Allow",
                    "description": "Applicaiton Gateway FrontEnd",
                    "headers": [],
                    "ip_address": "98.71.72.6/32",
                    "name": "",
                    "priority": 300,
                    "service_tag": "",
                    "virtual_network_subnet_id": ""
                  },
                  {
                    "action": "Allow",
                    "description": "MatchMaker Office",
                    "headers": [],
                    "ip_address": "217.37.57.250/32",
                    "name": "",
                    "priority": 400,
                    "service_tag": "",
                    "virtual_network_subnet_id": ""
                  }
                ],
                "ip_restriction_default_action": "Deny",
                "linux_fx_version": "",
                "load_balancing_mode": "LeastRequests",
                "local_mysql_enabled": false,
                "managed_pipeline_mode": "Integrated",
                "minimum_tls_version": "1.2",
                "remote_debugging_enabled": false,
                "remote_debugging_version": "VS2022",
                "scm_ip_restriction": [],
                "scm_ip_restriction_default_action": "Allow",
                "scm_minimum_tls_version": "1.2",
                "scm_type": "None",
                "scm_use_main_ip_restriction": false,
                "use_32_bit_worker": false,
                "virtual_application": [],
                "vnet_route_all_enabled": true,
                "websockets_enabled": true,
                "windows_fx_version": "",
                "worker_count": 1
              }
            ],
            "site_credential": [
              {
                "name": "$HIE-matchmakersoftware",
                "password": "xZLequl6LC4gEef2PbttpheBM6ydK52tGWzy1KbCfaxEwz27SndeWY7iaNpH"
              }
            ],
            "sticky_settings": [
              {
                "app_setting_names": [
                  "WEBSITE_TIME_ZONE"
                ],
                "connection_string_names": []
              }
            ],
            "storage_account": [],
            "tags": {},
            "timeouts": null,
            "virtual_network_subnet_id": "/subscriptions/2bd29ed6-34a6-42d7-8235-293e8ee67447/resourceGroups/AZMMCoreRG01/providers/Microsoft.Network/virtualNetworks/AZMMVNET01/subnets/AppSNET01",
            "webdeploy_publish_basic_authentication_enabled": true,
            "zip_deploy_file": ""
          },
          "sensitive_attributes": [],
          "private": "eyJlMmJmYjczMC1lY2FhLTExZTYtOGY4OC0zNDM2M2JjN2M0YzAiOnsiY3JlYXRlIjoxODAwMDAwMDAwMDAwLCJkZWxldGUiOjE4MDAwMDAwMDAwMDAsInJlYWQiOjMwMDAwMDAwMDAwMCwidXBkYXRlIjoxODAwMDAwMDAwMDAwfSwic2NoZW1hX3ZlcnNpb24iOiIxIn0=",
          "dependencies": [
            "azurerm_resource_group.azmmclientrg-0"
          ]
        }
      ]
    },
    {
      "mode": "managed",
      "type": "azurerm_windows_web_app",
      "name": "azmmclientrg-webbapp-br",
      "provider": "provider[\"registry.terraform.io/hashicorp/azurerm\"]",
      "instances": [
        {
          "schema_version": 1,
          "attributes": {
            "app_settings": {
              "APPLICATIONINSIGHTS_CONNECTION_STRING": "InstrumentationKey=e62501d5-31c1-45f2-a54e-8ea998494ed0;IngestionEndpoint=https://northeurope-2.in.applicationinsights.azure.com/;LiveEndpoint=https://northeurope.livediagnostics.monitor.azure.com/",
              "ApplicationInsightsAgent_EXTENSION_VERSION": "~2",
              "MM_DEFAULT_VERSION": "mmakerbr",
              "MM_EXTENSION_VERSION": "S;53cmrXQM2R^#_HY\u003eV-qsW8jth+7x)~$E:CB]*?gAv(pGZ[K.",
              "WEBSITE_TIME_ZONE": "GMT Standard Time",
              "XDT_MicrosoftApplicationInsights_Mode": "default"
            },
            "auth_settings": [],
            "auth_settings_v2": [],
            "backup": [],
            "client_affinity_enabled": true,
            "client_certificate_enabled": false,
            "client_certificate_exclusion_paths": "",
            "client_certificate_mode": "Required",
            "connection_string": [
              {
                "name": "mmakerConnString",
                "type": "SQLAzure",
                "value": "data source=tcp:azmmsql01.database.windows.net;initial catalog=17278;persist security info=True;App=EntityFramework;Connection Timeout=60"
              }
            ],
            "custom_domain_verification_id": "EA2B5C6DFFF05CD3A5CFDE9FF197F4301B841E4151EE80825F650F63C51B959E",
            "default_hostname": "br-matchmakersoftware.azurewebsites.net",
            "enabled": true,
            "ftp_publish_basic_authentication_enabled": true,
            "hosting_environment_id": "",
            "https_only": true,
            "id": "/subscriptions/2bd29ed6-34a6-42d7-8235-293e8ee67447/resourceGroups/azmmclientapps/providers/Microsoft.Web/sites/br-matchmakersoftware",
            "identity": [
              {
                "identity_ids": [],
                "principal_id": "29b4f2c7-0f4d-4030-83df-e4705e7a1565",
                "tenant_id": "3a243d17-3d9f-43e2-96a9-222d4b6fada1",
                "type": "SystemAssigned"
              }
            ],
            "key_vault_reference_identity_id": "SystemAssigned",
            "kind": "app",
            "location": "northeurope",
            "logs": [
              {
                "application_logs": [],
                "detailed_error_messages": true,
                "failed_request_tracing": false,
                "http_logs": []
              }
            ],
            "name": "br-matchmakersoftware",
            "outbound_ip_address_list": [
              "20.67.173.29",
              "20.67.173.31",
              "20.67.173.176",
              "20.67.174.57",
              "20.67.174.66",
              "20.67.174.208",
              "20.107.224.17"
            ],
            "outbound_ip_addresses": "20.67.173.29,20.67.173.31,20.67.173.176,20.67.174.57,20.67.174.66,20.67.174.208,20.107.224.17",
            "possible_outbound_ip_address_list": [
              "20.67.168.247",
              "20.67.169.146",
              "20.67.169.223",
              "20.67.170.0",
              "20.67.170.202",
              "20.67.170.220",
              "20.67.171.99",
              "20.67.171.129",
              "20.67.172.9",
              "20.67.172.91",
              "20.67.172.243",
              "20.67.173.5",
              "20.67.173.29",
              "20.67.173.31",
              "20.67.173.176",
              "20.67.174.57",
              "20.67.174.66",
              "20.67.174.208",
              "20.67.174.221",
              "20.67.174.223",
              "20.67.174.227",
              "20.67.174.238",
              "20.67.173.18",
              "20.67.175.27",
              "20.67.175.30",
              "20.67.175.41",
              "20.67.175.50",
              "20.67.175.65",
              "20.67.175.89",
              "20.67.175.91",
              "20.107.224.17"
            ],
            "possible_outbound_ip_addresses": "20.67.168.247,20.67.169.146,20.67.169.223,20.67.170.0,20.67.170.202,20.67.170.220,20.67.171.99,20.67.171.129,20.67.172.9,20.67.172.91,20.67.172.243,20.67.173.5,20.67.173.29,20.67.173.31,20.67.173.176,20.67.174.57,20.67.174.66,20.67.174.208,20.67.174.221,20.67.174.223,20.67.174.227,20.67.174.238,20.67.173.18,20.67.175.27,20.67.175.30,20.67.175.41,20.67.175.50,20.67.175.65,20.67.175.89,20.67.175.91,20.107.224.17",
            "public_network_access_enabled": true,
            "resource_group_name": "azmmclientapps",
            "service_plan_id": "/subscriptions/2bd29ed6-34a6-42d7-8235-293e8ee67447/resourceGroups/AZMMCoreRG01/providers/Microsoft.Web/serverFarms/AZMMASP02",
            "site_config": [
              {
                "always_on": true,
                "api_definition_url": "",
                "api_management_api_id": "",
                "app_command_line": "",
                "application_stack": [
                  {
                    "current_stack": "dotnetcore",
                    "docker_container_name": "",
                    "docker_container_registry": "",
                    "docker_container_tag": "",
                    "docker_image_name": "",
                    "docker_registry_password": "",
                    "docker_registry_url": "",
                    "docker_registry_username": "",
                    "dotnet_core_version": "v8.0",
                    "dotnet_version": "",
                    "java_container": "",
                    "java_container_version": "",
                    "java_embedded_server_enabled": false,
                    "java_version": "",
                    "node_version": "",
                    "php_version": "5.6",
                    "python": false,
                    "python_version": "",
                    "tomcat_version": ""
                  }
                ],
                "auto_heal_enabled": false,
                "auto_heal_setting": [],
                "container_registry_managed_identity_client_id": "",
                "container_registry_use_managed_identity": false,
                "cors": [],
                "default_documents": [
                  "Default.htm",
                  "Default.html",
                  "Default.asp",
                  "index.htm",
                  "index.html",
                  "iisstart.htm",
                  "default.aspx",
                  "index.php",
                  "hostingstart.html"
                ],
                "detailed_error_logging_enabled": true,
                "ftps_state": "FtpsOnly",
                "health_check_eviction_time_in_min": 0,
                "health_check_path": "",
                "http2_enabled": false,
                "ip_restriction": [
                  {
                    "action": "Allow",
                    "description": "AccessFromAppGateway",
                    "headers": [],
                    "ip_address": "",
                    "name": "",
                    "priority": 200,
                    "service_tag": "GatewayManager",
                    "virtual_network_subnet_id": ""
                  },
                  {
                    "action": "Allow",
                    "description": "Applicaiton Gateway FrontEnd",
                    "headers": [],
                    "ip_address": "98.71.72.6/32",
                    "name": "",
                    "priority": 300,
                    "service_tag": "",
                    "virtual_network_subnet_id": ""
                  },
                  {
                    "action": "Allow",
                    "description": "MatchMaker Office",
                    "headers": [],
                    "ip_address": "217.37.57.250/32",
                    "name": "",
                    "priority": 400,
                    "service_tag": "",
                    "virtual_network_subnet_id": ""
                  }
                ],
                "ip_restriction_default_action": "Deny",
                "linux_fx_version": "",
                "load_balancing_mode": "LeastRequests",
                "local_mysql_enabled": false,
                "managed_pipeline_mode": "Integrated",
                "minimum_tls_version": "1.2",
                "remote_debugging_enabled": false,
                "remote_debugging_version": "VS2022",
                "scm_ip_restriction": [],
                "scm_ip_restriction_default_action": "Allow",
                "scm_minimum_tls_version": "1.2",
                "scm_type": "None",
                "scm_use_main_ip_restriction": false,
                "use_32_bit_worker": false,
                "virtual_application": [],
                "vnet_route_all_enabled": true,
                "websockets_enabled": true,
                "windows_fx_version": "",
                "worker_count": 1
              }
            ],
            "site_credential": [
              {
                "name": "$br-matchmakersoftware",
                "password": "0sAhhS9zT8pNilZuxaf17mhLSRmbTt6jmJ3M33Fik6eXtdgxl3fi9mfeva58"
              }
            ],
            "sticky_settings": [
              {
                "app_setting_names": [
                  "WEBSITE_TIME_ZONE"
                ],
                "connection_string_names": []
              }
            ],
            "storage_account": [],
            "tags": {},
            "timeouts": null,
            "virtual_network_subnet_id": "/subscriptions/2bd29ed6-34a6-42d7-8235-293e8ee67447/resourceGroups/AZMMCoreRG01/providers/Microsoft.Network/virtualNetworks/AZMMVNET01/subnets/AppSNET01",
            "webdeploy_publish_basic_authentication_enabled": true,
            "zip_deploy_file": ""
          },
          "sensitive_attributes": [],
          "private": "eyJlMmJmYjczMC1lY2FhLTExZTYtOGY4OC0zNDM2M2JjN2M0YzAiOnsiY3JlYXRlIjoxODAwMDAwMDAwMDAwLCJkZWxldGUiOjE4MDAwMDAwMDAwMDAsInJlYWQiOjMwMDAwMDAwMDAwMCwidXBkYXRlIjoxODAwMDAwMDAwMDAwfSwic2NoZW1hX3ZlcnNpb24iOiIxIn0=",
          "dependencies": [
            "azurerm_resource_group.azmmclientrg-0"
          ]
        }
      ]
    },
    {
      "mode": "managed",
      "type": "azurerm_windows_web_app",
      "name": "azmmclientrg-webbapp-create-online",
      "provider": "provider[\"registry.terraform.io/hashicorp/azurerm\"]",
      "instances": [
        {
          "schema_version": 1,
          "attributes": {
            "app_settings": {
              "APPLICATIONINSIGHTS_CONNECTION_STRING": "InstrumentationKey=e62501d5-31c1-45f2-a54e-8ea998494ed0;IngestionEndpoint=https://northeurope-2.in.applicationinsights.azure.com/;LiveEndpoint=https://northeurope.livediagnostics.monitor.azure.com/",
              "ApplicationInsightsAgent_EXTENSION_VERSION": "~2",
              "MM_DEFAULT_VERSION": "mmakerse",
              "MM_EXTENSION_VERSION": "{Q4xX\u0026p^f/k=P3WrBXqr8dM!m^{oi#^uY8|Q3_z;~\u0026o4Enuw=T",
              "WEBSITE_TIME_ZONE": "GMT Standard Time",
              "XDT_MicrosoftApplicationInsights_Mode": "default"
            },
            "auth_settings": [],
            "auth_settings_v2": [],
            "backup": [],
            "client_affinity_enabled": true,
            "client_certificate_enabled": false,
            "client_certificate_exclusion_paths": "",
            "client_certificate_mode": "Required",
            "connection_string": [
              {
                "name": "mmakerConnString",
                "type": "SQLAzure",
                "value": "data source=tcp:azmmsql01.database.windows.net;initial catalog=15886;persist security info=True;App=EntityFramework;Connection Timeout=60"
              }
            ],
            "custom_domain_verification_id": "EA2B5C6DFFF05CD3A5CFDE9FF197F4301B841E4151EE80825F650F63C51B959E",
            "default_hostname": "create-online-matchmakersoftware.azurewebsites.net",
            "enabled": true,
            "ftp_publish_basic_authentication_enabled": true,
            "hosting_environment_id": "",
            "https_only": true,
            "id": "/subscriptions/2bd29ed6-34a6-42d7-8235-293e8ee67447/resourceGroups/azmmclientapps/providers/Microsoft.Web/sites/create-online-matchmakersoftware",
            "identity": [
              {
                "identity_ids": [],
                "principal_id": "9efa5e31-d654-4201-8da5-05db733250d9",
                "tenant_id": "3a243d17-3d9f-43e2-96a9-222d4b6fada1",
                "type": "SystemAssigned"
              }
            ],
            "key_vault_reference_identity_id": "SystemAssigned",
            "kind": "app",
            "location": "northeurope",
            "logs": [
              {
                "application_logs": [],
                "detailed_error_messages": true,
                "failed_request_tracing": false,
                "http_logs": []
              }
            ],
            "name": "create-online-matchmakersoftware",
            "outbound_ip_address_list": [
              "20.67.168.247",
              "20.67.169.146",
              "20.67.169.223",
              "20.67.170.0",
              "20.67.170.202",
              "20.67.170.220",
              "20.107.224.17"
            ],
            "outbound_ip_addresses": "20.67.168.247,20.67.169.146,20.67.169.223,20.67.170.0,20.67.170.202,20.67.170.220,20.107.224.17",
            "possible_outbound_ip_address_list": [
              "20.67.168.247",
              "20.67.169.146",
              "20.67.169.223",
              "20.67.170.0",
              "20.67.170.202",
              "20.67.170.220",
              "20.67.171.99",
              "20.67.171.129",
              "20.67.172.9",
              "20.67.172.91",
              "20.67.172.243",
              "20.67.173.5",
              "20.67.173.29",
              "20.67.173.31",
              "20.67.173.176",
              "20.67.174.57",
              "20.67.174.66",
              "20.67.174.208",
              "20.67.174.221",
              "20.67.174.223",
              "20.67.174.227",
              "20.67.174.238",
              "20.67.173.18",
              "20.67.175.27",
              "20.67.175.30",
              "20.67.175.41",
              "20.67.175.50",
              "20.67.175.65",
              "20.67.175.89",
              "20.67.175.91",
              "20.107.224.17"
            ],
            "possible_outbound_ip_addresses": "20.67.168.247,20.67.169.146,20.67.169.223,20.67.170.0,20.67.170.202,20.67.170.220,20.67.171.99,20.67.171.129,20.67.172.9,20.67.172.91,20.67.172.243,20.67.173.5,20.67.173.29,20.67.173.31,20.67.173.176,20.67.174.57,20.67.174.66,20.67.174.208,20.67.174.221,20.67.174.223,20.67.174.227,20.67.174.238,20.67.173.18,20.67.175.27,20.67.175.30,20.67.175.41,20.67.175.50,20.67.175.65,20.67.175.89,20.67.175.91,20.107.224.17",
            "public_network_access_enabled": true,
            "resource_group_name": "azmmclientapps",
            "service_plan_id": "/subscriptions/2bd29ed6-34a6-42d7-8235-293e8ee67447/resourceGroups/AZMMCoreRG01/providers/Microsoft.Web/serverFarms/AZMMASP03",
            "site_config": [
              {
                "always_on": true,
                "api_definition_url": "",
                "api_management_api_id": "",
                "app_command_line": "",
                "application_stack": [
                  {
                    "current_stack": "dotnet",
                    "docker_container_name": "",
                    "docker_container_registry": "",
                    "docker_container_tag": "",
                    "docker_image_name": "",
                    "docker_registry_password": "",
                    "docker_registry_url": "",
                    "docker_registry_username": "",
                    "dotnet_core_version": "",
                    "dotnet_version": "v4.0",
                    "java_container": "",
                    "java_container_version": "",
                    "java_embedded_server_enabled": false,
                    "java_version": "",
                    "node_version": "",
                    "php_version": "5.6",
                    "python": false,
                    "python_version": "",
                    "tomcat_version": ""
                  }
                ],
                "auto_heal_enabled": false,
                "auto_heal_setting": [],
                "container_registry_managed_identity_client_id": "",
                "container_registry_use_managed_identity": false,
                "cors": [],
                "default_documents": [
                  "Default.htm",
                  "Default.html",
                  "Default.asp",
                  "index.htm",
                  "index.html",
                  "iisstart.htm",
                  "default.aspx",
                  "index.php",
                  "hostingstart.html"
                ],
                "detailed_error_logging_enabled": true,
                "ftps_state": "FtpsOnly",
                "health_check_eviction_time_in_min": 0,
                "health_check_path": "",
                "http2_enabled": false,
                "ip_restriction": [
                  {
                    "action": "Allow",
                    "description": "AccessFromAppGateway",
                    "headers": [],
                    "ip_address": "",
                    "name": "",
                    "priority": 200,
                    "service_tag": "GatewayManager",
                    "virtual_network_subnet_id": ""
                  },
                  {
                    "action": "Allow",
                    "description": "Applicaiton Gateway FrontEnd",
                    "headers": [],
                    "ip_address": "98.71.72.6/32",
                    "name": "",
                    "priority": 300,
                    "service_tag": "",
                    "virtual_network_subnet_id": ""
                  },
                  {
                    "action": "Allow",
                    "description": "MatchMaker Office",
                    "headers": [],
                    "ip_address": "217.37.57.250/32",
                    "name": "",
                    "priority": 400,
                    "service_tag": "",
                    "virtual_network_subnet_id": ""
                  }
                ],
                "ip_restriction_default_action": "Deny",
                "linux_fx_version": "",
                "load_balancing_mode": "LeastRequests",
                "local_mysql_enabled": false,
                "managed_pipeline_mode": "Integrated",
                "minimum_tls_version": "1.2",
                "remote_debugging_enabled": false,
                "remote_debugging_version": "",
                "scm_ip_restriction": [],
                "scm_ip_restriction_default_action": "Allow",
                "scm_minimum_tls_version": "1.2",
                "scm_type": "None",
                "scm_use_main_ip_restriction": false,
                "use_32_bit_worker": false,
                "virtual_application": [],
                "vnet_route_all_enabled": true,
                "websockets_enabled": true,
                "windows_fx_version": "",
                "worker_count": 1
              }
            ],
            "site_credential": [
              {
                "name": "$create-online-matchmakersoftware",
                "password": "dz74nZdRbBif4eaJL5XjgabMb24T5qHSRcicinomFxZLcg6cdmMe3rddqepu"
              }
            ],
            "sticky_settings": [
              {
                "app_setting_names": [
                  "WEBSITE_TIME_ZONE"
                ],
                "connection_string_names": []
              }
            ],
            "storage_account": [],
            "tags": {},
            "timeouts": null,
            "virtual_network_subnet_id": "/subscriptions/2bd29ed6-34a6-42d7-8235-293e8ee67447/resourceGroups/AZMMCoreRG01/providers/Microsoft.Network/virtualNetworks/AZMMVNET01/subnets/AppSNET01",
            "webdeploy_publish_basic_authentication_enabled": true,
            "zip_deploy_file": ""
          },
          "sensitive_attributes": [],
          "private": "eyJlMmJmYjczMC1lY2FhLTExZTYtOGY4OC0zNDM2M2JjN2M0YzAiOnsiY3JlYXRlIjoxODAwMDAwMDAwMDAwLCJkZWxldGUiOjE4MDAwMDAwMDAwMDAsInJlYWQiOjMwMDAwMDAwMDAwMCwidXBkYXRlIjoxODAwMDAwMDAwMDAwfSwic2NoZW1hX3ZlcnNpb24iOiIxIn0=",
          "dependencies": [
            "azurerm_resource_group.azmmclientrg-0"
          ]
        }
      ]
    },
    {
      "mode": "managed",
      "type": "azurerm_windows_web_app",
      "name": "azmmclientrg-webbapp-ir",
      "provider": "provider[\"registry.terraform.io/hashicorp/azurerm\"]",
      "instances": [
        {
          "schema_version": 1,
          "attributes": {
            "app_settings": {
              "APPLICATIONINSIGHTS_CONNECTION_STRING": "InstrumentationKey=e62501d5-31c1-45f2-a54e-8ea998494ed0;IngestionEndpoint=https://northeurope-2.in.applicationinsights.azure.com/;LiveEndpoint=https://northeurope.livediagnostics.monitor.azure.com/",
              "ApplicationInsightsAgent_EXTENSION_VERSION": "~2",
              "MM_DEFAULT_VERSION": "mmakerir",
              "MM_EXTENSION_VERSION": "U\u0026qE/HAbK%.re!x3JZ\u003eG(#S\u003c*[^\"WnD)djT;vY@ty5aXhF=}sM",
              "WEBSITE_TIME_ZONE": "GMT Standard Time",
              "XDT_MicrosoftApplicationInsights_Mode": "default"
            },
            "auth_settings": [],
            "auth_settings_v2": [],
            "backup": [],
            "client_affinity_enabled": true,
            "client_certificate_enabled": false,
            "client_certificate_exclusion_paths": "",
            "client_certificate_mode": "Required",
            "connection_string": [
              {
                "name": "mmakerConnString",
                "type": "SQLAzure",
                "value": "data source=tcp:azmmsql01.database.windows.net;initial catalog=17121;persist security info=True;App=EntityFramework;Connection Timeout=60"
              }
            ],
            "custom_domain_verification_id": "EA2B5C6DFFF05CD3A5CFDE9FF197F4301B841E4151EE80825F650F63C51B959E",
            "default_hostname": "ir-matchmakersoftware.azurewebsites.net",
            "enabled": true,
            "ftp_publish_basic_authentication_enabled": true,
            "hosting_environment_id": "",
            "https_only": true,
            "id": "/subscriptions/2bd29ed6-34a6-42d7-8235-293e8ee67447/resourceGroups/azmmclientapps/providers/Microsoft.Web/sites/ir-matchmakersoftware",
            "identity": [
              {
                "identity_ids": [],
                "principal_id": "e35c6642-776b-4d19-aa06-1cf73aca33b4",
                "tenant_id": "3a243d17-3d9f-43e2-96a9-222d4b6fada1",
                "type": "SystemAssigned"
              }
            ],
            "key_vault_reference_identity_id": "SystemAssigned",
            "kind": "app",
            "location": "northeurope",
            "logs": [
              {
                "application_logs": [],
                "detailed_error_messages": true,
                "failed_request_tracing": false,
                "http_logs": []
              }
            ],
            "name": "ir-matchmakersoftware",
            "outbound_ip_address_list": [
              "20.67.173.29",
              "20.67.173.31",
              "20.67.173.176",
              "20.67.174.57",
              "20.67.174.66",
              "20.67.174.208",
              "20.107.224.17"
            ],
            "outbound_ip_addresses": "20.67.173.29,20.67.173.31,20.67.173.176,20.67.174.57,20.67.174.66,20.67.174.208,20.107.224.17",
            "possible_outbound_ip_address_list": [
              "20.67.168.247",
              "20.67.169.146",
              "20.67.169.223",
              "20.67.170.0",
              "20.67.170.202",
              "20.67.170.220",
              "20.67.171.99",
              "20.67.171.129",
              "20.67.172.9",
              "20.67.172.91",
              "20.67.172.243",
              "20.67.173.5",
              "20.67.173.29",
              "20.67.173.31",
              "20.67.173.176",
              "20.67.174.57",
              "20.67.174.66",
              "20.67.174.208",
              "20.67.174.221",
              "20.67.174.223",
              "20.67.174.227",
              "20.67.174.238",
              "20.67.173.18",
              "20.67.175.27",
              "20.67.175.30",
              "20.67.175.41",
              "20.67.175.50",
              "20.67.175.65",
              "20.67.175.89",
              "20.67.175.91",
              "20.107.224.17"
            ],
            "possible_outbound_ip_addresses": "20.67.168.247,20.67.169.146,20.67.169.223,20.67.170.0,20.67.170.202,20.67.170.220,20.67.171.99,20.67.171.129,20.67.172.9,20.67.172.91,20.67.172.243,20.67.173.5,20.67.173.29,20.67.173.31,20.67.173.176,20.67.174.57,20.67.174.66,20.67.174.208,20.67.174.221,20.67.174.223,20.67.174.227,20.67.174.238,20.67.173.18,20.67.175.27,20.67.175.30,20.67.175.41,20.67.175.50,20.67.175.65,20.67.175.89,20.67.175.91,20.107.224.17",
            "public_network_access_enabled": true,
            "resource_group_name": "azmmclientapps",
            "service_plan_id": "/subscriptions/2bd29ed6-34a6-42d7-8235-293e8ee67447/resourceGroups/AZMMCoreRG01/providers/Microsoft.Web/serverFarms/AZMMASP02",
            "site_config": [
              {
                "always_on": true,
                "api_definition_url": "",
                "api_management_api_id": "",
                "app_command_line": "",
                "application_stack": [
                  {
                    "current_stack": "dotnetcore",
                    "docker_container_name": "",
                    "docker_container_registry": "",
                    "docker_container_tag": "",
                    "docker_image_name": "",
                    "docker_registry_password": "",
                    "docker_registry_url": "",
                    "docker_registry_username": "",
                    "dotnet_core_version": "v8.0",
                    "dotnet_version": "",
                    "java_container": "",
                    "java_container_version": "",
                    "java_embedded_server_enabled": false,
                    "java_version": "",
                    "node_version": "",
                    "php_version": "5.6",
                    "python": false,
                    "python_version": "",
                    "tomcat_version": ""
                  }
                ],
                "auto_heal_enabled": false,
                "auto_heal_setting": [],
                "container_registry_managed_identity_client_id": "",
                "container_registry_use_managed_identity": false,
                "cors": [],
                "default_documents": [
                  "Default.htm",
                  "Default.html",
                  "Default.asp",
                  "index.htm",
                  "index.html",
                  "iisstart.htm",
                  "default.aspx",
                  "index.php",
                  "hostingstart.html"
                ],
                "detailed_error_logging_enabled": true,
                "ftps_state": "FtpsOnly",
                "health_check_eviction_time_in_min": 0,
                "health_check_path": "",
                "http2_enabled": false,
                "ip_restriction": [
                  {
                    "action": "Allow",
                    "description": "AccessFromAppGateway",
                    "headers": [],
                    "ip_address": "",
                    "name": "",
                    "priority": 200,
                    "service_tag": "GatewayManager",
                    "virtual_network_subnet_id": ""
                  },
                  {
                    "action": "Allow",
                    "description": "Applicaiton Gateway FrontEnd",
                    "headers": [],
                    "ip_address": "98.71.72.6/32",
                    "name": "",
                    "priority": 300,
                    "service_tag": "",
                    "virtual_network_subnet_id": ""
                  },
                  {
                    "action": "Allow",
                    "description": "MatchMaker Office",
                    "headers": [],
                    "ip_address": "217.37.57.250/32",
                    "name": "",
                    "priority": 400,
                    "service_tag": "",
                    "virtual_network_subnet_id": ""
                  }
                ],
                "ip_restriction_default_action": "Deny",
                "linux_fx_version": "",
                "load_balancing_mode": "LeastRequests",
                "local_mysql_enabled": false,
                "managed_pipeline_mode": "Integrated",
                "minimum_tls_version": "1.2",
                "remote_debugging_enabled": false,
                "remote_debugging_version": "",
                "scm_ip_restriction": [],
                "scm_ip_restriction_default_action": "Allow",
                "scm_minimum_tls_version": "1.2",
                "scm_type": "None",
                "scm_use_main_ip_restriction": false,
                "use_32_bit_worker": false,
                "virtual_application": [],
                "vnet_route_all_enabled": true,
                "websockets_enabled": true,
                "windows_fx_version": "",
                "worker_count": 1
              }
            ],
            "site_credential": [
              {
                "name": "$ir-matchmakersoftware",
                "password": "KttqgpX6soHypuategyJmDn3jCvx3acyfw3DLKw1vRl4agPyQld04iEptTwq"
              }
            ],
            "sticky_settings": [
              {
                "app_setting_names": [
                  "WEBSITE_TIME_ZONE"
                ],
                "connection_string_names": []
              }
            ],
            "storage_account": [],
            "tags": {},
            "timeouts": null,
            "virtual_network_subnet_id": "/subscriptions/2bd29ed6-34a6-42d7-8235-293e8ee67447/resourceGroups/AZMMCoreRG01/providers/Microsoft.Network/virtualNetworks/AZMMVNET01/subnets/AppSNET01",
            "webdeploy_publish_basic_authentication_enabled": true,
            "zip_deploy_file": ""
          },
          "sensitive_attributes": [],
          "private": "eyJlMmJmYjczMC1lY2FhLTExZTYtOGY4OC0zNDM2M2JjN2M0YzAiOnsiY3JlYXRlIjoxODAwMDAwMDAwMDAwLCJkZWxldGUiOjE4MDAwMDAwMDAwMDAsInJlYWQiOjMwMDAwMDAwMDAwMCwidXBkYXRlIjoxODAwMDAwMDAwMDAwfSwic2NoZW1hX3ZlcnNpb24iOiIxIn0=",
          "dependencies": [
            "azurerm_resource_group.azmmclientrg-0"
          ]
        }
      ]
    },
    {
      "mode": "managed",
      "type": "azurerm_windows_web_app",
      "name": "azmmclientrg-webbapp-pioneer-auriga",
      "provider": "provider[\"registry.terraform.io/hashicorp/azurerm\"]",
      "instances": [
        {
          "schema_version": 1,
          "attributes": {
            "app_settings": {
              "APPLICATIONINSIGHTS_CONNECTION_STRING": "InstrumentationKey=e62501d5-31c1-45f2-a54e-8ea998494ed0;IngestionEndpoint=https://northeurope-2.in.applicationinsights.azure.com/;LiveEndpoint=https://northeurope.livediagnostics.monitor.azure.com/",
              "ApplicationInsightsAgent_EXTENSION_VERSION": "~2",
              "MM_DEFAULT_VERSION": "mmakerpp",
              "MM_EXTENSION_VERSION": "a}ME3pA5kBHQt9g?J_LXscUfWD\u003c[4j@y;-PZ{`8(,:K%#]m/+C",
              "WEBSITE_TIME_ZONE": "GMT Standard Time",
              "XDT_MicrosoftApplicationInsights_Mode": "default"
            },
            "auth_settings": [],
            "auth_settings_v2": [],
            "backup": [],
            "client_affinity_enabled": true,
            "client_certificate_enabled": false,
            "client_certificate_exclusion_paths": "",
            "client_certificate_mode": "Required",
            "connection_string": [
              {
                "name": "mmakerConnString",
                "type": "SQLAzure",
                "value": "data source=tcp:azmmsql01.database.windows.net;initial catalog=16720;persist security info=True;App=EntityFramework;Connection Timeout=60"
              }
            ],
            "custom_domain_verification_id": "EA2B5C6DFFF05CD3A5CFDE9FF197F4301B841E4151EE80825F650F63C51B959E",
            "default_hostname": "pioneer-auriga-matchmakersoftware.azurewebsites.net",
            "enabled": true,
            "ftp_publish_basic_authentication_enabled": true,
            "hosting_environment_id": "",
            "https_only": true,
            "id": "/subscriptions/2bd29ed6-34a6-42d7-8235-293e8ee67447/resourceGroups/azmmclientapps/providers/Microsoft.Web/sites/pioneer-auriga-matchmakersoftware",
            "identity": [
              {
                "identity_ids": [],
                "principal_id": "8d744d6c-80e2-4e52-955f-d493a4eb4a31",
                "tenant_id": "3a243d17-3d9f-43e2-96a9-222d4b6fada1",
                "type": "SystemAssigned"
              }
            ],
            "key_vault_reference_identity_id": "SystemAssigned",
            "kind": "app",
            "location": "northeurope",
            "logs": [
              {
                "application_logs": [],
                "detailed_error_messages": true,
                "failed_request_tracing": false,
                "http_logs": []
              }
            ],
            "name": "pioneer-auriga-matchmakersoftware",
            "outbound_ip_address_list": [
              "20.67.168.247",
              "20.67.169.146",
              "20.67.169.223",
              "20.67.170.0",
              "20.67.170.202",
              "20.67.170.220",
              "20.107.224.17"
            ],
            "outbound_ip_addresses": "20.67.168.247,20.67.169.146,20.67.169.223,20.67.170.0,20.67.170.202,20.67.170.220,20.107.224.17",
            "possible_outbound_ip_address_list": [
              "20.67.168.247",
              "20.67.169.146",
              "20.67.169.223",
              "20.67.170.0",
              "20.67.170.202",
              "20.67.170.220",
              "20.67.171.99",
              "20.67.171.129",
              "20.67.172.9",
              "20.67.172.91",
              "20.67.172.243",
              "20.67.173.5",
              "20.67.173.29",
              "20.67.173.31",
              "20.67.173.176",
              "20.67.174.57",
              "20.67.174.66",
              "20.67.174.208",
              "20.67.174.221",
              "20.67.174.223",
              "20.67.174.227",
              "20.67.174.238",
              "20.67.173.18",
              "20.67.175.27",
              "20.67.175.30",
              "20.67.175.41",
              "20.67.175.50",
              "20.67.175.65",
              "20.67.175.89",
              "20.67.175.91",
              "20.107.224.17"
            ],
            "possible_outbound_ip_addresses": "20.67.168.247,20.67.169.146,20.67.169.223,20.67.170.0,20.67.170.202,20.67.170.220,20.67.171.99,20.67.171.129,20.67.172.9,20.67.172.91,20.67.172.243,20.67.173.5,20.67.173.29,20.67.173.31,20.67.173.176,20.67.174.57,20.67.174.66,20.67.174.208,20.67.174.221,20.67.174.223,20.67.174.227,20.67.174.238,20.67.173.18,20.67.175.27,20.67.175.30,20.67.175.41,20.67.175.50,20.67.175.65,20.67.175.89,20.67.175.91,20.107.224.17",
            "public_network_access_enabled": true,
            "resource_group_name": "azmmclientapps",
            "service_plan_id": "/subscriptions/2bd29ed6-34a6-42d7-8235-293e8ee67447/resourceGroups/AZMMCoreRG01/providers/Microsoft.Web/serverFarms/AZMMASP05",
            "site_config": [
              {
                "always_on": true,
                "api_definition_url": "",
                "api_management_api_id": "",
                "app_command_line": "",
                "application_stack": [
                  {
                    "current_stack": "dotnet",
                    "docker_container_name": "",
                    "docker_container_registry": "",
                    "docker_container_tag": "",
                    "docker_image_name": "",
                    "docker_registry_password": "",
                    "docker_registry_url": "",
                    "docker_registry_username": "",
                    "dotnet_core_version": "",
                    "dotnet_version": "v4.0",
                    "java_container": "",
                    "java_container_version": "",
                    "java_embedded_server_enabled": false,
                    "java_version": "",
                    "node_version": "",
                    "php_version": "5.6",
                    "python": false,
                    "python_version": "",
                    "tomcat_version": ""
                  }
                ],
                "auto_heal_enabled": false,
                "auto_heal_setting": [],
                "container_registry_managed_identity_client_id": "",
                "container_registry_use_managed_identity": false,
                "cors": [],
                "default_documents": [
                  "Default.htm",
                  "Default.html",
                  "Default.asp",
                  "index.htm",
                  "index.html",
                  "iisstart.htm",
                  "default.aspx",
                  "index.php",
                  "hostingstart.html"
                ],
                "detailed_error_logging_enabled": true,
                "ftps_state": "FtpsOnly",
                "health_check_eviction_time_in_min": 0,
                "health_check_path": "",
                "http2_enabled": false,
                "ip_restriction": [
                  {
                    "action": "Allow",
                    "description": "AccessFromAppGateway",
                    "headers": [],
                    "ip_address": "",
                    "name": "",
                    "priority": 200,
                    "service_tag": "GatewayManager",
                    "virtual_network_subnet_id": ""
                  },
                  {
                    "action": "Allow",
                    "description": "Applicaiton Gateway FrontEnd",
                    "headers": [],
                    "ip_address": "98.71.72.6/32",
                    "name": "",
                    "priority": 300,
                    "service_tag": "",
                    "virtual_network_subnet_id": ""
                  },
                  {
                    "action": "Allow",
                    "description": "MatchMaker Office",
                    "headers": [],
                    "ip_address": "217.37.57.250/32",
                    "name": "",
                    "priority": 400,
                    "service_tag": "",
                    "virtual_network_subnet_id": ""
                  }
                ],
                "ip_restriction_default_action": "Deny",
                "linux_fx_version": "",
                "load_balancing_mode": "LeastRequests",
                "local_mysql_enabled": false,
                "managed_pipeline_mode": "Integrated",
                "minimum_tls_version": "1.2",
                "remote_debugging_enabled": false,
                "remote_debugging_version": "VS2022",
                "scm_ip_restriction": [],
                "scm_ip_restriction_default_action": "Allow",
                "scm_minimum_tls_version": "1.2",
                "scm_type": "None",
                "scm_use_main_ip_restriction": false,
                "use_32_bit_worker": false,
                "virtual_application": [],
                "vnet_route_all_enabled": true,
                "websockets_enabled": true,
                "windows_fx_version": "",
                "worker_count": 1
              }
            ],
            "site_credential": [
              {
                "name": "$pioneer-auriga-matchmakersoftware",
                "password": "KJwCWwKw1yh7u1TF0nZuTCARLK4DhktAyGbXdXQeYQASnxzhyYpasimhvlMA"
              }
            ],
            "sticky_settings": [
              {
                "app_setting_names": [
                  "WEBSITE_TIME_ZONE"
                ],
                "connection_string_names": []
              }
            ],
            "storage_account": [],
            "tags": {},
            "timeouts": null,
            "virtual_network_subnet_id": "/subscriptions/2bd29ed6-34a6-42d7-8235-293e8ee67447/resourceGroups/AZMMCoreRG01/providers/Microsoft.Network/virtualNetworks/AZMMVNET01/subnets/AppSNET01",
            "webdeploy_publish_basic_authentication_enabled": true,
            "zip_deploy_file": ""
          },
          "sensitive_attributes": [],
          "private": "eyJlMmJmYjczMC1lY2FhLTExZTYtOGY4OC0zNDM2M2JjN2M0YzAiOnsiY3JlYXRlIjoxODAwMDAwMDAwMDAwLCJkZWxldGUiOjE4MDAwMDAwMDAwMDAsInJlYWQiOjMwMDAwMDAwMDAwMCwidXBkYXRlIjoxODAwMDAwMDAwMDAwfSwic2NoZW1hX3ZlcnNpb24iOiIxIn0=",
          "dependencies": [
            "azurerm_resource_group.azmmclientrg-0"
          ]
        }
      ]
    },
    {
      "mode": "managed",
      "type": "azurerm_windows_web_app",
      "name": "azmmclientrg-webbapp-pioneer-online",
      "provider": "provider[\"registry.terraform.io/hashicorp/azurerm\"]",
      "instances": [
        {
          "schema_version": 1,
          "attributes": {
            "app_settings": {
              "APPLICATIONINSIGHTS_CONNECTION_STRING": "InstrumentationKey=e62501d5-31c1-45f2-a54e-8ea998494ed0;IngestionEndpoint=https://northeurope-2.in.applicationinsights.azure.com/;LiveEndpoint=https://northeurope.livediagnostics.monitor.azure.com/",
              "ApplicationInsightsAgent_EXTENSION_VERSION": "~2",
              "MM_DEFAULT_VERSION": "mmakerpp",
              "MM_EXTENSION_VERSION": "a}ME3pA5kBHQt9g?J_LXscUfWD\u003c[4j@y;-PZ{`8(,:K%#]m/+C",
              "WEBSITE_TIME_ZONE": "GMT Standard Time",
              "XDT_MicrosoftApplicationInsights_Mode": "default"
            },
            "auth_settings": [],
            "auth_settings_v2": [],
            "backup": [],
            "client_affinity_enabled": true,
            "client_certificate_enabled": false,
            "client_certificate_exclusion_paths": "",
            "client_certificate_mode": "Required",
            "connection_string": [
              {
                "name": "mmakerConnString",
                "type": "SQLAzure",
                "value": "data source=tcp:azmmsql01.database.windows.net;initial catalog=16720;persist security info=True;App=EntityFramework;Connection Timeout=60"
              }
            ],
            "custom_domain_verification_id": "EA2B5C6DFFF05CD3A5CFDE9FF197F4301B841E4151EE80825F650F63C51B959E",
            "default_hostname": "pioneer-online-matchmakersoftware.azurewebsites.net",
            "enabled": true,
            "ftp_publish_basic_authentication_enabled": true,
            "hosting_environment_id": "",
            "https_only": true,
            "id": "/subscriptions/2bd29ed6-34a6-42d7-8235-293e8ee67447/resourceGroups/azmmclientapps/providers/Microsoft.Web/sites/pioneer-online-matchmakersoftware",
            "identity": [
              {
                "identity_ids": [],
                "principal_id": "c6a9ce86-a9b3-40a3-94f7-19fca657cc89",
                "tenant_id": "3a243d17-3d9f-43e2-96a9-222d4b6fada1",
                "type": "SystemAssigned"
              }
            ],
            "key_vault_reference_identity_id": "SystemAssigned",
            "kind": "app",
            "location": "northeurope",
            "logs": [
              {
                "application_logs": [],
                "detailed_error_messages": true,
                "failed_request_tracing": false,
                "http_logs": []
              }
            ],
            "name": "pioneer-online-matchmakersoftware",
            "outbound_ip_address_list": [
              "20.67.168.247",
              "20.67.169.146",
              "20.67.169.223",
              "20.67.170.0",
              "20.67.170.202",
              "20.67.170.220",
              "20.107.224.17"
            ],
            "outbound_ip_addresses": "20.67.168.247,20.67.169.146,20.67.169.223,20.67.170.0,20.67.170.202,20.67.170.220,20.107.224.17",
            "possible_outbound_ip_address_list": [
              "20.67.168.247",
              "20.67.169.146",
              "20.67.169.223",
              "20.67.170.0",
              "20.67.170.202",
              "20.67.170.220",
              "20.67.171.99",
              "20.67.171.129",
              "20.67.172.9",
              "20.67.172.91",
              "20.67.172.243",
              "20.67.173.5",
              "20.67.173.29",
              "20.67.173.31",
              "20.67.173.176",
              "20.67.174.57",
              "20.67.174.66",
              "20.67.174.208",
              "20.67.174.221",
              "20.67.174.223",
              "20.67.174.227",
              "20.67.174.238",
              "20.67.173.18",
              "20.67.175.27",
              "20.67.175.30",
              "20.67.175.41",
              "20.67.175.50",
              "20.67.175.65",
              "20.67.175.89",
              "20.67.175.91",
              "20.107.224.17"
            ],
            "possible_outbound_ip_addresses": "20.67.168.247,20.67.169.146,20.67.169.223,20.67.170.0,20.67.170.202,20.67.170.220,20.67.171.99,20.67.171.129,20.67.172.9,20.67.172.91,20.67.172.243,20.67.173.5,20.67.173.29,20.67.173.31,20.67.173.176,20.67.174.57,20.67.174.66,20.67.174.208,20.67.174.221,20.67.174.223,20.67.174.227,20.67.174.238,20.67.173.18,20.67.175.27,20.67.175.30,20.67.175.41,20.67.175.50,20.67.175.65,20.67.175.89,20.67.175.91,20.107.224.17",
            "public_network_access_enabled": true,
            "resource_group_name": "azmmclientapps",
            "service_plan_id": "/subscriptions/2bd29ed6-34a6-42d7-8235-293e8ee67447/resourceGroups/AZMMCoreRG01/providers/Microsoft.Web/serverFarms/AZMMASP05",
            "site_config": [
              {
                "always_on": true,
                "api_definition_url": "",
                "api_management_api_id": "",
                "app_command_line": "",
                "application_stack": [
                  {
                    "current_stack": "dotnet",
                    "docker_container_name": "",
                    "docker_container_registry": "",
                    "docker_container_tag": "",
                    "docker_image_name": "",
                    "docker_registry_password": "",
                    "docker_registry_url": "",
                    "docker_registry_username": "",
                    "dotnet_core_version": "",
                    "dotnet_version": "v4.0",
                    "java_container": "",
                    "java_container_version": "",
                    "java_embedded_server_enabled": false,
                    "java_version": "",
                    "node_version": "",
                    "php_version": "5.6",
                    "python": false,
                    "python_version": "",
                    "tomcat_version": ""
                  }
                ],
                "auto_heal_enabled": false,
                "auto_heal_setting": [],
                "container_registry_managed_identity_client_id": "",
                "container_registry_use_managed_identity": false,
                "cors": [],
                "default_documents": [
                  "Default.htm",
                  "Default.html",
                  "Default.asp",
                  "index.htm",
                  "index.html",
                  "iisstart.htm",
                  "default.aspx",
                  "index.php",
                  "hostingstart.html"
                ],
                "detailed_error_logging_enabled": true,
                "ftps_state": "FtpsOnly",
                "health_check_eviction_time_in_min": 0,
                "health_check_path": "",
                "http2_enabled": false,
                "ip_restriction": [
                  {
                    "action": "Allow",
                    "description": "AccessFromAppGateway",
                    "headers": [],
                    "ip_address": "",
                    "name": "",
                    "priority": 200,
                    "service_tag": "GatewayManager",
                    "virtual_network_subnet_id": ""
                  },
                  {
                    "action": "Allow",
                    "description": "Applicaiton Gateway FrontEnd",
                    "headers": [],
                    "ip_address": "98.71.72.6/32",
                    "name": "",
                    "priority": 300,
                    "service_tag": "",
                    "virtual_network_subnet_id": ""
                  },
                  {
                    "action": "Allow",
                    "description": "MatchMaker Office",
                    "headers": [],
                    "ip_address": "217.37.57.250/32",
                    "name": "",
                    "priority": 400,
                    "service_tag": "",
                    "virtual_network_subnet_id": ""
                  }
                ],
                "ip_restriction_default_action": "Deny",
                "linux_fx_version": "",
                "load_balancing_mode": "LeastRequests",
                "local_mysql_enabled": false,
                "managed_pipeline_mode": "Integrated",
                "minimum_tls_version": "1.2",
                "remote_debugging_enabled": false,
                "remote_debugging_version": "VS2022",
                "scm_ip_restriction": [],
                "scm_ip_restriction_default_action": "Allow",
                "scm_minimum_tls_version": "1.2",
                "scm_type": "None",
                "scm_use_main_ip_restriction": false,
                "use_32_bit_worker": false,
                "virtual_application": [],
                "vnet_route_all_enabled": true,
                "websockets_enabled": true,
                "windows_fx_version": "",
                "worker_count": 1
              }
            ],
            "site_credential": [
              {
                "name": "$pioneer-online-matchmakersoftware",
                "password": "FKg73veh1cSumeEc7PgduqYhh7G6mWfc33yb9tPiqwzonETnnqZF0s6yXfQv"
              }
            ],
            "sticky_settings": [
              {
                "app_setting_names": [
                  "WEBSITE_TIME_ZONE"
                ],
                "connection_string_names": []
              }
            ],
            "storage_account": [],
            "tags": {},
            "timeouts": null,
            "virtual_network_subnet_id": "/subscriptions/2bd29ed6-34a6-42d7-8235-293e8ee67447/resourceGroups/AZMMCoreRG01/providers/Microsoft.Network/virtualNetworks/AZMMVNET01/subnets/AppSNET01",
            "webdeploy_publish_basic_authentication_enabled": true,
            "zip_deploy_file": ""
          },
          "sensitive_attributes": [],
          "private": "eyJlMmJmYjczMC1lY2FhLTExZTYtOGY4OC0zNDM2M2JjN2M0YzAiOnsiY3JlYXRlIjoxODAwMDAwMDAwMDAwLCJkZWxldGUiOjE4MDAwMDAwMDAwMDAsInJlYWQiOjMwMDAwMDAwMDAwMCwidXBkYXRlIjoxODAwMDAwMDAwMDAwfSwic2NoZW1hX3ZlcnNpb24iOiIxIn0=",
          "dependencies": [
            "azurerm_resource_group.azmmclientrg-0"
          ]
        }
      ]
    },
    {
      "mode": "managed",
      "type": "azurerm_windows_web_app",
      "name": "azmmclientrg-webbapp-pp",
      "provider": "provider[\"registry.terraform.io/hashicorp/azurerm\"]",
      "instances": [
        {
          "schema_version": 1,
          "attributes": {
            "app_settings": {
              "APPLICATIONINSIGHTS_CONNECTION_STRING": "InstrumentationKey=e62501d5-31c1-45f2-a54e-8ea998494ed0;IngestionEndpoint=https://northeurope-2.in.applicationinsights.azure.com/;LiveEndpoint=https://northeurope.livediagnostics.monitor.azure.com/",
              "ApplicationInsightsAgent_EXTENSION_VERSION": "~2",
              "MM_DEFAULT_VERSION": "mmakerpp",
              "MM_EXTENSION_VERSION": "a}ME3pA5kBHQt9g?J_LXscUfWD\u003c[4j@y;-PZ{`8(,:K%#]m/+C",
              "WEBSITE_TIME_ZONE": "GMT Standard Time",
              "XDT_MicrosoftApplicationInsights_Mode": "default"
            },
            "auth_settings": [],
            "auth_settings_v2": [],
            "backup": [],
            "client_affinity_enabled": true,
            "client_certificate_enabled": false,
            "client_certificate_exclusion_paths": "",
            "client_certificate_mode": "Required",
            "connection_string": [
              {
                "name": "mmakerConnString",
                "type": "SQLAzure",
                "value": "data source=tcp:azmmsql01.database.windows.net;initial catalog=16720;persist security info=True;App=EntityFramework;Connection Timeout=60"
              }
            ],
            "custom_domain_verification_id": "EA2B5C6DFFF05CD3A5CFDE9FF197F4301B841E4151EE80825F650F63C51B959E",
            "default_hostname": "pp-matchmakersoftware.azurewebsites.net",
            "enabled": true,
            "ftp_publish_basic_authentication_enabled": true,
            "hosting_environment_id": "",
            "https_only": true,
            "id": "/subscriptions/2bd29ed6-34a6-42d7-8235-293e8ee67447/resourceGroups/azmmclientapps/providers/Microsoft.Web/sites/pp-matchmakersoftware",
            "identity": [
              {
                "identity_ids": [],
                "principal_id": "e91470a6-a144-4f5c-ab03-6aa01eea1fdd",
                "tenant_id": "3a243d17-3d9f-43e2-96a9-222d4b6fada1",
                "type": "SystemAssigned"
              }
            ],
            "key_vault_reference_identity_id": "SystemAssigned",
            "kind": "app",
            "location": "northeurope",
            "logs": [
              {
                "application_logs": [],
                "detailed_error_messages": true,
                "failed_request_tracing": false,
                "http_logs": []
              }
            ],
            "name": "pp-matchmakersoftware",
            "outbound_ip_address_list": [
              "20.67.173.29",
              "20.67.173.31",
              "20.67.173.176",
              "20.67.174.57",
              "20.67.174.66",
              "20.67.174.208",
              "20.107.224.17"
            ],
            "outbound_ip_addresses": "20.67.173.29,20.67.173.31,20.67.173.176,20.67.174.57,20.67.174.66,20.67.174.208,20.107.224.17",
            "possible_outbound_ip_address_list": [
              "20.67.168.247",
              "20.67.169.146",
              "20.67.169.223",
              "20.67.170.0",
              "20.67.170.202",
              "20.67.170.220",
              "20.67.171.99",
              "20.67.171.129",
              "20.67.172.9",
              "20.67.172.91",
              "20.67.172.243",
              "20.67.173.5",
              "20.67.173.29",
              "20.67.173.31",
              "20.67.173.176",
              "20.67.174.57",
              "20.67.174.66",
              "20.67.174.208",
              "20.67.174.221",
              "20.67.174.223",
              "20.67.174.227",
              "20.67.174.238",
              "20.67.173.18",
              "20.67.175.27",
              "20.67.175.30",
              "20.67.175.41",
              "20.67.175.50",
              "20.67.175.65",
              "20.67.175.89",
              "20.67.175.91",
              "20.107.224.17"
            ],
            "possible_outbound_ip_addresses": "20.67.168.247,20.67.169.146,20.67.169.223,20.67.170.0,20.67.170.202,20.67.170.220,20.67.171.99,20.67.171.129,20.67.172.9,20.67.172.91,20.67.172.243,20.67.173.5,20.67.173.29,20.67.173.31,20.67.173.176,20.67.174.57,20.67.174.66,20.67.174.208,20.67.174.221,20.67.174.223,20.67.174.227,20.67.174.238,20.67.173.18,20.67.175.27,20.67.175.30,20.67.175.41,20.67.175.50,20.67.175.65,20.67.175.89,20.67.175.91,20.107.224.17",
            "public_network_access_enabled": true,
            "resource_group_name": "azmmclientapps",
            "service_plan_id": "/subscriptions/2bd29ed6-34a6-42d7-8235-293e8ee67447/resourceGroups/AZMMCoreRG01/providers/Microsoft.Web/serverFarms/AZMMASP02",
            "site_config": [
              {
                "always_on": true,
                "api_definition_url": "",
                "api_management_api_id": "",
                "app_command_line": "",
                "application_stack": [
                  {
                    "current_stack": "dotnetcore",
                    "docker_container_name": "",
                    "docker_container_registry": "",
                    "docker_container_tag": "",
                    "docker_image_name": "",
                    "docker_registry_password": "",
                    "docker_registry_url": "",
                    "docker_registry_username": "",
                    "dotnet_core_version": "v8.0",
                    "dotnet_version": "",
                    "java_container": "",
                    "java_container_version": "",
                    "java_embedded_server_enabled": false,
                    "java_version": "",
                    "node_version": "",
                    "php_version": "5.6",
                    "python": false,
                    "python_version": "",
                    "tomcat_version": ""
                  }
                ],
                "auto_heal_enabled": false,
                "auto_heal_setting": [],
                "container_registry_managed_identity_client_id": "",
                "container_registry_use_managed_identity": false,
                "cors": [],
                "default_documents": [
                  "Default.htm",
                  "Default.html",
                  "Default.asp",
                  "index.htm",
                  "index.html",
                  "iisstart.htm",
                  "default.aspx",
                  "index.php",
                  "hostingstart.html"
                ],
                "detailed_error_logging_enabled": true,
                "ftps_state": "FtpsOnly",
                "health_check_eviction_time_in_min": 0,
                "health_check_path": "",
                "http2_enabled": false,
                "ip_restriction": [
                  {
                    "action": "Allow",
                    "description": "AccessFromAppGateway",
                    "headers": [],
                    "ip_address": "",
                    "name": "",
                    "priority": 200,
                    "service_tag": "GatewayManager",
                    "virtual_network_subnet_id": ""
                  },
                  {
                    "action": "Allow",
                    "description": "Applicaiton Gateway FrontEnd",
                    "headers": [],
                    "ip_address": "98.71.72.6/32",
                    "name": "",
                    "priority": 300,
                    "service_tag": "",
                    "virtual_network_subnet_id": ""
                  },
                  {
                    "action": "Allow",
                    "description": "MatchMaker Office",
                    "headers": [],
                    "ip_address": "217.37.57.250/32",
                    "name": "",
                    "priority": 400,
                    "service_tag": "",
                    "virtual_network_subnet_id": ""
                  }
                ],
                "ip_restriction_default_action": "Deny",
                "linux_fx_version": "",
                "load_balancing_mode": "LeastRequests",
                "local_mysql_enabled": false,
                "managed_pipeline_mode": "Integrated",
                "minimum_tls_version": "1.2",
                "remote_debugging_enabled": false,
                "remote_debugging_version": "VS2022",
                "scm_ip_restriction": [],
                "scm_ip_restriction_default_action": "Allow",
                "scm_minimum_tls_version": "1.2",
                "scm_type": "None",
                "scm_use_main_ip_restriction": false,
                "use_32_bit_worker": false,
                "virtual_application": [],
                "vnet_route_all_enabled": true,
                "websockets_enabled": true,
                "windows_fx_version": "",
                "worker_count": 1
              }
            ],
            "site_credential": [
              {
                "name": "$pp-matchmakersoftware",
                "password": "5P9WWhKLLevgwWyrMLKrqN3haoEHbrweprfppLMGmxglAfiwwZv3yBh0s3Nr"
              }
            ],
            "sticky_settings": [
              {
                "app_setting_names": [
                  "WEBSITE_TIME_ZONE"
                ],
                "connection_string_names": []
              }
            ],
            "storage_account": [],
            "tags": {},
            "timeouts": null,
            "virtual_network_subnet_id": "/subscriptions/2bd29ed6-34a6-42d7-8235-293e8ee67447/resourceGroups/AZMMCoreRG01/providers/Microsoft.Network/virtualNetworks/AZMMVNET01/subnets/AppSNET01",
            "webdeploy_publish_basic_authentication_enabled": true,
            "zip_deploy_file": ""
          },
          "sensitive_attributes": [],
          "private": "eyJlMmJmYjczMC1lY2FhLTExZTYtOGY4OC0zNDM2M2JjN2M0YzAiOnsiY3JlYXRlIjoxODAwMDAwMDAwMDAwLCJkZWxldGUiOjE4MDAwMDAwMDAwMDAsInJlYWQiOjMwMDAwMDAwMDAwMCwidXBkYXRlIjoxODAwMDAwMDAwMDAwfSwic2NoZW1hX3ZlcnNpb24iOiIxIn0=",
          "dependencies": [
            "azurerm_resource_group.azmmclientrg-0"
          ]
        }
      ]
    },
    {
      "mode": "managed",
      "type": "azurerm_windows_web_app",
      "name": "azmmclientrg-webbapp-rs",
      "provider": "provider[\"registry.terraform.io/hashicorp/azurerm\"]",
      "instances": [
        {
          "schema_version": 1,
          "attributes": {
            "app_settings": {
              "APPLICATIONINSIGHTS_CONNECTION_STRING": "InstrumentationKey=e62501d5-31c1-45f2-a54e-8ea998494ed0;IngestionEndpoint=https://northeurope-2.in.applicationinsights.azure.com/;LiveEndpoint=https://northeurope.livediagnostics.monitor.azure.com/",
              "ApplicationInsightsAgent_EXTENSION_VERSION": "~2",
              "MM_DEFAULT_VERSION": "mmakerrs",
              "MM_EXTENSION_VERSION": "Sa@*(}u2/$Bqx5n4hN%w!7skzf;_T^YmK?\u00263cJ[8GR#{C6t)\"D",
              "WEBSITE_TIME_ZONE": "GMT Standard Time",
              "XDT_MicrosoftApplicationInsights_Mode": "default"
            },
            "auth_settings": [],
            "auth_settings_v2": [],
            "backup": [],
            "client_affinity_enabled": true,
            "client_certificate_enabled": false,
            "client_certificate_exclusion_paths": "",
            "client_certificate_mode": "Required",
            "connection_string": [
              {
                "name": "mmakerConnString",
                "type": "SQLAzure",
                "value": "data source=tcp:azmmsql01.database.windows.net;initial catalog=16600;persist security info=True;App=EntityFramework;Connection Timeout=60"
              }
            ],
            "custom_domain_verification_id": "EA2B5C6DFFF05CD3A5CFDE9FF197F4301B841E4151EE80825F650F63C51B959E",
            "default_hostname": "rs-matchmakersoftware.azurewebsites.net",
            "enabled": true,
            "ftp_publish_basic_authentication_enabled": true,
            "hosting_environment_id": "",
            "https_only": true,
            "id": "/subscriptions/2bd29ed6-34a6-42d7-8235-293e8ee67447/resourceGroups/azmmclientapps/providers/Microsoft.Web/sites/rs-matchmakersoftware",
            "identity": [
              {
                "identity_ids": [],
                "principal_id": "8db59446-537d-4c34-8905-abd773873c8b",
                "tenant_id": "3a243d17-3d9f-43e2-96a9-222d4b6fada1",
                "type": "SystemAssigned"
              }
            ],
            "key_vault_reference_identity_id": "SystemAssigned",
            "kind": "app",
            "location": "northeurope",
            "logs": [
              {
                "application_logs": [],
                "detailed_error_messages": true,
                "failed_request_tracing": false,
                "http_logs": []
              }
            ],
            "name": "rs-matchmakersoftware",
            "outbound_ip_address_list": [
              "20.67.173.29",
              "20.67.173.31",
              "20.67.173.176",
              "20.67.174.57",
              "20.67.174.66",
              "20.67.174.208",
              "20.107.224.17"
            ],
            "outbound_ip_addresses": "20.67.173.29,20.67.173.31,20.67.173.176,20.67.174.57,20.67.174.66,20.67.174.208,20.107.224.17",
            "possible_outbound_ip_address_list": [
              "20.67.168.247",
              "20.67.169.146",
              "20.67.169.223",
              "20.67.170.0",
              "20.67.170.202",
              "20.67.170.220",
              "20.67.171.99",
              "20.67.171.129",
              "20.67.172.9",
              "20.67.172.91",
              "20.67.172.243",
              "20.67.173.5",
              "20.67.173.29",
              "20.67.173.31",
              "20.67.173.176",
              "20.67.174.57",
              "20.67.174.66",
              "20.67.174.208",
              "20.67.174.221",
              "20.67.174.223",
              "20.67.174.227",
              "20.67.174.238",
              "20.67.173.18",
              "20.67.175.27",
              "20.67.175.30",
              "20.67.175.41",
              "20.67.175.50",
              "20.67.175.65",
              "20.67.175.89",
              "20.67.175.91",
              "20.107.224.17"
            ],
            "possible_outbound_ip_addresses": "20.67.168.247,20.67.169.146,20.67.169.223,20.67.170.0,20.67.170.202,20.67.170.220,20.67.171.99,20.67.171.129,20.67.172.9,20.67.172.91,20.67.172.243,20.67.173.5,20.67.173.29,20.67.173.31,20.67.173.176,20.67.174.57,20.67.174.66,20.67.174.208,20.67.174.221,20.67.174.223,20.67.174.227,20.67.174.238,20.67.173.18,20.67.175.27,20.67.175.30,20.67.175.41,20.67.175.50,20.67.175.65,20.67.175.89,20.67.175.91,20.107.224.17",
            "public_network_access_enabled": true,
            "resource_group_name": "azmmclientapps",
            "service_plan_id": "/subscriptions/2bd29ed6-34a6-42d7-8235-293e8ee67447/resourceGroups/AZMMCoreRG01/providers/Microsoft.Web/serverFarms/AZMMASP02",
            "site_config": [
              {
                "always_on": true,
                "api_definition_url": "",
                "api_management_api_id": "",
                "app_command_line": "",
                "application_stack": [
                  {
                    "current_stack": "dotnetcore",
                    "docker_container_name": "",
                    "docker_container_registry": "",
                    "docker_container_tag": "",
                    "docker_image_name": "",
                    "docker_registry_password": "",
                    "docker_registry_url": "",
                    "docker_registry_username": "",
                    "dotnet_core_version": "v8.0",
                    "dotnet_version": "",
                    "java_container": "",
                    "java_container_version": "",
                    "java_embedded_server_enabled": false,
                    "java_version": "",
                    "node_version": "",
                    "php_version": "5.6",
                    "python": false,
                    "python_version": "",
                    "tomcat_version": ""
                  }
                ],
                "auto_heal_enabled": false,
                "auto_heal_setting": [],
                "container_registry_managed_identity_client_id": "",
                "container_registry_use_managed_identity": false,
                "cors": [],
                "default_documents": [
                  "Default.htm",
                  "Default.html",
                  "Default.asp",
                  "index.htm",
                  "index.html",
                  "iisstart.htm",
                  "default.aspx",
                  "index.php",
                  "hostingstart.html"
                ],
                "detailed_error_logging_enabled": true,
                "ftps_state": "FtpsOnly",
                "health_check_eviction_time_in_min": 0,
                "health_check_path": "",
                "http2_enabled": false,
                "ip_restriction": [
                  {
                    "action": "Allow",
                    "description": "AccessFromAppGateway",
                    "headers": [],
                    "ip_address": "",
                    "name": "",
                    "priority": 200,
                    "service_tag": "GatewayManager",
                    "virtual_network_subnet_id": ""
                  },
                  {
                    "action": "Allow",
                    "description": "Applicaiton Gateway FrontEnd",
                    "headers": [],
                    "ip_address": "98.71.72.6/32",
                    "name": "",
                    "priority": 300,
                    "service_tag": "",
                    "virtual_network_subnet_id": ""
                  },
                  {
                    "action": "Allow",
                    "description": "MatchMaker Office",
                    "headers": [],
                    "ip_address": "217.37.57.250/32",
                    "name": "",
                    "priority": 400,
                    "service_tag": "",
                    "virtual_network_subnet_id": ""
                  }
                ],
                "ip_restriction_default_action": "Deny",
                "linux_fx_version": "",
                "load_balancing_mode": "LeastRequests",
                "local_mysql_enabled": false,
                "managed_pipeline_mode": "Integrated",
                "minimum_tls_version": "1.2",
                "remote_debugging_enabled": false,
                "remote_debugging_version": "",
                "scm_ip_restriction": [],
                "scm_ip_restriction_default_action": "Allow",
                "scm_minimum_tls_version": "1.2",
                "scm_type": "None",
                "scm_use_main_ip_restriction": false,
                "use_32_bit_worker": false,
                "virtual_application": [],
                "vnet_route_all_enabled": true,
                "websockets_enabled": true,
                "windows_fx_version": "",
                "worker_count": 1
              }
            ],
            "site_credential": [
              {
                "name": "$rs-matchmakersoftware",
                "password": "74hk9CnlRqaRd0MTlPJEmYMNKpXrmPreDtrDdusgBLFn54aEiejTmeSns76m"
              }
            ],
            "sticky_settings": [
              {
                "app_setting_names": [
                  "WEBSITE_TIME_ZONE"
                ],
                "connection_string_names": []
              }
            ],
            "storage_account": [],
            "tags": {},
            "timeouts": null,
            "virtual_network_subnet_id": "/subscriptions/2bd29ed6-34a6-42d7-8235-293e8ee67447/resourceGroups/AZMMCoreRG01/providers/Microsoft.Network/virtualNetworks/AZMMVNET01/subnets/AppSNET01",
            "webdeploy_publish_basic_authentication_enabled": true,
            "zip_deploy_file": ""
          },
          "sensitive_attributes": [],
          "private": "eyJlMmJmYjczMC1lY2FhLTExZTYtOGY4OC0zNDM2M2JjN2M0YzAiOnsiY3JlYXRlIjoxODAwMDAwMDAwMDAwLCJkZWxldGUiOjE4MDAwMDAwMDAwMDAsInJlYWQiOjMwMDAwMDAwMDAwMCwidXBkYXRlIjoxODAwMDAwMDAwMDAwfSwic2NoZW1hX3ZlcnNpb24iOiIxIn0=",
          "dependencies": [
            "azurerm_resource_group.azmmclientrg-0"
          ]
        }
      ]
    },
    {
      "mode": "managed",
      "type": "azurerm_windows_web_app",
      "name": "azmmclientrg-webbapp-se",
      "provider": "provider[\"registry.terraform.io/hashicorp/azurerm\"]",
      "instances": [
        {
          "schema_version": 1,
          "attributes": {
            "app_settings": {
              "APPLICATIONINSIGHTS_CONNECTION_STRING": "InstrumentationKey=e62501d5-31c1-45f2-a54e-8ea998494ed0;IngestionEndpoint=https://northeurope-2.in.applicationinsights.azure.com/;LiveEndpoint=https://northeurope.livediagnostics.monitor.azure.com/",
              "ApplicationInsightsAgent_EXTENSION_VERSION": "~2",
              "MM_DEFAULT_VERSION": "mmakerse",
              "MM_EXTENSION_VERSION": "{Q4xX\u0026p^f/k=P3WrBXqr8dM!m^{oi#^uY8|Q3_z;~\u0026o4Enuw=T",
              "WEBSITE_TIME_ZONE": "GMT Standard Time",
              "XDT_MicrosoftApplicationInsights_Mode": "default"
            },
            "auth_settings": [],
            "auth_settings_v2": [],
            "backup": [],
            "client_affinity_enabled": true,
            "client_certificate_enabled": false,
            "client_certificate_exclusion_paths": "",
            "client_certificate_mode": "Required",
            "connection_string": [
              {
                "name": "mmakerConnString",
                "type": "SQLAzure",
                "value": "data source=tcp:azmmsql01.database.windows.net;initial catalog=15886;persist security info=True;App=EntityFramework;Connection Timeout=60"
              }
            ],
            "custom_domain_verification_id": "EA2B5C6DFFF05CD3A5CFDE9FF197F4301B841E4151EE80825F650F63C51B959E",
            "default_hostname": "se-matchmakersoftware.azurewebsites.net",
            "enabled": true,
            "ftp_publish_basic_authentication_enabled": true,
            "hosting_environment_id": "",
            "https_only": true,
            "id": "/subscriptions/2bd29ed6-34a6-42d7-8235-293e8ee67447/resourceGroups/azmmclientapps/providers/Microsoft.Web/sites/se-matchmakersoftware",
            "identity": [
              {
                "identity_ids": [],
                "principal_id": "bfc2de9c-bb1f-4f27-9acf-b1d2083545de",
                "tenant_id": "3a243d17-3d9f-43e2-96a9-222d4b6fada1",
                "type": "SystemAssigned"
              }
            ],
            "key_vault_reference_identity_id": "SystemAssigned",
            "kind": "app",
            "location": "northeurope",
            "logs": [
              {
                "application_logs": [],
                "detailed_error_messages": true,
                "failed_request_tracing": false,
                "http_logs": []
              }
            ],
            "name": "se-matchmakersoftware",
            "outbound_ip_address_list": [
              "20.67.173.29",
              "20.67.173.31",
              "20.67.173.176",
              "20.67.174.57",
              "20.67.174.66",
              "20.67.174.208",
              "20.107.224.17"
            ],
            "outbound_ip_addresses": "20.67.173.29,20.67.173.31,20.67.173.176,20.67.174.57,20.67.174.66,20.67.174.208,20.107.224.17",
            "possible_outbound_ip_address_list": [
              "20.67.168.247",
              "20.67.169.146",
              "20.67.169.223",
              "20.67.170.0",
              "20.67.170.202",
              "20.67.170.220",
              "20.67.171.99",
              "20.67.171.129",
              "20.67.172.9",
              "20.67.172.91",
              "20.67.172.243",
              "20.67.173.5",
              "20.67.173.29",
              "20.67.173.31",
              "20.67.173.176",
              "20.67.174.57",
              "20.67.174.66",
              "20.67.174.208",
              "20.67.174.221",
              "20.67.174.223",
              "20.67.174.227",
              "20.67.174.238",
              "20.67.173.18",
              "20.67.175.27",
              "20.67.175.30",
              "20.67.175.41",
              "20.67.175.50",
              "20.67.175.65",
              "20.67.175.89",
              "20.67.175.91",
              "20.107.224.17"
            ],
            "possible_outbound_ip_addresses": "20.67.168.247,20.67.169.146,20.67.169.223,20.67.170.0,20.67.170.202,20.67.170.220,20.67.171.99,20.67.171.129,20.67.172.9,20.67.172.91,20.67.172.243,20.67.173.5,20.67.173.29,20.67.173.31,20.67.173.176,20.67.174.57,20.67.174.66,20.67.174.208,20.67.174.221,20.67.174.223,20.67.174.227,20.67.174.238,20.67.173.18,20.67.175.27,20.67.175.30,20.67.175.41,20.67.175.50,20.67.175.65,20.67.175.89,20.67.175.91,20.107.224.17",
            "public_network_access_enabled": true,
            "resource_group_name": "azmmclientapps",
            "service_plan_id": "/subscriptions/2bd29ed6-34a6-42d7-8235-293e8ee67447/resourceGroups/AZMMCoreRG01/providers/Microsoft.Web/serverFarms/AZMMASP04",
            "site_config": [
              {
                "always_on": true,
                "api_definition_url": "",
                "api_management_api_id": "",
                "app_command_line": "",
                "application_stack": [
                  {
                    "current_stack": "dotnetcore",
                    "docker_container_name": "",
                    "docker_container_registry": "",
                    "docker_container_tag": "",
                    "docker_image_name": "",
                    "docker_registry_password": "",
                    "docker_registry_url": "",
                    "docker_registry_username": "",
                    "dotnet_core_version": "v8.0",
                    "dotnet_version": "",
                    "java_container": "",
                    "java_container_version": "",
                    "java_embedded_server_enabled": false,
                    "java_version": "",
                    "node_version": "",
                    "php_version": "5.6",
                    "python": false,
                    "python_version": "",
                    "tomcat_version": ""
                  }
                ],
                "auto_heal_enabled": false,
                "auto_heal_setting": [],
                "container_registry_managed_identity_client_id": "",
                "container_registry_use_managed_identity": false,
                "cors": [],
                "default_documents": [
                  "Default.htm",
                  "Default.html",
                  "Default.asp",
                  "index.htm",
                  "index.html",
                  "iisstart.htm",
                  "default.aspx",
                  "index.php",
                  "hostingstart.html"
                ],
                "detailed_error_logging_enabled": true,
                "ftps_state": "FtpsOnly",
                "health_check_eviction_time_in_min": 0,
                "health_check_path": "",
                "http2_enabled": false,
                "ip_restriction": [
                  {
                    "action": "Allow",
                    "description": "AccessFromAppGateway",
                    "headers": [],
                    "ip_address": "",
                    "name": "",
                    "priority": 200,
                    "service_tag": "GatewayManager",
                    "virtual_network_subnet_id": ""
                  },
                  {
                    "action": "Allow",
                    "description": "Applicaiton Gateway FrontEnd",
                    "headers": [],
                    "ip_address": "98.71.72.6/32",
                    "name": "",
                    "priority": 300,
                    "service_tag": "",
                    "virtual_network_subnet_id": ""
                  },
                  {
                    "action": "Allow",
                    "description": "MatchMaker Office",
                    "headers": [],
                    "ip_address": "217.37.57.250/32",
                    "name": "",
                    "priority": 400,
                    "service_tag": "",
                    "virtual_network_subnet_id": ""
                  }
                ],
                "ip_restriction_default_action": "Deny",
                "linux_fx_version": "",
                "load_balancing_mode": "LeastRequests",
                "local_mysql_enabled": false,
                "managed_pipeline_mode": "Integrated",
                "minimum_tls_version": "1.2",
                "remote_debugging_enabled": false,
                "remote_debugging_version": "",
                "scm_ip_restriction": [],
                "scm_ip_restriction_default_action": "Allow",
                "scm_minimum_tls_version": "1.2",
                "scm_type": "None",
                "scm_use_main_ip_restriction": false,
                "use_32_bit_worker": false,
                "virtual_application": [],
                "vnet_route_all_enabled": true,
                "websockets_enabled": true,
                "windows_fx_version": "",
                "worker_count": 1
              }
            ],
            "site_credential": [
              {
                "name": "$se-matchmakersoftware",
                "password": "Gx2dKut6SoQ3bzDaYAHnrZvy7obzYep74uhZN7aY5Al3aqFG0FAQdEKEiMbl"
              }
            ],
            "sticky_settings": [
              {
                "app_setting_names": [
                  "WEBSITE_TIME_ZONE"
                ],
                "connection_string_names": []
              }
            ],
            "storage_account": [],
            "tags": {},
            "timeouts": null,
            "virtual_network_subnet_id": "/subscriptions/2bd29ed6-34a6-42d7-8235-293e8ee67447/resourceGroups/AZMMCoreRG01/providers/Microsoft.Network/virtualNetworks/AZMMVNET01/subnets/AppSNET01",
            "webdeploy_publish_basic_authentication_enabled": true,
            "zip_deploy_file": ""
          },
          "sensitive_attributes": [],
          "private": "eyJlMmJmYjczMC1lY2FhLTExZTYtOGY4OC0zNDM2M2JjN2M0YzAiOnsiY3JlYXRlIjoxODAwMDAwMDAwMDAwLCJkZWxldGUiOjE4MDAwMDAwMDAwMDAsInJlYWQiOjMwMDAwMDAwMDAwMCwidXBkYXRlIjoxODAwMDAwMDAwMDAwfSwic2NoZW1hX3ZlcnNpb24iOiIxIn0=",
          "dependencies": [
            "azurerm_resource_group.azmmclientrg-0"
          ]
        }
      ]
    },
    {
      "mode": "managed",
      "type": "azurerm_windows_web_app",
      "name": "azmmclientrg-webbapp-smile-online",
      "provider": "provider[\"registry.terraform.io/hashicorp/azurerm\"]",
      "instances": [
        {
          "schema_version": 1,
          "attributes": {
            "app_settings": {
              "APPLICATIONINSIGHTS_CONNECTION_STRING": "InstrumentationKey=e62501d5-31c1-45f2-a54e-8ea998494ed0;IngestionEndpoint=https://northeurope-2.in.applicationinsights.azure.com/;LiveEndpoint=https://northeurope.livediagnostics.monitor.azure.com/",
              "ApplicationInsightsAgent_EXTENSION_VERSION": "~2",
              "MM_DEFAULT_VERSION": "mmakerse",
              "MM_EXTENSION_VERSION": "{Q4xX\u0026p^f/k=P3WrBXqr8dM!m^{oi#^uY8|Q3_z;~\u0026o4Enuw=T",
              "WEBSITE_TIME_ZONE": "GMT Standard Time",
              "XDT_MicrosoftApplicationInsights_Mode": "default"
            },
            "auth_settings": [],
            "auth_settings_v2": [],
            "backup": [],
            "client_affinity_enabled": true,
            "client_certificate_enabled": false,
            "client_certificate_exclusion_paths": "",
            "client_certificate_mode": "Required",
            "connection_string": [
              {
                "name": "mmakerConnString",
                "type": "SQLAzure",
                "value": "data source=tcp:azmmsql01.database.windows.net;initial catalog=15886;persist security info=True;App=EntityFramework;Connection Timeout=60"
              }
            ],
            "custom_domain_verification_id": "EA2B5C6DFFF05CD3A5CFDE9FF197F4301B841E4151EE80825F650F63C51B959E",
            "default_hostname": "smile-online-matchmakersoftware.azurewebsites.net",
            "enabled": true,
            "ftp_publish_basic_authentication_enabled": true,
            "hosting_environment_id": "",
            "https_only": true,
            "id": "/subscriptions/2bd29ed6-34a6-42d7-8235-293e8ee67447/resourceGroups/azmmclientapps/providers/Microsoft.Web/sites/smile-online-matchmakersoftware",
            "identity": [
              {
                "identity_ids": [],
                "principal_id": "9a9528e1-0e49-4d59-ba1f-aac4756669c3",
                "tenant_id": "3a243d17-3d9f-43e2-96a9-222d4b6fada1",
                "type": "SystemAssigned"
              }
            ],
            "key_vault_reference_identity_id": "SystemAssigned",
            "kind": "app",
            "location": "northeurope",
            "logs": [
              {
                "application_logs": [],
                "detailed_error_messages": true,
                "failed_request_tracing": false,
                "http_logs": []
              }
            ],
            "name": "smile-online-matchmakersoftware",
            "outbound_ip_address_list": [
              "20.67.168.247",
              "20.67.169.146",
              "20.67.169.223",
              "20.67.170.0",
              "20.67.170.202",
              "20.67.170.220",
              "20.107.224.17"
            ],
            "outbound_ip_addresses": "20.67.168.247,20.67.169.146,20.67.169.223,20.67.170.0,20.67.170.202,20.67.170.220,20.107.224.17",
            "possible_outbound_ip_address_list": [
              "20.67.168.247",
              "20.67.169.146",
              "20.67.169.223",
              "20.67.170.0",
              "20.67.170.202",
              "20.67.170.220",
              "20.67.171.99",
              "20.67.171.129",
              "20.67.172.9",
              "20.67.172.91",
              "20.67.172.243",
              "20.67.173.5",
              "20.67.173.29",
              "20.67.173.31",
              "20.67.173.176",
              "20.67.174.57",
              "20.67.174.66",
              "20.67.174.208",
              "20.67.174.221",
              "20.67.174.223",
              "20.67.174.227",
              "20.67.174.238",
              "20.67.173.18",
              "20.67.175.27",
              "20.67.175.30",
              "20.67.175.41",
              "20.67.175.50",
              "20.67.175.65",
              "20.67.175.89",
              "20.67.175.91",
              "20.107.224.17"
            ],
            "possible_outbound_ip_addresses": "20.67.168.247,20.67.169.146,20.67.169.223,20.67.170.0,20.67.170.202,20.67.170.220,20.67.171.99,20.67.171.129,20.67.172.9,20.67.172.91,20.67.172.243,20.67.173.5,20.67.173.29,20.67.173.31,20.67.173.176,20.67.174.57,20.67.174.66,20.67.174.208,20.67.174.221,20.67.174.223,20.67.174.227,20.67.174.238,20.67.173.18,20.67.175.27,20.67.175.30,20.67.175.41,20.67.175.50,20.67.175.65,20.67.175.89,20.67.175.91,20.107.224.17",
            "public_network_access_enabled": true,
            "resource_group_name": "azmmclientapps",
            "service_plan_id": "/subscriptions/2bd29ed6-34a6-42d7-8235-293e8ee67447/resourceGroups/AZMMCoreRG01/providers/Microsoft.Web/serverFarms/AZMMASP03",
            "site_config": [
              {
                "always_on": true,
                "api_definition_url": "",
                "api_management_api_id": "",
                "app_command_line": "",
                "application_stack": [
                  {
                    "current_stack": "dotnet",
                    "docker_container_name": "",
                    "docker_container_registry": "",
                    "docker_container_tag": "",
                    "docker_image_name": "",
                    "docker_registry_password": "",
                    "docker_registry_url": "",
                    "docker_registry_username": "",
                    "dotnet_core_version": "",
                    "dotnet_version": "v4.0",
                    "java_container": "",
                    "java_container_version": "",
                    "java_embedded_server_enabled": false,
                    "java_version": "",
                    "node_version": "",
                    "php_version": "5.6",
                    "python": false,
                    "python_version": "",
                    "tomcat_version": ""
                  }
                ],
                "auto_heal_enabled": false,
                "auto_heal_setting": [],
                "container_registry_managed_identity_client_id": "",
                "container_registry_use_managed_identity": false,
                "cors": [],
                "default_documents": [
                  "Default.htm",
                  "Default.html",
                  "Default.asp",
                  "index.htm",
                  "index.html",
                  "iisstart.htm",
                  "default.aspx",
                  "index.php",
                  "hostingstart.html"
                ],
                "detailed_error_logging_enabled": true,
                "ftps_state": "FtpsOnly",
                "health_check_eviction_time_in_min": 0,
                "health_check_path": "",
                "http2_enabled": false,
                "ip_restriction": [
                  {
                    "action": "Allow",
                    "description": "AccessFromAppGateway",
                    "headers": [],
                    "ip_address": "",
                    "name": "",
                    "priority": 200,
                    "service_tag": "GatewayManager",
                    "virtual_network_subnet_id": ""
                  },
                  {
                    "action": "Allow",
                    "description": "Applicaiton Gateway FrontEnd",
                    "headers": [],
                    "ip_address": "98.71.72.6/32",
                    "name": "",
                    "priority": 300,
                    "service_tag": "",
                    "virtual_network_subnet_id": ""
                  },
                  {
                    "action": "Allow",
                    "description": "MatchMaker Office",
                    "headers": [],
                    "ip_address": "217.37.57.250/32",
                    "name": "",
                    "priority": 400,
                    "service_tag": "",
                    "virtual_network_subnet_id": ""
                  }
                ],
                "ip_restriction_default_action": "Deny",
                "linux_fx_version": "",
                "load_balancing_mode": "LeastRequests",
                "local_mysql_enabled": false,
                "managed_pipeline_mode": "Integrated",
                "minimum_tls_version": "1.2",
                "remote_debugging_enabled": false,
                "remote_debugging_version": "",
                "scm_ip_restriction": [],
                "scm_ip_restriction_default_action": "Allow",
                "scm_minimum_tls_version": "1.2",
                "scm_type": "None",
                "scm_use_main_ip_restriction": false,
                "use_32_bit_worker": false,
                "virtual_application": [],
                "vnet_route_all_enabled": true,
                "websockets_enabled": true,
                "windows_fx_version": "",
                "worker_count": 1
              }
            ],
            "site_credential": [
              {
                "name": "$smile-online-matchmakersoftware",
                "password": "XftwgrW1wurSXygKhmHQmpjtqZwG3jRMPbhKfylRdsQsoA0ozWXWGavW3DC6"
              }
            ],
            "sticky_settings": [
              {
                "app_setting_names": [
                  "WEBSITE_TIME_ZONE"
                ],
                "connection_string_names": []
              }
            ],
            "storage_account": [],
            "tags": {},
            "timeouts": null,
            "virtual_network_subnet_id": "/subscriptions/2bd29ed6-34a6-42d7-8235-293e8ee67447/resourceGroups/AZMMCoreRG01/providers/Microsoft.Network/virtualNetworks/AZMMVNET01/subnets/AppSNET01",
            "webdeploy_publish_basic_authentication_enabled": true,
            "zip_deploy_file": ""
          },
          "sensitive_attributes": [],
          "private": "eyJlMmJmYjczMC1lY2FhLTExZTYtOGY4OC0zNDM2M2JjN2M0YzAiOnsiY3JlYXRlIjoxODAwMDAwMDAwMDAwLCJkZWxldGUiOjE4MDAwMDAwMDAwMDAsInJlYWQiOjMwMDAwMDAwMDAwMCwidXBkYXRlIjoxODAwMDAwMDAwMDAwfSwic2NoZW1hX3ZlcnNpb24iOiIxIn0=",
          "dependencies": [
            "azurerm_resource_group.azmmclientrg-0"
          ]
        }
      ]
    }
  ],
  "check_results": null
}
